{
  "version": 4,
  "terraform_version": "1.8.5",
  "serial": 1027,
  "lineage": "05e2a370-4c14-0e81-6703-f140a5fde81d",
  "outputs": {
    "alb_endpoint": {
      "value": "arn:aws:elasticloadbalancing:ap-northeast-2:339713119714:listener/app/alb/deae676649e5cc12/382b5bad07c6ad49",
      "type": "string"
    },
    "bastion_host_public_ip": {
      "value": "3.34.187.194",
      "type": "string"
    },
    "bastion_private_ip": {
      "value": "10.0.0.11",
      "type": "string"
    },
    "db_private_ip": {
      "value": [
        "10.0.4.11"
      ],
      "type": [
        "tuple",
        [
          "string"
        ]
      ]
    },
    "db_public_ip": {
      "value": [
        "52.78.197.126"
      ],
      "type": [
        "tuple",
        [
          "string"
        ]
      ]
    },
    "masters_private_ip": {
      "value": [
        "10.0.2.11",
        "10.0.3.11"
      ],
      "type": [
        "tuple",
        [
          "string",
          "string"
        ]
      ]
    },
    "workers_private_ip": {
      "value": [
        "10.0.2.12",
        "10.0.3.12",
        "10.0.2.13",
        "10.0.3.13"
      ],
      "type": [
        "tuple",
        [
          "string",
          "string",
          "string",
          "string"
        ]
      ]
    }
  },
  "resources": [
    {
      "mode": "managed",
      "type": "aws_instance",
      "name": "bastion",
      "provider": "provider[\"registry.terraform.io/hashicorp/aws\"]",
      "instances": [
        {
          "schema_version": 1,
          "attributes": {
            "ami": "ami-062cf18d655c0b1e8",
            "arn": "arn:aws:ec2:ap-northeast-2:339713119714:instance/i-05ab69fd4c79ba6f4",
            "associate_public_ip_address": true,
            "availability_zone": "ap-northeast-2a",
            "capacity_reservation_specification": [
              {
                "capacity_reservation_preference": "open",
                "capacity_reservation_target": []
              }
            ],
            "cpu_core_count": 2,
            "cpu_options": [
              {
                "amd_sev_snp": "",
                "core_count": 2,
                "threads_per_core": 1
              }
            ],
            "cpu_threads_per_core": 1,
            "credit_specification": [
              {
                "cpu_credits": "standard"
              }
            ],
            "disable_api_stop": false,
            "disable_api_termination": false,
            "ebs_block_device": [],
            "ebs_optimized": false,
            "enclave_options": [
              {
                "enabled": false
              }
            ],
            "ephemeral_block_device": [],
            "get_password_data": false,
            "hibernation": false,
            "host_id": "",
            "host_resource_group_arn": null,
            "iam_instance_profile": "",
            "id": "i-05ab69fd4c79ba6f4",
            "instance_initiated_shutdown_behavior": "stop",
            "instance_lifecycle": "",
            "instance_market_options": [],
            "instance_state": "running",
            "instance_type": "t2.large",
            "ipv6_address_count": 0,
            "ipv6_addresses": [],
            "key_name": "foryou_ssh",
            "launch_template": [],
            "maintenance_options": [
              {
                "auto_recovery": "default"
              }
            ],
            "metadata_options": [
              {
                "http_endpoint": "enabled",
                "http_protocol_ipv6": "disabled",
                "http_put_response_hop_limit": 2,
                "http_tokens": "required",
                "instance_metadata_tags": "disabled"
              }
            ],
            "monitoring": false,
            "network_interface": [],
            "outpost_arn": "",
            "password_data": "",
            "placement_group": "",
            "placement_partition_number": 0,
            "primary_network_interface_id": "eni-06d1803a7fa1257cb",
            "private_dns": "ip-10-0-0-11.ap-northeast-2.compute.internal",
            "private_dns_name_options": [
              {
                "enable_resource_name_dns_a_record": false,
                "enable_resource_name_dns_aaaa_record": false,
                "hostname_type": "ip-name"
              }
            ],
            "private_ip": "10.0.0.11",
            "public_dns": "ec2-3-34-187-194.ap-northeast-2.compute.amazonaws.com",
            "public_ip": "3.34.187.194",
            "root_block_device": [
              {
                "delete_on_termination": true,
                "device_name": "/dev/sda1",
                "encrypted": false,
                "iops": 3000,
                "kms_key_id": "",
                "tags": {},
                "tags_all": {},
                "throughput": 125,
                "volume_id": "vol-05de5a8eda6a012ef",
                "volume_size": 8,
                "volume_type": "gp3"
              }
            ],
            "secondary_private_ips": [],
            "security_groups": [
              "sg-01480289ed90d1f33"
            ],
            "source_dest_check": true,
            "spot_instance_request_id": "",
            "subnet_id": "subnet-0dd77bae63feb9ea9",
            "tags": {
              "Name": "Bastion"
            },
            "tags_all": {
              "Name": "Bastion"
            },
            "tenancy": "default",
            "timeouts": null,
            "user_data": "8804eaae5f79a5d00476a976949a84ac08483e40",
            "user_data_base64": null,
            "user_data_replace_on_change": false,
            "volume_tags": null,
            "vpc_security_group_ids": [
              "sg-01480289ed90d1f33"
            ]
          },
          "sensitive_attributes": [
            [
              {
                "type": "get_attr",
                "value": "user_data"
              }
            ]
          ],
          "private": "eyJlMmJmYjczMC1lY2FhLTExZTYtOGY4OC0zNDM2M2JjN2M0YzAiOnsiY3JlYXRlIjo2MDAwMDAwMDAwMDAsImRlbGV0ZSI6MTIwMDAwMDAwMDAwMCwicmVhZCI6OTAwMDAwMDAwMDAwLCJ1cGRhdGUiOjYwMDAwMDAwMDAwMH0sInNjaGVtYV92ZXJzaW9uIjoiMSJ9",
          "dependencies": [
            "aws_key_pair.k8_ssh",
            "aws_security_group.ssh",
            "module.vpc.aws_subnet.public",
            "module.vpc.aws_vpc.this",
            "module.vpc.aws_vpc_ipv4_cidr_block_association.this",
            "tls_private_key.ssh"
          ]
        }
      ]
    },
    {
      "mode": "managed",
      "type": "aws_instance",
      "name": "database",
      "provider": "provider[\"registry.terraform.io/hashicorp/aws\"]",
      "instances": [
        {
          "schema_version": 1,
          "attributes": {
            "ami": "ami-04ea5b2d3c8ceccf8",
            "arn": "arn:aws:ec2:ap-northeast-2:339713119714:instance/i-0c091e798743db2e0",
            "associate_public_ip_address": true,
            "availability_zone": "ap-northeast-2a",
            "capacity_reservation_specification": [
              {
                "capacity_reservation_preference": "open",
                "capacity_reservation_target": []
              }
            ],
            "cpu_core_count": 2,
            "cpu_options": [
              {
                "amd_sev_snp": "",
                "core_count": 2,
                "threads_per_core": 1
              }
            ],
            "cpu_threads_per_core": 1,
            "credit_specification": [
              {
                "cpu_credits": "standard"
              }
            ],
            "disable_api_stop": false,
            "disable_api_termination": false,
            "ebs_block_device": [],
            "ebs_optimized": false,
            "enclave_options": [
              {
                "enabled": false
              }
            ],
            "ephemeral_block_device": [],
            "get_password_data": false,
            "hibernation": false,
            "host_id": "",
            "host_resource_group_arn": null,
            "iam_instance_profile": "",
            "id": "i-0c091e798743db2e0",
            "instance_initiated_shutdown_behavior": "stop",
            "instance_lifecycle": "",
            "instance_market_options": [],
            "instance_state": "running",
            "instance_type": "t2.medium",
            "ipv6_address_count": 0,
            "ipv6_addresses": [],
            "key_name": "foryou_ssh",
            "launch_template": [],
            "maintenance_options": [
              {
                "auto_recovery": "default"
              }
            ],
            "metadata_options": [
              {
                "http_endpoint": "enabled",
                "http_protocol_ipv6": "disabled",
                "http_put_response_hop_limit": 2,
                "http_tokens": "required",
                "instance_metadata_tags": "disabled"
              }
            ],
            "monitoring": false,
            "network_interface": [],
            "outpost_arn": "",
            "password_data": "",
            "placement_group": "",
            "placement_partition_number": 0,
            "primary_network_interface_id": "eni-05ca93accef534ab0",
            "private_dns": "ip-10-0-4-11.ap-northeast-2.compute.internal",
            "private_dns_name_options": [
              {
                "enable_resource_name_dns_a_record": false,
                "enable_resource_name_dns_aaaa_record": false,
                "hostname_type": "ip-name"
              }
            ],
            "private_ip": "10.0.4.11",
            "public_dns": "ec2-52-78-197-126.ap-northeast-2.compute.amazonaws.com",
            "public_ip": "52.78.197.126",
            "root_block_device": [
              {
                "delete_on_termination": true,
                "device_name": "/dev/xvda",
                "encrypted": false,
                "iops": 3000,
                "kms_key_id": "",
                "tags": {},
                "tags_all": {},
                "throughput": 125,
                "volume_id": "vol-0566afa1e9d3ff47c",
                "volume_size": 8,
                "volume_type": "gp3"
              }
            ],
            "secondary_private_ips": [],
            "security_groups": [],
            "source_dest_check": true,
            "spot_instance_request_id": "",
            "subnet_id": "subnet-0558df84fd53afe4e",
            "tags": {
              "Name": "DB-01"
            },
            "tags_all": {
              "Name": "DB-01"
            },
            "tenancy": "default",
            "timeouts": null,
            "user_data": "156c0636817ca3852ed5a8e83259e523bbf0a589",
            "user_data_base64": null,
            "user_data_replace_on_change": false,
            "volume_tags": null,
            "vpc_security_group_ids": [
              "sg-0f2a7140651849107"
            ]
          },
          "sensitive_attributes": [],
          "private": "eyJlMmJmYjczMC1lY2FhLTExZTYtOGY4OC0zNDM2M2JjN2M0YzAiOnsiY3JlYXRlIjo2MDAwMDAwMDAwMDAsImRlbGV0ZSI6MTIwMDAwMDAwMDAwMCwicmVhZCI6OTAwMDAwMDAwMDAwLCJ1cGRhdGUiOjYwMDAwMDAwMDAwMH0sInNjaGVtYV92ZXJzaW9uIjoiMSJ9",
          "dependencies": [
            "aws_key_pair.k8_ssh",
            "aws_security_group.database",
            "module.vpc.aws_subnet.database",
            "module.vpc.aws_vpc.this",
            "module.vpc.aws_vpc_ipv4_cidr_block_association.this",
            "tls_private_key.ssh"
          ]
        }
      ]
    },
    {
      "mode": "managed",
      "type": "aws_instance",
      "name": "masters",
      "provider": "provider[\"registry.terraform.io/hashicorp/aws\"]",
      "instances": [
        {
          "index_key": 0,
          "schema_version": 1,
          "attributes": {
            "ami": "ami-062cf18d655c0b1e8",
            "arn": "arn:aws:ec2:ap-northeast-2:339713119714:instance/i-07fd8b1965345c58c",
            "associate_public_ip_address": false,
            "availability_zone": "ap-northeast-2a",
            "capacity_reservation_specification": [
              {
                "capacity_reservation_preference": "open",
                "capacity_reservation_target": []
              }
            ],
            "cpu_core_count": 2,
            "cpu_options": [
              {
                "amd_sev_snp": "",
                "core_count": 2,
                "threads_per_core": 1
              }
            ],
            "cpu_threads_per_core": 1,
            "credit_specification": [
              {
                "cpu_credits": "standard"
              }
            ],
            "disable_api_stop": false,
            "disable_api_termination": false,
            "ebs_block_device": [],
            "ebs_optimized": false,
            "enclave_options": [
              {
                "enabled": false
              }
            ],
            "ephemeral_block_device": [],
            "get_password_data": false,
            "hibernation": false,
            "host_id": "",
            "host_resource_group_arn": null,
            "iam_instance_profile": "",
            "id": "i-07fd8b1965345c58c",
            "instance_initiated_shutdown_behavior": "stop",
            "instance_lifecycle": "",
            "instance_market_options": [],
            "instance_state": "running",
            "instance_type": "t2.large",
            "ipv6_address_count": 0,
            "ipv6_addresses": [],
            "key_name": "foryou_ssh",
            "launch_template": [],
            "maintenance_options": [
              {
                "auto_recovery": "default"
              }
            ],
            "metadata_options": [
              {
                "http_endpoint": "enabled",
                "http_protocol_ipv6": "disabled",
                "http_put_response_hop_limit": 2,
                "http_tokens": "required",
                "instance_metadata_tags": "disabled"
              }
            ],
            "monitoring": false,
            "network_interface": [],
            "outpost_arn": "",
            "password_data": "",
            "placement_group": "",
            "placement_partition_number": 0,
            "primary_network_interface_id": "eni-0e6c44c6668622185",
            "private_dns": "ip-10-0-2-11.ap-northeast-2.compute.internal",
            "private_dns_name_options": [
              {
                "enable_resource_name_dns_a_record": false,
                "enable_resource_name_dns_aaaa_record": false,
                "hostname_type": "ip-name"
              }
            ],
            "private_ip": "10.0.2.11",
            "public_dns": "",
            "public_ip": "",
            "root_block_device": [
              {
                "delete_on_termination": true,
                "device_name": "/dev/sda1",
                "encrypted": false,
                "iops": 3000,
                "kms_key_id": "",
                "tags": {},
                "tags_all": {},
                "throughput": 125,
                "volume_id": "vol-03d29003019fc7a54",
                "volume_size": 8,
                "volume_type": "gp3"
              }
            ],
            "secondary_private_ips": [],
            "security_groups": [
              "sg-0082afbcdb736ebf4",
              "sg-0124b84d24649e679"
            ],
            "source_dest_check": true,
            "spot_instance_request_id": "",
            "subnet_id": "subnet-02539c9b9dfe7632e",
            "tags": {
              "Name": "Master-01"
            },
            "tags_all": {
              "Name": "Master-01"
            },
            "tenancy": "default",
            "timeouts": null,
            "user_data": null,
            "user_data_base64": null,
            "user_data_replace_on_change": false,
            "volume_tags": null,
            "vpc_security_group_ids": [
              "sg-0082afbcdb736ebf4",
              "sg-0124b84d24649e679"
            ]
          },
          "sensitive_attributes": [],
          "private": "eyJlMmJmYjczMC1lY2FhLTExZTYtOGY4OC0zNDM2M2JjN2M0YzAiOnsiY3JlYXRlIjo2MDAwMDAwMDAwMDAsImRlbGV0ZSI6MTIwMDAwMDAwMDAwMCwicmVhZCI6OTAwMDAwMDAwMDAwLCJ1cGRhdGUiOjYwMDAwMDAwMDAwMH0sInNjaGVtYV92ZXJzaW9uIjoiMSJ9",
          "dependencies": [
            "aws_key_pair.k8_ssh",
            "aws_security_group.k8_masters",
            "aws_security_group.k8_nondes",
            "module.vpc.aws_subnet.private",
            "module.vpc.aws_vpc.this",
            "module.vpc.aws_vpc_ipv4_cidr_block_association.this",
            "tls_private_key.ssh"
          ]
        },
        {
          "index_key": 1,
          "schema_version": 1,
          "attributes": {
            "ami": "ami-062cf18d655c0b1e8",
            "arn": "arn:aws:ec2:ap-northeast-2:339713119714:instance/i-0d948de8207ad76d9",
            "associate_public_ip_address": false,
            "availability_zone": "ap-northeast-2c",
            "capacity_reservation_specification": [
              {
                "capacity_reservation_preference": "open",
                "capacity_reservation_target": []
              }
            ],
            "cpu_core_count": 2,
            "cpu_options": [
              {
                "amd_sev_snp": "",
                "core_count": 2,
                "threads_per_core": 1
              }
            ],
            "cpu_threads_per_core": 1,
            "credit_specification": [
              {
                "cpu_credits": "standard"
              }
            ],
            "disable_api_stop": false,
            "disable_api_termination": false,
            "ebs_block_device": [],
            "ebs_optimized": false,
            "enclave_options": [
              {
                "enabled": false
              }
            ],
            "ephemeral_block_device": [],
            "get_password_data": false,
            "hibernation": false,
            "host_id": "",
            "host_resource_group_arn": null,
            "iam_instance_profile": "",
            "id": "i-0d948de8207ad76d9",
            "instance_initiated_shutdown_behavior": "stop",
            "instance_lifecycle": "",
            "instance_market_options": [],
            "instance_state": "running",
            "instance_type": "t2.large",
            "ipv6_address_count": 0,
            "ipv6_addresses": [],
            "key_name": "foryou_ssh",
            "launch_template": [],
            "maintenance_options": [
              {
                "auto_recovery": "default"
              }
            ],
            "metadata_options": [
              {
                "http_endpoint": "enabled",
                "http_protocol_ipv6": "disabled",
                "http_put_response_hop_limit": 2,
                "http_tokens": "required",
                "instance_metadata_tags": "disabled"
              }
            ],
            "monitoring": false,
            "network_interface": [],
            "outpost_arn": "",
            "password_data": "",
            "placement_group": "",
            "placement_partition_number": 0,
            "primary_network_interface_id": "eni-0f5742a17f78c4994",
            "private_dns": "ip-10-0-3-11.ap-northeast-2.compute.internal",
            "private_dns_name_options": [
              {
                "enable_resource_name_dns_a_record": false,
                "enable_resource_name_dns_aaaa_record": false,
                "hostname_type": "ip-name"
              }
            ],
            "private_ip": "10.0.3.11",
            "public_dns": "",
            "public_ip": "",
            "root_block_device": [
              {
                "delete_on_termination": true,
                "device_name": "/dev/sda1",
                "encrypted": false,
                "iops": 3000,
                "kms_key_id": "",
                "tags": {},
                "tags_all": {},
                "throughput": 125,
                "volume_id": "vol-062a9b1e4d23fde22",
                "volume_size": 8,
                "volume_type": "gp3"
              }
            ],
            "secondary_private_ips": [],
            "security_groups": [
              "sg-0082afbcdb736ebf4",
              "sg-0124b84d24649e679"
            ],
            "source_dest_check": true,
            "spot_instance_request_id": "",
            "subnet_id": "subnet-0df37e5f5580cc12a",
            "tags": {
              "Name": "Master-02"
            },
            "tags_all": {
              "Name": "Master-02"
            },
            "tenancy": "default",
            "timeouts": null,
            "user_data": null,
            "user_data_base64": null,
            "user_data_replace_on_change": false,
            "volume_tags": null,
            "vpc_security_group_ids": [
              "sg-0082afbcdb736ebf4",
              "sg-0124b84d24649e679"
            ]
          },
          "sensitive_attributes": [],
          "private": "eyJlMmJmYjczMC1lY2FhLTExZTYtOGY4OC0zNDM2M2JjN2M0YzAiOnsiY3JlYXRlIjo2MDAwMDAwMDAwMDAsImRlbGV0ZSI6MTIwMDAwMDAwMDAwMCwicmVhZCI6OTAwMDAwMDAwMDAwLCJ1cGRhdGUiOjYwMDAwMDAwMDAwMH0sInNjaGVtYV92ZXJzaW9uIjoiMSJ9",
          "dependencies": [
            "aws_key_pair.k8_ssh",
            "aws_security_group.k8_masters",
            "aws_security_group.k8_nondes",
            "module.vpc.aws_subnet.private",
            "module.vpc.aws_vpc.this",
            "module.vpc.aws_vpc_ipv4_cidr_block_association.this",
            "tls_private_key.ssh"
          ]
        }
      ]
    },
    {
      "mode": "managed",
      "type": "aws_instance",
      "name": "workers",
      "provider": "provider[\"registry.terraform.io/hashicorp/aws\"]",
      "instances": [
        {
          "index_key": 0,
          "schema_version": 1,
          "attributes": {
            "ami": "ami-062cf18d655c0b1e8",
            "arn": "arn:aws:ec2:ap-northeast-2:339713119714:instance/i-040f200791f3c9dd9",
            "associate_public_ip_address": false,
            "availability_zone": "ap-northeast-2a",
            "capacity_reservation_specification": [
              {
                "capacity_reservation_preference": "open",
                "capacity_reservation_target": []
              }
            ],
            "cpu_core_count": 2,
            "cpu_options": [
              {
                "amd_sev_snp": "",
                "core_count": 2,
                "threads_per_core": 1
              }
            ],
            "cpu_threads_per_core": 1,
            "credit_specification": [
              {
                "cpu_credits": "standard"
              }
            ],
            "disable_api_stop": false,
            "disable_api_termination": false,
            "ebs_block_device": [],
            "ebs_optimized": false,
            "enclave_options": [
              {
                "enabled": false
              }
            ],
            "ephemeral_block_device": [],
            "get_password_data": false,
            "hibernation": false,
            "host_id": "",
            "host_resource_group_arn": null,
            "iam_instance_profile": "",
            "id": "i-040f200791f3c9dd9",
            "instance_initiated_shutdown_behavior": "stop",
            "instance_lifecycle": "",
            "instance_market_options": [],
            "instance_state": "running",
            "instance_type": "t2.medium",
            "ipv6_address_count": 0,
            "ipv6_addresses": [],
            "key_name": "foryou_ssh",
            "launch_template": [],
            "maintenance_options": [
              {
                "auto_recovery": "default"
              }
            ],
            "metadata_options": [
              {
                "http_endpoint": "enabled",
                "http_protocol_ipv6": "disabled",
                "http_put_response_hop_limit": 2,
                "http_tokens": "required",
                "instance_metadata_tags": "disabled"
              }
            ],
            "monitoring": false,
            "network_interface": [],
            "outpost_arn": "",
            "password_data": "",
            "placement_group": "",
            "placement_partition_number": 0,
            "primary_network_interface_id": "eni-08485a9a09becdb03",
            "private_dns": "ip-10-0-2-12.ap-northeast-2.compute.internal",
            "private_dns_name_options": [
              {
                "enable_resource_name_dns_a_record": false,
                "enable_resource_name_dns_aaaa_record": false,
                "hostname_type": "ip-name"
              }
            ],
            "private_ip": "10.0.2.12",
            "public_dns": "",
            "public_ip": "",
            "root_block_device": [
              {
                "delete_on_termination": true,
                "device_name": "/dev/sda1",
                "encrypted": false,
                "iops": 3000,
                "kms_key_id": "",
                "tags": {},
                "tags_all": {},
                "throughput": 125,
                "volume_id": "vol-0ff9f51e47377b575",
                "volume_size": 8,
                "volume_type": "gp3"
              }
            ],
            "secondary_private_ips": [],
            "security_groups": [
              "sg-0124b84d24649e679",
              "sg-0847b4ccb351ee0c8"
            ],
            "source_dest_check": true,
            "spot_instance_request_id": "",
            "subnet_id": "subnet-02539c9b9dfe7632e",
            "tags": {
              "Name": "Worker-01"
            },
            "tags_all": {
              "Name": "Worker-01"
            },
            "tenancy": "default",
            "timeouts": null,
            "user_data": null,
            "user_data_base64": null,
            "user_data_replace_on_change": false,
            "volume_tags": null,
            "vpc_security_group_ids": [
              "sg-0124b84d24649e679",
              "sg-0847b4ccb351ee0c8"
            ]
          },
          "sensitive_attributes": [],
          "private": "eyJlMmJmYjczMC1lY2FhLTExZTYtOGY4OC0zNDM2M2JjN2M0YzAiOnsiY3JlYXRlIjo2MDAwMDAwMDAwMDAsImRlbGV0ZSI6MTIwMDAwMDAwMDAwMCwicmVhZCI6OTAwMDAwMDAwMDAwLCJ1cGRhdGUiOjYwMDAwMDAwMDAwMH0sInNjaGVtYV92ZXJzaW9uIjoiMSJ9",
          "dependencies": [
            "aws_key_pair.k8_ssh",
            "aws_security_group.k8_nondes",
            "aws_security_group.k8_workers",
            "module.vpc.aws_subnet.private",
            "module.vpc.aws_vpc.this",
            "module.vpc.aws_vpc_ipv4_cidr_block_association.this",
            "tls_private_key.ssh"
          ]
        },
        {
          "index_key": 1,
          "schema_version": 1,
          "attributes": {
            "ami": "ami-062cf18d655c0b1e8",
            "arn": "arn:aws:ec2:ap-northeast-2:339713119714:instance/i-062e10a949d81ba46",
            "associate_public_ip_address": false,
            "availability_zone": "ap-northeast-2c",
            "capacity_reservation_specification": [
              {
                "capacity_reservation_preference": "open",
                "capacity_reservation_target": []
              }
            ],
            "cpu_core_count": 2,
            "cpu_options": [
              {
                "amd_sev_snp": "",
                "core_count": 2,
                "threads_per_core": 1
              }
            ],
            "cpu_threads_per_core": 1,
            "credit_specification": [
              {
                "cpu_credits": "standard"
              }
            ],
            "disable_api_stop": false,
            "disable_api_termination": false,
            "ebs_block_device": [],
            "ebs_optimized": false,
            "enclave_options": [
              {
                "enabled": false
              }
            ],
            "ephemeral_block_device": [],
            "get_password_data": false,
            "hibernation": false,
            "host_id": "",
            "host_resource_group_arn": null,
            "iam_instance_profile": "",
            "id": "i-062e10a949d81ba46",
            "instance_initiated_shutdown_behavior": "stop",
            "instance_lifecycle": "",
            "instance_market_options": [],
            "instance_state": "running",
            "instance_type": "t2.medium",
            "ipv6_address_count": 0,
            "ipv6_addresses": [],
            "key_name": "foryou_ssh",
            "launch_template": [],
            "maintenance_options": [
              {
                "auto_recovery": "default"
              }
            ],
            "metadata_options": [
              {
                "http_endpoint": "enabled",
                "http_protocol_ipv6": "disabled",
                "http_put_response_hop_limit": 2,
                "http_tokens": "required",
                "instance_metadata_tags": "disabled"
              }
            ],
            "monitoring": false,
            "network_interface": [],
            "outpost_arn": "",
            "password_data": "",
            "placement_group": "",
            "placement_partition_number": 0,
            "primary_network_interface_id": "eni-01ea828584b364c6e",
            "private_dns": "ip-10-0-3-12.ap-northeast-2.compute.internal",
            "private_dns_name_options": [
              {
                "enable_resource_name_dns_a_record": false,
                "enable_resource_name_dns_aaaa_record": false,
                "hostname_type": "ip-name"
              }
            ],
            "private_ip": "10.0.3.12",
            "public_dns": "",
            "public_ip": "",
            "root_block_device": [
              {
                "delete_on_termination": true,
                "device_name": "/dev/sda1",
                "encrypted": false,
                "iops": 3000,
                "kms_key_id": "",
                "tags": {},
                "tags_all": {},
                "throughput": 125,
                "volume_id": "vol-085c63433db56f951",
                "volume_size": 8,
                "volume_type": "gp3"
              }
            ],
            "secondary_private_ips": [],
            "security_groups": [
              "sg-0124b84d24649e679",
              "sg-0847b4ccb351ee0c8"
            ],
            "source_dest_check": true,
            "spot_instance_request_id": "",
            "subnet_id": "subnet-0df37e5f5580cc12a",
            "tags": {
              "Name": "Worker-02"
            },
            "tags_all": {
              "Name": "Worker-02"
            },
            "tenancy": "default",
            "timeouts": null,
            "user_data": null,
            "user_data_base64": null,
            "user_data_replace_on_change": false,
            "volume_tags": null,
            "vpc_security_group_ids": [
              "sg-0124b84d24649e679",
              "sg-0847b4ccb351ee0c8"
            ]
          },
          "sensitive_attributes": [],
          "private": "eyJlMmJmYjczMC1lY2FhLTExZTYtOGY4OC0zNDM2M2JjN2M0YzAiOnsiY3JlYXRlIjo2MDAwMDAwMDAwMDAsImRlbGV0ZSI6MTIwMDAwMDAwMDAwMCwicmVhZCI6OTAwMDAwMDAwMDAwLCJ1cGRhdGUiOjYwMDAwMDAwMDAwMH0sInNjaGVtYV92ZXJzaW9uIjoiMSJ9",
          "dependencies": [
            "aws_key_pair.k8_ssh",
            "aws_security_group.k8_nondes",
            "aws_security_group.k8_workers",
            "module.vpc.aws_subnet.private",
            "module.vpc.aws_vpc.this",
            "module.vpc.aws_vpc_ipv4_cidr_block_association.this",
            "tls_private_key.ssh"
          ]
        },
        {
          "index_key": 2,
          "schema_version": 1,
          "attributes": {
            "ami": "ami-062cf18d655c0b1e8",
            "arn": "arn:aws:ec2:ap-northeast-2:339713119714:instance/i-017b7c941762ef55d",
            "associate_public_ip_address": false,
            "availability_zone": "ap-northeast-2a",
            "capacity_reservation_specification": [
              {
                "capacity_reservation_preference": "open",
                "capacity_reservation_target": []
              }
            ],
            "cpu_core_count": 2,
            "cpu_options": [
              {
                "amd_sev_snp": "",
                "core_count": 2,
                "threads_per_core": 1
              }
            ],
            "cpu_threads_per_core": 1,
            "credit_specification": [
              {
                "cpu_credits": "standard"
              }
            ],
            "disable_api_stop": false,
            "disable_api_termination": false,
            "ebs_block_device": [],
            "ebs_optimized": false,
            "enclave_options": [
              {
                "enabled": false
              }
            ],
            "ephemeral_block_device": [],
            "get_password_data": false,
            "hibernation": false,
            "host_id": "",
            "host_resource_group_arn": null,
            "iam_instance_profile": "",
            "id": "i-017b7c941762ef55d",
            "instance_initiated_shutdown_behavior": "stop",
            "instance_lifecycle": "",
            "instance_market_options": [],
            "instance_state": "running",
            "instance_type": "t2.medium",
            "ipv6_address_count": 0,
            "ipv6_addresses": [],
            "key_name": "foryou_ssh",
            "launch_template": [],
            "maintenance_options": [
              {
                "auto_recovery": "default"
              }
            ],
            "metadata_options": [
              {
                "http_endpoint": "enabled",
                "http_protocol_ipv6": "disabled",
                "http_put_response_hop_limit": 2,
                "http_tokens": "required",
                "instance_metadata_tags": "disabled"
              }
            ],
            "monitoring": false,
            "network_interface": [],
            "outpost_arn": "",
            "password_data": "",
            "placement_group": "",
            "placement_partition_number": 0,
            "primary_network_interface_id": "eni-0c17f369997efad41",
            "private_dns": "ip-10-0-2-13.ap-northeast-2.compute.internal",
            "private_dns_name_options": [
              {
                "enable_resource_name_dns_a_record": false,
                "enable_resource_name_dns_aaaa_record": false,
                "hostname_type": "ip-name"
              }
            ],
            "private_ip": "10.0.2.13",
            "public_dns": "",
            "public_ip": "",
            "root_block_device": [
              {
                "delete_on_termination": true,
                "device_name": "/dev/sda1",
                "encrypted": false,
                "iops": 3000,
                "kms_key_id": "",
                "tags": {},
                "tags_all": {},
                "throughput": 125,
                "volume_id": "vol-0fde73067e2bb00e0",
                "volume_size": 8,
                "volume_type": "gp3"
              }
            ],
            "secondary_private_ips": [],
            "security_groups": [
              "sg-0124b84d24649e679",
              "sg-0847b4ccb351ee0c8"
            ],
            "source_dest_check": true,
            "spot_instance_request_id": "",
            "subnet_id": "subnet-02539c9b9dfe7632e",
            "tags": {
              "Name": "Worker-03"
            },
            "tags_all": {
              "Name": "Worker-03"
            },
            "tenancy": "default",
            "timeouts": null,
            "user_data": null,
            "user_data_base64": null,
            "user_data_replace_on_change": false,
            "volume_tags": null,
            "vpc_security_group_ids": [
              "sg-0124b84d24649e679",
              "sg-0847b4ccb351ee0c8"
            ]
          },
          "sensitive_attributes": [],
          "private": "eyJlMmJmYjczMC1lY2FhLTExZTYtOGY4OC0zNDM2M2JjN2M0YzAiOnsiY3JlYXRlIjo2MDAwMDAwMDAwMDAsImRlbGV0ZSI6MTIwMDAwMDAwMDAwMCwicmVhZCI6OTAwMDAwMDAwMDAwLCJ1cGRhdGUiOjYwMDAwMDAwMDAwMH0sInNjaGVtYV92ZXJzaW9uIjoiMSJ9",
          "dependencies": [
            "aws_key_pair.k8_ssh",
            "aws_security_group.k8_nondes",
            "aws_security_group.k8_workers",
            "module.vpc.aws_subnet.private",
            "module.vpc.aws_vpc.this",
            "module.vpc.aws_vpc_ipv4_cidr_block_association.this",
            "tls_private_key.ssh"
          ]
        },
        {
          "index_key": 3,
          "schema_version": 1,
          "attributes": {
            "ami": "ami-062cf18d655c0b1e8",
            "arn": "arn:aws:ec2:ap-northeast-2:339713119714:instance/i-0b404d2c5b936c2f6",
            "associate_public_ip_address": false,
            "availability_zone": "ap-northeast-2c",
            "capacity_reservation_specification": [
              {
                "capacity_reservation_preference": "open",
                "capacity_reservation_target": []
              }
            ],
            "cpu_core_count": 2,
            "cpu_options": [
              {
                "amd_sev_snp": "",
                "core_count": 2,
                "threads_per_core": 1
              }
            ],
            "cpu_threads_per_core": 1,
            "credit_specification": [
              {
                "cpu_credits": "standard"
              }
            ],
            "disable_api_stop": false,
            "disable_api_termination": false,
            "ebs_block_device": [],
            "ebs_optimized": false,
            "enclave_options": [
              {
                "enabled": false
              }
            ],
            "ephemeral_block_device": [],
            "get_password_data": false,
            "hibernation": false,
            "host_id": "",
            "host_resource_group_arn": null,
            "iam_instance_profile": "",
            "id": "i-0b404d2c5b936c2f6",
            "instance_initiated_shutdown_behavior": "stop",
            "instance_lifecycle": "",
            "instance_market_options": [],
            "instance_state": "running",
            "instance_type": "t2.medium",
            "ipv6_address_count": 0,
            "ipv6_addresses": [],
            "key_name": "foryou_ssh",
            "launch_template": [],
            "maintenance_options": [
              {
                "auto_recovery": "default"
              }
            ],
            "metadata_options": [
              {
                "http_endpoint": "enabled",
                "http_protocol_ipv6": "disabled",
                "http_put_response_hop_limit": 2,
                "http_tokens": "required",
                "instance_metadata_tags": "disabled"
              }
            ],
            "monitoring": false,
            "network_interface": [],
            "outpost_arn": "",
            "password_data": "",
            "placement_group": "",
            "placement_partition_number": 0,
            "primary_network_interface_id": "eni-0397e7bc725ee69f6",
            "private_dns": "ip-10-0-3-13.ap-northeast-2.compute.internal",
            "private_dns_name_options": [
              {
                "enable_resource_name_dns_a_record": false,
                "enable_resource_name_dns_aaaa_record": false,
                "hostname_type": "ip-name"
              }
            ],
            "private_ip": "10.0.3.13",
            "public_dns": "",
            "public_ip": "",
            "root_block_device": [
              {
                "delete_on_termination": true,
                "device_name": "/dev/sda1",
                "encrypted": false,
                "iops": 3000,
                "kms_key_id": "",
                "tags": {},
                "tags_all": {},
                "throughput": 125,
                "volume_id": "vol-05ab8a21d73c7c733",
                "volume_size": 8,
                "volume_type": "gp3"
              }
            ],
            "secondary_private_ips": [],
            "security_groups": [
              "sg-0124b84d24649e679",
              "sg-0847b4ccb351ee0c8"
            ],
            "source_dest_check": true,
            "spot_instance_request_id": "",
            "subnet_id": "subnet-0df37e5f5580cc12a",
            "tags": {
              "Name": "Worker-04"
            },
            "tags_all": {
              "Name": "Worker-04"
            },
            "tenancy": "default",
            "timeouts": null,
            "user_data": null,
            "user_data_base64": null,
            "user_data_replace_on_change": false,
            "volume_tags": null,
            "vpc_security_group_ids": [
              "sg-0124b84d24649e679",
              "sg-0847b4ccb351ee0c8"
            ]
          },
          "sensitive_attributes": [],
          "private": "eyJlMmJmYjczMC1lY2FhLTExZTYtOGY4OC0zNDM2M2JjN2M0YzAiOnsiY3JlYXRlIjo2MDAwMDAwMDAwMDAsImRlbGV0ZSI6MTIwMDAwMDAwMDAwMCwicmVhZCI6OTAwMDAwMDAwMDAwLCJ1cGRhdGUiOjYwMDAwMDAwMDAwMH0sInNjaGVtYV92ZXJzaW9uIjoiMSJ9",
          "dependencies": [
            "aws_key_pair.k8_ssh",
            "aws_security_group.k8_nondes",
            "aws_security_group.k8_workers",
            "module.vpc.aws_subnet.private",
            "module.vpc.aws_vpc.this",
            "module.vpc.aws_vpc_ipv4_cidr_block_association.this",
            "tls_private_key.ssh"
          ]
        }
      ]
    },
    {
      "mode": "managed",
      "type": "aws_key_pair",
      "name": "k8_ssh",
      "provider": "provider[\"registry.terraform.io/hashicorp/aws\"]",
      "instances": [
        {
          "schema_version": 1,
          "attributes": {
            "arn": "arn:aws:ec2:ap-northeast-2:339713119714:key-pair/foryou_ssh",
            "fingerprint": "cd:b0:82:d2:7c:0b:79:9d:bf:1a:bd:f1:c5:de:12:96",
            "id": "foryou_ssh",
            "key_name": "foryou_ssh",
            "key_name_prefix": "",
            "key_pair_id": "key-095bca7b1f0580350",
            "key_type": "rsa",
            "public_key": "ssh-rsa AAAAB3NzaC1yc2EAAAADAQABAAACAQC1REVtBQ5nhRgTXvQ3+V+x8Xb2QTRmiGXMK2WJ3RESkOXriG0LIa4lR7zYRcd1D2zpSez7nRaD6oh1JNjPYhqtemEWqFWBNxjK2liuK14ZISrS4AnQam6OA+jaH6OXCW9nxCw4sFTE6cR8daZv0lY5MZshOS6n1fm8Sb7aVjfyvTj3AMhOe1nBhf8kByOSsndQH2dduErBnlHanuaRzc1F2dw62z8UTm9fHbJuxpcy18z8v+XcktzV0k3vZdAFZ/tG+/mvk71XhAyhIEBLJKQVr5SNEuVaUgdfZoRQt+w/t7v5HvvLFnkQWLerYNLJb42toOS5fGtM2cjvWWa0BNgBlrIGwtbkzrdsTj12pNk1DCBUBubOTKBQI/e/sIEIqzRnlgOO3wlQ/ws5/XTi6Max5UZVlOcxghAf1/Lru7xSQ/4HJUy+DUm2QBWJkNFXUCTHDsrfmIlNXBB7YrCczWNtjVvMBqWTiA9dPtYEbWeVXdpHvghdTbekR0HkJCjTRSm5b4l4K+w8tFG8LBQOxBIewF1iFbhXUnMYGSIhvML8l4PG8eV9ZY9JIIT1v7Fff3g500nUdxSZFyEeN1aSXqYjnf4UU9yhnNtC6UhWlPDOvVBUf962vnefm9aKTyX9+wG1r/TTnpApQOELoPcppRN149aT0LNApL72UYOcQ/qO3Q==",
            "tags": null,
            "tags_all": {}
          },
          "sensitive_attributes": [],
          "private": "eyJzY2hlbWFfdmVyc2lvbiI6IjEifQ==",
          "dependencies": [
            "tls_private_key.ssh"
          ]
        }
      ]
    },
    {
      "mode": "managed",
      "type": "aws_lb",
      "name": "alb",
      "provider": "provider[\"registry.terraform.io/hashicorp/aws\"]",
      "instances": [
        {
          "schema_version": 0,
          "attributes": {
            "access_logs": [
              {
                "bucket": "",
                "enabled": false,
                "prefix": ""
              }
            ],
            "arn": "arn:aws:elasticloadbalancing:ap-northeast-2:339713119714:loadbalancer/app/alb/deae676649e5cc12",
            "arn_suffix": "app/alb/deae676649e5cc12",
            "client_keep_alive": 3600,
            "connection_logs": [
              {
                "bucket": "",
                "enabled": false,
                "prefix": ""
              }
            ],
            "customer_owned_ipv4_pool": "",
            "desync_mitigation_mode": "defensive",
            "dns_name": "alb-1108721741.ap-northeast-2.elb.amazonaws.com",
            "dns_record_client_routing_policy": null,
            "drop_invalid_header_fields": false,
            "enable_cross_zone_load_balancing": true,
            "enable_deletion_protection": false,
            "enable_http2": true,
            "enable_tls_version_and_cipher_suite_headers": false,
            "enable_waf_fail_open": false,
            "enable_xff_client_port": false,
            "enforce_security_group_inbound_rules_on_private_link_traffic": "",
            "id": "arn:aws:elasticloadbalancing:ap-northeast-2:339713119714:loadbalancer/app/alb/deae676649e5cc12",
            "idle_timeout": 60,
            "internal": false,
            "ip_address_type": "ipv4",
            "load_balancer_type": "application",
            "name": "alb",
            "name_prefix": "",
            "preserve_host_header": false,
            "security_groups": [
              "sg-018c3966a746910ff"
            ],
            "subnet_mapping": [
              {
                "allocation_id": "",
                "ipv6_address": "",
                "outpost_id": "",
                "private_ipv4_address": "",
                "subnet_id": "subnet-02539c9b9dfe7632e"
              },
              {
                "allocation_id": "",
                "ipv6_address": "",
                "outpost_id": "",
                "private_ipv4_address": "",
                "subnet_id": "subnet-0df37e5f5580cc12a"
              }
            ],
            "subnets": [
              "subnet-02539c9b9dfe7632e",
              "subnet-0df37e5f5580cc12a"
            ],
            "tags": {
              "Name": "alb",
              "Terraform": "true"
            },
            "tags_all": {
              "Name": "alb",
              "Terraform": "true"
            },
            "timeouts": null,
            "vpc_id": "vpc-04a14cf538ba43611",
            "xff_header_processing_mode": "append",
            "zone_id": "ZWKZPGTI48KDX"
          },
          "sensitive_attributes": [],
          "private": "eyJlMmJmYjczMC1lY2FhLTExZTYtOGY4OC0zNDM2M2JjN2M0YzAiOnsiY3JlYXRlIjo2MDAwMDAwMDAwMDAsImRlbGV0ZSI6NjAwMDAwMDAwMDAwLCJ1cGRhdGUiOjYwMDAwMDAwMDAwMH19",
          "dependencies": [
            "aws_security_group.alb_sg",
            "module.vpc.aws_subnet.private",
            "module.vpc.aws_vpc.this",
            "module.vpc.aws_vpc_ipv4_cidr_block_association.this"
          ]
        }
      ]
    },
    {
      "mode": "managed",
      "type": "aws_lb",
      "name": "nlb",
      "provider": "provider[\"registry.terraform.io/hashicorp/aws\"]",
      "instances": [
        {
          "schema_version": 0,
          "attributes": {
            "access_logs": [
              {
                "bucket": "",
                "enabled": false,
                "prefix": ""
              }
            ],
            "arn": "arn:aws:elasticloadbalancing:ap-northeast-2:339713119714:loadbalancer/net/nlb/9a13c3b420eedf19",
            "arn_suffix": "net/nlb/9a13c3b420eedf19",
            "client_keep_alive": null,
            "connection_logs": [],
            "customer_owned_ipv4_pool": "",
            "desync_mitigation_mode": null,
            "dns_name": "nlb-9a13c3b420eedf19.elb.ap-northeast-2.amazonaws.com",
            "dns_record_client_routing_policy": "any_availability_zone",
            "drop_invalid_header_fields": null,
            "enable_cross_zone_load_balancing": false,
            "enable_deletion_protection": false,
            "enable_http2": null,
            "enable_tls_version_and_cipher_suite_headers": null,
            "enable_waf_fail_open": null,
            "enable_xff_client_port": null,
            "enforce_security_group_inbound_rules_on_private_link_traffic": "",
            "id": "arn:aws:elasticloadbalancing:ap-northeast-2:339713119714:loadbalancer/net/nlb/9a13c3b420eedf19",
            "idle_timeout": null,
            "internal": true,
            "ip_address_type": "ipv4",
            "load_balancer_type": "network",
            "name": "nlb",
            "name_prefix": "",
            "preserve_host_header": null,
            "security_groups": [],
            "subnet_mapping": [
              {
                "allocation_id": "",
                "ipv6_address": "",
                "outpost_id": "",
                "private_ipv4_address": "",
                "subnet_id": "subnet-02539c9b9dfe7632e"
              },
              {
                "allocation_id": "",
                "ipv6_address": "",
                "outpost_id": "",
                "private_ipv4_address": "",
                "subnet_id": "subnet-0df37e5f5580cc12a"
              }
            ],
            "subnets": [
              "subnet-02539c9b9dfe7632e",
              "subnet-0df37e5f5580cc12a"
            ],
            "tags": {
              "Name": "nlb",
              "Terraform": "true"
            },
            "tags_all": {
              "Name": "nlb",
              "Terraform": "true"
            },
            "timeouts": null,
            "vpc_id": "vpc-04a14cf538ba43611",
            "xff_header_processing_mode": null,
            "zone_id": "ZIBE1TIR4HY56"
          },
          "sensitive_attributes": [],
          "private": "eyJlMmJmYjczMC1lY2FhLTExZTYtOGY4OC0zNDM2M2JjN2M0YzAiOnsiY3JlYXRlIjo2MDAwMDAwMDAwMDAsImRlbGV0ZSI6NjAwMDAwMDAwMDAwLCJ1cGRhdGUiOjYwMDAwMDAwMDAwMH19",
          "dependencies": [
            "module.vpc.aws_subnet.private",
            "module.vpc.aws_vpc.this",
            "module.vpc.aws_vpc_ipv4_cidr_block_association.this"
          ]
        }
      ]
    },
    {
      "mode": "managed",
      "type": "aws_lb_listener",
      "name": "alb_li",
      "provider": "provider[\"registry.terraform.io/hashicorp/aws\"]",
      "instances": [
        {
          "schema_version": 0,
          "attributes": {
            "alpn_policy": null,
            "arn": "arn:aws:elasticloadbalancing:ap-northeast-2:339713119714:listener/app/alb/deae676649e5cc12/382b5bad07c6ad49",
            "certificate_arn": null,
            "default_action": [
              {
                "authenticate_cognito": [],
                "authenticate_oidc": [],
                "fixed_response": [],
                "forward": [],
                "order": 1,
                "redirect": [],
                "target_group_arn": "arn:aws:elasticloadbalancing:ap-northeast-2:339713119714:targetgroup/alb-tg/e4f0207d647b1a40",
                "type": "forward"
              }
            ],
            "id": "arn:aws:elasticloadbalancing:ap-northeast-2:339713119714:listener/app/alb/deae676649e5cc12/382b5bad07c6ad49",
            "load_balancer_arn": "arn:aws:elasticloadbalancing:ap-northeast-2:339713119714:loadbalancer/app/alb/deae676649e5cc12",
            "mutual_authentication": [],
            "port": 80,
            "protocol": "HTTP",
            "ssl_policy": "",
            "tags": {
              "Name": "web-listener",
              "Terraform": "true"
            },
            "tags_all": {
              "Name": "web-listener",
              "Terraform": "true"
            },
            "timeouts": null
          },
          "sensitive_attributes": [],
          "private": "eyJlMmJmYjczMC1lY2FhLTExZTYtOGY4OC0zNDM2M2JjN2M0YzAiOnsiY3JlYXRlIjozMDAwMDAwMDAwMDAsInVwZGF0ZSI6MzAwMDAwMDAwMDAwfX0=",
          "dependencies": [
            "aws_lb.alb",
            "aws_lb_target_group.alb_tg",
            "aws_security_group.alb_sg",
            "module.vpc.aws_subnet.private",
            "module.vpc.aws_vpc.this",
            "module.vpc.aws_vpc_ipv4_cidr_block_association.this"
          ]
        }
      ]
    },
    {
      "mode": "managed",
      "type": "aws_lb_listener",
      "name": "nlb_li",
      "provider": "provider[\"registry.terraform.io/hashicorp/aws\"]",
      "instances": [
        {
          "schema_version": 0,
          "attributes": {
            "alpn_policy": null,
            "arn": "arn:aws:elasticloadbalancing:ap-northeast-2:339713119714:listener/net/nlb/9a13c3b420eedf19/276138839c9c705e",
            "certificate_arn": null,
            "default_action": [
              {
                "authenticate_cognito": [],
                "authenticate_oidc": [],
                "fixed_response": [],
                "forward": [],
                "order": 1,
                "redirect": [],
                "target_group_arn": "arn:aws:elasticloadbalancing:ap-northeast-2:339713119714:targetgroup/nlb-tg/0fbc56f1a08cf2ff",
                "type": "forward"
              }
            ],
            "id": "arn:aws:elasticloadbalancing:ap-northeast-2:339713119714:listener/net/nlb/9a13c3b420eedf19/276138839c9c705e",
            "load_balancer_arn": "arn:aws:elasticloadbalancing:ap-northeast-2:339713119714:loadbalancer/net/nlb/9a13c3b420eedf19",
            "mutual_authentication": [],
            "port": 6443,
            "protocol": "TCP",
            "ssl_policy": "",
            "tags": null,
            "tags_all": {},
            "timeouts": null
          },
          "sensitive_attributes": [],
          "private": "eyJlMmJmYjczMC1lY2FhLTExZTYtOGY4OC0zNDM2M2JjN2M0YzAiOnsiY3JlYXRlIjozMDAwMDAwMDAwMDAsInVwZGF0ZSI6MzAwMDAwMDAwMDAwfX0=",
          "dependencies": [
            "aws_lb.nlb",
            "aws_lb_target_group.nlb_tg",
            "module.vpc.aws_subnet.private",
            "module.vpc.aws_vpc.this",
            "module.vpc.aws_vpc_ipv4_cidr_block_association.this"
          ]
        }
      ]
    },
    {
      "mode": "managed",
      "type": "aws_lb_target_group",
      "name": "alb_tg",
      "provider": "provider[\"registry.terraform.io/hashicorp/aws\"]",
      "instances": [
        {
          "schema_version": 0,
          "attributes": {
            "arn": "arn:aws:elasticloadbalancing:ap-northeast-2:339713119714:targetgroup/alb-tg/e4f0207d647b1a40",
            "arn_suffix": "targetgroup/alb-tg/e4f0207d647b1a40",
            "connection_termination": null,
            "deregistration_delay": "300",
            "health_check": [
              {
                "enabled": true,
                "healthy_threshold": 3,
                "interval": 30,
                "matcher": "200",
                "path": "/",
                "port": "traffic-port",
                "protocol": "HTTP",
                "timeout": 5,
                "unhealthy_threshold": 3
              }
            ],
            "id": "arn:aws:elasticloadbalancing:ap-northeast-2:339713119714:targetgroup/alb-tg/e4f0207d647b1a40",
            "ip_address_type": "ipv4",
            "lambda_multi_value_headers_enabled": false,
            "load_balancer_arns": [],
            "load_balancing_algorithm_type": "round_robin",
            "load_balancing_anomaly_mitigation": "off",
            "load_balancing_cross_zone_enabled": "use_load_balancer_configuration",
            "name": "alb-tg",
            "name_prefix": "",
            "port": 80,
            "preserve_client_ip": null,
            "protocol": "HTTP",
            "protocol_version": "HTTP1",
            "proxy_protocol_v2": false,
            "slow_start": 0,
            "stickiness": [
              {
                "cookie_duration": 86400,
                "cookie_name": "",
                "enabled": false,
                "type": "lb_cookie"
              }
            ],
            "tags": {
              "Name": "alb-tg",
              "Terraform": "true"
            },
            "tags_all": {
              "Name": "alb-tg",
              "Terraform": "true"
            },
            "target_failover": [
              {
                "on_deregistration": null,
                "on_unhealthy": null
              }
            ],
            "target_group_health": [
              {
                "dns_failover": [
                  {
                    "minimum_healthy_targets_count": "1",
                    "minimum_healthy_targets_percentage": "off"
                  }
                ],
                "unhealthy_state_routing": [
                  {
                    "minimum_healthy_targets_count": 1,
                    "minimum_healthy_targets_percentage": "off"
                  }
                ]
              }
            ],
            "target_health_state": [
              {
                "enable_unhealthy_connection_termination": null
              }
            ],
            "target_type": "instance",
            "vpc_id": "vpc-04a14cf538ba43611"
          },
          "sensitive_attributes": [],
          "private": "bnVsbA==",
          "dependencies": [
            "module.vpc.aws_vpc.this"
          ]
        }
      ]
    },
    {
      "mode": "managed",
      "type": "aws_lb_target_group",
      "name": "nlb_tg",
      "provider": "provider[\"registry.terraform.io/hashicorp/aws\"]",
      "instances": [
        {
          "schema_version": 0,
          "attributes": {
            "arn": "arn:aws:elasticloadbalancing:ap-northeast-2:339713119714:targetgroup/nlb-tg/0fbc56f1a08cf2ff",
            "arn_suffix": "targetgroup/nlb-tg/0fbc56f1a08cf2ff",
            "connection_termination": false,
            "deregistration_delay": "300",
            "health_check": [
              {
                "enabled": true,
                "healthy_threshold": 2,
                "interval": 30,
                "matcher": "",
                "path": "",
                "port": "6443",
                "protocol": "TCP",
                "timeout": 10,
                "unhealthy_threshold": 2
              }
            ],
            "id": "arn:aws:elasticloadbalancing:ap-northeast-2:339713119714:targetgroup/nlb-tg/0fbc56f1a08cf2ff",
            "ip_address_type": "ipv4",
            "lambda_multi_value_headers_enabled": false,
            "load_balancer_arns": [],
            "load_balancing_algorithm_type": null,
            "load_balancing_anomaly_mitigation": null,
            "load_balancing_cross_zone_enabled": "use_load_balancer_configuration",
            "name": "nlb-tg",
            "name_prefix": "",
            "port": 6443,
            "preserve_client_ip": "false",
            "protocol": "TCP",
            "protocol_version": null,
            "proxy_protocol_v2": false,
            "slow_start": 0,
            "stickiness": [
              {
                "cookie_duration": 0,
                "cookie_name": "",
                "enabled": false,
                "type": "source_ip"
              }
            ],
            "tags": null,
            "tags_all": {},
            "target_failover": [
              {
                "on_deregistration": null,
                "on_unhealthy": null
              }
            ],
            "target_group_health": [
              {
                "dns_failover": [
                  {
                    "minimum_healthy_targets_count": "1",
                    "minimum_healthy_targets_percentage": "off"
                  }
                ],
                "unhealthy_state_routing": [
                  {
                    "minimum_healthy_targets_count": 1,
                    "minimum_healthy_targets_percentage": "off"
                  }
                ]
              }
            ],
            "target_health_state": [
              {
                "enable_unhealthy_connection_termination": true
              }
            ],
            "target_type": "ip",
            "vpc_id": "vpc-04a14cf538ba43611"
          },
          "sensitive_attributes": [],
          "private": "bnVsbA==",
          "dependencies": [
            "module.vpc.aws_vpc.this"
          ]
        }
      ]
    },
    {
      "mode": "managed",
      "type": "aws_lb_target_group_attachment",
      "name": "alb_tgat",
      "provider": "provider[\"registry.terraform.io/hashicorp/aws\"]",
      "instances": [
        {
          "index_key": 0,
          "schema_version": 0,
          "attributes": {
            "availability_zone": null,
            "id": "arn:aws:elasticloadbalancing:ap-northeast-2:339713119714:targetgroup/alb-tg/e4f0207d647b1a40-20240720105609584800000010",
            "port": 80,
            "target_group_arn": "arn:aws:elasticloadbalancing:ap-northeast-2:339713119714:targetgroup/alb-tg/e4f0207d647b1a40",
            "target_id": "i-040f200791f3c9dd9"
          },
          "sensitive_attributes": [],
          "private": "bnVsbA==",
          "dependencies": [
            "aws_instance.workers",
            "aws_key_pair.k8_ssh",
            "aws_lb_target_group.alb_tg",
            "aws_security_group.k8_nondes",
            "aws_security_group.k8_workers",
            "module.vpc.aws_subnet.private",
            "module.vpc.aws_vpc.this",
            "module.vpc.aws_vpc_ipv4_cidr_block_association.this",
            "tls_private_key.ssh"
          ]
        },
        {
          "index_key": 1,
          "schema_version": 0,
          "attributes": {
            "availability_zone": null,
            "id": "arn:aws:elasticloadbalancing:ap-northeast-2:339713119714:targetgroup/alb-tg/e4f0207d647b1a40-20240720105609644500000011",
            "port": 80,
            "target_group_arn": "arn:aws:elasticloadbalancing:ap-northeast-2:339713119714:targetgroup/alb-tg/e4f0207d647b1a40",
            "target_id": "i-062e10a949d81ba46"
          },
          "sensitive_attributes": [],
          "private": "bnVsbA==",
          "dependencies": [
            "aws_instance.workers",
            "aws_key_pair.k8_ssh",
            "aws_lb_target_group.alb_tg",
            "aws_security_group.k8_nondes",
            "aws_security_group.k8_workers",
            "module.vpc.aws_subnet.private",
            "module.vpc.aws_vpc.this",
            "module.vpc.aws_vpc_ipv4_cidr_block_association.this",
            "tls_private_key.ssh"
          ]
        }
      ]
    },
    {
      "mode": "managed",
      "type": "aws_lb_target_group_attachment",
      "name": "nlb_tgat",
      "provider": "provider[\"registry.terraform.io/hashicorp/aws\"]",
      "instances": [
        {
          "index_key": 0,
          "schema_version": 0,
          "attributes": {
            "availability_zone": null,
            "id": "arn:aws:elasticloadbalancing:ap-northeast-2:339713119714:targetgroup/nlb-tg/0fbc56f1a08cf2ff-2024072010555160050000000e",
            "port": null,
            "target_group_arn": "arn:aws:elasticloadbalancing:ap-northeast-2:339713119714:targetgroup/nlb-tg/0fbc56f1a08cf2ff",
            "target_id": "10.0.2.11"
          },
          "sensitive_attributes": [],
          "private": "bnVsbA==",
          "dependencies": [
            "aws_instance.masters",
            "aws_key_pair.k8_ssh",
            "aws_lb_target_group.nlb_tg",
            "aws_security_group.k8_masters",
            "aws_security_group.k8_nondes",
            "module.vpc.aws_subnet.private",
            "module.vpc.aws_vpc.this",
            "module.vpc.aws_vpc_ipv4_cidr_block_association.this",
            "tls_private_key.ssh"
          ]
        },
        {
          "index_key": 1,
          "schema_version": 0,
          "attributes": {
            "availability_zone": null,
            "id": "arn:aws:elasticloadbalancing:ap-northeast-2:339713119714:targetgroup/nlb-tg/0fbc56f1a08cf2ff-2024072010555181950000000f",
            "port": null,
            "target_group_arn": "arn:aws:elasticloadbalancing:ap-northeast-2:339713119714:targetgroup/nlb-tg/0fbc56f1a08cf2ff",
            "target_id": "10.0.3.11"
          },
          "sensitive_attributes": [],
          "private": "bnVsbA==",
          "dependencies": [
            "aws_instance.masters",
            "aws_key_pair.k8_ssh",
            "aws_lb_target_group.nlb_tg",
            "aws_security_group.k8_masters",
            "aws_security_group.k8_nondes",
            "module.vpc.aws_subnet.private",
            "module.vpc.aws_vpc.this",
            "module.vpc.aws_vpc_ipv4_cidr_block_association.this",
            "tls_private_key.ssh"
          ]
        }
      ]
    },
    {
      "mode": "managed",
      "type": "aws_route53_record",
      "name": "domain",
      "provider": "provider[\"registry.terraform.io/hashicorp/aws\"]",
      "instances": [
        {
          "schema_version": 2,
          "attributes": {
            "alias": [
              {
                "evaluate_target_health": true,
                "name": "alb-1108721741.ap-northeast-2.elb.amazonaws.com",
                "zone_id": "ZWKZPGTI48KDX"
              }
            ],
            "allow_overwrite": null,
            "cidr_routing_policy": [],
            "failover_routing_policy": [],
            "fqdn": "ogurim.store",
            "geolocation_routing_policy": [],
            "geoproximity_routing_policy": [],
            "health_check_id": "",
            "id": "Z026888723KYD4NZ3ZK95_ogurim.store_A",
            "latency_routing_policy": [],
            "multivalue_answer_routing_policy": false,
            "name": "ogurim.store",
            "records": null,
            "set_identifier": "",
            "ttl": 0,
            "type": "A",
            "weighted_routing_policy": [],
            "zone_id": "Z026888723KYD4NZ3ZK95"
          },
          "sensitive_attributes": [],
          "private": "eyJzY2hlbWFfdmVyc2lvbiI6IjIifQ==",
          "dependencies": [
            "aws_lb.alb",
            "aws_route53_zone.foryou_rtz",
            "aws_security_group.alb_sg",
            "module.vpc.aws_subnet.private",
            "module.vpc.aws_vpc.this",
            "module.vpc.aws_vpc_ipv4_cidr_block_association.this"
          ]
        }
      ]
    },
    {
      "mode": "managed",
      "type": "aws_route53_record",
      "name": "www",
      "provider": "provider[\"registry.terraform.io/hashicorp/aws\"]",
      "instances": [
        {
          "schema_version": 2,
          "attributes": {
            "alias": [
              {
                "evaluate_target_health": true,
                "name": "alb-1108721741.ap-northeast-2.elb.amazonaws.com",
                "zone_id": "ZWKZPGTI48KDX"
              }
            ],
            "allow_overwrite": null,
            "cidr_routing_policy": [],
            "failover_routing_policy": [],
            "fqdn": "www.ogurim.store",
            "geolocation_routing_policy": [],
            "geoproximity_routing_policy": [],
            "health_check_id": "",
            "id": "Z026888723KYD4NZ3ZK95_www.ogurim.store_A",
            "latency_routing_policy": [],
            "multivalue_answer_routing_policy": false,
            "name": "www.ogurim.store",
            "records": null,
            "set_identifier": "",
            "ttl": 0,
            "type": "A",
            "weighted_routing_policy": [],
            "zone_id": "Z026888723KYD4NZ3ZK95"
          },
          "sensitive_attributes": [],
          "private": "eyJzY2hlbWFfdmVyc2lvbiI6IjIifQ==",
          "dependencies": [
            "aws_lb.alb",
            "aws_route53_zone.foryou_rtz",
            "aws_security_group.alb_sg",
            "module.vpc.aws_subnet.private",
            "module.vpc.aws_vpc.this",
            "module.vpc.aws_vpc_ipv4_cidr_block_association.this"
          ]
        }
      ]
    },
    {
      "mode": "managed",
      "type": "aws_route53_zone",
      "name": "foryou_rtz",
      "provider": "provider[\"registry.terraform.io/hashicorp/aws\"]",
      "instances": [
        {
          "schema_version": 0,
          "attributes": {
            "arn": "arn:aws:route53:::hostedzone/Z026888723KYD4NZ3ZK95",
            "comment": "Managed by Terraform",
            "delegation_set_id": "",
            "force_destroy": true,
            "id": "Z026888723KYD4NZ3ZK95",
            "name": "ogurim.store",
            "name_servers": [
              "ns-1499.awsdns-59.org",
              "ns-1585.awsdns-06.co.uk",
              "ns-351.awsdns-43.com",
              "ns-798.awsdns-35.net"
            ],
            "primary_name_server": "ns-798.awsdns-35.net",
            "tags": null,
            "tags_all": {},
            "vpc": [],
            "zone_id": "Z026888723KYD4NZ3ZK95"
          },
          "sensitive_attributes": [],
          "private": "bnVsbA=="
        }
      ]
    },
    {
      "mode": "managed",
      "type": "aws_route_table_association",
      "name": "igw_rtas",
      "provider": "provider[\"registry.terraform.io/hashicorp/aws\"]",
      "instances": [
        {
          "index_key": 0,
          "schema_version": 0,
          "attributes": {
            "gateway_id": "",
            "id": "rtbassoc-08d1f8b0a7bed7b93",
            "route_table_id": "rtb-01aa5765f75de13ee",
            "subnet_id": "subnet-0dd77bae63feb9ea9",
            "timeouts": null
          },
          "sensitive_attributes": [],
          "private": "eyJlMmJmYjczMC1lY2FhLTExZTYtOGY4OC0zNDM2M2JjN2M0YzAiOnsiY3JlYXRlIjozMDAwMDAwMDAwMDAsImRlbGV0ZSI6MzAwMDAwMDAwMDAwLCJ1cGRhdGUiOjEyMDAwMDAwMDAwMH19",
          "dependencies": [
            "module.vpc.aws_route_table.public",
            "module.vpc.aws_subnet.public",
            "module.vpc.aws_vpc.this",
            "module.vpc.aws_vpc_ipv4_cidr_block_association.this"
          ]
        },
        {
          "index_key": 1,
          "schema_version": 0,
          "attributes": {
            "gateway_id": "",
            "id": "rtbassoc-0178838fe3209b1d1",
            "route_table_id": "rtb-01aa5765f75de13ee",
            "subnet_id": "subnet-0a2ec636237b935da",
            "timeouts": null
          },
          "sensitive_attributes": [],
          "private": "eyJlMmJmYjczMC1lY2FhLTExZTYtOGY4OC0zNDM2M2JjN2M0YzAiOnsiY3JlYXRlIjozMDAwMDAwMDAwMDAsImRlbGV0ZSI6MzAwMDAwMDAwMDAwLCJ1cGRhdGUiOjEyMDAwMDAwMDAwMH19",
          "dependencies": [
            "module.vpc.aws_route_table.public",
            "module.vpc.aws_subnet.public",
            "module.vpc.aws_vpc.this",
            "module.vpc.aws_vpc_ipv4_cidr_block_association.this"
          ]
        }
      ]
    },
    {
      "mode": "managed",
      "type": "aws_security_group",
      "name": "alb_sg",
      "provider": "provider[\"registry.terraform.io/hashicorp/aws\"]",
      "instances": [
        {
          "schema_version": 1,
          "attributes": {
            "arn": "arn:aws:ec2:ap-northeast-2:339713119714:security-group/sg-018c3966a746910ff",
            "description": "Managed by Terraform",
            "egress": [
              {
                "cidr_blocks": [
                  "0.0.0.0/0"
                ],
                "description": "",
                "from_port": 0,
                "ipv6_cidr_blocks": [],
                "prefix_list_ids": [],
                "protocol": "-1",
                "security_groups": [],
                "self": false,
                "to_port": 0
              }
            ],
            "id": "sg-018c3966a746910ff",
            "ingress": [
              {
                "cidr_blocks": [
                  "0.0.0.0/0"
                ],
                "description": "",
                "from_port": 443,
                "ipv6_cidr_blocks": [],
                "prefix_list_ids": [],
                "protocol": "tcp",
                "security_groups": [],
                "self": false,
                "to_port": 443
              },
              {
                "cidr_blocks": [
                  "0.0.0.0/0"
                ],
                "description": "",
                "from_port": 80,
                "ipv6_cidr_blocks": [],
                "prefix_list_ids": [],
                "protocol": "tcp",
                "security_groups": [],
                "self": false,
                "to_port": 80
              }
            ],
            "name": "terraform-20240720105526767300000003",
            "name_prefix": "terraform-",
            "owner_id": "339713119714",
            "revoke_rules_on_delete": false,
            "tags": {
              "Name": "alb-sg"
            },
            "tags_all": {
              "Name": "alb-sg"
            },
            "timeouts": null,
            "vpc_id": "vpc-04a14cf538ba43611"
          },
          "sensitive_attributes": [],
          "private": "eyJlMmJmYjczMC1lY2FhLTExZTYtOGY4OC0zNDM2M2JjN2M0YzAiOnsiY3JlYXRlIjo2MDAwMDAwMDAwMDAsImRlbGV0ZSI6OTAwMDAwMDAwMDAwfSwic2NoZW1hX3ZlcnNpb24iOiIxIn0=",
          "dependencies": [
            "module.vpc.aws_vpc.this"
          ]
        }
      ]
    },
    {
      "mode": "managed",
      "type": "aws_security_group",
      "name": "database",
      "provider": "provider[\"registry.terraform.io/hashicorp/aws\"]",
      "instances": [
        {
          "schema_version": 1,
          "attributes": {
            "arn": "arn:aws:ec2:ap-northeast-2:339713119714:security-group/sg-0f2a7140651849107",
            "description": "sec group for databases",
            "egress": [
              {
                "cidr_blocks": [
                  "0.0.0.0/0"
                ],
                "description": "",
                "from_port": 0,
                "ipv6_cidr_blocks": [],
                "prefix_list_ids": [],
                "protocol": "-1",
                "security_groups": [],
                "self": false,
                "to_port": 0
              }
            ],
            "id": "sg-0f2a7140651849107",
            "ingress": [
              {
                "cidr_blocks": [
                  "0.0.0.0/0"
                ],
                "description": "",
                "from_port": -1,
                "ipv6_cidr_blocks": [],
                "prefix_list_ids": [],
                "protocol": "icmp",
                "security_groups": [],
                "self": false,
                "to_port": -1
              },
              {
                "cidr_blocks": [
                  "0.0.0.0/0"
                ],
                "description": "",
                "from_port": 22,
                "ipv6_cidr_blocks": [],
                "prefix_list_ids": [],
                "protocol": "tcp",
                "security_groups": [],
                "self": false,
                "to_port": 22
              },
              {
                "cidr_blocks": [
                  "10.0.0.0/16"
                ],
                "description": "",
                "from_port": 3306,
                "ipv6_cidr_blocks": [],
                "prefix_list_ids": [],
                "protocol": "tcp",
                "security_groups": [],
                "self": false,
                "to_port": 3306
              }
            ],
            "name": "databases",
            "name_prefix": "",
            "owner_id": "339713119714",
            "revoke_rules_on_delete": false,
            "tags": {
              "Name": "db-sg"
            },
            "tags_all": {
              "Name": "db-sg"
            },
            "timeouts": null,
            "vpc_id": "vpc-04a14cf538ba43611"
          },
          "sensitive_attributes": [],
          "private": "eyJlMmJmYjczMC1lY2FhLTExZTYtOGY4OC0zNDM2M2JjN2M0YzAiOnsiY3JlYXRlIjo2MDAwMDAwMDAwMDAsImRlbGV0ZSI6OTAwMDAwMDAwMDAwfSwic2NoZW1hX3ZlcnNpb24iOiIxIn0=",
          "dependencies": [
            "module.vpc.aws_vpc.this"
          ]
        }
      ]
    },
    {
      "mode": "managed",
      "type": "aws_security_group",
      "name": "k8_masters",
      "provider": "provider[\"registry.terraform.io/hashicorp/aws\"]",
      "instances": [
        {
          "schema_version": 1,
          "attributes": {
            "arn": "arn:aws:ec2:ap-northeast-2:339713119714:security-group/sg-0082afbcdb736ebf4",
            "description": "sec group for k8 master nodes",
            "egress": [],
            "id": "sg-0082afbcdb736ebf4",
            "ingress": [
              {
                "cidr_blocks": [
                  "10.0.0.0/16"
                ],
                "description": "",
                "from_port": 10250,
                "ipv6_cidr_blocks": [],
                "prefix_list_ids": [],
                "protocol": "tcp",
                "security_groups": [],
                "self": false,
                "to_port": 10250
              },
              {
                "cidr_blocks": [
                  "10.0.0.0/16"
                ],
                "description": "",
                "from_port": 10257,
                "ipv6_cidr_blocks": [],
                "prefix_list_ids": [],
                "protocol": "tcp",
                "security_groups": [],
                "self": false,
                "to_port": 10257
              },
              {
                "cidr_blocks": [
                  "10.0.0.0/16"
                ],
                "description": "",
                "from_port": 10259,
                "ipv6_cidr_blocks": [],
                "prefix_list_ids": [],
                "protocol": "tcp",
                "security_groups": [],
                "self": false,
                "to_port": 10259
              },
              {
                "cidr_blocks": [
                  "10.0.0.0/16"
                ],
                "description": "",
                "from_port": 2379,
                "ipv6_cidr_blocks": [],
                "prefix_list_ids": [],
                "protocol": "tcp",
                "security_groups": [],
                "self": false,
                "to_port": 2380
              },
              {
                "cidr_blocks": [
                  "10.0.0.0/16"
                ],
                "description": "",
                "from_port": 6443,
                "ipv6_cidr_blocks": [],
                "prefix_list_ids": [],
                "protocol": "tcp",
                "security_groups": [],
                "self": false,
                "to_port": 6443
              }
            ],
            "name": "k8_masters",
            "name_prefix": "",
            "owner_id": "339713119714",
            "revoke_rules_on_delete": false,
            "tags": {
              "Name": "masters-sg"
            },
            "tags_all": {
              "Name": "masters-sg"
            },
            "timeouts": null,
            "vpc_id": "vpc-04a14cf538ba43611"
          },
          "sensitive_attributes": [],
          "private": "eyJlMmJmYjczMC1lY2FhLTExZTYtOGY4OC0zNDM2M2JjN2M0YzAiOnsiY3JlYXRlIjo2MDAwMDAwMDAwMDAsImRlbGV0ZSI6OTAwMDAwMDAwMDAwfSwic2NoZW1hX3ZlcnNpb24iOiIxIn0=",
          "dependencies": [
            "module.vpc.aws_vpc.this"
          ]
        }
      ]
    },
    {
      "mode": "managed",
      "type": "aws_security_group",
      "name": "k8_nondes",
      "provider": "provider[\"registry.terraform.io/hashicorp/aws\"]",
      "instances": [
        {
          "schema_version": 1,
          "attributes": {
            "arn": "arn:aws:ec2:ap-northeast-2:339713119714:security-group/sg-0124b84d24649e679",
            "description": "sec group for k8 nodes",
            "egress": [
              {
                "cidr_blocks": [
                  "0.0.0.0/0"
                ],
                "description": "",
                "from_port": 0,
                "ipv6_cidr_blocks": [],
                "prefix_list_ids": [],
                "protocol": "-1",
                "security_groups": [],
                "self": false,
                "to_port": 0
              }
            ],
            "id": "sg-0124b84d24649e679",
            "ingress": [
              {
                "cidr_blocks": [
                  "10.0.0.0/16"
                ],
                "description": "",
                "from_port": -1,
                "ipv6_cidr_blocks": [],
                "prefix_list_ids": [],
                "protocol": "icmp",
                "security_groups": [],
                "self": false,
                "to_port": -1
              },
              {
                "cidr_blocks": [
                  "10.0.0.0/16"
                ],
                "description": "",
                "from_port": 22,
                "ipv6_cidr_blocks": [],
                "prefix_list_ids": [],
                "protocol": "tcp",
                "security_groups": [],
                "self": false,
                "to_port": 22
              }
            ],
            "name": "k8_nodes",
            "name_prefix": "",
            "owner_id": "339713119714",
            "revoke_rules_on_delete": false,
            "tags": {
              "Name": "nodes-sg"
            },
            "tags_all": {
              "Name": "nodes-sg"
            },
            "timeouts": null,
            "vpc_id": "vpc-04a14cf538ba43611"
          },
          "sensitive_attributes": [],
          "private": "eyJlMmJmYjczMC1lY2FhLTExZTYtOGY4OC0zNDM2M2JjN2M0YzAiOnsiY3JlYXRlIjo2MDAwMDAwMDAwMDAsImRlbGV0ZSI6OTAwMDAwMDAwMDAwfSwic2NoZW1hX3ZlcnNpb24iOiIxIn0=",
          "dependencies": [
            "module.vpc.aws_vpc.this"
          ]
        }
      ]
    },
    {
      "mode": "managed",
      "type": "aws_security_group",
      "name": "k8_workers",
      "provider": "provider[\"registry.terraform.io/hashicorp/aws\"]",
      "instances": [
        {
          "schema_version": 1,
          "attributes": {
            "arn": "arn:aws:ec2:ap-northeast-2:339713119714:security-group/sg-0847b4ccb351ee0c8",
            "description": "sec group for k8 worker nodes",
            "egress": [],
            "id": "sg-0847b4ccb351ee0c8",
            "ingress": [
              {
                "cidr_blocks": [
                  "10.0.0.0/16"
                ],
                "description": "",
                "from_port": 10250,
                "ipv6_cidr_blocks": [],
                "prefix_list_ids": [],
                "protocol": "tcp",
                "security_groups": [],
                "self": false,
                "to_port": 10250
              },
              {
                "cidr_blocks": [
                  "10.0.0.0/16"
                ],
                "description": "",
                "from_port": 30000,
                "ipv6_cidr_blocks": [],
                "prefix_list_ids": [],
                "protocol": "tcp",
                "security_groups": [],
                "self": false,
                "to_port": 32767
              }
            ],
            "name": "k8_workers",
            "name_prefix": "",
            "owner_id": "339713119714",
            "revoke_rules_on_delete": false,
            "tags": {
              "Name": "worker-sg"
            },
            "tags_all": {
              "Name": "worker-sg"
            },
            "timeouts": null,
            "vpc_id": "vpc-04a14cf538ba43611"
          },
          "sensitive_attributes": [],
          "private": "eyJlMmJmYjczMC1lY2FhLTExZTYtOGY4OC0zNDM2M2JjN2M0YzAiOnsiY3JlYXRlIjo2MDAwMDAwMDAwMDAsImRlbGV0ZSI6OTAwMDAwMDAwMDAwfSwic2NoZW1hX3ZlcnNpb24iOiIxIn0=",
          "dependencies": [
            "module.vpc.aws_vpc.this"
          ]
        }
      ]
    },
    {
      "mode": "managed",
      "type": "aws_security_group",
      "name": "ssh",
      "provider": "provider[\"registry.terraform.io/hashicorp/aws\"]",
      "instances": [
        {
          "schema_version": 1,
          "attributes": {
            "arn": "arn:aws:ec2:ap-northeast-2:339713119714:security-group/sg-01480289ed90d1f33",
            "description": "Allow ssh inbound traffic",
            "egress": [
              {
                "cidr_blocks": [
                  "0.0.0.0/0"
                ],
                "description": "",
                "from_port": 0,
                "ipv6_cidr_blocks": [],
                "prefix_list_ids": [],
                "protocol": "-1",
                "security_groups": [],
                "self": false,
                "to_port": 0
              }
            ],
            "id": "sg-01480289ed90d1f33",
            "ingress": [
              {
                "cidr_blocks": [
                  "0.0.0.0/0"
                ],
                "description": "",
                "from_port": -1,
                "ipv6_cidr_blocks": [],
                "prefix_list_ids": [],
                "protocol": "icmp",
                "security_groups": [],
                "self": false,
                "to_port": -1
              },
              {
                "cidr_blocks": [
                  "0.0.0.0/0"
                ],
                "description": "",
                "from_port": 22,
                "ipv6_cidr_blocks": [],
                "prefix_list_ids": [],
                "protocol": "tcp",
                "security_groups": [],
                "self": false,
                "to_port": 22
              }
            ],
            "name": "ssh",
            "name_prefix": "",
            "owner_id": "339713119714",
            "revoke_rules_on_delete": false,
            "tags": {
              "Name": "bation-sg"
            },
            "tags_all": {
              "Name": "bation-sg"
            },
            "timeouts": null,
            "vpc_id": "vpc-04a14cf538ba43611"
          },
          "sensitive_attributes": [],
          "private": "eyJlMmJmYjczMC1lY2FhLTExZTYtOGY4OC0zNDM2M2JjN2M0YzAiOnsiY3JlYXRlIjo2MDAwMDAwMDAwMDAsImRlbGV0ZSI6OTAwMDAwMDAwMDAwfSwic2NoZW1hX3ZlcnNpb24iOiIxIn0=",
          "dependencies": [
            "module.vpc.aws_vpc.this"
          ]
        }
      ]
    },
    {
      "mode": "managed",
      "type": "local_file",
      "name": "ansible_inventory",
      "provider": "provider[\"registry.terraform.io/hashicorp/local\"]",
      "instances": [
        {
          "schema_version": 0,
          "attributes": {
            "content": "[all:vars]\nansible_ssh_common_args='-o UserKnownHostsFile=/dev/null -o StrictHostKeyChecking=no -o ProxyCommand=\"ssh -W %h:%p -q ubuntu@10.0.0.11\"'\nansible_user = ubuntu\nansible_ssh_private_key_file = \"/home/ubuntu/ansible/foryou_key.pem\"\n\n[masters_first]\n      ip-10-0-2-11.ap-northeast-2.compute.internal ansible_host=10.0.2.11 # i-07fd8b1965345c58c\n    \n[masters_others]\n        ip-10-0-3-11.ap-northeast-2.compute.internal ansible_host=10.0.3.11 # i-0d948de8207ad76d9\n  \n[masters:children]\nmasters_first\nmasters_others\n\n[workers]\n  ip-10-0-2-12.ap-northeast-2.compute.internal ansible_host=10.0.2.12 # i-040f200791f3c9dd9\n  ip-10-0-3-12.ap-northeast-2.compute.internal ansible_host=10.0.3.12 # i-062e10a949d81ba46\n  ip-10-0-2-13.ap-northeast-2.compute.internal ansible_host=10.0.2.13 # i-017b7c941762ef55d\n  ip-10-0-3-13.ap-northeast-2.compute.internal ansible_host=10.0.3.13 # i-0b404d2c5b936c2f6\n\n[nodes]\n  ip-10-0-2-11.ap-northeast-2.compute.internal ansible_host=10.0.2.11 # i-07fd8b1965345c58c\n  ip-10-0-3-11.ap-northeast-2.compute.internal ansible_host=10.0.3.11 # i-0d948de8207ad76d9\n  ip-10-0-2-12.ap-northeast-2.compute.internal ansible_host=10.0.2.12 # i-040f200791f3c9dd9\n  ip-10-0-3-12.ap-northeast-2.compute.internal ansible_host=10.0.3.12 # i-062e10a949d81ba46\n  ip-10-0-2-13.ap-northeast-2.compute.internal ansible_host=10.0.2.13 # i-017b7c941762ef55d\n  ip-10-0-3-13.ap-northeast-2.compute.internal ansible_host=10.0.3.13 # i-0b404d2c5b936c2f6\n\n[web]\n# 첫 두 worker 노드를 web으로 할당\n  ip-10-0-2-12.ap-northeast-2.compute.internal ansible_host=10.0.2.12 # i-040f200791f3c9dd9\n# 첫 두 worker 노드를 web으로 할당\n  ip-10-0-3-12.ap-northeast-2.compute.internal ansible_host=10.0.3.12 # i-062e10a949d81ba46\n\n[was]\n# 나머지 두 worker 노드를 was로 할당\n  ip-10-0-2-13.ap-northeast-2.compute.internal ansible_host=10.0.2.13 # i-017b7c941762ef55d\n# 나머지 두 worker 노드를 was로 할당\n  ip-10-0-3-13.ap-northeast-2.compute.internal ansible_host=10.0.3.13 # i-0b404d2c5b936c2f6\n\n[database]\nip-10-0-4-11.ap-northeast-2.compute.internal ansible_host=10.0.4.11 # i-0c091e798743db2e0\n\n[bastion]\nip-10-0-0-11.ap-northeast-2.compute.internal ansible_host=10.0.0.11 # i-05ab69fd4c79ba6f4\n",
            "content_base64": null,
            "content_base64sha256": "t4xqX3j/kMnc5fN3tJif/NlzcIVNv7NRPzLHR2jP5RQ=",
            "content_base64sha512": "9XbtGFq2FdjBqquWszvBB8NqmANcTBhDevZOSnonrXpVPNpaHX60YPU7mIBowFHKMpZAtg3eUal669rDPkiVzg==",
            "content_md5": "abdf064500439e83aaed47d70f70ca97",
            "content_sha1": "76725e17f8d353b0b93c18bbd803f7e2c00438a6",
            "content_sha256": "b78c6a5f78ff90c9dce5f377b4989ffcd97370854dbfb3513f32c74768cfe514",
            "content_sha512": "f576ed185ab615d8c1aaab96b33bc107c36a98035c4c18437af64e4a7a27ad7a553cda5a1d7eb460f53b988068c051ca329640b60dde51a97aebdac33e4895ce",
            "directory_permission": "0777",
            "file_permission": "0777",
            "filename": "./../03_ansible/ansible/inventory",
            "id": "76725e17f8d353b0b93c18bbd803f7e2c00438a6",
            "sensitive_content": null,
            "source": null
          },
          "sensitive_attributes": [
            [
              {
                "type": "get_attr",
                "value": "sensitive_content"
              }
            ]
          ],
          "dependencies": [
            "aws_instance.bastion",
            "aws_instance.database",
            "aws_instance.masters",
            "aws_instance.workers",
            "aws_key_pair.k8_ssh",
            "aws_security_group.database",
            "aws_security_group.k8_masters",
            "aws_security_group.k8_nondes",
            "aws_security_group.k8_workers",
            "aws_security_group.ssh",
            "module.vpc.aws_subnet.database",
            "module.vpc.aws_subnet.private",
            "module.vpc.aws_subnet.public",
            "module.vpc.aws_vpc.this",
            "module.vpc.aws_vpc_ipv4_cidr_block_association.this",
            "tls_private_key.ssh"
          ]
        }
      ]
    },
    {
      "mode": "managed",
      "type": "local_file",
      "name": "ansible_k8_ssh_key",
      "provider": "provider[\"registry.terraform.io/hashicorp/local\"]",
      "instances": [
        {
          "schema_version": 0,
          "attributes": {
            "content": "-----BEGIN RSA PRIVATE KEY-----\nMIIJKQIBAAKCAgEAtURFbQUOZ4UYE170N/lfsfF29kE0ZohlzCtlid0REpDl64ht\nCyGuJUe82EXHdQ9s6Uns+50Wg+qIdSTYz2IarXphFqhVgTcYytpYriteGSEq0uAJ\n0GpujgPo2h+jlwlvZ8QsOLBUxOnEfHWmb9JWOTGbITkup9X5vEm+2lY38r049wDI\nTntZwYX/JAcjkrJ3UB9nXbhKwZ5R2p7mkc3NRdncOts/FE5vXx2ybsaXMtfM/L/l\n3JLc1dJN72XQBWf7Rvv5r5O9V4QMoSBASySkFa+UjRLlWlIHX2aEULfsP7e7+R77\nyxZ5EFi3q2DSyW+NraDkuXxrTNnI71lmtATYAZayBsLW5M63bE49dqTZNQwgVAbm\nzkygUCP3v7CBCKs0Z5YDjt8JUP8LOf104ujGseVGVZTnMYIQH9fy67u8UkP+ByVM\nvg1JtkAViZDRV1Akxw7K35iJTVwQe2KwnM1jbY1bzAalk4gPXT7WBG1nlV3aR74I\nXU23pEdB5CQo00UpuW+JeCvsPLRRvCwUDsQSHsBdYhW4V1JzGBkiIbzC/JeDxvHl\nfWWPSSCE9b+xX394OdNJ1HcUmRchHjdWkl6mI53+FFPcoZzbQulIVpTwzr1QVH/e\ntr53n5vWik8l/fsBta/0056QKUDhC6D3KaUTdePWk9CzQKS+9lGDnEP6jt0CAwEA\nAQKCAgAvaOTTp8/lqXzrjBlKDpJF40bfD5zZ+HDPnsYW8dgGSBmqqesDT1LR81pk\nIpQRfPBab/hosuRxqkT4hqOiUiFyICEGoQ6EFloIrGUnYLZi0jb2IpzOgxfZUxJz\nAnVyCoi11ixOw2fYfN/kQY0/j/73RI8zeFZIlYGVCqC9UHGfrngYun6pcD/AiwB5\ndtiKBN2J+jy52XrL+1GjYY4isnYu/9VHG5L7B6y/bu/9YzmmlaTKspI3R740uqWh\nqLpov5KMNVlP389U9XesKNhIDxRPi7XJ1BhisDO3cwPGbOSAodirRrxKmN0fNmUL\nkO5wuxmOQRexn+YcmpWgbHydNusbxeC74Wsu4iqqDHlDBkncaQN4Tk+qvsFbq7E4\ny8DxWqt5tTxSP55UNNSa95ZLhOSbyZAUV6JNgoZ4d7cVCvhmZpCpHrcqfKBAyvu4\nRId0h/YpApQ546XAs/Y7aG4fkG/dfCaehKy+oMH3voh8GD+mpyQg6ZNl5v2QRKf8\nR+D+vbeKGnsZXxE05SLzx6R1F3kVKAVSjqHyKzaSGEuSkH9HAhWcf/ltnSh535u+\nYgriBesdQeQ9zzRGDvt8hnCHzGiM0ttQrVPWf7GWvxw6X4IS+Y+jB8cTb/rJkFrD\ntgFl9koahg4qny0YaJoGLolC015S9xVhKDcWH1r6oDBzaxs3wQKCAQEA8M+vOV/s\npJ0t8qmL1pumeAaS+RVhIFEDZViJqLOSJtbeOFbgXZdf6cp4upNckxSQ5tSoI2sR\nMPvA26LYJugddONvy22DAPJPaLjABFwdwIms/GA/XldHowMR8ApIrfAwZhQFhpcd\n5fe8O8TTZrxm85bie46TrLuse2JuwscCVCK/kX+C+kH46JVeor82PAJrJRp1enjj\nkJ5xJadyDcEdXnpDv8yisW6rfzkZXmEHjmJcyCJ8c4kDzfuBy2b9AVOBMx55UXeh\no3U8f0W6GBKmOorw0Oe3AnYqnWxv/AhHcStBxDEIxvOuY/34UEKphGpRNtnfnwDt\nYD9aTjJ2F9LWDQKCAQEAwLMi2+9AQBBLL05T7K36ETZlA10v2AfBSAKYirJHnLY+\nmxn/jvuCm1d9K4D7z22/G5G24u+hiVb+900nIWPcK6t3BrW9A+g0atZiSOGjAqtZ\n+4SH8epjm7TISjKsJB5OExJjTEIVycApkdeErkHvqVoNEr0ukYEy5ATXddLsmvfG\nYuHcEiiddc1oS7D7x21/pXCd1xWunQjrfVV0nWbAANuIsqxUAvAToT4H/k5bL4Lu\nR0Y71wILEujz3esovlmXNc64lf0sufBJSEmXArVJ/EmhKhoXx2H9CL6akxSxXFR2\nN/PfbrKLiOa83Qb7F7KP7rXwQO01b5WUOrWm+mW4EQKCAQBjvhIc2J+C21uxvAog\nvN2pr0dnBjTxlryqWI7EIoSxs6PdgBZ0jYN7qZJx7SGWBhmykniGGw3G1S/fiUaw\nbsnspVujzdtKJBNCE+vsol7sZdoRuqfkopAYc+gVHZ1W9jqFvVtAkQ0gOIlt1Cuf\nzP9ze5aZiMef7ygU/wNTh+xt/uqMEF2m3HaFl4DYNgz3tCS+/IOWU8YmG4pQB1gV\nXFyWyluPcOoeRfGgw3y/e78Oea1mc+pKTIEX60mqfyDiUL0d+ExVsxBvTNre+HmJ\nCQhzDSOL074YtesWw1hq8t7sf/dAlPLGvR4JaqNUUxg1sXesGXgnOtIXYIY+B2ak\nnX5tAoIBAQCjr0a8FZW5FV4YF+vYDsxtFIxneB+s3KGEvpe+sMN9zZyOeV4IoYIG\n3CE58/1x7GI6U+NLD4xisiAwBzxm84FRIvwfGf8ts2/bFLI2AFxMZysvKBumFZh4\n6e58gGCS6Z8eOi9Y1oXVc0KcXLqanu2qKBEUytgkxt9oqugucHWFCVVeJ0adshxW\ntZ2TNgoZE90qteeNjSBeyfXm59D/5wjPcavDQfi26iFyhNObZAm26PvoVTN9ZoHr\nlS+ZYSih0E5OaYOH/J+ibgaBvejlZwMqp4yby8BJH+YlKGr65sfliuVEkAZJ7KX0\nKzNgeI6PSaFTfv5O2G/cke1wlV76Ma9RAoIBAQDQuXEmQO31NyYSKKBiqq1+VcqF\nnPUAQ6U9HamPdoz8IOWxlWLYeTZISrcXGvdUeyvthfAmXUbVQLuGwStAHfkYq0Pv\nLXIHj3NNHblMMcHgxJXhWkhIhl1FvnaID7a7Fzob54lJTpYCqWRY+I6BWSgkK3Jp\nNA6nKws68PwwdMY+NqFW0LD4SDvSS++53SPXMBgpb4QBwfjq8zTqm3TWSLaNhAU5\ncTRABdogvKoxMtfABHAxa+iSvsSMlDmQoWqm0UoGKlf2DUHnKaa+t9Vit5QkTjKX\n2XHepW+ZvuaG3TkgQyk1AEwwgOJbRs1gL59qJdNjHLcNdEb2EiIJXy87XD2B\n-----END RSA PRIVATE KEY-----\n",
            "content_base64": null,
            "content_base64sha256": "gdd2q9HllqUSA7IJmoEgWxavgp5V1pQPwU+mrJMheQU=",
            "content_base64sha512": "SVbPT3IqeD7LZ80NEhz40N4puM0fWXxIo8gt8GCG38TGznFLS4AhLxZq4nqvzFIj11XQoaD4sruj+SbgGaC+xA==",
            "content_md5": "d93653561b7c27bb5bdb103ad69165f9",
            "content_sha1": "4b8302c4c95cdd71fa469a2f433366196a84710d",
            "content_sha256": "81d776abd1e596a51203b2099a81205b16af829e55d6940fc14fa6ac93217905",
            "content_sha512": "4956cf4f722a783ecb67cd0d121cf8d0de29b8cd1f597c48a3c82df06086dfc4c6ce714b4b80212f166ae27aafcc5223d755d0a1a0f8b2bba3f926e019a0bec4",
            "directory_permission": "0777",
            "file_permission": "600",
            "filename": "./../03_ansible/ansible/foryou_key.pem",
            "id": "4b8302c4c95cdd71fa469a2f433366196a84710d",
            "sensitive_content": null,
            "source": null
          },
          "sensitive_attributes": [
            [
              {
                "type": "get_attr",
                "value": "sensitive_content"
              }
            ],
            [
              {
                "type": "get_attr",
                "value": "content"
              }
            ]
          ],
          "dependencies": [
            "tls_private_key.ssh"
          ]
        }
      ]
    },
    {
      "mode": "managed",
      "type": "local_file",
      "name": "ansible_vars_file",
      "provider": "provider[\"registry.terraform.io/hashicorp/local\"]",
      "instances": [
        {
          "schema_version": 0,
          "attributes": {
            "content": "\nmaster_lb: nlb-9a13c3b420eedf19.elb.ap-northeast-2.amazonaws.com\ndatabase: 52.78.197.126\n",
            "content_base64": null,
            "content_base64sha256": "dOnF5Ltt0zjjqi8puxN7aO58+G3E7u8C5z9r5BxnQMA=",
            "content_base64sha512": "Mgit0mKZ0taejJ9AvZ0NGI80EqKbFGDyc8kdqm63Z6Q3p5dx+T75aExDSDtkYKeCThrOxufO3hKOtmO1TrvukQ==",
            "content_md5": "08b7ccb1c1e67355de9bdaf8e0ce0c0d",
            "content_sha1": "9937047d6337469e4c6c867bd3e7d38b536b2ba1",
            "content_sha256": "74e9c5e4bb6dd338e3aa2f29bb137b68ee7cf86dc4eeef02e73f6be41c6740c0",
            "content_sha512": "3208add26299d2d69e8c9f40bd9d0d188f3412a29b1460f273c91daa6eb767a437a79771f93ef9684c43483b6460a7824e1acec6e7cede128eb663b54ebbee91",
            "directory_permission": "0777",
            "file_permission": "0777",
            "filename": "./../03_ansible/ansible/ansible_vars_file.yml",
            "id": "9937047d6337469e4c6c867bd3e7d38b536b2ba1",
            "sensitive_content": null,
            "source": null
          },
          "sensitive_attributes": [
            [
              {
                "type": "get_attr",
                "value": "sensitive_content"
              }
            ]
          ],
          "dependencies": [
            "aws_instance.database",
            "aws_key_pair.k8_ssh",
            "aws_lb.nlb",
            "aws_security_group.database",
            "module.vpc.aws_subnet.database",
            "module.vpc.aws_subnet.private",
            "module.vpc.aws_vpc.this",
            "module.vpc.aws_vpc_ipv4_cidr_block_association.this",
            "tls_private_key.ssh"
          ]
        }
      ]
    },
    {
      "mode": "managed",
      "type": "local_file",
      "name": "k8_ssh_key",
      "provider": "provider[\"registry.terraform.io/hashicorp/local\"]",
      "instances": [
        {
          "schema_version": 0,
          "attributes": {
            "content": "-----BEGIN RSA PRIVATE KEY-----\nMIIJKQIBAAKCAgEAtURFbQUOZ4UYE170N/lfsfF29kE0ZohlzCtlid0REpDl64ht\nCyGuJUe82EXHdQ9s6Uns+50Wg+qIdSTYz2IarXphFqhVgTcYytpYriteGSEq0uAJ\n0GpujgPo2h+jlwlvZ8QsOLBUxOnEfHWmb9JWOTGbITkup9X5vEm+2lY38r049wDI\nTntZwYX/JAcjkrJ3UB9nXbhKwZ5R2p7mkc3NRdncOts/FE5vXx2ybsaXMtfM/L/l\n3JLc1dJN72XQBWf7Rvv5r5O9V4QMoSBASySkFa+UjRLlWlIHX2aEULfsP7e7+R77\nyxZ5EFi3q2DSyW+NraDkuXxrTNnI71lmtATYAZayBsLW5M63bE49dqTZNQwgVAbm\nzkygUCP3v7CBCKs0Z5YDjt8JUP8LOf104ujGseVGVZTnMYIQH9fy67u8UkP+ByVM\nvg1JtkAViZDRV1Akxw7K35iJTVwQe2KwnM1jbY1bzAalk4gPXT7WBG1nlV3aR74I\nXU23pEdB5CQo00UpuW+JeCvsPLRRvCwUDsQSHsBdYhW4V1JzGBkiIbzC/JeDxvHl\nfWWPSSCE9b+xX394OdNJ1HcUmRchHjdWkl6mI53+FFPcoZzbQulIVpTwzr1QVH/e\ntr53n5vWik8l/fsBta/0056QKUDhC6D3KaUTdePWk9CzQKS+9lGDnEP6jt0CAwEA\nAQKCAgAvaOTTp8/lqXzrjBlKDpJF40bfD5zZ+HDPnsYW8dgGSBmqqesDT1LR81pk\nIpQRfPBab/hosuRxqkT4hqOiUiFyICEGoQ6EFloIrGUnYLZi0jb2IpzOgxfZUxJz\nAnVyCoi11ixOw2fYfN/kQY0/j/73RI8zeFZIlYGVCqC9UHGfrngYun6pcD/AiwB5\ndtiKBN2J+jy52XrL+1GjYY4isnYu/9VHG5L7B6y/bu/9YzmmlaTKspI3R740uqWh\nqLpov5KMNVlP389U9XesKNhIDxRPi7XJ1BhisDO3cwPGbOSAodirRrxKmN0fNmUL\nkO5wuxmOQRexn+YcmpWgbHydNusbxeC74Wsu4iqqDHlDBkncaQN4Tk+qvsFbq7E4\ny8DxWqt5tTxSP55UNNSa95ZLhOSbyZAUV6JNgoZ4d7cVCvhmZpCpHrcqfKBAyvu4\nRId0h/YpApQ546XAs/Y7aG4fkG/dfCaehKy+oMH3voh8GD+mpyQg6ZNl5v2QRKf8\nR+D+vbeKGnsZXxE05SLzx6R1F3kVKAVSjqHyKzaSGEuSkH9HAhWcf/ltnSh535u+\nYgriBesdQeQ9zzRGDvt8hnCHzGiM0ttQrVPWf7GWvxw6X4IS+Y+jB8cTb/rJkFrD\ntgFl9koahg4qny0YaJoGLolC015S9xVhKDcWH1r6oDBzaxs3wQKCAQEA8M+vOV/s\npJ0t8qmL1pumeAaS+RVhIFEDZViJqLOSJtbeOFbgXZdf6cp4upNckxSQ5tSoI2sR\nMPvA26LYJugddONvy22DAPJPaLjABFwdwIms/GA/XldHowMR8ApIrfAwZhQFhpcd\n5fe8O8TTZrxm85bie46TrLuse2JuwscCVCK/kX+C+kH46JVeor82PAJrJRp1enjj\nkJ5xJadyDcEdXnpDv8yisW6rfzkZXmEHjmJcyCJ8c4kDzfuBy2b9AVOBMx55UXeh\no3U8f0W6GBKmOorw0Oe3AnYqnWxv/AhHcStBxDEIxvOuY/34UEKphGpRNtnfnwDt\nYD9aTjJ2F9LWDQKCAQEAwLMi2+9AQBBLL05T7K36ETZlA10v2AfBSAKYirJHnLY+\nmxn/jvuCm1d9K4D7z22/G5G24u+hiVb+900nIWPcK6t3BrW9A+g0atZiSOGjAqtZ\n+4SH8epjm7TISjKsJB5OExJjTEIVycApkdeErkHvqVoNEr0ukYEy5ATXddLsmvfG\nYuHcEiiddc1oS7D7x21/pXCd1xWunQjrfVV0nWbAANuIsqxUAvAToT4H/k5bL4Lu\nR0Y71wILEujz3esovlmXNc64lf0sufBJSEmXArVJ/EmhKhoXx2H9CL6akxSxXFR2\nN/PfbrKLiOa83Qb7F7KP7rXwQO01b5WUOrWm+mW4EQKCAQBjvhIc2J+C21uxvAog\nvN2pr0dnBjTxlryqWI7EIoSxs6PdgBZ0jYN7qZJx7SGWBhmykniGGw3G1S/fiUaw\nbsnspVujzdtKJBNCE+vsol7sZdoRuqfkopAYc+gVHZ1W9jqFvVtAkQ0gOIlt1Cuf\nzP9ze5aZiMef7ygU/wNTh+xt/uqMEF2m3HaFl4DYNgz3tCS+/IOWU8YmG4pQB1gV\nXFyWyluPcOoeRfGgw3y/e78Oea1mc+pKTIEX60mqfyDiUL0d+ExVsxBvTNre+HmJ\nCQhzDSOL074YtesWw1hq8t7sf/dAlPLGvR4JaqNUUxg1sXesGXgnOtIXYIY+B2ak\nnX5tAoIBAQCjr0a8FZW5FV4YF+vYDsxtFIxneB+s3KGEvpe+sMN9zZyOeV4IoYIG\n3CE58/1x7GI6U+NLD4xisiAwBzxm84FRIvwfGf8ts2/bFLI2AFxMZysvKBumFZh4\n6e58gGCS6Z8eOi9Y1oXVc0KcXLqanu2qKBEUytgkxt9oqugucHWFCVVeJ0adshxW\ntZ2TNgoZE90qteeNjSBeyfXm59D/5wjPcavDQfi26iFyhNObZAm26PvoVTN9ZoHr\nlS+ZYSih0E5OaYOH/J+ibgaBvejlZwMqp4yby8BJH+YlKGr65sfliuVEkAZJ7KX0\nKzNgeI6PSaFTfv5O2G/cke1wlV76Ma9RAoIBAQDQuXEmQO31NyYSKKBiqq1+VcqF\nnPUAQ6U9HamPdoz8IOWxlWLYeTZISrcXGvdUeyvthfAmXUbVQLuGwStAHfkYq0Pv\nLXIHj3NNHblMMcHgxJXhWkhIhl1FvnaID7a7Fzob54lJTpYCqWRY+I6BWSgkK3Jp\nNA6nKws68PwwdMY+NqFW0LD4SDvSS++53SPXMBgpb4QBwfjq8zTqm3TWSLaNhAU5\ncTRABdogvKoxMtfABHAxa+iSvsSMlDmQoWqm0UoGKlf2DUHnKaa+t9Vit5QkTjKX\n2XHepW+ZvuaG3TkgQyk1AEwwgOJbRs1gL59qJdNjHLcNdEb2EiIJXy87XD2B\n-----END RSA PRIVATE KEY-----\n",
            "content_base64": null,
            "content_base64sha256": "gdd2q9HllqUSA7IJmoEgWxavgp5V1pQPwU+mrJMheQU=",
            "content_base64sha512": "SVbPT3IqeD7LZ80NEhz40N4puM0fWXxIo8gt8GCG38TGznFLS4AhLxZq4nqvzFIj11XQoaD4sruj+SbgGaC+xA==",
            "content_md5": "d93653561b7c27bb5bdb103ad69165f9",
            "content_sha1": "4b8302c4c95cdd71fa469a2f433366196a84710d",
            "content_sha256": "81d776abd1e596a51203b2099a81205b16af829e55d6940fc14fa6ac93217905",
            "content_sha512": "4956cf4f722a783ecb67cd0d121cf8d0de29b8cd1f597c48a3c82df06086dfc4c6ce714b4b80212f166ae27aafcc5223d755d0a1a0f8b2bba3f926e019a0bec4",
            "directory_permission": "0777",
            "file_permission": "600",
            "filename": "foryou_key.pem",
            "id": "4b8302c4c95cdd71fa469a2f433366196a84710d",
            "sensitive_content": null,
            "source": null
          },
          "sensitive_attributes": [
            [
              {
                "type": "get_attr",
                "value": "content"
              }
            ],
            [
              {
                "type": "get_attr",
                "value": "sensitive_content"
              }
            ]
          ],
          "dependencies": [
            "tls_private_key.ssh"
          ]
        }
      ]
    },
    {
      "mode": "managed",
      "type": "null_resource",
      "name": "copy_ansible_playbooks",
      "provider": "provider[\"registry.terraform.io/hashicorp/null\"]",
      "instances": [
        {
          "schema_version": 0,
          "attributes": {
            "id": "6956226926822834753",
            "triggers": {
              "always_run": "2024-07-20T10:58:10Z"
            }
          },
          "sensitive_attributes": [],
          "dependencies": [
            "aws_instance.bastion",
            "aws_instance.database",
            "aws_key_pair.k8_ssh",
            "aws_lb.nlb",
            "aws_security_group.database",
            "aws_security_group.ssh",
            "local_file.ansible_vars_file",
            "module.vpc.aws_subnet.database",
            "module.vpc.aws_subnet.private",
            "module.vpc.aws_subnet.public",
            "module.vpc.aws_vpc.this",
            "module.vpc.aws_vpc_ipv4_cidr_block_association.this",
            "time_sleep.wait_for_bastion_init",
            "tls_private_key.ssh"
          ]
        }
      ]
    },
    {
      "mode": "managed",
      "type": "null_resource",
      "name": "copy_ansible_role",
      "provider": "provider[\"registry.terraform.io/hashicorp/null\"]",
      "instances": [
        {
          "schema_version": 0,
          "attributes": {
            "id": "4476292790003489680",
            "triggers": {
              "always_run": "2024-07-20T10:58:12Z"
            }
          },
          "sensitive_attributes": [],
          "dependencies": [
            "aws_instance.bastion",
            "aws_instance.database",
            "aws_key_pair.k8_ssh",
            "aws_lb.nlb",
            "aws_security_group.database",
            "aws_security_group.ssh",
            "local_file.ansible_vars_file",
            "module.vpc.aws_subnet.database",
            "module.vpc.aws_subnet.private",
            "module.vpc.aws_subnet.public",
            "module.vpc.aws_vpc.this",
            "module.vpc.aws_vpc_ipv4_cidr_block_association.this",
            "null_resource.copy_ansible_playbooks",
            "time_sleep.wait_for_bastion_init",
            "tls_private_key.ssh"
          ]
        }
      ]
    },
    {
      "mode": "managed",
      "type": "null_resource",
      "name": "run_ansible",
      "provider": "provider[\"registry.terraform.io/hashicorp/null\"]",
      "instances": [
        {
          "schema_version": 0,
          "attributes": {
            "id": "3207805285243575666",
            "triggers": {
              "always_run": "2024-07-20T10:58:12Z"
            }
          },
          "sensitive_attributes": [],
          "dependencies": [
            "aws_instance.bastion",
            "aws_instance.database",
            "aws_key_pair.k8_ssh",
            "aws_lb.nlb",
            "aws_security_group.database",
            "aws_security_group.ssh",
            "local_file.ansible_vars_file",
            "module.vpc.aws_subnet.database",
            "module.vpc.aws_subnet.private",
            "module.vpc.aws_subnet.public",
            "module.vpc.aws_vpc.this",
            "module.vpc.aws_vpc_ipv4_cidr_block_association.this",
            "null_resource.copy_ansible_playbooks",
            "null_resource.copy_ansible_role",
            "time_sleep.wait_for_bastion_init",
            "tls_private_key.ssh"
          ]
        }
      ]
    },
    {
      "mode": "managed",
      "type": "time_sleep",
      "name": "wait_for_bastion_init",
      "provider": "provider[\"registry.terraform.io/hashicorp/time\"]",
      "instances": [
        {
          "schema_version": 0,
          "attributes": {
            "create_duration": "120s",
            "destroy_duration": null,
            "id": "2024-07-20T10:57:55Z",
            "triggers": {
              "always_run": "2024-07-20T10:55:55Z"
            }
          },
          "sensitive_attributes": [],
          "dependencies": [
            "aws_instance.bastion",
            "aws_key_pair.k8_ssh",
            "aws_security_group.ssh",
            "module.vpc.aws_subnet.public",
            "module.vpc.aws_vpc.this",
            "module.vpc.aws_vpc_ipv4_cidr_block_association.this",
            "tls_private_key.ssh"
          ]
        }
      ]
    },
    {
      "mode": "managed",
      "type": "tls_private_key",
      "name": "ssh",
      "provider": "provider[\"registry.terraform.io/hashicorp/tls\"]",
      "instances": [
        {
          "schema_version": 1,
          "attributes": {
            "algorithm": "RSA",
            "ecdsa_curve": "P224",
            "id": "b0f0289637dca5ab12057bc870729e9e6c2b860c",
            "private_key_openssh": "-----BEGIN OPENSSH PRIVATE KEY-----\nb3BlbnNzaC1rZXktdjEAAAAABG5vbmUAAAAEbm9uZQAAAAAAAAABAAACFwAAAAdz\nc2gtcnNhAAAAAwEAAQAAAgEAtURFbQUOZ4UYE170N/lfsfF29kE0ZohlzCtlid0R\nEpDl64htCyGuJUe82EXHdQ9s6Uns+50Wg+qIdSTYz2IarXphFqhVgTcYytpYrite\nGSEq0uAJ0GpujgPo2h+jlwlvZ8QsOLBUxOnEfHWmb9JWOTGbITkup9X5vEm+2lY3\n8r049wDITntZwYX/JAcjkrJ3UB9nXbhKwZ5R2p7mkc3NRdncOts/FE5vXx2ybsaX\nMtfM/L/l3JLc1dJN72XQBWf7Rvv5r5O9V4QMoSBASySkFa+UjRLlWlIHX2aEULfs\nP7e7+R77yxZ5EFi3q2DSyW+NraDkuXxrTNnI71lmtATYAZayBsLW5M63bE49dqTZ\nNQwgVAbmzkygUCP3v7CBCKs0Z5YDjt8JUP8LOf104ujGseVGVZTnMYIQH9fy67u8\nUkP+ByVMvg1JtkAViZDRV1Akxw7K35iJTVwQe2KwnM1jbY1bzAalk4gPXT7WBG1n\nlV3aR74IXU23pEdB5CQo00UpuW+JeCvsPLRRvCwUDsQSHsBdYhW4V1JzGBkiIbzC\n/JeDxvHlfWWPSSCE9b+xX394OdNJ1HcUmRchHjdWkl6mI53+FFPcoZzbQulIVpTw\nzr1QVH/etr53n5vWik8l/fsBta/0056QKUDhC6D3KaUTdePWk9CzQKS+9lGDnEP6\njt0AAAc4T0XWUU9F1lEAAAAHc3NoLXJzYQAAAgEAtURFbQUOZ4UYE170N/lfsfF2\n9kE0ZohlzCtlid0REpDl64htCyGuJUe82EXHdQ9s6Uns+50Wg+qIdSTYz2IarXph\nFqhVgTcYytpYriteGSEq0uAJ0GpujgPo2h+jlwlvZ8QsOLBUxOnEfHWmb9JWOTGb\nITkup9X5vEm+2lY38r049wDITntZwYX/JAcjkrJ3UB9nXbhKwZ5R2p7mkc3NRdnc\nOts/FE5vXx2ybsaXMtfM/L/l3JLc1dJN72XQBWf7Rvv5r5O9V4QMoSBASySkFa+U\njRLlWlIHX2aEULfsP7e7+R77yxZ5EFi3q2DSyW+NraDkuXxrTNnI71lmtATYAZay\nBsLW5M63bE49dqTZNQwgVAbmzkygUCP3v7CBCKs0Z5YDjt8JUP8LOf104ujGseVG\nVZTnMYIQH9fy67u8UkP+ByVMvg1JtkAViZDRV1Akxw7K35iJTVwQe2KwnM1jbY1b\nzAalk4gPXT7WBG1nlV3aR74IXU23pEdB5CQo00UpuW+JeCvsPLRRvCwUDsQSHsBd\nYhW4V1JzGBkiIbzC/JeDxvHlfWWPSSCE9b+xX394OdNJ1HcUmRchHjdWkl6mI53+\nFFPcoZzbQulIVpTwzr1QVH/etr53n5vWik8l/fsBta/0056QKUDhC6D3KaUTdePW\nk9CzQKS+9lGDnEP6jt0AAAADAQABAAACAC9o5NOnz+WpfOuMGUoOkkXjRt8PnNn4\ncM+exhbx2AZIGaqp6wNPUtHzWmQilBF88Fpv+Giy5HGqRPiGo6JSIXIgIQahDoQW\nWgisZSdgtmLSNvYinM6DF9lTEnMCdXIKiLXWLE7DZ9h83+RBjT+P/vdEjzN4VkiV\ngZUKoL1QcZ+ueBi6fqlwP8CLAHl22IoE3Yn6PLnZesv7UaNhjiKydi7/1UcbkvsH\nrL9u7/1jOaaVpMqykjdHvjS6paGoumi/kow1WU/fz1T1d6wo2EgPFE+LtcnUGGKw\nM7dzA8Zs5ICh2KtGvEqY3R82ZQuQ7nC7GY5BF7Gf5hyalaBsfJ026xvF4Lvhay7i\nKqoMeUMGSdxpA3hOT6q+wVursTjLwPFaq3m1PFI/nlQ01Jr3lkuE5JvJkBRXok2C\nhnh3txUK+GZmkKketyp8oEDK+7hEh3SH9ikClDnjpcCz9jtobh+Qb918Jp6ErL6g\nwfe+iHwYP6anJCDpk2Xm/ZBEp/xH4P69t4oaexlfETTlIvPHpHUXeRUoBVKOofIr\nNpIYS5KQf0cCFZx/+W2dKHnfm75iCuIF6x1B5D3PNEYO+3yGcIfMaIzS21CtU9Z/\nsZa/HDpfghL5j6MHxxNv+smQWsO2AWX2ShqGDiqfLRhomgYuiULTXlL3FWEoNxYf\nWvqgMHNrGzfBAAABAQDQuXEmQO31NyYSKKBiqq1+VcqFnPUAQ6U9HamPdoz8IOWx\nlWLYeTZISrcXGvdUeyvthfAmXUbVQLuGwStAHfkYq0PvLXIHj3NNHblMMcHgxJXh\nWkhIhl1FvnaID7a7Fzob54lJTpYCqWRY+I6BWSgkK3JpNA6nKws68PwwdMY+NqFW\n0LD4SDvSS++53SPXMBgpb4QBwfjq8zTqm3TWSLaNhAU5cTRABdogvKoxMtfABHAx\na+iSvsSMlDmQoWqm0UoGKlf2DUHnKaa+t9Vit5QkTjKX2XHepW+ZvuaG3TkgQyk1\nAEwwgOJbRs1gL59qJdNjHLcNdEb2EiIJXy87XD2BAAABAQDwz685X+yknS3yqYvW\nm6Z4BpL5FWEgUQNlWImos5Im1t44VuBdl1/pyni6k1yTFJDm1KgjaxEw+8Dbotgm\n6B1042/LbYMA8k9ouMAEXB3Aiaz8YD9eV0ejAxHwCkit8DBmFAWGlx3l97w7xNNm\nvGbzluJ7jpOsu6x7Ym7CxwJUIr+Rf4L6QfjolV6ivzY8AmslGnV6eOOQnnElp3IN\nwR1eekO/zKKxbqt/ORleYQeOYlzIInxziQPN+4HLZv0BU4EzHnlRd6GjdTx/RboY\nEqY6ivDQ57cCdiqdbG/8CEdxK0HEMQjG865j/fhQQqmEalE22d+fAO1gP1pOMnYX\n0tYNAAABAQDAsyLb70BAEEsvTlPsrfoRNmUDXS/YB8FIApiKskectj6bGf+O+4Kb\nV30rgPvPbb8bkbbi76GJVv73TSchY9wrq3cGtb0D6DRq1mJI4aMCq1n7hIfx6mOb\ntMhKMqwkHk4TEmNMQhXJwCmR14SuQe+pWg0SvS6RgTLkBNd10uya98Zi4dwSKJ11\nzWhLsPvHbX+lcJ3XFa6dCOt9VXSdZsAA24iyrFQC8BOhPgf+Tlsvgu5HRjvXAgsS\n6PPd6yi+WZc1zriV/Sy58ElISZcCtUn8SaEqGhfHYf0IvpqTFLFcVHY3899usouI\n5rzdBvsXso/utfBA7TVvlZQ6tab6ZbgRAAAAAAEC\n-----END OPENSSH PRIVATE KEY-----\n",
            "private_key_pem": "-----BEGIN RSA PRIVATE KEY-----\nMIIJKQIBAAKCAgEAtURFbQUOZ4UYE170N/lfsfF29kE0ZohlzCtlid0REpDl64ht\nCyGuJUe82EXHdQ9s6Uns+50Wg+qIdSTYz2IarXphFqhVgTcYytpYriteGSEq0uAJ\n0GpujgPo2h+jlwlvZ8QsOLBUxOnEfHWmb9JWOTGbITkup9X5vEm+2lY38r049wDI\nTntZwYX/JAcjkrJ3UB9nXbhKwZ5R2p7mkc3NRdncOts/FE5vXx2ybsaXMtfM/L/l\n3JLc1dJN72XQBWf7Rvv5r5O9V4QMoSBASySkFa+UjRLlWlIHX2aEULfsP7e7+R77\nyxZ5EFi3q2DSyW+NraDkuXxrTNnI71lmtATYAZayBsLW5M63bE49dqTZNQwgVAbm\nzkygUCP3v7CBCKs0Z5YDjt8JUP8LOf104ujGseVGVZTnMYIQH9fy67u8UkP+ByVM\nvg1JtkAViZDRV1Akxw7K35iJTVwQe2KwnM1jbY1bzAalk4gPXT7WBG1nlV3aR74I\nXU23pEdB5CQo00UpuW+JeCvsPLRRvCwUDsQSHsBdYhW4V1JzGBkiIbzC/JeDxvHl\nfWWPSSCE9b+xX394OdNJ1HcUmRchHjdWkl6mI53+FFPcoZzbQulIVpTwzr1QVH/e\ntr53n5vWik8l/fsBta/0056QKUDhC6D3KaUTdePWk9CzQKS+9lGDnEP6jt0CAwEA\nAQKCAgAvaOTTp8/lqXzrjBlKDpJF40bfD5zZ+HDPnsYW8dgGSBmqqesDT1LR81pk\nIpQRfPBab/hosuRxqkT4hqOiUiFyICEGoQ6EFloIrGUnYLZi0jb2IpzOgxfZUxJz\nAnVyCoi11ixOw2fYfN/kQY0/j/73RI8zeFZIlYGVCqC9UHGfrngYun6pcD/AiwB5\ndtiKBN2J+jy52XrL+1GjYY4isnYu/9VHG5L7B6y/bu/9YzmmlaTKspI3R740uqWh\nqLpov5KMNVlP389U9XesKNhIDxRPi7XJ1BhisDO3cwPGbOSAodirRrxKmN0fNmUL\nkO5wuxmOQRexn+YcmpWgbHydNusbxeC74Wsu4iqqDHlDBkncaQN4Tk+qvsFbq7E4\ny8DxWqt5tTxSP55UNNSa95ZLhOSbyZAUV6JNgoZ4d7cVCvhmZpCpHrcqfKBAyvu4\nRId0h/YpApQ546XAs/Y7aG4fkG/dfCaehKy+oMH3voh8GD+mpyQg6ZNl5v2QRKf8\nR+D+vbeKGnsZXxE05SLzx6R1F3kVKAVSjqHyKzaSGEuSkH9HAhWcf/ltnSh535u+\nYgriBesdQeQ9zzRGDvt8hnCHzGiM0ttQrVPWf7GWvxw6X4IS+Y+jB8cTb/rJkFrD\ntgFl9koahg4qny0YaJoGLolC015S9xVhKDcWH1r6oDBzaxs3wQKCAQEA8M+vOV/s\npJ0t8qmL1pumeAaS+RVhIFEDZViJqLOSJtbeOFbgXZdf6cp4upNckxSQ5tSoI2sR\nMPvA26LYJugddONvy22DAPJPaLjABFwdwIms/GA/XldHowMR8ApIrfAwZhQFhpcd\n5fe8O8TTZrxm85bie46TrLuse2JuwscCVCK/kX+C+kH46JVeor82PAJrJRp1enjj\nkJ5xJadyDcEdXnpDv8yisW6rfzkZXmEHjmJcyCJ8c4kDzfuBy2b9AVOBMx55UXeh\no3U8f0W6GBKmOorw0Oe3AnYqnWxv/AhHcStBxDEIxvOuY/34UEKphGpRNtnfnwDt\nYD9aTjJ2F9LWDQKCAQEAwLMi2+9AQBBLL05T7K36ETZlA10v2AfBSAKYirJHnLY+\nmxn/jvuCm1d9K4D7z22/G5G24u+hiVb+900nIWPcK6t3BrW9A+g0atZiSOGjAqtZ\n+4SH8epjm7TISjKsJB5OExJjTEIVycApkdeErkHvqVoNEr0ukYEy5ATXddLsmvfG\nYuHcEiiddc1oS7D7x21/pXCd1xWunQjrfVV0nWbAANuIsqxUAvAToT4H/k5bL4Lu\nR0Y71wILEujz3esovlmXNc64lf0sufBJSEmXArVJ/EmhKhoXx2H9CL6akxSxXFR2\nN/PfbrKLiOa83Qb7F7KP7rXwQO01b5WUOrWm+mW4EQKCAQBjvhIc2J+C21uxvAog\nvN2pr0dnBjTxlryqWI7EIoSxs6PdgBZ0jYN7qZJx7SGWBhmykniGGw3G1S/fiUaw\nbsnspVujzdtKJBNCE+vsol7sZdoRuqfkopAYc+gVHZ1W9jqFvVtAkQ0gOIlt1Cuf\nzP9ze5aZiMef7ygU/wNTh+xt/uqMEF2m3HaFl4DYNgz3tCS+/IOWU8YmG4pQB1gV\nXFyWyluPcOoeRfGgw3y/e78Oea1mc+pKTIEX60mqfyDiUL0d+ExVsxBvTNre+HmJ\nCQhzDSOL074YtesWw1hq8t7sf/dAlPLGvR4JaqNUUxg1sXesGXgnOtIXYIY+B2ak\nnX5tAoIBAQCjr0a8FZW5FV4YF+vYDsxtFIxneB+s3KGEvpe+sMN9zZyOeV4IoYIG\n3CE58/1x7GI6U+NLD4xisiAwBzxm84FRIvwfGf8ts2/bFLI2AFxMZysvKBumFZh4\n6e58gGCS6Z8eOi9Y1oXVc0KcXLqanu2qKBEUytgkxt9oqugucHWFCVVeJ0adshxW\ntZ2TNgoZE90qteeNjSBeyfXm59D/5wjPcavDQfi26iFyhNObZAm26PvoVTN9ZoHr\nlS+ZYSih0E5OaYOH/J+ibgaBvejlZwMqp4yby8BJH+YlKGr65sfliuVEkAZJ7KX0\nKzNgeI6PSaFTfv5O2G/cke1wlV76Ma9RAoIBAQDQuXEmQO31NyYSKKBiqq1+VcqF\nnPUAQ6U9HamPdoz8IOWxlWLYeTZISrcXGvdUeyvthfAmXUbVQLuGwStAHfkYq0Pv\nLXIHj3NNHblMMcHgxJXhWkhIhl1FvnaID7a7Fzob54lJTpYCqWRY+I6BWSgkK3Jp\nNA6nKws68PwwdMY+NqFW0LD4SDvSS++53SPXMBgpb4QBwfjq8zTqm3TWSLaNhAU5\ncTRABdogvKoxMtfABHAxa+iSvsSMlDmQoWqm0UoGKlf2DUHnKaa+t9Vit5QkTjKX\n2XHepW+ZvuaG3TkgQyk1AEwwgOJbRs1gL59qJdNjHLcNdEb2EiIJXy87XD2B\n-----END RSA PRIVATE KEY-----\n",
            "private_key_pem_pkcs8": "-----BEGIN PRIVATE KEY-----\nMIIJQwIBADANBgkqhkiG9w0BAQEFAASCCS0wggkpAgEAAoICAQC1REVtBQ5nhRgT\nXvQ3+V+x8Xb2QTRmiGXMK2WJ3RESkOXriG0LIa4lR7zYRcd1D2zpSez7nRaD6oh1\nJNjPYhqtemEWqFWBNxjK2liuK14ZISrS4AnQam6OA+jaH6OXCW9nxCw4sFTE6cR8\ndaZv0lY5MZshOS6n1fm8Sb7aVjfyvTj3AMhOe1nBhf8kByOSsndQH2dduErBnlHa\nnuaRzc1F2dw62z8UTm9fHbJuxpcy18z8v+XcktzV0k3vZdAFZ/tG+/mvk71XhAyh\nIEBLJKQVr5SNEuVaUgdfZoRQt+w/t7v5HvvLFnkQWLerYNLJb42toOS5fGtM2cjv\nWWa0BNgBlrIGwtbkzrdsTj12pNk1DCBUBubOTKBQI/e/sIEIqzRnlgOO3wlQ/ws5\n/XTi6Max5UZVlOcxghAf1/Lru7xSQ/4HJUy+DUm2QBWJkNFXUCTHDsrfmIlNXBB7\nYrCczWNtjVvMBqWTiA9dPtYEbWeVXdpHvghdTbekR0HkJCjTRSm5b4l4K+w8tFG8\nLBQOxBIewF1iFbhXUnMYGSIhvML8l4PG8eV9ZY9JIIT1v7Fff3g500nUdxSZFyEe\nN1aSXqYjnf4UU9yhnNtC6UhWlPDOvVBUf962vnefm9aKTyX9+wG1r/TTnpApQOEL\noPcppRN149aT0LNApL72UYOcQ/qO3QIDAQABAoICAC9o5NOnz+WpfOuMGUoOkkXj\nRt8PnNn4cM+exhbx2AZIGaqp6wNPUtHzWmQilBF88Fpv+Giy5HGqRPiGo6JSIXIg\nIQahDoQWWgisZSdgtmLSNvYinM6DF9lTEnMCdXIKiLXWLE7DZ9h83+RBjT+P/vdE\njzN4VkiVgZUKoL1QcZ+ueBi6fqlwP8CLAHl22IoE3Yn6PLnZesv7UaNhjiKydi7/\n1UcbkvsHrL9u7/1jOaaVpMqykjdHvjS6paGoumi/kow1WU/fz1T1d6wo2EgPFE+L\ntcnUGGKwM7dzA8Zs5ICh2KtGvEqY3R82ZQuQ7nC7GY5BF7Gf5hyalaBsfJ026xvF\n4Lvhay7iKqoMeUMGSdxpA3hOT6q+wVursTjLwPFaq3m1PFI/nlQ01Jr3lkuE5JvJ\nkBRXok2Chnh3txUK+GZmkKketyp8oEDK+7hEh3SH9ikClDnjpcCz9jtobh+Qb918\nJp6ErL6gwfe+iHwYP6anJCDpk2Xm/ZBEp/xH4P69t4oaexlfETTlIvPHpHUXeRUo\nBVKOofIrNpIYS5KQf0cCFZx/+W2dKHnfm75iCuIF6x1B5D3PNEYO+3yGcIfMaIzS\n21CtU9Z/sZa/HDpfghL5j6MHxxNv+smQWsO2AWX2ShqGDiqfLRhomgYuiULTXlL3\nFWEoNxYfWvqgMHNrGzfBAoIBAQDwz685X+yknS3yqYvWm6Z4BpL5FWEgUQNlWImo\ns5Im1t44VuBdl1/pyni6k1yTFJDm1KgjaxEw+8Dbotgm6B1042/LbYMA8k9ouMAE\nXB3Aiaz8YD9eV0ejAxHwCkit8DBmFAWGlx3l97w7xNNmvGbzluJ7jpOsu6x7Ym7C\nxwJUIr+Rf4L6QfjolV6ivzY8AmslGnV6eOOQnnElp3INwR1eekO/zKKxbqt/ORle\nYQeOYlzIInxziQPN+4HLZv0BU4EzHnlRd6GjdTx/RboYEqY6ivDQ57cCdiqdbG/8\nCEdxK0HEMQjG865j/fhQQqmEalE22d+fAO1gP1pOMnYX0tYNAoIBAQDAsyLb70BA\nEEsvTlPsrfoRNmUDXS/YB8FIApiKskectj6bGf+O+4KbV30rgPvPbb8bkbbi76GJ\nVv73TSchY9wrq3cGtb0D6DRq1mJI4aMCq1n7hIfx6mObtMhKMqwkHk4TEmNMQhXJ\nwCmR14SuQe+pWg0SvS6RgTLkBNd10uya98Zi4dwSKJ11zWhLsPvHbX+lcJ3XFa6d\nCOt9VXSdZsAA24iyrFQC8BOhPgf+Tlsvgu5HRjvXAgsS6PPd6yi+WZc1zriV/Sy5\n8ElISZcCtUn8SaEqGhfHYf0IvpqTFLFcVHY3899usouI5rzdBvsXso/utfBA7TVv\nlZQ6tab6ZbgRAoIBAGO+EhzYn4LbW7G8CiC83amvR2cGNPGWvKpYjsQihLGzo92A\nFnSNg3upknHtIZYGGbKSeIYbDcbVL9+JRrBuyeylW6PN20okE0IT6+yiXuxl2hG6\np+SikBhz6BUdnVb2OoW9W0CRDSA4iW3UK5/M/3N7lpmIx5/vKBT/A1OH7G3+6owQ\nXabcdoWXgNg2DPe0JL78g5ZTxiYbilAHWBVcXJbKW49w6h5F8aDDfL97vw55rWZz\n6kpMgRfrSap/IOJQvR34TFWzEG9M2t74eYkJCHMNI4vTvhi16xbDWGry3ux/90CU\n8sa9Hglqo1RTGDWxd6wZeCc60hdghj4HZqSdfm0CggEBAKOvRrwVlbkVXhgX69gO\nzG0UjGd4H6zcoYS+l76ww33NnI55XgihggbcITnz/XHsYjpT40sPjGKyIDAHPGbz\ngVEi/B8Z/y2zb9sUsjYAXExnKy8oG6YVmHjp7nyAYJLpnx46L1jWhdVzQpxcupqe\n7aooERTK2CTG32iq6C5wdYUJVV4nRp2yHFa1nZM2ChkT3Sq1542NIF7J9ebn0P/n\nCM9xq8NB+LbqIXKE05tkCbbo++hVM31mgeuVL5lhKKHQTk5pg4f8n6JuBoG96OVn\nAyqnjJvLwEkf5iUoavrmx+WK5USQBknspfQrM2B4jo9JoVN+/k7Yb9yR7XCVXvox\nr1ECggEBANC5cSZA7fU3JhIooGKqrX5VyoWc9QBDpT0dqY92jPwg5bGVYth5NkhK\ntxca91R7K+2F8CZdRtVAu4bBK0Ad+RirQ+8tcgePc00duUwxweDEleFaSEiGXUW+\ndogPtrsXOhvniUlOlgKpZFj4joFZKCQrcmk0DqcrCzrw/DB0xj42oVbQsPhIO9JL\n77ndI9cwGClvhAHB+OrzNOqbdNZIto2EBTlxNEAF2iC8qjEy18AEcDFr6JK+xIyU\nOZChaqbRSgYqV/YNQecppr631WK3lCROMpfZcd6lb5m+5obdOSBDKTUATDCA4ltG\nzWAvn2ol02Mctw10RvYSIglfLztcPYE=\n-----END PRIVATE KEY-----\n",
            "public_key_fingerprint_md5": "e8:68:30:9b:76:5c:0d:e6:5b:a2:b8:eb:3f:be:05:50",
            "public_key_fingerprint_sha256": "SHA256:XQd0yI5OlELYpKvTnBNv+Yc6+rFUM+CTNA4qDUkg260",
            "public_key_openssh": "ssh-rsa AAAAB3NzaC1yc2EAAAADAQABAAACAQC1REVtBQ5nhRgTXvQ3+V+x8Xb2QTRmiGXMK2WJ3RESkOXriG0LIa4lR7zYRcd1D2zpSez7nRaD6oh1JNjPYhqtemEWqFWBNxjK2liuK14ZISrS4AnQam6OA+jaH6OXCW9nxCw4sFTE6cR8daZv0lY5MZshOS6n1fm8Sb7aVjfyvTj3AMhOe1nBhf8kByOSsndQH2dduErBnlHanuaRzc1F2dw62z8UTm9fHbJuxpcy18z8v+XcktzV0k3vZdAFZ/tG+/mvk71XhAyhIEBLJKQVr5SNEuVaUgdfZoRQt+w/t7v5HvvLFnkQWLerYNLJb42toOS5fGtM2cjvWWa0BNgBlrIGwtbkzrdsTj12pNk1DCBUBubOTKBQI/e/sIEIqzRnlgOO3wlQ/ws5/XTi6Max5UZVlOcxghAf1/Lru7xSQ/4HJUy+DUm2QBWJkNFXUCTHDsrfmIlNXBB7YrCczWNtjVvMBqWTiA9dPtYEbWeVXdpHvghdTbekR0HkJCjTRSm5b4l4K+w8tFG8LBQOxBIewF1iFbhXUnMYGSIhvML8l4PG8eV9ZY9JIIT1v7Fff3g500nUdxSZFyEeN1aSXqYjnf4UU9yhnNtC6UhWlPDOvVBUf962vnefm9aKTyX9+wG1r/TTnpApQOELoPcppRN149aT0LNApL72UYOcQ/qO3Q==\n",
            "public_key_pem": "-----BEGIN PUBLIC KEY-----\nMIICIjANBgkqhkiG9w0BAQEFAAOCAg8AMIICCgKCAgEAtURFbQUOZ4UYE170N/lf\nsfF29kE0ZohlzCtlid0REpDl64htCyGuJUe82EXHdQ9s6Uns+50Wg+qIdSTYz2Ia\nrXphFqhVgTcYytpYriteGSEq0uAJ0GpujgPo2h+jlwlvZ8QsOLBUxOnEfHWmb9JW\nOTGbITkup9X5vEm+2lY38r049wDITntZwYX/JAcjkrJ3UB9nXbhKwZ5R2p7mkc3N\nRdncOts/FE5vXx2ybsaXMtfM/L/l3JLc1dJN72XQBWf7Rvv5r5O9V4QMoSBASySk\nFa+UjRLlWlIHX2aEULfsP7e7+R77yxZ5EFi3q2DSyW+NraDkuXxrTNnI71lmtATY\nAZayBsLW5M63bE49dqTZNQwgVAbmzkygUCP3v7CBCKs0Z5YDjt8JUP8LOf104ujG\nseVGVZTnMYIQH9fy67u8UkP+ByVMvg1JtkAViZDRV1Akxw7K35iJTVwQe2KwnM1j\nbY1bzAalk4gPXT7WBG1nlV3aR74IXU23pEdB5CQo00UpuW+JeCvsPLRRvCwUDsQS\nHsBdYhW4V1JzGBkiIbzC/JeDxvHlfWWPSSCE9b+xX394OdNJ1HcUmRchHjdWkl6m\nI53+FFPcoZzbQulIVpTwzr1QVH/etr53n5vWik8l/fsBta/0056QKUDhC6D3KaUT\ndePWk9CzQKS+9lGDnEP6jt0CAwEAAQ==\n-----END PUBLIC KEY-----\n",
            "rsa_bits": 4096
          },
          "sensitive_attributes": [
            [
              {
                "type": "get_attr",
                "value": "private_key_openssh"
              }
            ],
            [
              {
                "type": "get_attr",
                "value": "private_key_pem"
              }
            ],
            [
              {
                "type": "get_attr",
                "value": "private_key_pem_pkcs8"
              }
            ]
          ]
        }
      ]
    },
    {
      "module": "module.vpc",
      "mode": "managed",
      "type": "aws_db_subnet_group",
      "name": "database",
      "provider": "provider[\"registry.terraform.io/hashicorp/aws\"]",
      "instances": [
        {
          "index_key": 0,
          "schema_version": 0,
          "attributes": {
            "arn": "arn:aws:rds:ap-northeast-2:339713119714:subgrp:foryou",
            "description": "Database subnet group for foryou",
            "id": "foryou",
            "name": "foryou",
            "name_prefix": "",
            "subnet_ids": [
              "subnet-0558df84fd53afe4e",
              "subnet-072537f2b61237bb6"
            ],
            "supported_network_types": [
              "IPV4"
            ],
            "tags": {
              "Name": "foryou",
              "Terraform": "true"
            },
            "tags_all": {
              "Name": "foryou",
              "Terraform": "true"
            },
            "vpc_id": "vpc-04a14cf538ba43611"
          },
          "sensitive_attributes": [],
          "private": "bnVsbA==",
          "dependencies": [
            "module.vpc.aws_subnet.database",
            "module.vpc.aws_vpc.this",
            "module.vpc.aws_vpc_ipv4_cidr_block_association.this"
          ]
        }
      ]
    },
    {
      "module": "module.vpc",
      "mode": "managed",
      "type": "aws_default_network_acl",
      "name": "this",
      "provider": "provider[\"registry.terraform.io/hashicorp/aws\"]",
      "instances": [
        {
          "index_key": 0,
          "schema_version": 0,
          "attributes": {
            "arn": "arn:aws:ec2:ap-northeast-2:339713119714:network-acl/acl-025218a9191e0fc8a",
            "default_network_acl_id": "acl-025218a9191e0fc8a",
            "egress": [
              {
                "action": "allow",
                "cidr_block": "",
                "from_port": 0,
                "icmp_code": null,
                "icmp_type": null,
                "ipv6_cidr_block": "::/0",
                "protocol": "-1",
                "rule_no": 101,
                "to_port": 0
              },
              {
                "action": "allow",
                "cidr_block": "0.0.0.0/0",
                "from_port": 0,
                "icmp_code": null,
                "icmp_type": null,
                "ipv6_cidr_block": "",
                "protocol": "-1",
                "rule_no": 100,
                "to_port": 0
              }
            ],
            "id": "acl-025218a9191e0fc8a",
            "ingress": [
              {
                "action": "allow",
                "cidr_block": "",
                "from_port": 0,
                "icmp_code": null,
                "icmp_type": null,
                "ipv6_cidr_block": "::/0",
                "protocol": "-1",
                "rule_no": 101,
                "to_port": 0
              },
              {
                "action": "allow",
                "cidr_block": "0.0.0.0/0",
                "from_port": 0,
                "icmp_code": null,
                "icmp_type": null,
                "ipv6_cidr_block": "",
                "protocol": "-1",
                "rule_no": 100,
                "to_port": 0
              }
            ],
            "owner_id": "339713119714",
            "subnet_ids": [
              "subnet-0a2ec636237b935da",
              "subnet-0dd77bae63feb9ea9"
            ],
            "tags": {
              "Name": "foryou-default",
              "Terraform": "true"
            },
            "tags_all": {
              "Name": "foryou-default",
              "Terraform": "true"
            },
            "vpc_id": "vpc-04a14cf538ba43611"
          },
          "sensitive_attributes": [],
          "private": "bnVsbA==",
          "dependencies": [
            "module.vpc.aws_vpc.this"
          ]
        }
      ]
    },
    {
      "module": "module.vpc",
      "mode": "managed",
      "type": "aws_default_route_table",
      "name": "default",
      "provider": "provider[\"registry.terraform.io/hashicorp/aws\"]",
      "instances": [
        {
          "index_key": 0,
          "schema_version": 0,
          "attributes": {
            "arn": "arn:aws:ec2:ap-northeast-2:339713119714:route-table/rtb-0708eee05f07b33a3",
            "default_route_table_id": "rtb-0708eee05f07b33a3",
            "id": "rtb-0708eee05f07b33a3",
            "owner_id": "339713119714",
            "propagating_vgws": null,
            "route": [],
            "tags": {
              "Name": "foryou-default",
              "Terraform": "true"
            },
            "tags_all": {
              "Name": "foryou-default",
              "Terraform": "true"
            },
            "timeouts": {
              "create": "5m",
              "update": "5m"
            },
            "vpc_id": "vpc-04a14cf538ba43611"
          },
          "sensitive_attributes": [],
          "private": "eyJlMmJmYjczMC1lY2FhLTExZTYtOGY4OC0zNDM2M2JjN2M0YzAiOnsiY3JlYXRlIjozMDAwMDAwMDAwMDAsInVwZGF0ZSI6MzAwMDAwMDAwMDAwfX0=",
          "dependencies": [
            "module.vpc.aws_vpc.this"
          ]
        }
      ]
    },
    {
      "module": "module.vpc",
      "mode": "managed",
      "type": "aws_default_security_group",
      "name": "this",
      "provider": "provider[\"registry.terraform.io/hashicorp/aws\"]",
      "instances": [
        {
          "index_key": 0,
          "schema_version": 1,
          "attributes": {
            "arn": "arn:aws:ec2:ap-northeast-2:339713119714:security-group/sg-0dd3fd61685e6764b",
            "description": "default VPC security group",
            "egress": [],
            "id": "sg-0dd3fd61685e6764b",
            "ingress": [],
            "name": "default",
            "name_prefix": "",
            "owner_id": "339713119714",
            "revoke_rules_on_delete": false,
            "tags": {
              "Name": "foryou-default",
              "Terraform": "true"
            },
            "tags_all": {
              "Name": "foryou-default",
              "Terraform": "true"
            },
            "vpc_id": "vpc-04a14cf538ba43611"
          },
          "sensitive_attributes": [],
          "private": "eyJzY2hlbWFfdmVyc2lvbiI6IjEifQ==",
          "dependencies": [
            "module.vpc.aws_vpc.this"
          ]
        }
      ]
    },
    {
      "module": "module.vpc",
      "mode": "managed",
      "type": "aws_eip",
      "name": "nat",
      "provider": "provider[\"registry.terraform.io/hashicorp/aws\"]",
      "instances": [
        {
          "index_key": 0,
          "schema_version": 0,
          "attributes": {
            "address": null,
            "allocation_id": "eipalloc-0de6775f30d2bd564",
            "arn": "arn:aws:ec2:ap-northeast-2:339713119714:elastic-ip/eipalloc-0de6775f30d2bd564",
            "associate_with_private_ip": null,
            "association_id": "",
            "carrier_ip": "",
            "customer_owned_ip": "",
            "customer_owned_ipv4_pool": "",
            "domain": "vpc",
            "id": "eipalloc-0de6775f30d2bd564",
            "instance": "",
            "network_border_group": "ap-northeast-2",
            "network_interface": "",
            "private_dns": null,
            "private_ip": "",
            "ptr_record": "",
            "public_dns": "ec2-3-36-249-70.ap-northeast-2.compute.amazonaws.com",
            "public_ip": "3.36.249.70",
            "public_ipv4_pool": "amazon",
            "tags": {
              "Name": "foryou-ap-northeast-2a",
              "Terraform": "true"
            },
            "tags_all": {
              "Name": "foryou-ap-northeast-2a",
              "Terraform": "true"
            },
            "timeouts": null,
            "vpc": true
          },
          "sensitive_attributes": [],
          "private": "eyJlMmJmYjczMC1lY2FhLTExZTYtOGY4OC0zNDM2M2JjN2M0YzAiOnsiZGVsZXRlIjoxODAwMDAwMDAwMDAsInJlYWQiOjkwMDAwMDAwMDAwMCwidXBkYXRlIjozMDAwMDAwMDAwMDB9fQ==",
          "dependencies": [
            "module.vpc.aws_internet_gateway.this",
            "module.vpc.aws_vpc.this",
            "module.vpc.aws_vpc_ipv4_cidr_block_association.this"
          ]
        }
      ]
    },
    {
      "module": "module.vpc",
      "mode": "managed",
      "type": "aws_internet_gateway",
      "name": "this",
      "provider": "provider[\"registry.terraform.io/hashicorp/aws\"]",
      "instances": [
        {
          "index_key": 0,
          "schema_version": 0,
          "attributes": {
            "arn": "arn:aws:ec2:ap-northeast-2:339713119714:internet-gateway/igw-06427c021bf748f65",
            "id": "igw-06427c021bf748f65",
            "owner_id": "339713119714",
            "tags": {
              "Name": "foryou",
              "Terraform": "true"
            },
            "tags_all": {
              "Name": "foryou",
              "Terraform": "true"
            },
            "timeouts": null,
            "vpc_id": "vpc-04a14cf538ba43611"
          },
          "sensitive_attributes": [],
          "private": "eyJlMmJmYjczMC1lY2FhLTExZTYtOGY4OC0zNDM2M2JjN2M0YzAiOnsiY3JlYXRlIjoxMjAwMDAwMDAwMDAwLCJkZWxldGUiOjEyMDAwMDAwMDAwMDAsInVwZGF0ZSI6MTIwMDAwMDAwMDAwMH19",
          "dependencies": [
            "module.vpc.aws_vpc.this",
            "module.vpc.aws_vpc_ipv4_cidr_block_association.this"
          ]
        }
      ]
    },
    {
      "module": "module.vpc",
      "mode": "managed",
      "type": "aws_nat_gateway",
      "name": "this",
      "provider": "provider[\"registry.terraform.io/hashicorp/aws\"]",
      "instances": [
        {
          "index_key": 0,
          "schema_version": 0,
          "attributes": {
            "allocation_id": "eipalloc-0de6775f30d2bd564",
            "association_id": "eipassoc-0adfd68a461697258",
            "connectivity_type": "public",
            "id": "nat-08ac894c6d0ff324e",
            "network_interface_id": "eni-07da7170aa343027f",
            "private_ip": "10.0.0.196",
            "public_ip": "3.36.249.70",
            "secondary_allocation_ids": null,
            "secondary_private_ip_address_count": 0,
            "secondary_private_ip_addresses": [],
            "subnet_id": "subnet-0dd77bae63feb9ea9",
            "tags": {
              "Name": "foryou-ap-northeast-2a",
              "Terraform": "true"
            },
            "tags_all": {
              "Name": "foryou-ap-northeast-2a",
              "Terraform": "true"
            },
            "timeouts": null
          },
          "sensitive_attributes": [],
          "private": "eyJlMmJmYjczMC1lY2FhLTExZTYtOGY4OC0zNDM2M2JjN2M0YzAiOnsiY3JlYXRlIjo2MDAwMDAwMDAwMDAsImRlbGV0ZSI6MTgwMDAwMDAwMDAwMCwidXBkYXRlIjo2MDAwMDAwMDAwMDB9fQ==",
          "dependencies": [
            "module.vpc.aws_eip.nat",
            "module.vpc.aws_internet_gateway.this",
            "module.vpc.aws_subnet.public",
            "module.vpc.aws_vpc.this",
            "module.vpc.aws_vpc_ipv4_cidr_block_association.this"
          ]
        }
      ]
    },
    {
      "module": "module.vpc",
      "mode": "managed",
      "type": "aws_route",
      "name": "private_nat_gateway",
      "provider": "provider[\"registry.terraform.io/hashicorp/aws\"]",
      "instances": [
        {
          "index_key": 0,
          "schema_version": 0,
          "attributes": {
            "carrier_gateway_id": "",
            "core_network_arn": "",
            "destination_cidr_block": "0.0.0.0/0",
            "destination_ipv6_cidr_block": "",
            "destination_prefix_list_id": "",
            "egress_only_gateway_id": "",
            "gateway_id": "",
            "id": "r-rtb-02bcad03e768afc001080289494",
            "instance_id": "",
            "instance_owner_id": "",
            "local_gateway_id": "",
            "nat_gateway_id": "nat-08ac894c6d0ff324e",
            "network_interface_id": "",
            "origin": "CreateRoute",
            "route_table_id": "rtb-02bcad03e768afc00",
            "state": "active",
            "timeouts": {
              "create": "5m",
              "delete": null,
              "update": null
            },
            "transit_gateway_id": "",
            "vpc_endpoint_id": "",
            "vpc_peering_connection_id": ""
          },
          "sensitive_attributes": [],
          "private": "eyJlMmJmYjczMC1lY2FhLTExZTYtOGY4OC0zNDM2M2JjN2M0YzAiOnsiY3JlYXRlIjozMDAwMDAwMDAwMDAsImRlbGV0ZSI6MzAwMDAwMDAwMDAwLCJ1cGRhdGUiOjEyMDAwMDAwMDAwMH19",
          "dependencies": [
            "module.vpc.aws_eip.nat",
            "module.vpc.aws_internet_gateway.this",
            "module.vpc.aws_nat_gateway.this",
            "module.vpc.aws_route_table.private",
            "module.vpc.aws_subnet.public",
            "module.vpc.aws_vpc.this",
            "module.vpc.aws_vpc_ipv4_cidr_block_association.this"
          ]
        }
      ]
    },
    {
      "module": "module.vpc",
      "mode": "managed",
      "type": "aws_route",
      "name": "public_internet_gateway",
      "provider": "provider[\"registry.terraform.io/hashicorp/aws\"]",
      "instances": [
        {
          "index_key": 0,
          "schema_version": 0,
          "attributes": {
            "carrier_gateway_id": "",
            "core_network_arn": "",
            "destination_cidr_block": "0.0.0.0/0",
            "destination_ipv6_cidr_block": "",
            "destination_prefix_list_id": "",
            "egress_only_gateway_id": "",
            "gateway_id": "igw-06427c021bf748f65",
            "id": "r-rtb-01aa5765f75de13ee1080289494",
            "instance_id": "",
            "instance_owner_id": "",
            "local_gateway_id": "",
            "nat_gateway_id": "",
            "network_interface_id": "",
            "origin": "CreateRoute",
            "route_table_id": "rtb-01aa5765f75de13ee",
            "state": "active",
            "timeouts": {
              "create": "5m",
              "delete": null,
              "update": null
            },
            "transit_gateway_id": "",
            "vpc_endpoint_id": "",
            "vpc_peering_connection_id": ""
          },
          "sensitive_attributes": [],
          "private": "eyJlMmJmYjczMC1lY2FhLTExZTYtOGY4OC0zNDM2M2JjN2M0YzAiOnsiY3JlYXRlIjozMDAwMDAwMDAwMDAsImRlbGV0ZSI6MzAwMDAwMDAwMDAwLCJ1cGRhdGUiOjEyMDAwMDAwMDAwMH19",
          "dependencies": [
            "module.vpc.aws_internet_gateway.this",
            "module.vpc.aws_route_table.public",
            "module.vpc.aws_vpc.this",
            "module.vpc.aws_vpc_ipv4_cidr_block_association.this"
          ]
        }
      ]
    },
    {
      "module": "module.vpc",
      "mode": "managed",
      "type": "aws_route_table",
      "name": "private",
      "provider": "provider[\"registry.terraform.io/hashicorp/aws\"]",
      "instances": [
        {
          "index_key": 0,
          "schema_version": 0,
          "attributes": {
            "arn": "arn:aws:ec2:ap-northeast-2:339713119714:route-table/rtb-02bcad03e768afc00",
            "id": "rtb-02bcad03e768afc00",
            "owner_id": "339713119714",
            "propagating_vgws": [],
            "route": [],
            "tags": {
              "Name": "foryou-private",
              "Terraform": "true"
            },
            "tags_all": {
              "Name": "foryou-private",
              "Terraform": "true"
            },
            "timeouts": null,
            "vpc_id": "vpc-04a14cf538ba43611"
          },
          "sensitive_attributes": [],
          "private": "eyJlMmJmYjczMC1lY2FhLTExZTYtOGY4OC0zNDM2M2JjN2M0YzAiOnsiY3JlYXRlIjozMDAwMDAwMDAwMDAsImRlbGV0ZSI6MzAwMDAwMDAwMDAwLCJ1cGRhdGUiOjEyMDAwMDAwMDAwMH19",
          "dependencies": [
            "module.vpc.aws_vpc.this",
            "module.vpc.aws_vpc_ipv4_cidr_block_association.this"
          ]
        }
      ]
    },
    {
      "module": "module.vpc",
      "mode": "managed",
      "type": "aws_route_table",
      "name": "public",
      "provider": "provider[\"registry.terraform.io/hashicorp/aws\"]",
      "instances": [
        {
          "index_key": 0,
          "schema_version": 0,
          "attributes": {
            "arn": "arn:aws:ec2:ap-northeast-2:339713119714:route-table/rtb-01aa5765f75de13ee",
            "id": "rtb-01aa5765f75de13ee",
            "owner_id": "339713119714",
            "propagating_vgws": [],
            "route": [],
            "tags": {
              "Name": "foryou-public",
              "Terraform": "true"
            },
            "tags_all": {
              "Name": "foryou-public",
              "Terraform": "true"
            },
            "timeouts": null,
            "vpc_id": "vpc-04a14cf538ba43611"
          },
          "sensitive_attributes": [],
          "private": "eyJlMmJmYjczMC1lY2FhLTExZTYtOGY4OC0zNDM2M2JjN2M0YzAiOnsiY3JlYXRlIjozMDAwMDAwMDAwMDAsImRlbGV0ZSI6MzAwMDAwMDAwMDAwLCJ1cGRhdGUiOjEyMDAwMDAwMDAwMH19",
          "dependencies": [
            "module.vpc.aws_vpc.this",
            "module.vpc.aws_vpc_ipv4_cidr_block_association.this"
          ]
        }
      ]
    },
    {
      "module": "module.vpc",
      "mode": "managed",
      "type": "aws_route_table_association",
      "name": "database",
      "provider": "provider[\"registry.terraform.io/hashicorp/aws\"]",
      "instances": [
        {
          "index_key": 0,
          "schema_version": 0,
          "attributes": {
            "gateway_id": "",
            "id": "rtbassoc-0a648f832e89ca7a1",
            "route_table_id": "rtb-02bcad03e768afc00",
            "subnet_id": "subnet-0558df84fd53afe4e",
            "timeouts": null
          },
          "sensitive_attributes": [],
          "private": "eyJlMmJmYjczMC1lY2FhLTExZTYtOGY4OC0zNDM2M2JjN2M0YzAiOnsiY3JlYXRlIjozMDAwMDAwMDAwMDAsImRlbGV0ZSI6MzAwMDAwMDAwMDAwLCJ1cGRhdGUiOjEyMDAwMDAwMDAwMH19",
          "dependencies": [
            "module.vpc.aws_route_table.database",
            "module.vpc.aws_route_table.private",
            "module.vpc.aws_subnet.database",
            "module.vpc.aws_vpc.this",
            "module.vpc.aws_vpc_ipv4_cidr_block_association.this"
          ]
        },
        {
          "index_key": 1,
          "schema_version": 0,
          "attributes": {
            "gateway_id": "",
            "id": "rtbassoc-01e479a00f4f315bf",
            "route_table_id": "rtb-02bcad03e768afc00",
            "subnet_id": "subnet-072537f2b61237bb6",
            "timeouts": null
          },
          "sensitive_attributes": [],
          "private": "eyJlMmJmYjczMC1lY2FhLTExZTYtOGY4OC0zNDM2M2JjN2M0YzAiOnsiY3JlYXRlIjozMDAwMDAwMDAwMDAsImRlbGV0ZSI6MzAwMDAwMDAwMDAwLCJ1cGRhdGUiOjEyMDAwMDAwMDAwMH19",
          "dependencies": [
            "module.vpc.aws_route_table.database",
            "module.vpc.aws_route_table.private",
            "module.vpc.aws_subnet.database",
            "module.vpc.aws_vpc.this",
            "module.vpc.aws_vpc_ipv4_cidr_block_association.this"
          ]
        }
      ]
    },
    {
      "module": "module.vpc",
      "mode": "managed",
      "type": "aws_route_table_association",
      "name": "private",
      "provider": "provider[\"registry.terraform.io/hashicorp/aws\"]",
      "instances": [
        {
          "index_key": 0,
          "schema_version": 0,
          "attributes": {
            "gateway_id": "",
            "id": "rtbassoc-0a8d992b6ed659795",
            "route_table_id": "rtb-02bcad03e768afc00",
            "subnet_id": "subnet-02539c9b9dfe7632e",
            "timeouts": null
          },
          "sensitive_attributes": [],
          "private": "eyJlMmJmYjczMC1lY2FhLTExZTYtOGY4OC0zNDM2M2JjN2M0YzAiOnsiY3JlYXRlIjozMDAwMDAwMDAwMDAsImRlbGV0ZSI6MzAwMDAwMDAwMDAwLCJ1cGRhdGUiOjEyMDAwMDAwMDAwMH19",
          "dependencies": [
            "module.vpc.aws_route_table.private",
            "module.vpc.aws_subnet.private",
            "module.vpc.aws_vpc.this",
            "module.vpc.aws_vpc_ipv4_cidr_block_association.this"
          ]
        },
        {
          "index_key": 1,
          "schema_version": 0,
          "attributes": {
            "gateway_id": "",
            "id": "rtbassoc-0969081ef779333c2",
            "route_table_id": "rtb-02bcad03e768afc00",
            "subnet_id": "subnet-0df37e5f5580cc12a",
            "timeouts": null
          },
          "sensitive_attributes": [],
          "private": "eyJlMmJmYjczMC1lY2FhLTExZTYtOGY4OC0zNDM2M2JjN2M0YzAiOnsiY3JlYXRlIjozMDAwMDAwMDAwMDAsImRlbGV0ZSI6MzAwMDAwMDAwMDAwLCJ1cGRhdGUiOjEyMDAwMDAwMDAwMH19",
          "dependencies": [
            "module.vpc.aws_route_table.private",
            "module.vpc.aws_subnet.private",
            "module.vpc.aws_vpc.this",
            "module.vpc.aws_vpc_ipv4_cidr_block_association.this"
          ]
        }
      ]
    },
    {
      "module": "module.vpc",
      "mode": "managed",
      "type": "aws_route_table_association",
      "name": "public",
      "provider": "provider[\"registry.terraform.io/hashicorp/aws\"]",
      "instances": [
        {
          "index_key": 0,
          "schema_version": 0,
          "attributes": {
            "gateway_id": "",
            "id": "rtbassoc-08d1f8b0a7bed7b93",
            "route_table_id": "rtb-01aa5765f75de13ee",
            "subnet_id": "subnet-0dd77bae63feb9ea9",
            "timeouts": null
          },
          "sensitive_attributes": [],
          "private": "eyJlMmJmYjczMC1lY2FhLTExZTYtOGY4OC0zNDM2M2JjN2M0YzAiOnsiY3JlYXRlIjozMDAwMDAwMDAwMDAsImRlbGV0ZSI6MzAwMDAwMDAwMDAwLCJ1cGRhdGUiOjEyMDAwMDAwMDAwMH19",
          "dependencies": [
            "module.vpc.aws_route_table.public",
            "module.vpc.aws_subnet.public",
            "module.vpc.aws_vpc.this",
            "module.vpc.aws_vpc_ipv4_cidr_block_association.this"
          ]
        },
        {
          "index_key": 1,
          "schema_version": 0,
          "attributes": {
            "gateway_id": "",
            "id": "rtbassoc-0178838fe3209b1d1",
            "route_table_id": "rtb-01aa5765f75de13ee",
            "subnet_id": "subnet-0a2ec636237b935da",
            "timeouts": null
          },
          "sensitive_attributes": [],
          "private": "eyJlMmJmYjczMC1lY2FhLTExZTYtOGY4OC0zNDM2M2JjN2M0YzAiOnsiY3JlYXRlIjozMDAwMDAwMDAwMDAsImRlbGV0ZSI6MzAwMDAwMDAwMDAwLCJ1cGRhdGUiOjEyMDAwMDAwMDAwMH19",
          "dependencies": [
            "module.vpc.aws_route_table.public",
            "module.vpc.aws_subnet.public",
            "module.vpc.aws_vpc.this",
            "module.vpc.aws_vpc_ipv4_cidr_block_association.this"
          ]
        }
      ]
    },
    {
      "module": "module.vpc",
      "mode": "managed",
      "type": "aws_subnet",
      "name": "database",
      "provider": "provider[\"registry.terraform.io/hashicorp/aws\"]",
      "instances": [
        {
          "index_key": 0,
          "schema_version": 1,
          "attributes": {
            "arn": "arn:aws:ec2:ap-northeast-2:339713119714:subnet/subnet-0558df84fd53afe4e",
            "assign_ipv6_address_on_creation": false,
            "availability_zone": "ap-northeast-2a",
            "availability_zone_id": "apne2-az1",
            "cidr_block": "10.0.4.0/24",
            "customer_owned_ipv4_pool": "",
            "enable_dns64": false,
            "enable_lni_at_device_index": 0,
            "enable_resource_name_dns_a_record_on_launch": false,
            "enable_resource_name_dns_aaaa_record_on_launch": false,
            "id": "subnet-0558df84fd53afe4e",
            "ipv6_cidr_block": "",
            "ipv6_cidr_block_association_id": "",
            "ipv6_native": false,
            "map_customer_owned_ip_on_launch": false,
            "map_public_ip_on_launch": false,
            "outpost_arn": "",
            "owner_id": "339713119714",
            "private_dns_hostname_type_on_launch": "ip-name",
            "tags": {
              "Name": "foryou-db-ap-northeast-2a",
              "Terraform": "true"
            },
            "tags_all": {
              "Name": "foryou-db-ap-northeast-2a",
              "Terraform": "true"
            },
            "timeouts": null,
            "vpc_id": "vpc-04a14cf538ba43611"
          },
          "sensitive_attributes": [],
          "private": "eyJlMmJmYjczMC1lY2FhLTExZTYtOGY4OC0zNDM2M2JjN2M0YzAiOnsiY3JlYXRlIjo2MDAwMDAwMDAwMDAsImRlbGV0ZSI6MTIwMDAwMDAwMDAwMH0sInNjaGVtYV92ZXJzaW9uIjoiMSJ9",
          "dependencies": [
            "module.vpc.aws_vpc.this",
            "module.vpc.aws_vpc_ipv4_cidr_block_association.this"
          ]
        },
        {
          "index_key": 1,
          "schema_version": 1,
          "attributes": {
            "arn": "arn:aws:ec2:ap-northeast-2:339713119714:subnet/subnet-072537f2b61237bb6",
            "assign_ipv6_address_on_creation": false,
            "availability_zone": "ap-northeast-2c",
            "availability_zone_id": "apne2-az3",
            "cidr_block": "10.0.5.0/24",
            "customer_owned_ipv4_pool": "",
            "enable_dns64": false,
            "enable_lni_at_device_index": 0,
            "enable_resource_name_dns_a_record_on_launch": false,
            "enable_resource_name_dns_aaaa_record_on_launch": false,
            "id": "subnet-072537f2b61237bb6",
            "ipv6_cidr_block": "",
            "ipv6_cidr_block_association_id": "",
            "ipv6_native": false,
            "map_customer_owned_ip_on_launch": false,
            "map_public_ip_on_launch": false,
            "outpost_arn": "",
            "owner_id": "339713119714",
            "private_dns_hostname_type_on_launch": "ip-name",
            "tags": {
              "Name": "foryou-db-ap-northeast-2c",
              "Terraform": "true"
            },
            "tags_all": {
              "Name": "foryou-db-ap-northeast-2c",
              "Terraform": "true"
            },
            "timeouts": null,
            "vpc_id": "vpc-04a14cf538ba43611"
          },
          "sensitive_attributes": [],
          "private": "eyJlMmJmYjczMC1lY2FhLTExZTYtOGY4OC0zNDM2M2JjN2M0YzAiOnsiY3JlYXRlIjo2MDAwMDAwMDAwMDAsImRlbGV0ZSI6MTIwMDAwMDAwMDAwMH0sInNjaGVtYV92ZXJzaW9uIjoiMSJ9",
          "dependencies": [
            "module.vpc.aws_vpc.this",
            "module.vpc.aws_vpc_ipv4_cidr_block_association.this"
          ]
        }
      ]
    },
    {
      "module": "module.vpc",
      "mode": "managed",
      "type": "aws_subnet",
      "name": "private",
      "provider": "provider[\"registry.terraform.io/hashicorp/aws\"]",
      "instances": [
        {
          "index_key": 0,
          "schema_version": 1,
          "attributes": {
            "arn": "arn:aws:ec2:ap-northeast-2:339713119714:subnet/subnet-02539c9b9dfe7632e",
            "assign_ipv6_address_on_creation": false,
            "availability_zone": "ap-northeast-2a",
            "availability_zone_id": "apne2-az1",
            "cidr_block": "10.0.2.0/24",
            "customer_owned_ipv4_pool": "",
            "enable_dns64": false,
            "enable_lni_at_device_index": 0,
            "enable_resource_name_dns_a_record_on_launch": false,
            "enable_resource_name_dns_aaaa_record_on_launch": false,
            "id": "subnet-02539c9b9dfe7632e",
            "ipv6_cidr_block": "",
            "ipv6_cidr_block_association_id": "",
            "ipv6_native": false,
            "map_customer_owned_ip_on_launch": false,
            "map_public_ip_on_launch": false,
            "outpost_arn": "",
            "owner_id": "339713119714",
            "private_dns_hostname_type_on_launch": "ip-name",
            "tags": {
              "Name": "foryou-private-ap-northeast-2a",
              "Terraform": "true"
            },
            "tags_all": {
              "Name": "foryou-private-ap-northeast-2a",
              "Terraform": "true"
            },
            "timeouts": null,
            "vpc_id": "vpc-04a14cf538ba43611"
          },
          "sensitive_attributes": [],
          "private": "eyJlMmJmYjczMC1lY2FhLTExZTYtOGY4OC0zNDM2M2JjN2M0YzAiOnsiY3JlYXRlIjo2MDAwMDAwMDAwMDAsImRlbGV0ZSI6MTIwMDAwMDAwMDAwMH0sInNjaGVtYV92ZXJzaW9uIjoiMSJ9",
          "dependencies": [
            "module.vpc.aws_vpc.this",
            "module.vpc.aws_vpc_ipv4_cidr_block_association.this"
          ]
        },
        {
          "index_key": 1,
          "schema_version": 1,
          "attributes": {
            "arn": "arn:aws:ec2:ap-northeast-2:339713119714:subnet/subnet-0df37e5f5580cc12a",
            "assign_ipv6_address_on_creation": false,
            "availability_zone": "ap-northeast-2c",
            "availability_zone_id": "apne2-az3",
            "cidr_block": "10.0.3.0/24",
            "customer_owned_ipv4_pool": "",
            "enable_dns64": false,
            "enable_lni_at_device_index": 0,
            "enable_resource_name_dns_a_record_on_launch": false,
            "enable_resource_name_dns_aaaa_record_on_launch": false,
            "id": "subnet-0df37e5f5580cc12a",
            "ipv6_cidr_block": "",
            "ipv6_cidr_block_association_id": "",
            "ipv6_native": false,
            "map_customer_owned_ip_on_launch": false,
            "map_public_ip_on_launch": false,
            "outpost_arn": "",
            "owner_id": "339713119714",
            "private_dns_hostname_type_on_launch": "ip-name",
            "tags": {
              "Name": "foryou-private-ap-northeast-2c",
              "Terraform": "true"
            },
            "tags_all": {
              "Name": "foryou-private-ap-northeast-2c",
              "Terraform": "true"
            },
            "timeouts": null,
            "vpc_id": "vpc-04a14cf538ba43611"
          },
          "sensitive_attributes": [],
          "private": "eyJlMmJmYjczMC1lY2FhLTExZTYtOGY4OC0zNDM2M2JjN2M0YzAiOnsiY3JlYXRlIjo2MDAwMDAwMDAwMDAsImRlbGV0ZSI6MTIwMDAwMDAwMDAwMH0sInNjaGVtYV92ZXJzaW9uIjoiMSJ9",
          "dependencies": [
            "module.vpc.aws_vpc.this",
            "module.vpc.aws_vpc_ipv4_cidr_block_association.this"
          ]
        }
      ]
    },
    {
      "module": "module.vpc",
      "mode": "managed",
      "type": "aws_subnet",
      "name": "public",
      "provider": "provider[\"registry.terraform.io/hashicorp/aws\"]",
      "instances": [
        {
          "index_key": 0,
          "schema_version": 1,
          "attributes": {
            "arn": "arn:aws:ec2:ap-northeast-2:339713119714:subnet/subnet-0dd77bae63feb9ea9",
            "assign_ipv6_address_on_creation": false,
            "availability_zone": "ap-northeast-2a",
            "availability_zone_id": "apne2-az1",
            "cidr_block": "10.0.0.0/24",
            "customer_owned_ipv4_pool": "",
            "enable_dns64": false,
            "enable_lni_at_device_index": 0,
            "enable_resource_name_dns_a_record_on_launch": false,
            "enable_resource_name_dns_aaaa_record_on_launch": false,
            "id": "subnet-0dd77bae63feb9ea9",
            "ipv6_cidr_block": "",
            "ipv6_cidr_block_association_id": "",
            "ipv6_native": false,
            "map_customer_owned_ip_on_launch": false,
            "map_public_ip_on_launch": true,
            "outpost_arn": "",
            "owner_id": "339713119714",
            "private_dns_hostname_type_on_launch": "ip-name",
            "tags": {
              "Name": "foryou-public-ap-northeast-2a",
              "Terraform": "true"
            },
            "tags_all": {
              "Name": "foryou-public-ap-northeast-2a",
              "Terraform": "true"
            },
            "timeouts": null,
            "vpc_id": "vpc-04a14cf538ba43611"
          },
          "sensitive_attributes": [],
          "private": "eyJlMmJmYjczMC1lY2FhLTExZTYtOGY4OC0zNDM2M2JjN2M0YzAiOnsiY3JlYXRlIjo2MDAwMDAwMDAwMDAsImRlbGV0ZSI6MTIwMDAwMDAwMDAwMH0sInNjaGVtYV92ZXJzaW9uIjoiMSJ9",
          "dependencies": [
            "module.vpc.aws_vpc.this",
            "module.vpc.aws_vpc_ipv4_cidr_block_association.this"
          ]
        },
        {
          "index_key": 1,
          "schema_version": 1,
          "attributes": {
            "arn": "arn:aws:ec2:ap-northeast-2:339713119714:subnet/subnet-0a2ec636237b935da",
            "assign_ipv6_address_on_creation": false,
            "availability_zone": "ap-northeast-2c",
            "availability_zone_id": "apne2-az3",
            "cidr_block": "10.0.1.0/24",
            "customer_owned_ipv4_pool": "",
            "enable_dns64": false,
            "enable_lni_at_device_index": 0,
            "enable_resource_name_dns_a_record_on_launch": false,
            "enable_resource_name_dns_aaaa_record_on_launch": false,
            "id": "subnet-0a2ec636237b935da",
            "ipv6_cidr_block": "",
            "ipv6_cidr_block_association_id": "",
            "ipv6_native": false,
            "map_customer_owned_ip_on_launch": false,
            "map_public_ip_on_launch": true,
            "outpost_arn": "",
            "owner_id": "339713119714",
            "private_dns_hostname_type_on_launch": "ip-name",
            "tags": {
              "Name": "foryou-public-ap-northeast-2c",
              "Terraform": "true"
            },
            "tags_all": {
              "Name": "foryou-public-ap-northeast-2c",
              "Terraform": "true"
            },
            "timeouts": null,
            "vpc_id": "vpc-04a14cf538ba43611"
          },
          "sensitive_attributes": [],
          "private": "eyJlMmJmYjczMC1lY2FhLTExZTYtOGY4OC0zNDM2M2JjN2M0YzAiOnsiY3JlYXRlIjo2MDAwMDAwMDAwMDAsImRlbGV0ZSI6MTIwMDAwMDAwMDAwMH0sInNjaGVtYV92ZXJzaW9uIjoiMSJ9",
          "dependencies": [
            "module.vpc.aws_vpc.this",
            "module.vpc.aws_vpc_ipv4_cidr_block_association.this"
          ]
        }
      ]
    },
    {
      "module": "module.vpc",
      "mode": "managed",
      "type": "aws_vpc",
      "name": "this",
      "provider": "provider[\"registry.terraform.io/hashicorp/aws\"]",
      "instances": [
        {
          "index_key": 0,
          "schema_version": 1,
          "attributes": {
            "arn": "arn:aws:ec2:ap-northeast-2:339713119714:vpc/vpc-04a14cf538ba43611",
            "assign_generated_ipv6_cidr_block": false,
            "cidr_block": "10.0.0.0/16",
            "default_network_acl_id": "acl-025218a9191e0fc8a",
            "default_route_table_id": "rtb-0708eee05f07b33a3",
            "default_security_group_id": "sg-0dd3fd61685e6764b",
            "dhcp_options_id": "dopt-0a67717d8f23193c8",
            "enable_dns_hostnames": true,
            "enable_dns_support": true,
            "enable_network_address_usage_metrics": false,
            "id": "vpc-04a14cf538ba43611",
            "instance_tenancy": "default",
            "ipv4_ipam_pool_id": null,
            "ipv4_netmask_length": null,
            "ipv6_association_id": "",
            "ipv6_cidr_block": "",
            "ipv6_cidr_block_network_border_group": "",
            "ipv6_ipam_pool_id": "",
            "ipv6_netmask_length": 0,
            "main_route_table_id": "rtb-0708eee05f07b33a3",
            "owner_id": "339713119714",
            "tags": {
              "Name": "foryou",
              "Terraform": "true"
            },
            "tags_all": {
              "Name": "foryou",
              "Terraform": "true"
            }
          },
          "sensitive_attributes": [],
          "private": "eyJzY2hlbWFfdmVyc2lvbiI6IjEifQ=="
        }
      ]
    }
  ],
  "check_results": null
}
