{
  "version": 4,
  "terraform_version": "1.8.5",
  "serial": 344,
  "lineage": "5026d5ed-d3c0-fc2d-85b6-49da94c98b49",
  "outputs": {
    "bastion_host_public_ip": {
      "value": "43.202.62.7",
      "type": "string"
    }
  },
  "resources": [
    {
      "mode": "managed",
      "type": "aws_instance",
      "name": "bastion",
      "provider": "provider[\"registry.terraform.io/hashicorp/aws\"]",
      "instances": [
        {
          "schema_version": 1,
          "attributes": {
            "ami": "ami-062cf18d655c0b1e8",
            "arn": "arn:aws:ec2:ap-northeast-2:339713119714:instance/i-0e48a3fc93bf5a970",
            "associate_public_ip_address": true,
            "availability_zone": "ap-northeast-2a",
            "capacity_reservation_specification": [
              {
                "capacity_reservation_preference": "open",
                "capacity_reservation_target": []
              }
            ],
            "cpu_core_count": 2,
            "cpu_options": [
              {
                "amd_sev_snp": "",
                "core_count": 2,
                "threads_per_core": 1
              }
            ],
            "cpu_threads_per_core": 1,
            "credit_specification": [
              {
                "cpu_credits": "standard"
              }
            ],
            "disable_api_stop": false,
            "disable_api_termination": false,
            "ebs_block_device": [],
            "ebs_optimized": false,
            "enclave_options": [
              {
                "enabled": false
              }
            ],
            "ephemeral_block_device": [],
            "get_password_data": false,
            "hibernation": false,
            "host_id": "",
            "host_resource_group_arn": null,
            "iam_instance_profile": "",
            "id": "i-0e48a3fc93bf5a970",
            "instance_initiated_shutdown_behavior": "stop",
            "instance_lifecycle": "",
            "instance_market_options": [],
            "instance_state": "running",
            "instance_type": "t2.medium",
            "ipv6_address_count": 0,
            "ipv6_addresses": [],
            "key_name": "foryou_ssh",
            "launch_template": [],
            "maintenance_options": [
              {
                "auto_recovery": "default"
              }
            ],
            "metadata_options": [
              {
                "http_endpoint": "enabled",
                "http_protocol_ipv6": "disabled",
                "http_put_response_hop_limit": 2,
                "http_tokens": "required",
                "instance_metadata_tags": "disabled"
              }
            ],
            "monitoring": false,
            "network_interface": [],
            "outpost_arn": "",
            "password_data": "",
            "placement_group": "",
            "placement_partition_number": 0,
            "primary_network_interface_id": "eni-06cb12668da0c8a1e",
            "private_dns": "ip-10-0-0-45.ap-northeast-2.compute.internal",
            "private_dns_name_options": [
              {
                "enable_resource_name_dns_a_record": true,
                "enable_resource_name_dns_aaaa_record": false,
                "hostname_type": "ip-name"
              }
            ],
            "private_ip": "10.0.0.45",
            "public_dns": "ec2-43-202-62-7.ap-northeast-2.compute.amazonaws.com",
            "public_ip": "43.202.62.7",
            "root_block_device": [
              {
                "delete_on_termination": true,
                "device_name": "/dev/sda1",
                "encrypted": false,
                "iops": 3000,
                "kms_key_id": "",
                "tags": {},
                "tags_all": {},
                "throughput": 125,
                "volume_id": "vol-07b245b706ae8f470",
                "volume_size": 8,
                "volume_type": "gp3"
              }
            ],
            "secondary_private_ips": [],
            "security_groups": [
              "sg-0155d3460b61e2711"
            ],
            "source_dest_check": true,
            "spot_instance_request_id": "",
            "subnet_id": "subnet-0da390533932e0a4e",
            "tags": {
              "Name": "Bastion"
            },
            "tags_all": {
              "Name": "Bastion"
            },
            "tenancy": "default",
            "timeouts": null,
            "user_data": "f2027dcd44b954b5eb6577e26ff1894555d656c4",
            "user_data_base64": null,
            "user_data_replace_on_change": false,
            "volume_tags": null,
            "vpc_security_group_ids": [
              "sg-0155d3460b61e2711"
            ]
          },
          "sensitive_attributes": [
            [
              {
                "type": "get_attr",
                "value": "user_data"
              }
            ]
          ],
          "private": "eyJlMmJmYjczMC1lY2FhLTExZTYtOGY4OC0zNDM2M2JjN2M0YzAiOnsiY3JlYXRlIjo2MDAwMDAwMDAwMDAsImRlbGV0ZSI6MTIwMDAwMDAwMDAwMCwicmVhZCI6OTAwMDAwMDAwMDAwLCJ1cGRhdGUiOjYwMDAwMDAwMDAwMH0sInNjaGVtYV92ZXJzaW9uIjoiMSJ9",
          "dependencies": [
            "aws_key_pair.k8_ssh",
            "aws_security_group.ssh",
            "module.vpc.aws_subnet.public",
            "module.vpc.aws_vpc.this",
            "module.vpc.aws_vpc_ipv4_cidr_block_association.this",
            "tls_private_key.ssh"
          ]
        }
      ]
    },
    {
      "mode": "managed",
      "type": "aws_instance",
      "name": "masters",
      "provider": "provider[\"registry.terraform.io/hashicorp/aws\"]",
      "instances": [
        {
          "index_key": 0,
          "schema_version": 1,
          "attributes": {
            "ami": "ami-062cf18d655c0b1e8",
            "arn": "arn:aws:ec2:ap-northeast-2:339713119714:instance/i-0cb70bad1ecc848b9",
            "associate_public_ip_address": false,
            "availability_zone": "ap-northeast-2a",
            "capacity_reservation_specification": [
              {
                "capacity_reservation_preference": "open",
                "capacity_reservation_target": []
              }
            ],
            "cpu_core_count": 2,
            "cpu_options": [
              {
                "amd_sev_snp": "",
                "core_count": 2,
                "threads_per_core": 1
              }
            ],
            "cpu_threads_per_core": 1,
            "credit_specification": [
              {
                "cpu_credits": "standard"
              }
            ],
            "disable_api_stop": false,
            "disable_api_termination": false,
            "ebs_block_device": [],
            "ebs_optimized": false,
            "enclave_options": [
              {
                "enabled": false
              }
            ],
            "ephemeral_block_device": [],
            "get_password_data": false,
            "hibernation": false,
            "host_id": "",
            "host_resource_group_arn": null,
            "iam_instance_profile": "",
            "id": "i-0cb70bad1ecc848b9",
            "instance_initiated_shutdown_behavior": "stop",
            "instance_lifecycle": "",
            "instance_market_options": [],
            "instance_state": "running",
            "instance_type": "t2.large",
            "ipv6_address_count": 0,
            "ipv6_addresses": [],
            "key_name": "foryou_ssh",
            "launch_template": [],
            "maintenance_options": [
              {
                "auto_recovery": "default"
              }
            ],
            "metadata_options": [
              {
                "http_endpoint": "enabled",
                "http_protocol_ipv6": "disabled",
                "http_put_response_hop_limit": 2,
                "http_tokens": "required",
                "instance_metadata_tags": "disabled"
              }
            ],
            "monitoring": false,
            "network_interface": [],
            "outpost_arn": "",
            "password_data": "",
            "placement_group": "",
            "placement_partition_number": 0,
            "primary_network_interface_id": "eni-03efc4be36287764b",
            "private_dns": "ip-10-0-2-79.ap-northeast-2.compute.internal",
            "private_dns_name_options": [
              {
                "enable_resource_name_dns_a_record": false,
                "enable_resource_name_dns_aaaa_record": false,
                "hostname_type": "ip-name"
              }
            ],
            "private_ip": "10.0.2.79",
            "public_dns": "",
            "public_ip": "",
            "root_block_device": [
              {
                "delete_on_termination": true,
                "device_name": "/dev/sda1",
                "encrypted": false,
                "iops": 3000,
                "kms_key_id": "",
                "tags": {},
                "tags_all": {},
                "throughput": 125,
                "volume_id": "vol-035b617a8d646a2f4",
                "volume_size": 8,
                "volume_type": "gp3"
              }
            ],
            "secondary_private_ips": [],
            "security_groups": [
              "sg-09a7c376b1ca288d5",
              "sg-0c39cb4b586e53574"
            ],
            "source_dest_check": true,
            "spot_instance_request_id": "",
            "subnet_id": "subnet-00cdfb805bb51391d",
            "tags": {
              "Name": "Master-01"
            },
            "tags_all": {
              "Name": "Master-01"
            },
            "tenancy": "default",
            "timeouts": null,
            "user_data": null,
            "user_data_base64": null,
            "user_data_replace_on_change": false,
            "volume_tags": null,
            "vpc_security_group_ids": [
              "sg-09a7c376b1ca288d5",
              "sg-0c39cb4b586e53574"
            ]
          },
          "sensitive_attributes": [],
          "private": "eyJlMmJmYjczMC1lY2FhLTExZTYtOGY4OC0zNDM2M2JjN2M0YzAiOnsiY3JlYXRlIjo2MDAwMDAwMDAwMDAsImRlbGV0ZSI6MTIwMDAwMDAwMDAwMCwicmVhZCI6OTAwMDAwMDAwMDAwLCJ1cGRhdGUiOjYwMDAwMDAwMDAwMH0sInNjaGVtYV92ZXJzaW9uIjoiMSJ9",
          "dependencies": [
            "aws_key_pair.k8_ssh",
            "aws_security_group.k8_masters",
            "aws_security_group.k8_nondes",
            "module.vpc.aws_subnet.private",
            "module.vpc.aws_vpc.this",
            "module.vpc.aws_vpc_ipv4_cidr_block_association.this",
            "tls_private_key.ssh"
          ]
        },
        {
          "index_key": 1,
          "schema_version": 1,
          "attributes": {
            "ami": "ami-062cf18d655c0b1e8",
            "arn": "arn:aws:ec2:ap-northeast-2:339713119714:instance/i-0a24688c226d257d1",
            "associate_public_ip_address": false,
            "availability_zone": "ap-northeast-2c",
            "capacity_reservation_specification": [
              {
                "capacity_reservation_preference": "open",
                "capacity_reservation_target": []
              }
            ],
            "cpu_core_count": 2,
            "cpu_options": [
              {
                "amd_sev_snp": "",
                "core_count": 2,
                "threads_per_core": 1
              }
            ],
            "cpu_threads_per_core": 1,
            "credit_specification": [
              {
                "cpu_credits": "standard"
              }
            ],
            "disable_api_stop": false,
            "disable_api_termination": false,
            "ebs_block_device": [],
            "ebs_optimized": false,
            "enclave_options": [
              {
                "enabled": false
              }
            ],
            "ephemeral_block_device": [],
            "get_password_data": false,
            "hibernation": false,
            "host_id": "",
            "host_resource_group_arn": null,
            "iam_instance_profile": "",
            "id": "i-0a24688c226d257d1",
            "instance_initiated_shutdown_behavior": "stop",
            "instance_lifecycle": "",
            "instance_market_options": [],
            "instance_state": "running",
            "instance_type": "t2.large",
            "ipv6_address_count": 0,
            "ipv6_addresses": [],
            "key_name": "foryou_ssh",
            "launch_template": [],
            "maintenance_options": [
              {
                "auto_recovery": "default"
              }
            ],
            "metadata_options": [
              {
                "http_endpoint": "enabled",
                "http_protocol_ipv6": "disabled",
                "http_put_response_hop_limit": 2,
                "http_tokens": "required",
                "instance_metadata_tags": "disabled"
              }
            ],
            "monitoring": false,
            "network_interface": [],
            "outpost_arn": "",
            "password_data": "",
            "placement_group": "",
            "placement_partition_number": 0,
            "primary_network_interface_id": "eni-0b2b102be735a676a",
            "private_dns": "ip-10-0-3-78.ap-northeast-2.compute.internal",
            "private_dns_name_options": [
              {
                "enable_resource_name_dns_a_record": false,
                "enable_resource_name_dns_aaaa_record": false,
                "hostname_type": "ip-name"
              }
            ],
            "private_ip": "10.0.3.78",
            "public_dns": "",
            "public_ip": "",
            "root_block_device": [
              {
                "delete_on_termination": true,
                "device_name": "/dev/sda1",
                "encrypted": false,
                "iops": 3000,
                "kms_key_id": "",
                "tags": {},
                "tags_all": {},
                "throughput": 125,
                "volume_id": "vol-01c5d28a524cffafd",
                "volume_size": 8,
                "volume_type": "gp3"
              }
            ],
            "secondary_private_ips": [],
            "security_groups": [
              "sg-09a7c376b1ca288d5",
              "sg-0c39cb4b586e53574"
            ],
            "source_dest_check": true,
            "spot_instance_request_id": "",
            "subnet_id": "subnet-07991b7b6ae7ef121",
            "tags": {
              "Name": "Master-02"
            },
            "tags_all": {
              "Name": "Master-02"
            },
            "tenancy": "default",
            "timeouts": null,
            "user_data": null,
            "user_data_base64": null,
            "user_data_replace_on_change": false,
            "volume_tags": null,
            "vpc_security_group_ids": [
              "sg-09a7c376b1ca288d5",
              "sg-0c39cb4b586e53574"
            ]
          },
          "sensitive_attributes": [],
          "private": "eyJlMmJmYjczMC1lY2FhLTExZTYtOGY4OC0zNDM2M2JjN2M0YzAiOnsiY3JlYXRlIjo2MDAwMDAwMDAwMDAsImRlbGV0ZSI6MTIwMDAwMDAwMDAwMCwicmVhZCI6OTAwMDAwMDAwMDAwLCJ1cGRhdGUiOjYwMDAwMDAwMDAwMH0sInNjaGVtYV92ZXJzaW9uIjoiMSJ9",
          "dependencies": [
            "aws_key_pair.k8_ssh",
            "aws_security_group.k8_masters",
            "aws_security_group.k8_nondes",
            "module.vpc.aws_subnet.private",
            "module.vpc.aws_vpc.this",
            "module.vpc.aws_vpc_ipv4_cidr_block_association.this",
            "tls_private_key.ssh"
          ]
        }
      ]
    },
    {
      "mode": "managed",
      "type": "aws_instance",
      "name": "workers",
      "provider": "provider[\"registry.terraform.io/hashicorp/aws\"]",
      "instances": [
        {
          "index_key": 0,
          "schema_version": 1,
          "attributes": {
            "ami": "ami-062cf18d655c0b1e8",
            "arn": "arn:aws:ec2:ap-northeast-2:339713119714:instance/i-0daef61002458aa8a",
            "associate_public_ip_address": false,
            "availability_zone": "ap-northeast-2a",
            "capacity_reservation_specification": [
              {
                "capacity_reservation_preference": "open",
                "capacity_reservation_target": []
              }
            ],
            "cpu_core_count": 2,
            "cpu_options": [
              {
                "amd_sev_snp": "",
                "core_count": 2,
                "threads_per_core": 1
              }
            ],
            "cpu_threads_per_core": 1,
            "credit_specification": [
              {
                "cpu_credits": "standard"
              }
            ],
            "disable_api_stop": false,
            "disable_api_termination": false,
            "ebs_block_device": [],
            "ebs_optimized": false,
            "enclave_options": [
              {
                "enabled": false
              }
            ],
            "ephemeral_block_device": [],
            "get_password_data": false,
            "hibernation": false,
            "host_id": "",
            "host_resource_group_arn": null,
            "iam_instance_profile": "",
            "id": "i-0daef61002458aa8a",
            "instance_initiated_shutdown_behavior": "stop",
            "instance_lifecycle": "",
            "instance_market_options": [],
            "instance_state": "running",
            "instance_type": "t2.medium",
            "ipv6_address_count": 0,
            "ipv6_addresses": [],
            "key_name": "foryou_ssh",
            "launch_template": [],
            "maintenance_options": [
              {
                "auto_recovery": "default"
              }
            ],
            "metadata_options": [
              {
                "http_endpoint": "enabled",
                "http_protocol_ipv6": "disabled",
                "http_put_response_hop_limit": 2,
                "http_tokens": "required",
                "instance_metadata_tags": "disabled"
              }
            ],
            "monitoring": false,
            "network_interface": [],
            "outpost_arn": "",
            "password_data": "",
            "placement_group": "",
            "placement_partition_number": 0,
            "primary_network_interface_id": "eni-04d1e34d915ad72b8",
            "private_dns": "ip-10-0-2-55.ap-northeast-2.compute.internal",
            "private_dns_name_options": [
              {
                "enable_resource_name_dns_a_record": false,
                "enable_resource_name_dns_aaaa_record": false,
                "hostname_type": "ip-name"
              }
            ],
            "private_ip": "10.0.2.55",
            "public_dns": "",
            "public_ip": "",
            "root_block_device": [
              {
                "delete_on_termination": true,
                "device_name": "/dev/sda1",
                "encrypted": false,
                "iops": 3000,
                "kms_key_id": "",
                "tags": {},
                "tags_all": {},
                "throughput": 125,
                "volume_id": "vol-0f1b8cda5ad9d1995",
                "volume_size": 8,
                "volume_type": "gp3"
              }
            ],
            "secondary_private_ips": [],
            "security_groups": [
              "sg-07b24a9f49f384491",
              "sg-0c39cb4b586e53574"
            ],
            "source_dest_check": true,
            "spot_instance_request_id": "",
            "subnet_id": "subnet-00cdfb805bb51391d",
            "tags": {
              "Name": "Worker-01"
            },
            "tags_all": {
              "Name": "Worker-01"
            },
            "tenancy": "default",
            "timeouts": null,
            "user_data": null,
            "user_data_base64": null,
            "user_data_replace_on_change": false,
            "volume_tags": null,
            "vpc_security_group_ids": [
              "sg-07b24a9f49f384491",
              "sg-0c39cb4b586e53574"
            ]
          },
          "sensitive_attributes": [],
          "private": "eyJlMmJmYjczMC1lY2FhLTExZTYtOGY4OC0zNDM2M2JjN2M0YzAiOnsiY3JlYXRlIjo2MDAwMDAwMDAwMDAsImRlbGV0ZSI6MTIwMDAwMDAwMDAwMCwicmVhZCI6OTAwMDAwMDAwMDAwLCJ1cGRhdGUiOjYwMDAwMDAwMDAwMH0sInNjaGVtYV92ZXJzaW9uIjoiMSJ9",
          "dependencies": [
            "aws_key_pair.k8_ssh",
            "aws_security_group.k8_nondes",
            "aws_security_group.k8_workers",
            "module.vpc.aws_subnet.private",
            "module.vpc.aws_vpc.this",
            "module.vpc.aws_vpc_ipv4_cidr_block_association.this",
            "tls_private_key.ssh"
          ]
        },
        {
          "index_key": 1,
          "schema_version": 1,
          "attributes": {
            "ami": "ami-062cf18d655c0b1e8",
            "arn": "arn:aws:ec2:ap-northeast-2:339713119714:instance/i-0b87ca7752ed2e2e9",
            "associate_public_ip_address": false,
            "availability_zone": "ap-northeast-2c",
            "capacity_reservation_specification": [
              {
                "capacity_reservation_preference": "open",
                "capacity_reservation_target": []
              }
            ],
            "cpu_core_count": 2,
            "cpu_options": [
              {
                "amd_sev_snp": "",
                "core_count": 2,
                "threads_per_core": 1
              }
            ],
            "cpu_threads_per_core": 1,
            "credit_specification": [
              {
                "cpu_credits": "standard"
              }
            ],
            "disable_api_stop": false,
            "disable_api_termination": false,
            "ebs_block_device": [],
            "ebs_optimized": false,
            "enclave_options": [
              {
                "enabled": false
              }
            ],
            "ephemeral_block_device": [],
            "get_password_data": false,
            "hibernation": false,
            "host_id": "",
            "host_resource_group_arn": null,
            "iam_instance_profile": "",
            "id": "i-0b87ca7752ed2e2e9",
            "instance_initiated_shutdown_behavior": "stop",
            "instance_lifecycle": "",
            "instance_market_options": [],
            "instance_state": "running",
            "instance_type": "t2.medium",
            "ipv6_address_count": 0,
            "ipv6_addresses": [],
            "key_name": "foryou_ssh",
            "launch_template": [],
            "maintenance_options": [
              {
                "auto_recovery": "default"
              }
            ],
            "metadata_options": [
              {
                "http_endpoint": "enabled",
                "http_protocol_ipv6": "disabled",
                "http_put_response_hop_limit": 2,
                "http_tokens": "required",
                "instance_metadata_tags": "disabled"
              }
            ],
            "monitoring": false,
            "network_interface": [],
            "outpost_arn": "",
            "password_data": "",
            "placement_group": "",
            "placement_partition_number": 0,
            "primary_network_interface_id": "eni-0b54d3fa524fe5264",
            "private_dns": "ip-10-0-3-19.ap-northeast-2.compute.internal",
            "private_dns_name_options": [
              {
                "enable_resource_name_dns_a_record": false,
                "enable_resource_name_dns_aaaa_record": false,
                "hostname_type": "ip-name"
              }
            ],
            "private_ip": "10.0.3.19",
            "public_dns": "",
            "public_ip": "",
            "root_block_device": [
              {
                "delete_on_termination": true,
                "device_name": "/dev/sda1",
                "encrypted": false,
                "iops": 3000,
                "kms_key_id": "",
                "tags": {},
                "tags_all": {},
                "throughput": 125,
                "volume_id": "vol-03f8055402b1415b7",
                "volume_size": 8,
                "volume_type": "gp3"
              }
            ],
            "secondary_private_ips": [],
            "security_groups": [
              "sg-07b24a9f49f384491",
              "sg-0c39cb4b586e53574"
            ],
            "source_dest_check": true,
            "spot_instance_request_id": "",
            "subnet_id": "subnet-07991b7b6ae7ef121",
            "tags": {
              "Name": "Worker-02"
            },
            "tags_all": {
              "Name": "Worker-02"
            },
            "tenancy": "default",
            "timeouts": null,
            "user_data": null,
            "user_data_base64": null,
            "user_data_replace_on_change": false,
            "volume_tags": null,
            "vpc_security_group_ids": [
              "sg-07b24a9f49f384491",
              "sg-0c39cb4b586e53574"
            ]
          },
          "sensitive_attributes": [],
          "private": "eyJlMmJmYjczMC1lY2FhLTExZTYtOGY4OC0zNDM2M2JjN2M0YzAiOnsiY3JlYXRlIjo2MDAwMDAwMDAwMDAsImRlbGV0ZSI6MTIwMDAwMDAwMDAwMCwicmVhZCI6OTAwMDAwMDAwMDAwLCJ1cGRhdGUiOjYwMDAwMDAwMDAwMH0sInNjaGVtYV92ZXJzaW9uIjoiMSJ9",
          "dependencies": [
            "aws_key_pair.k8_ssh",
            "aws_security_group.k8_nondes",
            "aws_security_group.k8_workers",
            "module.vpc.aws_subnet.private",
            "module.vpc.aws_vpc.this",
            "module.vpc.aws_vpc_ipv4_cidr_block_association.this",
            "tls_private_key.ssh"
          ]
        },
        {
          "index_key": 2,
          "schema_version": 1,
          "attributes": {
            "ami": "ami-062cf18d655c0b1e8",
            "arn": "arn:aws:ec2:ap-northeast-2:339713119714:instance/i-0330f3605833ba541",
            "associate_public_ip_address": false,
            "availability_zone": "ap-northeast-2a",
            "capacity_reservation_specification": [
              {
                "capacity_reservation_preference": "open",
                "capacity_reservation_target": []
              }
            ],
            "cpu_core_count": 2,
            "cpu_options": [
              {
                "amd_sev_snp": "",
                "core_count": 2,
                "threads_per_core": 1
              }
            ],
            "cpu_threads_per_core": 1,
            "credit_specification": [
              {
                "cpu_credits": "standard"
              }
            ],
            "disable_api_stop": false,
            "disable_api_termination": false,
            "ebs_block_device": [],
            "ebs_optimized": false,
            "enclave_options": [
              {
                "enabled": false
              }
            ],
            "ephemeral_block_device": [],
            "get_password_data": false,
            "hibernation": false,
            "host_id": "",
            "host_resource_group_arn": null,
            "iam_instance_profile": "",
            "id": "i-0330f3605833ba541",
            "instance_initiated_shutdown_behavior": "stop",
            "instance_lifecycle": "",
            "instance_market_options": [],
            "instance_state": "running",
            "instance_type": "t2.medium",
            "ipv6_address_count": 0,
            "ipv6_addresses": [],
            "key_name": "foryou_ssh",
            "launch_template": [],
            "maintenance_options": [
              {
                "auto_recovery": "default"
              }
            ],
            "metadata_options": [
              {
                "http_endpoint": "enabled",
                "http_protocol_ipv6": "disabled",
                "http_put_response_hop_limit": 2,
                "http_tokens": "required",
                "instance_metadata_tags": "disabled"
              }
            ],
            "monitoring": false,
            "network_interface": [],
            "outpost_arn": "",
            "password_data": "",
            "placement_group": "",
            "placement_partition_number": 0,
            "primary_network_interface_id": "eni-0865aee1de7088c79",
            "private_dns": "ip-10-0-2-198.ap-northeast-2.compute.internal",
            "private_dns_name_options": [
              {
                "enable_resource_name_dns_a_record": false,
                "enable_resource_name_dns_aaaa_record": false,
                "hostname_type": "ip-name"
              }
            ],
            "private_ip": "10.0.2.198",
            "public_dns": "",
            "public_ip": "",
            "root_block_device": [
              {
                "delete_on_termination": true,
                "device_name": "/dev/sda1",
                "encrypted": false,
                "iops": 3000,
                "kms_key_id": "",
                "tags": {},
                "tags_all": {},
                "throughput": 125,
                "volume_id": "vol-0d46b9fc7c84926d6",
                "volume_size": 8,
                "volume_type": "gp3"
              }
            ],
            "secondary_private_ips": [],
            "security_groups": [
              "sg-07b24a9f49f384491",
              "sg-0c39cb4b586e53574"
            ],
            "source_dest_check": true,
            "spot_instance_request_id": "",
            "subnet_id": "subnet-00cdfb805bb51391d",
            "tags": {
              "Name": "Worker-03"
            },
            "tags_all": {
              "Name": "Worker-03"
            },
            "tenancy": "default",
            "timeouts": null,
            "user_data": null,
            "user_data_base64": null,
            "user_data_replace_on_change": false,
            "volume_tags": null,
            "vpc_security_group_ids": [
              "sg-07b24a9f49f384491",
              "sg-0c39cb4b586e53574"
            ]
          },
          "sensitive_attributes": [],
          "private": "eyJlMmJmYjczMC1lY2FhLTExZTYtOGY4OC0zNDM2M2JjN2M0YzAiOnsiY3JlYXRlIjo2MDAwMDAwMDAwMDAsImRlbGV0ZSI6MTIwMDAwMDAwMDAwMCwicmVhZCI6OTAwMDAwMDAwMDAwLCJ1cGRhdGUiOjYwMDAwMDAwMDAwMH0sInNjaGVtYV92ZXJzaW9uIjoiMSJ9",
          "dependencies": [
            "aws_key_pair.k8_ssh",
            "aws_security_group.k8_nondes",
            "aws_security_group.k8_workers",
            "module.vpc.aws_subnet.private",
            "module.vpc.aws_vpc.this",
            "module.vpc.aws_vpc_ipv4_cidr_block_association.this",
            "tls_private_key.ssh"
          ]
        },
        {
          "index_key": 3,
          "schema_version": 1,
          "attributes": {
            "ami": "ami-062cf18d655c0b1e8",
            "arn": "arn:aws:ec2:ap-northeast-2:339713119714:instance/i-0fdb8d0be3acc4fd6",
            "associate_public_ip_address": false,
            "availability_zone": "ap-northeast-2c",
            "capacity_reservation_specification": [
              {
                "capacity_reservation_preference": "open",
                "capacity_reservation_target": []
              }
            ],
            "cpu_core_count": 2,
            "cpu_options": [
              {
                "amd_sev_snp": "",
                "core_count": 2,
                "threads_per_core": 1
              }
            ],
            "cpu_threads_per_core": 1,
            "credit_specification": [
              {
                "cpu_credits": "standard"
              }
            ],
            "disable_api_stop": false,
            "disable_api_termination": false,
            "ebs_block_device": [],
            "ebs_optimized": false,
            "enclave_options": [
              {
                "enabled": false
              }
            ],
            "ephemeral_block_device": [],
            "get_password_data": false,
            "hibernation": false,
            "host_id": "",
            "host_resource_group_arn": null,
            "iam_instance_profile": "",
            "id": "i-0fdb8d0be3acc4fd6",
            "instance_initiated_shutdown_behavior": "stop",
            "instance_lifecycle": "",
            "instance_market_options": [],
            "instance_state": "running",
            "instance_type": "t2.medium",
            "ipv6_address_count": 0,
            "ipv6_addresses": [],
            "key_name": "foryou_ssh",
            "launch_template": [],
            "maintenance_options": [
              {
                "auto_recovery": "default"
              }
            ],
            "metadata_options": [
              {
                "http_endpoint": "enabled",
                "http_protocol_ipv6": "disabled",
                "http_put_response_hop_limit": 2,
                "http_tokens": "required",
                "instance_metadata_tags": "disabled"
              }
            ],
            "monitoring": false,
            "network_interface": [],
            "outpost_arn": "",
            "password_data": "",
            "placement_group": "",
            "placement_partition_number": 0,
            "primary_network_interface_id": "eni-0dc7a0723f49869f2",
            "private_dns": "ip-10-0-3-181.ap-northeast-2.compute.internal",
            "private_dns_name_options": [
              {
                "enable_resource_name_dns_a_record": false,
                "enable_resource_name_dns_aaaa_record": false,
                "hostname_type": "ip-name"
              }
            ],
            "private_ip": "10.0.3.181",
            "public_dns": "",
            "public_ip": "",
            "root_block_device": [
              {
                "delete_on_termination": true,
                "device_name": "/dev/sda1",
                "encrypted": false,
                "iops": 3000,
                "kms_key_id": "",
                "tags": {},
                "tags_all": {},
                "throughput": 125,
                "volume_id": "vol-0d32f031ddd2eb958",
                "volume_size": 8,
                "volume_type": "gp3"
              }
            ],
            "secondary_private_ips": [],
            "security_groups": [
              "sg-07b24a9f49f384491",
              "sg-0c39cb4b586e53574"
            ],
            "source_dest_check": true,
            "spot_instance_request_id": "",
            "subnet_id": "subnet-07991b7b6ae7ef121",
            "tags": {
              "Name": "Worker-04"
            },
            "tags_all": {
              "Name": "Worker-04"
            },
            "tenancy": "default",
            "timeouts": null,
            "user_data": null,
            "user_data_base64": null,
            "user_data_replace_on_change": false,
            "volume_tags": null,
            "vpc_security_group_ids": [
              "sg-07b24a9f49f384491",
              "sg-0c39cb4b586e53574"
            ]
          },
          "sensitive_attributes": [],
          "private": "eyJlMmJmYjczMC1lY2FhLTExZTYtOGY4OC0zNDM2M2JjN2M0YzAiOnsiY3JlYXRlIjo2MDAwMDAwMDAwMDAsImRlbGV0ZSI6MTIwMDAwMDAwMDAwMCwicmVhZCI6OTAwMDAwMDAwMDAwLCJ1cGRhdGUiOjYwMDAwMDAwMDAwMH0sInNjaGVtYV92ZXJzaW9uIjoiMSJ9",
          "dependencies": [
            "aws_key_pair.k8_ssh",
            "aws_security_group.k8_nondes",
            "aws_security_group.k8_workers",
            "module.vpc.aws_subnet.private",
            "module.vpc.aws_vpc.this",
            "module.vpc.aws_vpc_ipv4_cidr_block_association.this",
            "tls_private_key.ssh"
          ]
        }
      ]
    },
    {
      "mode": "managed",
      "type": "aws_key_pair",
      "name": "k8_ssh",
      "provider": "provider[\"registry.terraform.io/hashicorp/aws\"]",
      "instances": [
        {
          "schema_version": 1,
          "attributes": {
            "arn": "arn:aws:ec2:ap-northeast-2:339713119714:key-pair/foryou_ssh",
            "fingerprint": "b5:75:4f:b6:b9:31:fc:33:81:29:3c:69:8b:b5:cf:2c",
            "id": "foryou_ssh",
            "key_name": "foryou_ssh",
            "key_name_prefix": "",
            "key_pair_id": "key-0c5773b4929472a5a",
            "key_type": "rsa",
            "public_key": "ssh-rsa AAAAB3NzaC1yc2EAAAADAQABAAACAQDEiv2+/CXAaVdvpqUF+/Z0DHCQCwNcxF5des0v+omsxYeo+KhcLxsYQPaeRcYQRV4udUdijvf1Ao0kvtPoGrywB3L4qLavxzJC+qrq/r3rpuHQphWz9t8jEbp6JcnX1AKBi3qE1ei9ynEcAmwIfkSJDINkCbQs7npmt0e7N78VLfkm1VAbzp5Ai+4xBGfDXQbY/2sqia1s+DwTECDoUkaA0WXkicOIK1dQPDByEJEILwtRRbP+Wq4nq7RquHJBRgEwjPdRgO7HNOKyC70sXP/pi6ocz0grRhAik5m4xEC9So4XmIz5aXCd7HtOQ0knwv+MYNz/Lu3aynmF9cS1vvOzDQ81BeZI5MgwSXUUW8B0/tmxCHv9E5WE2x3INk0t+OFoPtpiVIjzgekG8s2+ptObiWWhpvmxLbRYS7VREo1b2D9MwVanHc3ZssnSWQ1Dmq+8h0AQLHN/LI1Df1gRO7DM9tUXlLDC1BjwkwPAYSOjJfZ7kcOtRFpx4DL4ICv3nQyY3C8wm+npkA1fcnu5n+WRDq8S0G3RixWJsNDjHTGQUxLiCE04XXyhv6VZQroPMvMEcXx1+pvK0gBkmCvxXrbITDnqyia4GgkDE8kV2Pzzwtah44G4aIDEMIRb0G6p+eV68D7qzVOh2B0QjpwWwAsLkEWNJX1Vq2gWxfgZNmFV8w==",
            "tags": {},
            "tags_all": {}
          },
          "sensitive_attributes": [],
          "private": "eyJzY2hlbWFfdmVyc2lvbiI6IjEifQ==",
          "dependencies": [
            "tls_private_key.ssh"
          ]
        }
      ]
    },
    {
      "mode": "managed",
      "type": "aws_lb",
      "name": "k8_masters_lb",
      "provider": "provider[\"registry.terraform.io/hashicorp/aws\"]",
      "instances": [
        {
          "schema_version": 0,
          "attributes": {
            "access_logs": [
              {
                "bucket": "",
                "enabled": false,
                "prefix": ""
              }
            ],
            "arn": "arn:aws:elasticloadbalancing:ap-northeast-2:339713119714:loadbalancer/net/k8-masters-lb/df0bc49a116a2903",
            "arn_suffix": "net/k8-masters-lb/df0bc49a116a2903",
            "client_keep_alive": null,
            "connection_logs": [],
            "customer_owned_ipv4_pool": "",
            "desync_mitigation_mode": null,
            "dns_name": "k8-masters-lb-df0bc49a116a2903.elb.ap-northeast-2.amazonaws.com",
            "dns_record_client_routing_policy": "any_availability_zone",
            "drop_invalid_header_fields": null,
            "enable_cross_zone_load_balancing": false,
            "enable_deletion_protection": false,
            "enable_http2": null,
            "enable_tls_version_and_cipher_suite_headers": null,
            "enable_waf_fail_open": null,
            "enable_xff_client_port": null,
            "enforce_security_group_inbound_rules_on_private_link_traffic": "",
            "id": "arn:aws:elasticloadbalancing:ap-northeast-2:339713119714:loadbalancer/net/k8-masters-lb/df0bc49a116a2903",
            "idle_timeout": null,
            "internal": true,
            "ip_address_type": "ipv4",
            "load_balancer_type": "network",
            "name": "k8-masters-lb",
            "name_prefix": "",
            "preserve_host_header": null,
            "security_groups": [],
            "subnet_mapping": [
              {
                "allocation_id": "",
                "ipv6_address": "",
                "outpost_id": "",
                "private_ipv4_address": "",
                "subnet_id": "subnet-00cdfb805bb51391d"
              },
              {
                "allocation_id": "",
                "ipv6_address": "",
                "outpost_id": "",
                "private_ipv4_address": "",
                "subnet_id": "subnet-07991b7b6ae7ef121"
              }
            ],
            "subnets": [
              "subnet-00cdfb805bb51391d",
              "subnet-07991b7b6ae7ef121"
            ],
            "tags": {
              "Name": "nlb",
              "Terraform": "true"
            },
            "tags_all": {
              "Name": "nlb",
              "Terraform": "true"
            },
            "timeouts": null,
            "vpc_id": "vpc-03ab34a214336c552",
            "xff_header_processing_mode": null,
            "zone_id": "ZIBE1TIR4HY56"
          },
          "sensitive_attributes": [],
          "private": "eyJlMmJmYjczMC1lY2FhLTExZTYtOGY4OC0zNDM2M2JjN2M0YzAiOnsiY3JlYXRlIjo2MDAwMDAwMDAwMDAsImRlbGV0ZSI6NjAwMDAwMDAwMDAwLCJ1cGRhdGUiOjYwMDAwMDAwMDAwMH19",
          "dependencies": [
            "module.vpc.aws_subnet.private",
            "module.vpc.aws_vpc.this",
            "module.vpc.aws_vpc_ipv4_cidr_block_association.this"
          ]
        }
      ]
    },
    {
      "mode": "managed",
      "type": "aws_lb_listener",
      "name": "k8_masters_lb_listener",
      "provider": "provider[\"registry.terraform.io/hashicorp/aws\"]",
      "instances": [
        {
          "schema_version": 0,
          "attributes": {
            "alpn_policy": null,
            "arn": "arn:aws:elasticloadbalancing:ap-northeast-2:339713119714:listener/net/k8-masters-lb/df0bc49a116a2903/22ac54ef0e2155c0",
            "certificate_arn": null,
            "default_action": [
              {
                "authenticate_cognito": [],
                "authenticate_oidc": [],
                "fixed_response": [],
                "forward": [],
                "order": 1,
                "redirect": [],
                "target_group_arn": "arn:aws:elasticloadbalancing:ap-northeast-2:339713119714:targetgroup/k8-masters-api/3bb01513e21c8ed9",
                "type": "forward"
              }
            ],
            "id": "arn:aws:elasticloadbalancing:ap-northeast-2:339713119714:listener/net/k8-masters-lb/df0bc49a116a2903/22ac54ef0e2155c0",
            "load_balancer_arn": "arn:aws:elasticloadbalancing:ap-northeast-2:339713119714:loadbalancer/net/k8-masters-lb/df0bc49a116a2903",
            "mutual_authentication": [],
            "port": 6443,
            "protocol": "TCP",
            "ssl_policy": "",
            "tags": {},
            "tags_all": {},
            "timeouts": null
          },
          "sensitive_attributes": [],
          "private": "eyJlMmJmYjczMC1lY2FhLTExZTYtOGY4OC0zNDM2M2JjN2M0YzAiOnsiY3JlYXRlIjozMDAwMDAwMDAwMDAsInVwZGF0ZSI6MzAwMDAwMDAwMDAwfX0=",
          "dependencies": [
            "aws_lb.k8_masters_lb",
            "aws_lb_target_group.k8_masters_api",
            "module.vpc.aws_subnet.private",
            "module.vpc.aws_vpc.this",
            "module.vpc.aws_vpc_ipv4_cidr_block_association.this"
          ]
        }
      ]
    },
    {
      "mode": "managed",
      "type": "aws_lb_target_group",
      "name": "k8_masters_api",
      "provider": "provider[\"registry.terraform.io/hashicorp/aws\"]",
      "instances": [
        {
          "schema_version": 0,
          "attributes": {
            "arn": "arn:aws:elasticloadbalancing:ap-northeast-2:339713119714:targetgroup/k8-masters-api/3bb01513e21c8ed9",
            "arn_suffix": "targetgroup/k8-masters-api/3bb01513e21c8ed9",
            "connection_termination": false,
            "deregistration_delay": "300",
            "health_check": [
              {
                "enabled": true,
                "healthy_threshold": 2,
                "interval": 30,
                "matcher": "",
                "path": "",
                "port": "6443",
                "protocol": "TCP",
                "timeout": 10,
                "unhealthy_threshold": 2
              }
            ],
            "id": "arn:aws:elasticloadbalancing:ap-northeast-2:339713119714:targetgroup/k8-masters-api/3bb01513e21c8ed9",
            "ip_address_type": "ipv4",
            "lambda_multi_value_headers_enabled": false,
            "load_balancer_arns": [
              "arn:aws:elasticloadbalancing:ap-northeast-2:339713119714:loadbalancer/net/k8-masters-lb/df0bc49a116a2903"
            ],
            "load_balancing_algorithm_type": null,
            "load_balancing_anomaly_mitigation": null,
            "load_balancing_cross_zone_enabled": "use_load_balancer_configuration",
            "name": "k8-masters-api",
            "name_prefix": "",
            "port": 6443,
            "preserve_client_ip": "false",
            "protocol": "TCP",
            "protocol_version": null,
            "proxy_protocol_v2": false,
            "slow_start": 0,
            "stickiness": [
              {
                "cookie_duration": 0,
                "cookie_name": "",
                "enabled": false,
                "type": "source_ip"
              }
            ],
            "tags": {},
            "tags_all": {},
            "target_failover": [
              {
                "on_deregistration": null,
                "on_unhealthy": null
              }
            ],
            "target_health_state": [
              {
                "enable_unhealthy_connection_termination": true
              }
            ],
            "target_type": "ip",
            "vpc_id": "vpc-03ab34a214336c552"
          },
          "sensitive_attributes": [],
          "private": "bnVsbA==",
          "dependencies": [
            "module.vpc.aws_vpc.this"
          ]
        }
      ]
    },
    {
      "mode": "managed",
      "type": "aws_lb_target_group_attachment",
      "name": "k8_masters_attachment",
      "provider": "provider[\"registry.terraform.io/hashicorp/aws\"]",
      "instances": [
        {
          "index_key": 0,
          "schema_version": 0,
          "attributes": {
            "availability_zone": null,
            "id": "arn:aws:elasticloadbalancing:ap-northeast-2:339713119714:targetgroup/k8-masters-api/3bb01513e21c8ed9-20240719051217070500000009",
            "port": null,
            "target_group_arn": "arn:aws:elasticloadbalancing:ap-northeast-2:339713119714:targetgroup/k8-masters-api/3bb01513e21c8ed9",
            "target_id": "10.0.2.79"
          },
          "sensitive_attributes": [],
          "private": "bnVsbA==",
          "dependencies": [
            "aws_instance.masters",
            "aws_key_pair.k8_ssh",
            "aws_lb_target_group.k8_masters_api",
            "aws_security_group.k8_masters",
            "aws_security_group.k8_nondes",
            "module.vpc.aws_subnet.private",
            "module.vpc.aws_vpc.this",
            "module.vpc.aws_vpc_ipv4_cidr_block_association.this",
            "tls_private_key.ssh"
          ]
        },
        {
          "index_key": 1,
          "schema_version": 0,
          "attributes": {
            "availability_zone": null,
            "id": "arn:aws:elasticloadbalancing:ap-northeast-2:339713119714:targetgroup/k8-masters-api/3bb01513e21c8ed9-20240719051216981000000008",
            "port": null,
            "target_group_arn": "arn:aws:elasticloadbalancing:ap-northeast-2:339713119714:targetgroup/k8-masters-api/3bb01513e21c8ed9",
            "target_id": "10.0.3.78"
          },
          "sensitive_attributes": [],
          "private": "bnVsbA==",
          "dependencies": [
            "aws_instance.masters",
            "aws_key_pair.k8_ssh",
            "aws_lb_target_group.k8_masters_api",
            "aws_security_group.k8_masters",
            "aws_security_group.k8_nondes",
            "module.vpc.aws_subnet.private",
            "module.vpc.aws_vpc.this",
            "module.vpc.aws_vpc_ipv4_cidr_block_association.this",
            "tls_private_key.ssh"
          ]
        }
      ]
    },
    {
      "mode": "managed",
      "type": "aws_security_group",
      "name": "database",
      "provider": "provider[\"registry.terraform.io/hashicorp/aws\"]",
      "instances": [
        {
          "schema_version": 1,
          "attributes": {
            "arn": "arn:aws:ec2:ap-northeast-2:339713119714:security-group/sg-0cbeac8b7f22d05a7",
            "description": "sec group for databases",
            "egress": [
              {
                "cidr_blocks": [
                  "0.0.0.0/0"
                ],
                "description": "",
                "from_port": 0,
                "ipv6_cidr_blocks": [],
                "prefix_list_ids": [],
                "protocol": "-1",
                "security_groups": [],
                "self": false,
                "to_port": 0
              }
            ],
            "id": "sg-0cbeac8b7f22d05a7",
            "ingress": [
              {
                "cidr_blocks": [
                  "10.0.0.0/16"
                ],
                "description": "",
                "from_port": 3306,
                "ipv6_cidr_blocks": [],
                "prefix_list_ids": [],
                "protocol": "tcp",
                "security_groups": [],
                "self": false,
                "to_port": 3306
              }
            ],
            "name": "databases",
            "name_prefix": "",
            "owner_id": "339713119714",
            "revoke_rules_on_delete": false,
            "tags": {
              "Name": "db-sg"
            },
            "tags_all": {
              "Name": "db-sg"
            },
            "timeouts": null,
            "vpc_id": "vpc-03ab34a214336c552"
          },
          "sensitive_attributes": [],
          "private": "eyJlMmJmYjczMC1lY2FhLTExZTYtOGY4OC0zNDM2M2JjN2M0YzAiOnsiY3JlYXRlIjo2MDAwMDAwMDAwMDAsImRlbGV0ZSI6OTAwMDAwMDAwMDAwfSwic2NoZW1hX3ZlcnNpb24iOiIxIn0=",
          "dependencies": [
            "module.vpc.aws_vpc.this"
          ]
        }
      ]
    },
    {
      "mode": "managed",
      "type": "aws_security_group",
      "name": "k8_masters",
      "provider": "provider[\"registry.terraform.io/hashicorp/aws\"]",
      "instances": [
        {
          "schema_version": 1,
          "attributes": {
            "arn": "arn:aws:ec2:ap-northeast-2:339713119714:security-group/sg-09a7c376b1ca288d5",
            "description": "sec group for k8 master nodes",
            "egress": [],
            "id": "sg-09a7c376b1ca288d5",
            "ingress": [
              {
                "cidr_blocks": [
                  "10.0.0.0/16"
                ],
                "description": "",
                "from_port": 10250,
                "ipv6_cidr_blocks": [],
                "prefix_list_ids": [],
                "protocol": "tcp",
                "security_groups": [],
                "self": false,
                "to_port": 10250
              },
              {
                "cidr_blocks": [
                  "10.0.0.0/16"
                ],
                "description": "",
                "from_port": 10257,
                "ipv6_cidr_blocks": [],
                "prefix_list_ids": [],
                "protocol": "tcp",
                "security_groups": [],
                "self": false,
                "to_port": 10257
              },
              {
                "cidr_blocks": [
                  "10.0.0.0/16"
                ],
                "description": "",
                "from_port": 10259,
                "ipv6_cidr_blocks": [],
                "prefix_list_ids": [],
                "protocol": "tcp",
                "security_groups": [],
                "self": false,
                "to_port": 10259
              },
              {
                "cidr_blocks": [
                  "10.0.0.0/16"
                ],
                "description": "",
                "from_port": 2379,
                "ipv6_cidr_blocks": [],
                "prefix_list_ids": [],
                "protocol": "tcp",
                "security_groups": [],
                "self": false,
                "to_port": 2380
              },
              {
                "cidr_blocks": [
                  "10.0.0.0/16"
                ],
                "description": "",
                "from_port": 6443,
                "ipv6_cidr_blocks": [],
                "prefix_list_ids": [],
                "protocol": "tcp",
                "security_groups": [],
                "self": false,
                "to_port": 6443
              }
            ],
            "name": "k8_masters",
            "name_prefix": "",
            "owner_id": "339713119714",
            "revoke_rules_on_delete": false,
            "tags": {
              "Name": "masters-sg"
            },
            "tags_all": {
              "Name": "masters-sg"
            },
            "timeouts": null,
            "vpc_id": "vpc-03ab34a214336c552"
          },
          "sensitive_attributes": [],
          "private": "eyJlMmJmYjczMC1lY2FhLTExZTYtOGY4OC0zNDM2M2JjN2M0YzAiOnsiY3JlYXRlIjo2MDAwMDAwMDAwMDAsImRlbGV0ZSI6OTAwMDAwMDAwMDAwfSwic2NoZW1hX3ZlcnNpb24iOiIxIn0=",
          "dependencies": [
            "module.vpc.aws_vpc.this"
          ]
        }
      ]
    },
    {
      "mode": "managed",
      "type": "aws_security_group",
      "name": "k8_nondes",
      "provider": "provider[\"registry.terraform.io/hashicorp/aws\"]",
      "instances": [
        {
          "schema_version": 1,
          "attributes": {
            "arn": "arn:aws:ec2:ap-northeast-2:339713119714:security-group/sg-0c39cb4b586e53574",
            "description": "sec group for k8 nodes",
            "egress": [
              {
                "cidr_blocks": [
                  "0.0.0.0/0"
                ],
                "description": "",
                "from_port": 0,
                "ipv6_cidr_blocks": [],
                "prefix_list_ids": [],
                "protocol": "-1",
                "security_groups": [],
                "self": false,
                "to_port": 0
              }
            ],
            "id": "sg-0c39cb4b586e53574",
            "ingress": [
              {
                "cidr_blocks": [
                  "10.0.0.0/16"
                ],
                "description": "",
                "from_port": -1,
                "ipv6_cidr_blocks": [],
                "prefix_list_ids": [],
                "protocol": "icmp",
                "security_groups": [],
                "self": false,
                "to_port": -1
              },
              {
                "cidr_blocks": [
                  "10.0.0.0/16"
                ],
                "description": "",
                "from_port": 22,
                "ipv6_cidr_blocks": [],
                "prefix_list_ids": [],
                "protocol": "tcp",
                "security_groups": [],
                "self": false,
                "to_port": 22
              }
            ],
            "name": "k8_nodes",
            "name_prefix": "",
            "owner_id": "339713119714",
            "revoke_rules_on_delete": false,
            "tags": {
              "Name": "nodes-sg"
            },
            "tags_all": {
              "Name": "nodes-sg"
            },
            "timeouts": null,
            "vpc_id": "vpc-03ab34a214336c552"
          },
          "sensitive_attributes": [],
          "private": "eyJlMmJmYjczMC1lY2FhLTExZTYtOGY4OC0zNDM2M2JjN2M0YzAiOnsiY3JlYXRlIjo2MDAwMDAwMDAwMDAsImRlbGV0ZSI6OTAwMDAwMDAwMDAwfSwic2NoZW1hX3ZlcnNpb24iOiIxIn0=",
          "dependencies": [
            "module.vpc.aws_vpc.this"
          ]
        }
      ]
    },
    {
      "mode": "managed",
      "type": "aws_security_group",
      "name": "k8_workers",
      "provider": "provider[\"registry.terraform.io/hashicorp/aws\"]",
      "instances": [
        {
          "schema_version": 1,
          "attributes": {
            "arn": "arn:aws:ec2:ap-northeast-2:339713119714:security-group/sg-07b24a9f49f384491",
            "description": "sec group for k8 worker nodes",
            "egress": [],
            "id": "sg-07b24a9f49f384491",
            "ingress": [
              {
                "cidr_blocks": [
                  "10.0.0.0/16"
                ],
                "description": "",
                "from_port": 10250,
                "ipv6_cidr_blocks": [],
                "prefix_list_ids": [],
                "protocol": "tcp",
                "security_groups": [],
                "self": false,
                "to_port": 10250
              },
              {
                "cidr_blocks": [
                  "10.0.0.0/16"
                ],
                "description": "",
                "from_port": 30000,
                "ipv6_cidr_blocks": [],
                "prefix_list_ids": [],
                "protocol": "tcp",
                "security_groups": [],
                "self": false,
                "to_port": 32767
              }
            ],
            "name": "k8_workers",
            "name_prefix": "",
            "owner_id": "339713119714",
            "revoke_rules_on_delete": false,
            "tags": {
              "Name": "worker-sg"
            },
            "tags_all": {
              "Name": "worker-sg"
            },
            "timeouts": null,
            "vpc_id": "vpc-03ab34a214336c552"
          },
          "sensitive_attributes": [],
          "private": "eyJlMmJmYjczMC1lY2FhLTExZTYtOGY4OC0zNDM2M2JjN2M0YzAiOnsiY3JlYXRlIjo2MDAwMDAwMDAwMDAsImRlbGV0ZSI6OTAwMDAwMDAwMDAwfSwic2NoZW1hX3ZlcnNpb24iOiIxIn0=",
          "dependencies": [
            "module.vpc.aws_vpc.this"
          ]
        }
      ]
    },
    {
      "mode": "managed",
      "type": "aws_security_group",
      "name": "ssh",
      "provider": "provider[\"registry.terraform.io/hashicorp/aws\"]",
      "instances": [
        {
          "schema_version": 1,
          "attributes": {
            "arn": "arn:aws:ec2:ap-northeast-2:339713119714:security-group/sg-0155d3460b61e2711",
            "description": "Allow ssh inbound traffic",
            "egress": [
              {
                "cidr_blocks": [
                  "0.0.0.0/0"
                ],
                "description": "",
                "from_port": 0,
                "ipv6_cidr_blocks": [],
                "prefix_list_ids": [],
                "protocol": "-1",
                "security_groups": [],
                "self": false,
                "to_port": 0
              }
            ],
            "id": "sg-0155d3460b61e2711",
            "ingress": [
              {
                "cidr_blocks": [
                  "0.0.0.0/0"
                ],
                "description": "",
                "from_port": -1,
                "ipv6_cidr_blocks": [],
                "prefix_list_ids": [],
                "protocol": "icmp",
                "security_groups": [],
                "self": false,
                "to_port": -1
              },
              {
                "cidr_blocks": [
                  "0.0.0.0/0"
                ],
                "description": "",
                "from_port": 22,
                "ipv6_cidr_blocks": [],
                "prefix_list_ids": [],
                "protocol": "tcp",
                "security_groups": [],
                "self": false,
                "to_port": 22
              }
            ],
            "name": "ssh",
            "name_prefix": "",
            "owner_id": "339713119714",
            "revoke_rules_on_delete": false,
            "tags": {
              "Name": "ssh-sg"
            },
            "tags_all": {
              "Name": "ssh-sg"
            },
            "timeouts": null,
            "vpc_id": "vpc-03ab34a214336c552"
          },
          "sensitive_attributes": [],
          "private": "eyJlMmJmYjczMC1lY2FhLTExZTYtOGY4OC0zNDM2M2JjN2M0YzAiOnsiY3JlYXRlIjo2MDAwMDAwMDAwMDAsImRlbGV0ZSI6OTAwMDAwMDAwMDAwfSwic2NoZW1hX3ZlcnNpb24iOiIxIn0=",
          "dependencies": [
            "module.vpc.aws_vpc.this"
          ]
        }
      ]
    },
    {
      "mode": "managed",
      "type": "local_file",
      "name": "ansible_inventory",
      "provider": "provider[\"registry.terraform.io/hashicorp/local\"]",
      "instances": [
        {
          "schema_version": 0,
          "attributes": {
            "content": "[all:vars]\nansible_ssh_common_args='-o UserKnownHostsFile=/dev/null -o StrictHostKeyChecking=no'\n\n[masters_first]\n            ip-10-0-2-79.ap-northeast-2.compute.internal ansible_host=10.0.2.79 # i-0cb70bad1ecc848b9\n        \n[masters_others]\n                ip-10-0-3-78.ap-northeast-2.compute.internal ansible_host=10.0.3.78 # i-0a24688c226d257d1\n    \n[masters:children]\nmasters_first\nmasters_others\n\n[workers]\nip-10-0-2-55.ap-northeast-2.compute.internal ansible_host=10.0.2.55 # i-0daef61002458aa8a\nip-10-0-3-19.ap-northeast-2.compute.internal ansible_host=10.0.3.19 # i-0b87ca7752ed2e2e9\nip-10-0-2-198.ap-northeast-2.compute.internal ansible_host=10.0.2.198 # i-0330f3605833ba541\nip-10-0-3-181.ap-northeast-2.compute.internal ansible_host=10.0.3.181 # i-0fdb8d0be3acc4fd6\n\n[web]\n# 첫 두 worker 노드를 web으로 할당\nip-10-0-2-55.ap-northeast-2.compute.internal ansible_host=10.0.2.55 # i-0daef61002458aa8a\n# 첫 두 worker 노드를 web으로 할당\nip-10-0-3-19.ap-northeast-2.compute.internal ansible_host=10.0.3.19 # i-0b87ca7752ed2e2e9\n\n[was]\n# 나머지 두 worker 노드를 was로 할당\nip-10-0-2-198.ap-northeast-2.compute.internal ansible_host=10.0.2.198 # i-0330f3605833ba541\n# 나머지 두 worker 노드를 was로 할당\nip-10-0-3-181.ap-northeast-2.compute.internal ansible_host=10.0.3.181 # i-0fdb8d0be3acc4fd6\n",
            "content_base64": null,
            "content_base64sha256": "D7qjLMNxxhnTcqsB2OuAmTsQs642Ssj9LY8fKBhqOr0=",
            "content_base64sha512": "2iX9K2zQzf72Kl7rVddJX6oJkhv/raSvLmWyEbYjTBJLbqYfUIg8OnGWCK/1fQGr4W06cph4C2V4dTvpJzBb6A==",
            "content_md5": "43235aa0627f829e10dbe7be4ed6de6f",
            "content_sha1": "5d8eb92afe1713a2568ae0bdad69e2c99b1fa2e9",
            "content_sha256": "0fbaa32cc371c619d372ab01d8eb80993b10b3ae364ac8fd2d8f1f28186a3abd",
            "content_sha512": "da25fd2b6cd0cdfef62a5eeb55d7495faa09921bffada4af2e65b211b6234c124b6ea61f50883c3a719608aff57d01abe16d3a7298780b6578753be927305be8",
            "directory_permission": "0777",
            "file_permission": "0777",
            "filename": "./../03_ansible/ansible/inventory",
            "id": "5d8eb92afe1713a2568ae0bdad69e2c99b1fa2e9",
            "sensitive_content": null,
            "source": null
          },
          "sensitive_attributes": [
            [
              {
                "type": "get_attr",
                "value": "sensitive_content"
              }
            ]
          ],
          "dependencies": [
            "aws_instance.masters",
            "aws_instance.workers",
            "aws_key_pair.k8_ssh",
            "aws_security_group.k8_masters",
            "aws_security_group.k8_nondes",
            "aws_security_group.k8_workers",
            "module.vpc.aws_subnet.private",
            "module.vpc.aws_vpc.this",
            "module.vpc.aws_vpc_ipv4_cidr_block_association.this",
            "tls_private_key.ssh"
          ]
        }
      ]
    },
    {
      "mode": "managed",
      "type": "local_file",
      "name": "ansible_vars_file",
      "provider": "provider[\"registry.terraform.io/hashicorp/local\"]",
      "instances": [
        {
          "schema_version": 0,
          "attributes": {
            "content": "\nmaster_lb: k8-masters-lb-df0bc49a116a2903.elb.ap-northeast-2.amazonaws.com\n",
            "content_base64": null,
            "content_base64sha256": "9fCiRone29/6usANGh7vcuePKCyj8dGEXZzeUCq1tw8=",
            "content_base64sha512": "uHOqTFFmzwYOB1iGq8Pz6UGcyKZQx0t7TRwyPyyFEBaMCBo9OSqCPVTWlasRbC2zruK1yx4NtnEhMHQPut99+w==",
            "content_md5": "c2ca8c30a62ceb4a183909ab5746d52c",
            "content_sha1": "fbb9cdcf6f266f3ee363ec21206a58d540b36856",
            "content_sha256": "f5f0a24689dedbdffabac00d1a1eef72e78f282ca3f1d1845d9cde502ab5b70f",
            "content_sha512": "b873aa4c5166cf060e075886abc3f3e9419cc8a650c74b7b4d1c323f2c8510168c081a3d392a823d54d695ab116c2db3aee2b5cb1e0db6712130740fbadf7dfb",
            "directory_permission": "0777",
            "file_permission": "0777",
            "filename": "./../03_ansible/ansible/ansible_vars_file.yml",
            "id": "fbb9cdcf6f266f3ee363ec21206a58d540b36856",
            "sensitive_content": null,
            "source": null
          },
          "sensitive_attributes": [
            [
              {
                "type": "get_attr",
                "value": "sensitive_content"
              }
            ]
          ],
          "dependencies": [
            "aws_lb.k8_masters_lb",
            "module.vpc.aws_subnet.private",
            "module.vpc.aws_vpc.this",
            "module.vpc.aws_vpc_ipv4_cidr_block_association.this"
          ]
        }
      ]
    },
    {
      "mode": "managed",
      "type": "local_file",
      "name": "k8_ssh_key",
      "provider": "provider[\"registry.terraform.io/hashicorp/local\"]",
      "instances": [
        {
          "schema_version": 0,
          "attributes": {
            "content": "-----BEGIN RSA PRIVATE KEY-----\nMIIJKAIBAAKCAgEAxIr9vvwlwGlXb6alBfv2dAxwkAsDXMReXXrNL/qJrMWHqPio\nXC8bGED2nkXGEEVeLnVHYo739QKNJL7T6Bq8sAdy+Ki2r8cyQvqq6v6966bh0KYV\ns/bfIxG6eiXJ19QCgYt6hNXovcpxHAJsCH5EiQyDZAm0LO56ZrdHuze/FS35JtVQ\nG86eQIvuMQRnw10G2P9rKomtbPg8ExAg6FJGgNFl5InDiCtXUDwwchCRCC8LUUWz\n/lquJ6u0arhyQUYBMIz3UYDuxzTisgu9LFz/6YuqHM9IK0YQIpOZuMRAvUqOF5iM\n+Wlwnex7TkNJJ8L/jGDc/y7t2sp5hfXEtb7zsw0PNQXmSOTIMEl1FFvAdP7ZsQh7\n/ROVhNsdyDZNLfjhaD7aYlSI84HpBvLNvqbTm4lloab5sS20WEu1URKNW9g/TMFW\npx3N2bLJ0lkNQ5qvvIdAECxzfyyNQ39YETuwzPbVF5SwwtQY8JMDwGEjoyX2e5HD\nrURaceAy+CAr950MmNwvMJvp6ZANX3J7uZ/lkQ6vEtBt0YsVibDQ4x0xkFMS4ghN\nOF18ob+lWUK6DzLzBHF8dfqbytIAZJgr8V62yEw56somuBoJAxPJFdj888LWoeOB\nuGiAxDCEW9BuqfnlevA+6s1TodgdEI6cFsALC5BFjSV9VatoFsX4GTZhVfMCAwEA\nAQKCAgAbtqGLAZDtLa1nj+7rBhk9SdfBZ9wkg4fu1HcEUeaB1ySG3fEXdojyhY6A\nyMPh3XYnROA49IHgKWjvinzk2IhMpfA/QcLozES5DxF0q1DqXpCu1AxxYNkb388U\nlCl+5mUoERvIiUUVJeuHEIxdMjjFvl70hy3BvCrEOwnBS14FRYNBR4jRMvQ7k7+V\nZ9KdyItDo9hfmiQ7HlGSOo75U0ift2cPr6FDnSDlrmcCXnWk2sVUw2ha8DxoWZzK\nA5IQxCc8ylPBSVXh/wIMKv2UuNRZARmOkGfTukBiL7/YPswGJPIeP6N5M7Xufr7w\nTSqOkb9o8uuWi+58EFrMWdhP7En+cO0Nm4ceuyaL04w4zIcHLUaW+R8uNEtxhNGu\nmLFMJki4qryBdnx133X70L+yxcWR1jlhocJPxvr0V/PmGHvq1UmrF9DcENPZvlwj\nbpRO0YJcBHkStT57w+8KJCYv3s/Fwz7OTljM4m+WNGGqAKF4uKKn9AVUbDGu9ro5\nlbGLgR7TulEvyYu2X4rnwaXjG53am4Dd13eyWWYgNyN9Xeuy2VuAJAh9nc7Vi/7x\nBl6SqtFo3NYHc3MzDGfgIMBa3ZCtaaHeC0qmhwYKsFQZovp2Xi5LdxJzFgd3zPCk\nBgUwTnipfu2LvO/G5WVgzRKOlyFemQqWMUqfJkMh7TFPZi8s0QKCAQEA7/KH9fvz\nS8V0Ajdkf/auDvzHxcTcIKh+/0nQvZHeRYiv9gKb8tq6BeKoeX3z/lJ8ydCDQ5ug\nfXUBEHs1G/Ihj08Ps7YoJy9vJeloiinK4I8xdOkjaoi79ozxU3afEn4lfpMKG4M4\n7ut1kKUGHVJmfO+KxnCW0Q0QptSydRy0eS2RQsWiS3HwImug5gefBcIhIxUN7v28\nSiKFir7mc9ip+Hg1NyaQXkan2SHe9zzpExqi4ZivF2E1/XVV1XiN6t9W3Cp08m0p\nBz0m2b0ofNikcb57Y6rP19RUNhq09FjdKp2vwitHm5EI//3nfpIloAJcXLJG+CtL\nY66CrMR2ubTOWwKCAQEA0bEXiPSpB9BDDImqaHeJQzLrwweYhywid98QXatNt7MP\nOvydKQfjVNt6S3MZGVr8A9XyZHokC2WBiSzr432+SEJ6H8YCMwpinxuz5I8pVh2e\nsJMP7ljE+Owfqg6ZxpYeUERyjlb5sk11lJaQwhm5mJ3gPK0GniCp0kD7WCRdvnFU\n25+9RxdgpCSTWEyiagUf0nZUGdNRpI4F6hMUwF3IKBCeet4Vxi+0nvG0tgtYcwGj\noEPXd9z12xVHbDo6UPoEQMq9M0NGDu4No1KKyrNGBMFXFGIjMsYmcbAg2AHKKN8i\nUOzrH+7e2A8IMeGr7sCGzLXXLQxwXhnP7VeFW5vaSQKCAQAmeeCdbDpWQyJYHKPL\n9TVyB8zNBMU7o2lB7IdBbruSsNlufHqfVb2QpgjX+n9+n6GNBxeVZsY0d+ekyez5\nPzlsboQZEDOeHPgYvzXZOdxjZ/LJSX05XxWs8mrcNGBLqdi/VDrBsKgXf8BJYnz5\nhLYUgKDjMzir6wlphx/asbCq4ciySVi9+lZEXrfdSwmP9dI0evLSCPQBe0motvXj\nS7HtuvDlmBR8WZ4erlS/lo/VVWca/83L1PXAX+lUotE3AXs/MLuyCBkVJRQuxCtS\n4bZ02tOUZtaPSGf8iQnNSNamN8TwQNppsrcbvY46eJr57ob7AkdpEiAzqs8ffx1+\np+STAoIBAQC8Dy8kTQgrUcRQQkbqWgpokgqPZwiMcjCXgR6UY0XYMma+aEAqxEBF\nonETqa4g51CNwBsbsc8RyX9bH0aPR/6Xn8cXJ+ZhEDdSqu2zVhGkgfwIMFxhTouZ\nE2tygJW5XHjjU//JWIeoOX/yOvaonZmuHik1QZhlyLWFM3I3oqXQXqPUNHb0gyrR\nC1x6HICsxNu9TRIv9y2JfzYer+40d+dCx2TanMK6c55xziRb/+Dbg+TTnwRnI2v7\niCH+FlqmtROLaEg26WazjRv+FdET6aQqL5uBVGJs7vkbjPJnx3MfJL8KBPD6Oqjw\n7MpUsigYf+JlRdAtPrKoMk4gdhXMCwLBAoIBAHGG+5plWynOeDH6plhRqvdSrXbT\nPVWAzAgrM7f4ywu+J//Vv2KzMtoksmIw3nINlxGSkzlw/Fcyojd1kAFthq66ZDbJ\nwEbet/5Umc1NQPe04Nvk0xFRPWT9+szxZTTbzijpM8seZ95rUE4X/nilihIA4Obz\n8guIiIKP9vqUFYS8QrQibDmg/JEho4fBg+yRAP8bwEaZSA7IkuurCb+Mddlko67P\nQiTZwohBZCunUnwj6INFVOkbHSG2yC+xFfF6bp6vsPnkocLF2keGRVl9tpmM7QJE\nLqerb4ZwsO13YSmnSBuY2UCfyRmjYgriyjO9ECRKMiFGIq/kHwMavL6xo7U=\n-----END RSA PRIVATE KEY-----\n",
            "content_base64": null,
            "content_base64sha256": "m2ZVbOlpaIjrGpRnoSfV7isNOPpHL44KtjZ+IomB4MU=",
            "content_base64sha512": "fce8poLLsDymxriJdwWgV/0z+TuhuPvIAIDnz+DBbuZf1PXTxBQyPYNTR1ScNj8D+jd2YmDTpILnYr3jImAujQ==",
            "content_md5": "73ebb8f76ec9e58e4f103918f81e4588",
            "content_sha1": "1a469d2ed1d124599ad4b7dfa5bfddf0de13eee4",
            "content_sha256": "9b66556ce9696888eb1a9467a127d5ee2b0d38fa472f8e0ab6367e228981e0c5",
            "content_sha512": "7dc7bca682cbb03ca6c6b8897705a057fd33f93ba1b8fbc80080e7cfe0c16ee65fd4f5d3c414323d835347549c363f03fa37766260d3a482e762bde322602e8d",
            "directory_permission": "0777",
            "file_permission": "600",
            "filename": "foryou_key.pem",
            "id": "1a469d2ed1d124599ad4b7dfa5bfddf0de13eee4",
            "sensitive_content": null,
            "source": null
          },
          "sensitive_attributes": [
            [
              {
                "type": "get_attr",
                "value": "content"
              }
            ],
            [
              {
                "type": "get_attr",
                "value": "sensitive_content"
              }
            ]
          ],
          "dependencies": [
            "tls_private_key.ssh"
          ]
        }
      ]
    },
    {
      "mode": "managed",
      "type": "null_resource",
      "name": "copy_ansible_playbooks",
      "provider": "provider[\"registry.terraform.io/hashicorp/null\"]",
      "instances": [
        {
          "schema_version": 0,
          "attributes": {
            "id": "4425964791229729493",
            "triggers": {
              "always_run": "2024-07-19T05:14:36Z"
            }
          },
          "sensitive_attributes": [],
          "dependencies": [
            "aws_instance.bastion",
            "aws_instance.masters",
            "aws_instance.workers",
            "aws_key_pair.k8_ssh",
            "aws_lb.k8_masters_lb",
            "aws_security_group.k8_masters",
            "aws_security_group.k8_nondes",
            "aws_security_group.k8_workers",
            "aws_security_group.ssh",
            "local_file.ansible_inventory",
            "local_file.ansible_vars_file",
            "module.vpc.aws_subnet.private",
            "module.vpc.aws_subnet.public",
            "module.vpc.aws_vpc.this",
            "module.vpc.aws_vpc_ipv4_cidr_block_association.this",
            "null_resource.provisioner",
            "time_sleep.wait_for_bastion_init",
            "tls_private_key.ssh"
          ]
        }
      ]
    },
    {
      "mode": "managed",
      "type": "null_resource",
      "name": "provisioner",
      "provider": "provider[\"registry.terraform.io/hashicorp/null\"]",
      "instances": [
        {
          "schema_version": 0,
          "attributes": {
            "id": "5242926226695385987",
            "triggers": {
              "always_run": "2024-07-19T05:14:35Z"
            }
          },
          "sensitive_attributes": [],
          "dependencies": [
            "aws_instance.bastion",
            "aws_instance.masters",
            "aws_instance.workers",
            "aws_key_pair.k8_ssh",
            "aws_security_group.k8_masters",
            "aws_security_group.k8_nondes",
            "aws_security_group.k8_workers",
            "aws_security_group.ssh",
            "local_file.ansible_inventory",
            "module.vpc.aws_subnet.private",
            "module.vpc.aws_subnet.public",
            "module.vpc.aws_vpc.this",
            "module.vpc.aws_vpc_ipv4_cidr_block_association.this",
            "time_sleep.wait_for_bastion_init",
            "tls_private_key.ssh"
          ]
        }
      ]
    },
    {
      "mode": "managed",
      "type": "null_resource",
      "name": "run_ansible",
      "provider": "provider[\"registry.terraform.io/hashicorp/null\"]",
      "instances": [
        {
          "schema_version": 0,
          "attributes": {
            "id": "2839735183873855776",
            "triggers": {
              "always_run": "2024-07-19T05:14:37Z"
            }
          },
          "sensitive_attributes": [],
          "dependencies": [
            "aws_instance.bastion",
            "aws_instance.masters",
            "aws_instance.workers",
            "aws_key_pair.k8_ssh",
            "aws_lb.k8_masters_lb",
            "aws_security_group.k8_masters",
            "aws_security_group.k8_nondes",
            "aws_security_group.k8_workers",
            "aws_security_group.ssh",
            "local_file.ansible_inventory",
            "local_file.ansible_vars_file",
            "module.vpc.aws_cloudwatch_log_group.flow_log",
            "module.vpc.aws_customer_gateway.this",
            "module.vpc.aws_db_subnet_group.database",
            "module.vpc.aws_default_network_acl.this",
            "module.vpc.aws_default_route_table.default",
            "module.vpc.aws_default_security_group.this",
            "module.vpc.aws_default_vpc.this",
            "module.vpc.aws_egress_only_internet_gateway.this",
            "module.vpc.aws_eip.nat",
            "module.vpc.aws_elasticache_subnet_group.elasticache",
            "module.vpc.aws_flow_log.this",
            "module.vpc.aws_iam_policy.vpc_flow_log_cloudwatch",
            "module.vpc.aws_iam_role.vpc_flow_log_cloudwatch",
            "module.vpc.aws_iam_role_policy_attachment.vpc_flow_log_cloudwatch",
            "module.vpc.aws_internet_gateway.this",
            "module.vpc.aws_nat_gateway.this",
            "module.vpc.aws_network_acl.database",
            "module.vpc.aws_network_acl.elasticache",
            "module.vpc.aws_network_acl.intra",
            "module.vpc.aws_network_acl.outpost",
            "module.vpc.aws_network_acl.private",
            "module.vpc.aws_network_acl.public",
            "module.vpc.aws_network_acl.redshift",
            "module.vpc.aws_network_acl_rule.database_inbound",
            "module.vpc.aws_network_acl_rule.database_outbound",
            "module.vpc.aws_network_acl_rule.elasticache_inbound",
            "module.vpc.aws_network_acl_rule.elasticache_outbound",
            "module.vpc.aws_network_acl_rule.intra_inbound",
            "module.vpc.aws_network_acl_rule.intra_outbound",
            "module.vpc.aws_network_acl_rule.outpost_inbound",
            "module.vpc.aws_network_acl_rule.outpost_outbound",
            "module.vpc.aws_network_acl_rule.private_inbound",
            "module.vpc.aws_network_acl_rule.private_outbound",
            "module.vpc.aws_network_acl_rule.public_inbound",
            "module.vpc.aws_network_acl_rule.public_outbound",
            "module.vpc.aws_network_acl_rule.redshift_inbound",
            "module.vpc.aws_network_acl_rule.redshift_outbound",
            "module.vpc.aws_redshift_subnet_group.redshift",
            "module.vpc.aws_route.database_dns64_nat_gateway",
            "module.vpc.aws_route.database_internet_gateway",
            "module.vpc.aws_route.database_ipv6_egress",
            "module.vpc.aws_route.database_nat_gateway",
            "module.vpc.aws_route.private_dns64_nat_gateway",
            "module.vpc.aws_route.private_ipv6_egress",
            "module.vpc.aws_route.private_nat_gateway",
            "module.vpc.aws_route.public_internet_gateway",
            "module.vpc.aws_route.public_internet_gateway_ipv6",
            "module.vpc.aws_route_table.database",
            "module.vpc.aws_route_table.elasticache",
            "module.vpc.aws_route_table.intra",
            "module.vpc.aws_route_table.private",
            "module.vpc.aws_route_table.public",
            "module.vpc.aws_route_table.redshift",
            "module.vpc.aws_route_table_association.database",
            "module.vpc.aws_route_table_association.elasticache",
            "module.vpc.aws_route_table_association.intra",
            "module.vpc.aws_route_table_association.outpost",
            "module.vpc.aws_route_table_association.private",
            "module.vpc.aws_route_table_association.public",
            "module.vpc.aws_route_table_association.redshift",
            "module.vpc.aws_route_table_association.redshift_public",
            "module.vpc.aws_subnet.database",
            "module.vpc.aws_subnet.elasticache",
            "module.vpc.aws_subnet.intra",
            "module.vpc.aws_subnet.outpost",
            "module.vpc.aws_subnet.private",
            "module.vpc.aws_subnet.public",
            "module.vpc.aws_subnet.redshift",
            "module.vpc.aws_vpc.this",
            "module.vpc.aws_vpc_dhcp_options.this",
            "module.vpc.aws_vpc_dhcp_options_association.this",
            "module.vpc.aws_vpc_ipv4_cidr_block_association.this",
            "module.vpc.aws_vpn_gateway.this",
            "module.vpc.aws_vpn_gateway_attachment.this",
            "module.vpc.aws_vpn_gateway_route_propagation.intra",
            "module.vpc.aws_vpn_gateway_route_propagation.private",
            "module.vpc.aws_vpn_gateway_route_propagation.public",
            "module.vpc.data.aws_iam_policy_document.flow_log_cloudwatch_assume_role",
            "module.vpc.data.aws_iam_policy_document.vpc_flow_log_cloudwatch",
            "null_resource.copy_ansible_playbooks",
            "null_resource.provisioner",
            "time_sleep.wait_for_bastion_init",
            "tls_private_key.ssh"
          ]
        }
      ]
    },
    {
      "mode": "managed",
      "type": "time_sleep",
      "name": "wait_for_bastion_init",
      "provider": "provider[\"registry.terraform.io/hashicorp/time\"]",
      "instances": [
        {
          "schema_version": 0,
          "attributes": {
            "create_duration": "120s",
            "destroy_duration": null,
            "id": "2024-07-19T05:14:35Z",
            "triggers": {
              "always_run": "2024-07-19T05:12:35Z"
            }
          },
          "sensitive_attributes": [],
          "dependencies": [
            "aws_instance.bastion",
            "aws_key_pair.k8_ssh",
            "aws_security_group.ssh",
            "module.vpc.aws_subnet.public",
            "module.vpc.aws_vpc.this",
            "module.vpc.aws_vpc_ipv4_cidr_block_association.this",
            "tls_private_key.ssh"
          ]
        }
      ]
    },
    {
      "mode": "managed",
      "type": "tls_private_key",
      "name": "ssh",
      "provider": "provider[\"registry.terraform.io/hashicorp/tls\"]",
      "instances": [
        {
          "schema_version": 1,
          "attributes": {
            "algorithm": "RSA",
            "ecdsa_curve": "P224",
            "id": "e10b701e6b97640273eb4652e3c6d0c26fa048fc",
            "private_key_openssh": "-----BEGIN OPENSSH PRIVATE KEY-----\nb3BlbnNzaC1rZXktdjEAAAAABG5vbmUAAAAEbm9uZQAAAAAAAAABAAACFwAAAAdz\nc2gtcnNhAAAAAwEAAQAAAgEAxIr9vvwlwGlXb6alBfv2dAxwkAsDXMReXXrNL/qJ\nrMWHqPioXC8bGED2nkXGEEVeLnVHYo739QKNJL7T6Bq8sAdy+Ki2r8cyQvqq6v69\n66bh0KYVs/bfIxG6eiXJ19QCgYt6hNXovcpxHAJsCH5EiQyDZAm0LO56ZrdHuze/\nFS35JtVQG86eQIvuMQRnw10G2P9rKomtbPg8ExAg6FJGgNFl5InDiCtXUDwwchCR\nCC8LUUWz/lquJ6u0arhyQUYBMIz3UYDuxzTisgu9LFz/6YuqHM9IK0YQIpOZuMRA\nvUqOF5iM+Wlwnex7TkNJJ8L/jGDc/y7t2sp5hfXEtb7zsw0PNQXmSOTIMEl1FFvA\ndP7ZsQh7/ROVhNsdyDZNLfjhaD7aYlSI84HpBvLNvqbTm4lloab5sS20WEu1URKN\nW9g/TMFWpx3N2bLJ0lkNQ5qvvIdAECxzfyyNQ39YETuwzPbVF5SwwtQY8JMDwGEj\noyX2e5HDrURaceAy+CAr950MmNwvMJvp6ZANX3J7uZ/lkQ6vEtBt0YsVibDQ4x0x\nkFMS4ghNOF18ob+lWUK6DzLzBHF8dfqbytIAZJgr8V62yEw56somuBoJAxPJFdj8\n88LWoeOBuGiAxDCEW9BuqfnlevA+6s1TodgdEI6cFsALC5BFjSV9VatoFsX4GTZh\nVfMAAAc4ig4MjYoODI0AAAAHc3NoLXJzYQAAAgEAxIr9vvwlwGlXb6alBfv2dAxw\nkAsDXMReXXrNL/qJrMWHqPioXC8bGED2nkXGEEVeLnVHYo739QKNJL7T6Bq8sAdy\n+Ki2r8cyQvqq6v6966bh0KYVs/bfIxG6eiXJ19QCgYt6hNXovcpxHAJsCH5EiQyD\nZAm0LO56ZrdHuze/FS35JtVQG86eQIvuMQRnw10G2P9rKomtbPg8ExAg6FJGgNFl\n5InDiCtXUDwwchCRCC8LUUWz/lquJ6u0arhyQUYBMIz3UYDuxzTisgu9LFz/6Yuq\nHM9IK0YQIpOZuMRAvUqOF5iM+Wlwnex7TkNJJ8L/jGDc/y7t2sp5hfXEtb7zsw0P\nNQXmSOTIMEl1FFvAdP7ZsQh7/ROVhNsdyDZNLfjhaD7aYlSI84HpBvLNvqbTm4ll\noab5sS20WEu1URKNW9g/TMFWpx3N2bLJ0lkNQ5qvvIdAECxzfyyNQ39YETuwzPbV\nF5SwwtQY8JMDwGEjoyX2e5HDrURaceAy+CAr950MmNwvMJvp6ZANX3J7uZ/lkQ6v\nEtBt0YsVibDQ4x0xkFMS4ghNOF18ob+lWUK6DzLzBHF8dfqbytIAZJgr8V62yEw5\n6somuBoJAxPJFdj888LWoeOBuGiAxDCEW9BuqfnlevA+6s1TodgdEI6cFsALC5BF\njSV9VatoFsX4GTZhVfMAAAADAQABAAACABu2oYsBkO0trWeP7usGGT1J18Fn3CSD\nh+7UdwRR5oHXJIbd8Rd2iPKFjoDIw+HddidE4Dj0geApaO+KfOTYiEyl8D9BwujM\nRLkPEXSrUOpekK7UDHFg2RvfzxSUKX7mZSgRG8iJRRUl64cQjF0yOMW+XvSHLcG8\nKsQ7CcFLXgVFg0FHiNEy9DuTv5Vn0p3Ii0Oj2F+aJDseUZI6jvlTSJ+3Zw+voUOd\nIOWuZwJedaTaxVTDaFrwPGhZnMoDkhDEJzzKU8FJVeH/Agwq/ZS41FkBGY6QZ9O6\nQGIvv9g+zAYk8h4/o3kzte5+vvBNKo6Rv2jy65aL7nwQWsxZ2E/sSf5w7Q2bhx67\nJovTjDjMhwctRpb5Hy40S3GE0a6YsUwmSLiqvIF2fHXfdfvQv7LFxZHWOWGhwk/G\n+vRX8+YYe+rVSasX0NwQ09m+XCNulE7RglwEeRK1PnvD7wokJi/ez8XDPs5OWMzi\nb5Y0YaoAoXi4oqf0BVRsMa72ujmVsYuBHtO6US/Ji7ZfiufBpeMbndqbgN3Xd7JZ\nZiA3I31d67LZW4AkCH2dztWL/vEGXpKq0Wjc1gdzczMMZ+AgwFrdkK1pod4LSqaH\nBgqwVBmi+nZeLkt3EnMWB3fM8KQGBTBOeKl+7Yu878blZWDNEo6XIV6ZCpYxSp8m\nQyHtMU9mLyzRAAABAHGG+5plWynOeDH6plhRqvdSrXbTPVWAzAgrM7f4ywu+J//V\nv2KzMtoksmIw3nINlxGSkzlw/Fcyojd1kAFthq66ZDbJwEbet/5Umc1NQPe04Nvk\n0xFRPWT9+szxZTTbzijpM8seZ95rUE4X/nilihIA4Obz8guIiIKP9vqUFYS8QrQi\nbDmg/JEho4fBg+yRAP8bwEaZSA7IkuurCb+Mddlko67PQiTZwohBZCunUnwj6INF\nVOkbHSG2yC+xFfF6bp6vsPnkocLF2keGRVl9tpmM7QJELqerb4ZwsO13YSmnSBuY\n2UCfyRmjYgriyjO9ECRKMiFGIq/kHwMavL6xo7UAAAEBAO/yh/X780vFdAI3ZH/2\nrg78x8XE3CCofv9J0L2R3kWIr/YCm/LaugXiqHl98/5SfMnQg0OboH11ARB7NRvy\nIY9PD7O2KCcvbyXpaIopyuCPMXTpI2qIu/aM8VN2nxJ+JX6TChuDOO7rdZClBh1S\nZnzvisZwltENEKbUsnUctHktkULFoktx8CJroOYHnwXCISMVDe79vEoihYq+5nPY\nqfh4NTcmkF5Gp9kh3vc86RMaouGYrxdhNf11VdV4jerfVtwqdPJtKQc9Jtm9KHzY\npHG+e2Oqz9fUVDYatPRY3Sqdr8IrR5uRCP/9536SJaACXFyyRvgrS2OugqzEdrm0\nzlsAAAEBANGxF4j0qQfQQwyJqmh3iUMy68MHmIcsInffEF2rTbezDzr8nSkH41Tb\nektzGRla/APV8mR6JAtlgYks6+N9vkhCeh/GAjMKYp8bs+SPKVYdnrCTD+5YxPjs\nH6oOmcaWHlBEco5W+bJNdZSWkMIZuZid4DytBp4gqdJA+1gkXb5xVNufvUcXYKQk\nk1hMomoFH9J2VBnTUaSOBeoTFMBdyCgQnnreFcYvtJ7xtLYLWHMBo6BD13fc9dsV\nR2w6OlD6BEDKvTNDRg7uDaNSisqzRgTBVxRiIzLGJnGwINgByijfIlDs6x/u3tgP\nCDHhq+7Ahsy11y0McF4Zz+1XhVub2kkAAAAAAQID\n-----END OPENSSH PRIVATE KEY-----\n",
            "private_key_pem": "-----BEGIN RSA PRIVATE KEY-----\nMIIJKAIBAAKCAgEAxIr9vvwlwGlXb6alBfv2dAxwkAsDXMReXXrNL/qJrMWHqPio\nXC8bGED2nkXGEEVeLnVHYo739QKNJL7T6Bq8sAdy+Ki2r8cyQvqq6v6966bh0KYV\ns/bfIxG6eiXJ19QCgYt6hNXovcpxHAJsCH5EiQyDZAm0LO56ZrdHuze/FS35JtVQ\nG86eQIvuMQRnw10G2P9rKomtbPg8ExAg6FJGgNFl5InDiCtXUDwwchCRCC8LUUWz\n/lquJ6u0arhyQUYBMIz3UYDuxzTisgu9LFz/6YuqHM9IK0YQIpOZuMRAvUqOF5iM\n+Wlwnex7TkNJJ8L/jGDc/y7t2sp5hfXEtb7zsw0PNQXmSOTIMEl1FFvAdP7ZsQh7\n/ROVhNsdyDZNLfjhaD7aYlSI84HpBvLNvqbTm4lloab5sS20WEu1URKNW9g/TMFW\npx3N2bLJ0lkNQ5qvvIdAECxzfyyNQ39YETuwzPbVF5SwwtQY8JMDwGEjoyX2e5HD\nrURaceAy+CAr950MmNwvMJvp6ZANX3J7uZ/lkQ6vEtBt0YsVibDQ4x0xkFMS4ghN\nOF18ob+lWUK6DzLzBHF8dfqbytIAZJgr8V62yEw56somuBoJAxPJFdj888LWoeOB\nuGiAxDCEW9BuqfnlevA+6s1TodgdEI6cFsALC5BFjSV9VatoFsX4GTZhVfMCAwEA\nAQKCAgAbtqGLAZDtLa1nj+7rBhk9SdfBZ9wkg4fu1HcEUeaB1ySG3fEXdojyhY6A\nyMPh3XYnROA49IHgKWjvinzk2IhMpfA/QcLozES5DxF0q1DqXpCu1AxxYNkb388U\nlCl+5mUoERvIiUUVJeuHEIxdMjjFvl70hy3BvCrEOwnBS14FRYNBR4jRMvQ7k7+V\nZ9KdyItDo9hfmiQ7HlGSOo75U0ift2cPr6FDnSDlrmcCXnWk2sVUw2ha8DxoWZzK\nA5IQxCc8ylPBSVXh/wIMKv2UuNRZARmOkGfTukBiL7/YPswGJPIeP6N5M7Xufr7w\nTSqOkb9o8uuWi+58EFrMWdhP7En+cO0Nm4ceuyaL04w4zIcHLUaW+R8uNEtxhNGu\nmLFMJki4qryBdnx133X70L+yxcWR1jlhocJPxvr0V/PmGHvq1UmrF9DcENPZvlwj\nbpRO0YJcBHkStT57w+8KJCYv3s/Fwz7OTljM4m+WNGGqAKF4uKKn9AVUbDGu9ro5\nlbGLgR7TulEvyYu2X4rnwaXjG53am4Dd13eyWWYgNyN9Xeuy2VuAJAh9nc7Vi/7x\nBl6SqtFo3NYHc3MzDGfgIMBa3ZCtaaHeC0qmhwYKsFQZovp2Xi5LdxJzFgd3zPCk\nBgUwTnipfu2LvO/G5WVgzRKOlyFemQqWMUqfJkMh7TFPZi8s0QKCAQEA7/KH9fvz\nS8V0Ajdkf/auDvzHxcTcIKh+/0nQvZHeRYiv9gKb8tq6BeKoeX3z/lJ8ydCDQ5ug\nfXUBEHs1G/Ihj08Ps7YoJy9vJeloiinK4I8xdOkjaoi79ozxU3afEn4lfpMKG4M4\n7ut1kKUGHVJmfO+KxnCW0Q0QptSydRy0eS2RQsWiS3HwImug5gefBcIhIxUN7v28\nSiKFir7mc9ip+Hg1NyaQXkan2SHe9zzpExqi4ZivF2E1/XVV1XiN6t9W3Cp08m0p\nBz0m2b0ofNikcb57Y6rP19RUNhq09FjdKp2vwitHm5EI//3nfpIloAJcXLJG+CtL\nY66CrMR2ubTOWwKCAQEA0bEXiPSpB9BDDImqaHeJQzLrwweYhywid98QXatNt7MP\nOvydKQfjVNt6S3MZGVr8A9XyZHokC2WBiSzr432+SEJ6H8YCMwpinxuz5I8pVh2e\nsJMP7ljE+Owfqg6ZxpYeUERyjlb5sk11lJaQwhm5mJ3gPK0GniCp0kD7WCRdvnFU\n25+9RxdgpCSTWEyiagUf0nZUGdNRpI4F6hMUwF3IKBCeet4Vxi+0nvG0tgtYcwGj\noEPXd9z12xVHbDo6UPoEQMq9M0NGDu4No1KKyrNGBMFXFGIjMsYmcbAg2AHKKN8i\nUOzrH+7e2A8IMeGr7sCGzLXXLQxwXhnP7VeFW5vaSQKCAQAmeeCdbDpWQyJYHKPL\n9TVyB8zNBMU7o2lB7IdBbruSsNlufHqfVb2QpgjX+n9+n6GNBxeVZsY0d+ekyez5\nPzlsboQZEDOeHPgYvzXZOdxjZ/LJSX05XxWs8mrcNGBLqdi/VDrBsKgXf8BJYnz5\nhLYUgKDjMzir6wlphx/asbCq4ciySVi9+lZEXrfdSwmP9dI0evLSCPQBe0motvXj\nS7HtuvDlmBR8WZ4erlS/lo/VVWca/83L1PXAX+lUotE3AXs/MLuyCBkVJRQuxCtS\n4bZ02tOUZtaPSGf8iQnNSNamN8TwQNppsrcbvY46eJr57ob7AkdpEiAzqs8ffx1+\np+STAoIBAQC8Dy8kTQgrUcRQQkbqWgpokgqPZwiMcjCXgR6UY0XYMma+aEAqxEBF\nonETqa4g51CNwBsbsc8RyX9bH0aPR/6Xn8cXJ+ZhEDdSqu2zVhGkgfwIMFxhTouZ\nE2tygJW5XHjjU//JWIeoOX/yOvaonZmuHik1QZhlyLWFM3I3oqXQXqPUNHb0gyrR\nC1x6HICsxNu9TRIv9y2JfzYer+40d+dCx2TanMK6c55xziRb/+Dbg+TTnwRnI2v7\niCH+FlqmtROLaEg26WazjRv+FdET6aQqL5uBVGJs7vkbjPJnx3MfJL8KBPD6Oqjw\n7MpUsigYf+JlRdAtPrKoMk4gdhXMCwLBAoIBAHGG+5plWynOeDH6plhRqvdSrXbT\nPVWAzAgrM7f4ywu+J//Vv2KzMtoksmIw3nINlxGSkzlw/Fcyojd1kAFthq66ZDbJ\nwEbet/5Umc1NQPe04Nvk0xFRPWT9+szxZTTbzijpM8seZ95rUE4X/nilihIA4Obz\n8guIiIKP9vqUFYS8QrQibDmg/JEho4fBg+yRAP8bwEaZSA7IkuurCb+Mddlko67P\nQiTZwohBZCunUnwj6INFVOkbHSG2yC+xFfF6bp6vsPnkocLF2keGRVl9tpmM7QJE\nLqerb4ZwsO13YSmnSBuY2UCfyRmjYgriyjO9ECRKMiFGIq/kHwMavL6xo7U=\n-----END RSA PRIVATE KEY-----\n",
            "private_key_pem_pkcs8": "-----BEGIN PRIVATE KEY-----\nMIIJQgIBADANBgkqhkiG9w0BAQEFAASCCSwwggkoAgEAAoICAQDEiv2+/CXAaVdv\npqUF+/Z0DHCQCwNcxF5des0v+omsxYeo+KhcLxsYQPaeRcYQRV4udUdijvf1Ao0k\nvtPoGrywB3L4qLavxzJC+qrq/r3rpuHQphWz9t8jEbp6JcnX1AKBi3qE1ei9ynEc\nAmwIfkSJDINkCbQs7npmt0e7N78VLfkm1VAbzp5Ai+4xBGfDXQbY/2sqia1s+DwT\nECDoUkaA0WXkicOIK1dQPDByEJEILwtRRbP+Wq4nq7RquHJBRgEwjPdRgO7HNOKy\nC70sXP/pi6ocz0grRhAik5m4xEC9So4XmIz5aXCd7HtOQ0knwv+MYNz/Lu3aynmF\n9cS1vvOzDQ81BeZI5MgwSXUUW8B0/tmxCHv9E5WE2x3INk0t+OFoPtpiVIjzgekG\n8s2+ptObiWWhpvmxLbRYS7VREo1b2D9MwVanHc3ZssnSWQ1Dmq+8h0AQLHN/LI1D\nf1gRO7DM9tUXlLDC1BjwkwPAYSOjJfZ7kcOtRFpx4DL4ICv3nQyY3C8wm+npkA1f\ncnu5n+WRDq8S0G3RixWJsNDjHTGQUxLiCE04XXyhv6VZQroPMvMEcXx1+pvK0gBk\nmCvxXrbITDnqyia4GgkDE8kV2Pzzwtah44G4aIDEMIRb0G6p+eV68D7qzVOh2B0Q\njpwWwAsLkEWNJX1Vq2gWxfgZNmFV8wIDAQABAoICABu2oYsBkO0trWeP7usGGT1J\n18Fn3CSDh+7UdwRR5oHXJIbd8Rd2iPKFjoDIw+HddidE4Dj0geApaO+KfOTYiEyl\n8D9BwujMRLkPEXSrUOpekK7UDHFg2RvfzxSUKX7mZSgRG8iJRRUl64cQjF0yOMW+\nXvSHLcG8KsQ7CcFLXgVFg0FHiNEy9DuTv5Vn0p3Ii0Oj2F+aJDseUZI6jvlTSJ+3\nZw+voUOdIOWuZwJedaTaxVTDaFrwPGhZnMoDkhDEJzzKU8FJVeH/Agwq/ZS41FkB\nGY6QZ9O6QGIvv9g+zAYk8h4/o3kzte5+vvBNKo6Rv2jy65aL7nwQWsxZ2E/sSf5w\n7Q2bhx67JovTjDjMhwctRpb5Hy40S3GE0a6YsUwmSLiqvIF2fHXfdfvQv7LFxZHW\nOWGhwk/G+vRX8+YYe+rVSasX0NwQ09m+XCNulE7RglwEeRK1PnvD7wokJi/ez8XD\nPs5OWMzib5Y0YaoAoXi4oqf0BVRsMa72ujmVsYuBHtO6US/Ji7ZfiufBpeMbndqb\ngN3Xd7JZZiA3I31d67LZW4AkCH2dztWL/vEGXpKq0Wjc1gdzczMMZ+AgwFrdkK1p\nod4LSqaHBgqwVBmi+nZeLkt3EnMWB3fM8KQGBTBOeKl+7Yu878blZWDNEo6XIV6Z\nCpYxSp8mQyHtMU9mLyzRAoIBAQDv8of1+/NLxXQCN2R/9q4O/MfFxNwgqH7/SdC9\nkd5FiK/2Apvy2roF4qh5ffP+UnzJ0INDm6B9dQEQezUb8iGPTw+ztignL28l6WiK\nKcrgjzF06SNqiLv2jPFTdp8SfiV+kwobgzju63WQpQYdUmZ874rGcJbRDRCm1LJ1\nHLR5LZFCxaJLcfAia6DmB58FwiEjFQ3u/bxKIoWKvuZz2Kn4eDU3JpBeRqfZId73\nPOkTGqLhmK8XYTX9dVXVeI3q31bcKnTybSkHPSbZvSh82KRxvntjqs/X1FQ2GrT0\nWN0qna/CK0ebkQj//ed+kiWgAlxcskb4K0tjroKsxHa5tM5bAoIBAQDRsReI9KkH\n0EMMiapod4lDMuvDB5iHLCJ33xBdq023sw86/J0pB+NU23pLcxkZWvwD1fJkeiQL\nZYGJLOvjfb5IQnofxgIzCmKfG7PkjylWHZ6wkw/uWMT47B+qDpnGlh5QRHKOVvmy\nTXWUlpDCGbmYneA8rQaeIKnSQPtYJF2+cVTbn71HF2CkJJNYTKJqBR/SdlQZ01Gk\njgXqExTAXcgoEJ563hXGL7Se8bS2C1hzAaOgQ9d33PXbFUdsOjpQ+gRAyr0zQ0YO\n7g2jUorKs0YEwVcUYiMyxiZxsCDYAcoo3yJQ7Osf7t7YDwgx4avuwIbMtdctDHBe\nGc/tV4Vbm9pJAoIBACZ54J1sOlZDIlgco8v1NXIHzM0ExTujaUHsh0Fuu5Kw2W58\nep9VvZCmCNf6f36foY0HF5VmxjR356TJ7Pk/OWxuhBkQM54c+Bi/Ndk53GNn8slJ\nfTlfFazyatw0YEup2L9UOsGwqBd/wElifPmEthSAoOMzOKvrCWmHH9qxsKrhyLJJ\nWL36VkRet91LCY/10jR68tII9AF7Sai29eNLse268OWYFHxZnh6uVL+Wj9VVZxr/\nzcvU9cBf6VSi0TcBez8wu7IIGRUlFC7EK1LhtnTa05Rm1o9IZ/yJCc1I1qY3xPBA\n2mmytxu9jjp4mvnuhvsCR2kSIDOqzx9/HX6n5JMCggEBALwPLyRNCCtRxFBCRupa\nCmiSCo9nCIxyMJeBHpRjRdgyZr5oQCrEQEWicROpriDnUI3AGxuxzxHJf1sfRo9H\n/pefxxcn5mEQN1Kq7bNWEaSB/AgwXGFOi5kTa3KAlblceONT/8lYh6g5f/I69qid\nma4eKTVBmGXItYUzcjeipdBeo9Q0dvSDKtELXHocgKzE271NEi/3LYl/Nh6v7jR3\n50LHZNqcwrpznnHOJFv/4NuD5NOfBGcja/uIIf4WWqa1E4toSDbpZrONG/4V0RPp\npCovm4FUYmzu+RuM8mfHcx8kvwoE8Po6qPDsylSyKBh/4mVF0C0+sqgyTiB2FcwL\nAsECggEAcYb7mmVbKc54MfqmWFGq91KtdtM9VYDMCCszt/jLC74n/9W/YrMy2iSy\nYjDecg2XEZKTOXD8VzKiN3WQAW2GrrpkNsnARt63/lSZzU1A97Tg2+TTEVE9ZP36\nzPFlNNvOKOkzyx5n3mtQThf+eKWKEgDg5vPyC4iIgo/2+pQVhLxCtCJsOaD8kSGj\nh8GD7JEA/xvARplIDsiS66sJv4x12WSjrs9CJNnCiEFkK6dSfCPog0VU6RsdIbbI\nL7EV8Xpunq+w+eShwsXaR4ZFWX22mYztAkQup6tvhnCw7XdhKadIG5jZQJ/JGaNi\nCuLKM70QJEoyIUYir+QfAxq8vrGjtQ==\n-----END PRIVATE KEY-----\n",
            "public_key_fingerprint_md5": "de:af:69:be:b3:65:45:f2:76:4e:85:bd:de:07:dc:be",
            "public_key_fingerprint_sha256": "SHA256:+wSX1a6BxFOFGrOQBiwvIJOffsVSSWFWuK2VIbGavmU",
            "public_key_openssh": "ssh-rsa AAAAB3NzaC1yc2EAAAADAQABAAACAQDEiv2+/CXAaVdvpqUF+/Z0DHCQCwNcxF5des0v+omsxYeo+KhcLxsYQPaeRcYQRV4udUdijvf1Ao0kvtPoGrywB3L4qLavxzJC+qrq/r3rpuHQphWz9t8jEbp6JcnX1AKBi3qE1ei9ynEcAmwIfkSJDINkCbQs7npmt0e7N78VLfkm1VAbzp5Ai+4xBGfDXQbY/2sqia1s+DwTECDoUkaA0WXkicOIK1dQPDByEJEILwtRRbP+Wq4nq7RquHJBRgEwjPdRgO7HNOKyC70sXP/pi6ocz0grRhAik5m4xEC9So4XmIz5aXCd7HtOQ0knwv+MYNz/Lu3aynmF9cS1vvOzDQ81BeZI5MgwSXUUW8B0/tmxCHv9E5WE2x3INk0t+OFoPtpiVIjzgekG8s2+ptObiWWhpvmxLbRYS7VREo1b2D9MwVanHc3ZssnSWQ1Dmq+8h0AQLHN/LI1Df1gRO7DM9tUXlLDC1BjwkwPAYSOjJfZ7kcOtRFpx4DL4ICv3nQyY3C8wm+npkA1fcnu5n+WRDq8S0G3RixWJsNDjHTGQUxLiCE04XXyhv6VZQroPMvMEcXx1+pvK0gBkmCvxXrbITDnqyia4GgkDE8kV2Pzzwtah44G4aIDEMIRb0G6p+eV68D7qzVOh2B0QjpwWwAsLkEWNJX1Vq2gWxfgZNmFV8w==\n",
            "public_key_pem": "-----BEGIN PUBLIC KEY-----\nMIICIjANBgkqhkiG9w0BAQEFAAOCAg8AMIICCgKCAgEAxIr9vvwlwGlXb6alBfv2\ndAxwkAsDXMReXXrNL/qJrMWHqPioXC8bGED2nkXGEEVeLnVHYo739QKNJL7T6Bq8\nsAdy+Ki2r8cyQvqq6v6966bh0KYVs/bfIxG6eiXJ19QCgYt6hNXovcpxHAJsCH5E\niQyDZAm0LO56ZrdHuze/FS35JtVQG86eQIvuMQRnw10G2P9rKomtbPg8ExAg6FJG\ngNFl5InDiCtXUDwwchCRCC8LUUWz/lquJ6u0arhyQUYBMIz3UYDuxzTisgu9LFz/\n6YuqHM9IK0YQIpOZuMRAvUqOF5iM+Wlwnex7TkNJJ8L/jGDc/y7t2sp5hfXEtb7z\nsw0PNQXmSOTIMEl1FFvAdP7ZsQh7/ROVhNsdyDZNLfjhaD7aYlSI84HpBvLNvqbT\nm4lloab5sS20WEu1URKNW9g/TMFWpx3N2bLJ0lkNQ5qvvIdAECxzfyyNQ39YETuw\nzPbVF5SwwtQY8JMDwGEjoyX2e5HDrURaceAy+CAr950MmNwvMJvp6ZANX3J7uZ/l\nkQ6vEtBt0YsVibDQ4x0xkFMS4ghNOF18ob+lWUK6DzLzBHF8dfqbytIAZJgr8V62\nyEw56somuBoJAxPJFdj888LWoeOBuGiAxDCEW9BuqfnlevA+6s1TodgdEI6cFsAL\nC5BFjSV9VatoFsX4GTZhVfMCAwEAAQ==\n-----END PUBLIC KEY-----\n",
            "rsa_bits": 4096
          },
          "sensitive_attributes": [
            [
              {
                "type": "get_attr",
                "value": "private_key_pem"
              }
            ],
            [
              {
                "type": "get_attr",
                "value": "private_key_openssh"
              }
            ],
            [
              {
                "type": "get_attr",
                "value": "private_key_pem_pkcs8"
              }
            ]
          ]
        }
      ]
    },
    {
      "module": "module.vpc",
      "mode": "managed",
      "type": "aws_db_subnet_group",
      "name": "database",
      "provider": "provider[\"registry.terraform.io/hashicorp/aws\"]",
      "instances": [
        {
          "index_key": 0,
          "schema_version": 0,
          "attributes": {
            "arn": "arn:aws:rds:ap-northeast-2:339713119714:subgrp:foryou",
            "description": "Database subnet group for foryou",
            "id": "foryou",
            "name": "foryou",
            "name_prefix": "",
            "subnet_ids": [
              "subnet-0ca06bff633c5bc39",
              "subnet-0d25ca30a9a1e9d84"
            ],
            "supported_network_types": [
              "IPV4"
            ],
            "tags": {
              "Name": "foryou",
              "Terraform": "true"
            },
            "tags_all": {
              "Name": "foryou",
              "Terraform": "true"
            },
            "vpc_id": "vpc-03ab34a214336c552"
          },
          "sensitive_attributes": [],
          "private": "bnVsbA==",
          "dependencies": [
            "module.vpc.aws_subnet.database",
            "module.vpc.aws_vpc.this",
            "module.vpc.aws_vpc_ipv4_cidr_block_association.this"
          ]
        }
      ]
    },
    {
      "module": "module.vpc",
      "mode": "managed",
      "type": "aws_default_network_acl",
      "name": "this",
      "provider": "provider[\"registry.terraform.io/hashicorp/aws\"]",
      "instances": [
        {
          "index_key": 0,
          "schema_version": 0,
          "attributes": {
            "arn": "arn:aws:ec2:ap-northeast-2:339713119714:network-acl/acl-004959e8a08c77794",
            "default_network_acl_id": "acl-004959e8a08c77794",
            "egress": [
              {
                "action": "allow",
                "cidr_block": "",
                "from_port": 0,
                "icmp_code": 0,
                "icmp_type": 0,
                "ipv6_cidr_block": "::/0",
                "protocol": "-1",
                "rule_no": 101,
                "to_port": 0
              },
              {
                "action": "allow",
                "cidr_block": "0.0.0.0/0",
                "from_port": 0,
                "icmp_code": 0,
                "icmp_type": 0,
                "ipv6_cidr_block": "",
                "protocol": "-1",
                "rule_no": 100,
                "to_port": 0
              }
            ],
            "id": "acl-004959e8a08c77794",
            "ingress": [
              {
                "action": "allow",
                "cidr_block": "",
                "from_port": 0,
                "icmp_code": 0,
                "icmp_type": 0,
                "ipv6_cidr_block": "::/0",
                "protocol": "-1",
                "rule_no": 101,
                "to_port": 0
              },
              {
                "action": "allow",
                "cidr_block": "0.0.0.0/0",
                "from_port": 0,
                "icmp_code": 0,
                "icmp_type": 0,
                "ipv6_cidr_block": "",
                "protocol": "-1",
                "rule_no": 100,
                "to_port": 0
              }
            ],
            "owner_id": "339713119714",
            "subnet_ids": [
              "subnet-00cdfb805bb51391d",
              "subnet-07991b7b6ae7ef121",
              "subnet-09c6297894655c845",
              "subnet-0ca06bff633c5bc39",
              "subnet-0d25ca30a9a1e9d84",
              "subnet-0da390533932e0a4e"
            ],
            "tags": {
              "Name": "foryou-default",
              "Terraform": "true"
            },
            "tags_all": {
              "Name": "foryou-default",
              "Terraform": "true"
            },
            "vpc_id": "vpc-03ab34a214336c552"
          },
          "sensitive_attributes": [],
          "private": "bnVsbA==",
          "dependencies": [
            "module.vpc.aws_vpc.this"
          ]
        }
      ]
    },
    {
      "module": "module.vpc",
      "mode": "managed",
      "type": "aws_default_route_table",
      "name": "default",
      "provider": "provider[\"registry.terraform.io/hashicorp/aws\"]",
      "instances": [
        {
          "index_key": 0,
          "schema_version": 0,
          "attributes": {
            "arn": "arn:aws:ec2:ap-northeast-2:339713119714:route-table/rtb-066dc9014064fd499",
            "default_route_table_id": "rtb-066dc9014064fd499",
            "id": "rtb-066dc9014064fd499",
            "owner_id": "339713119714",
            "propagating_vgws": [],
            "route": [],
            "tags": {
              "Name": "foryou-default",
              "Terraform": "true"
            },
            "tags_all": {
              "Name": "foryou-default",
              "Terraform": "true"
            },
            "timeouts": {
              "create": "5m",
              "update": "5m"
            },
            "vpc_id": "vpc-03ab34a214336c552"
          },
          "sensitive_attributes": [],
          "private": "eyJlMmJmYjczMC1lY2FhLTExZTYtOGY4OC0zNDM2M2JjN2M0YzAiOnsiY3JlYXRlIjozMDAwMDAwMDAwMDAsInVwZGF0ZSI6MzAwMDAwMDAwMDAwfX0=",
          "dependencies": [
            "module.vpc.aws_vpc.this"
          ]
        }
      ]
    },
    {
      "module": "module.vpc",
      "mode": "managed",
      "type": "aws_default_security_group",
      "name": "this",
      "provider": "provider[\"registry.terraform.io/hashicorp/aws\"]",
      "instances": [
        {
          "index_key": 0,
          "schema_version": 1,
          "attributes": {
            "arn": "arn:aws:ec2:ap-northeast-2:339713119714:security-group/sg-0568dc0d84446c6e8",
            "description": "default VPC security group",
            "egress": [],
            "id": "sg-0568dc0d84446c6e8",
            "ingress": [],
            "name": "default",
            "name_prefix": "",
            "owner_id": "339713119714",
            "revoke_rules_on_delete": false,
            "tags": {
              "Name": "foryou-default",
              "Terraform": "true"
            },
            "tags_all": {
              "Name": "foryou-default",
              "Terraform": "true"
            },
            "vpc_id": "vpc-03ab34a214336c552"
          },
          "sensitive_attributes": [],
          "private": "eyJzY2hlbWFfdmVyc2lvbiI6IjEifQ==",
          "dependencies": [
            "module.vpc.aws_vpc.this"
          ]
        }
      ]
    },
    {
      "module": "module.vpc",
      "mode": "managed",
      "type": "aws_eip",
      "name": "nat",
      "provider": "provider[\"registry.terraform.io/hashicorp/aws\"]",
      "instances": [
        {
          "index_key": 0,
          "schema_version": 0,
          "attributes": {
            "address": null,
            "allocation_id": "eipalloc-00349fd49dc01b528",
            "arn": "arn:aws:ec2:ap-northeast-2:339713119714:elastic-ip/eipalloc-00349fd49dc01b528",
            "associate_with_private_ip": null,
            "association_id": "eipassoc-03d0cf7b83df8d730",
            "carrier_ip": "",
            "customer_owned_ip": "",
            "customer_owned_ipv4_pool": "",
            "domain": "vpc",
            "id": "eipalloc-00349fd49dc01b528",
            "instance": "",
            "network_border_group": "ap-northeast-2",
            "network_interface": "eni-0b5b617a006330500",
            "private_dns": "ip-10-0-0-32.ap-northeast-2.compute.internal",
            "private_ip": "10.0.0.32",
            "ptr_record": "",
            "public_dns": "ec2-3-38-76-217.ap-northeast-2.compute.amazonaws.com",
            "public_ip": "3.38.76.217",
            "public_ipv4_pool": "amazon",
            "tags": {
              "Name": "foryou-ap-northeast-2a",
              "Terraform": "true"
            },
            "tags_all": {
              "Name": "foryou-ap-northeast-2a",
              "Terraform": "true"
            },
            "timeouts": null,
            "vpc": true
          },
          "sensitive_attributes": [],
          "private": "eyJlMmJmYjczMC1lY2FhLTExZTYtOGY4OC0zNDM2M2JjN2M0YzAiOnsiZGVsZXRlIjoxODAwMDAwMDAwMDAsInJlYWQiOjkwMDAwMDAwMDAwMCwidXBkYXRlIjozMDAwMDAwMDAwMDB9fQ==",
          "dependencies": [
            "module.vpc.aws_internet_gateway.this",
            "module.vpc.aws_vpc.this",
            "module.vpc.aws_vpc_ipv4_cidr_block_association.this"
          ]
        }
      ]
    },
    {
      "module": "module.vpc",
      "mode": "managed",
      "type": "aws_internet_gateway",
      "name": "this",
      "provider": "provider[\"registry.terraform.io/hashicorp/aws\"]",
      "instances": [
        {
          "index_key": 0,
          "schema_version": 0,
          "attributes": {
            "arn": "arn:aws:ec2:ap-northeast-2:339713119714:internet-gateway/igw-024eb28970778e768",
            "id": "igw-024eb28970778e768",
            "owner_id": "339713119714",
            "tags": {
              "Name": "foryou",
              "Terraform": "true"
            },
            "tags_all": {
              "Name": "foryou",
              "Terraform": "true"
            },
            "timeouts": null,
            "vpc_id": "vpc-03ab34a214336c552"
          },
          "sensitive_attributes": [],
          "private": "eyJlMmJmYjczMC1lY2FhLTExZTYtOGY4OC0zNDM2M2JjN2M0YzAiOnsiY3JlYXRlIjoxMjAwMDAwMDAwMDAwLCJkZWxldGUiOjEyMDAwMDAwMDAwMDAsInVwZGF0ZSI6MTIwMDAwMDAwMDAwMH19",
          "dependencies": [
            "module.vpc.aws_vpc.this",
            "module.vpc.aws_vpc_ipv4_cidr_block_association.this"
          ]
        }
      ]
    },
    {
      "module": "module.vpc",
      "mode": "managed",
      "type": "aws_nat_gateway",
      "name": "this",
      "provider": "provider[\"registry.terraform.io/hashicorp/aws\"]",
      "instances": [
        {
          "index_key": 0,
          "schema_version": 0,
          "attributes": {
            "allocation_id": "eipalloc-00349fd49dc01b528",
            "association_id": "eipassoc-03d0cf7b83df8d730",
            "connectivity_type": "public",
            "id": "nat-02d49d677a69b3479",
            "network_interface_id": "eni-0b5b617a006330500",
            "private_ip": "10.0.0.32",
            "public_ip": "3.38.76.217",
            "secondary_allocation_ids": [],
            "secondary_private_ip_address_count": 0,
            "secondary_private_ip_addresses": [],
            "subnet_id": "subnet-0da390533932e0a4e",
            "tags": {
              "Name": "foryou-ap-northeast-2a",
              "Terraform": "true"
            },
            "tags_all": {
              "Name": "foryou-ap-northeast-2a",
              "Terraform": "true"
            },
            "timeouts": null
          },
          "sensitive_attributes": [],
          "private": "eyJlMmJmYjczMC1lY2FhLTExZTYtOGY4OC0zNDM2M2JjN2M0YzAiOnsiY3JlYXRlIjo2MDAwMDAwMDAwMDAsImRlbGV0ZSI6MTgwMDAwMDAwMDAwMCwidXBkYXRlIjo2MDAwMDAwMDAwMDB9fQ==",
          "dependencies": [
            "module.vpc.aws_eip.nat",
            "module.vpc.aws_internet_gateway.this",
            "module.vpc.aws_subnet.public",
            "module.vpc.aws_vpc.this",
            "module.vpc.aws_vpc_ipv4_cidr_block_association.this"
          ]
        }
      ]
    },
    {
      "module": "module.vpc",
      "mode": "managed",
      "type": "aws_route",
      "name": "private_nat_gateway",
      "provider": "provider[\"registry.terraform.io/hashicorp/aws\"]",
      "instances": [
        {
          "index_key": 0,
          "schema_version": 0,
          "attributes": {
            "carrier_gateway_id": "",
            "core_network_arn": "",
            "destination_cidr_block": "0.0.0.0/0",
            "destination_ipv6_cidr_block": "",
            "destination_prefix_list_id": "",
            "egress_only_gateway_id": "",
            "gateway_id": "",
            "id": "r-rtb-0ae17925b54b603141080289494",
            "instance_id": "",
            "instance_owner_id": "",
            "local_gateway_id": "",
            "nat_gateway_id": "nat-02d49d677a69b3479",
            "network_interface_id": "",
            "origin": "CreateRoute",
            "route_table_id": "rtb-0ae17925b54b60314",
            "state": "active",
            "timeouts": {
              "create": "5m",
              "delete": null,
              "update": null
            },
            "transit_gateway_id": "",
            "vpc_endpoint_id": "",
            "vpc_peering_connection_id": ""
          },
          "sensitive_attributes": [],
          "private": "eyJlMmJmYjczMC1lY2FhLTExZTYtOGY4OC0zNDM2M2JjN2M0YzAiOnsiY3JlYXRlIjozMDAwMDAwMDAwMDAsImRlbGV0ZSI6MzAwMDAwMDAwMDAwLCJ1cGRhdGUiOjEyMDAwMDAwMDAwMH19",
          "dependencies": [
            "module.vpc.aws_eip.nat",
            "module.vpc.aws_internet_gateway.this",
            "module.vpc.aws_nat_gateway.this",
            "module.vpc.aws_route_table.private",
            "module.vpc.aws_subnet.public",
            "module.vpc.aws_vpc.this",
            "module.vpc.aws_vpc_ipv4_cidr_block_association.this"
          ]
        }
      ]
    },
    {
      "module": "module.vpc",
      "mode": "managed",
      "type": "aws_route",
      "name": "public_internet_gateway",
      "provider": "provider[\"registry.terraform.io/hashicorp/aws\"]",
      "instances": [
        {
          "index_key": 0,
          "schema_version": 0,
          "attributes": {
            "carrier_gateway_id": "",
            "core_network_arn": "",
            "destination_cidr_block": "0.0.0.0/0",
            "destination_ipv6_cidr_block": "",
            "destination_prefix_list_id": "",
            "egress_only_gateway_id": "",
            "gateway_id": "igw-024eb28970778e768",
            "id": "r-rtb-004f022c356fb0d9d1080289494",
            "instance_id": "",
            "instance_owner_id": "",
            "local_gateway_id": "",
            "nat_gateway_id": "",
            "network_interface_id": "",
            "origin": "CreateRoute",
            "route_table_id": "rtb-004f022c356fb0d9d",
            "state": "active",
            "timeouts": {
              "create": "5m",
              "delete": null,
              "update": null
            },
            "transit_gateway_id": "",
            "vpc_endpoint_id": "",
            "vpc_peering_connection_id": ""
          },
          "sensitive_attributes": [],
          "private": "eyJlMmJmYjczMC1lY2FhLTExZTYtOGY4OC0zNDM2M2JjN2M0YzAiOnsiY3JlYXRlIjozMDAwMDAwMDAwMDAsImRlbGV0ZSI6MzAwMDAwMDAwMDAwLCJ1cGRhdGUiOjEyMDAwMDAwMDAwMH19",
          "dependencies": [
            "module.vpc.aws_internet_gateway.this",
            "module.vpc.aws_route_table.public",
            "module.vpc.aws_vpc.this",
            "module.vpc.aws_vpc_ipv4_cidr_block_association.this"
          ]
        }
      ]
    },
    {
      "module": "module.vpc",
      "mode": "managed",
      "type": "aws_route_table",
      "name": "private",
      "provider": "provider[\"registry.terraform.io/hashicorp/aws\"]",
      "instances": [
        {
          "index_key": 0,
          "schema_version": 0,
          "attributes": {
            "arn": "arn:aws:ec2:ap-northeast-2:339713119714:route-table/rtb-0ae17925b54b60314",
            "id": "rtb-0ae17925b54b60314",
            "owner_id": "339713119714",
            "propagating_vgws": [],
            "route": [
              {
                "carrier_gateway_id": "",
                "cidr_block": "0.0.0.0/0",
                "core_network_arn": "",
                "destination_prefix_list_id": "",
                "egress_only_gateway_id": "",
                "gateway_id": "",
                "ipv6_cidr_block": "",
                "local_gateway_id": "",
                "nat_gateway_id": "nat-02d49d677a69b3479",
                "network_interface_id": "",
                "transit_gateway_id": "",
                "vpc_endpoint_id": "",
                "vpc_peering_connection_id": ""
              }
            ],
            "tags": {
              "Name": "foryou-private",
              "Terraform": "true"
            },
            "tags_all": {
              "Name": "foryou-private",
              "Terraform": "true"
            },
            "timeouts": null,
            "vpc_id": "vpc-03ab34a214336c552"
          },
          "sensitive_attributes": [],
          "private": "eyJlMmJmYjczMC1lY2FhLTExZTYtOGY4OC0zNDM2M2JjN2M0YzAiOnsiY3JlYXRlIjozMDAwMDAwMDAwMDAsImRlbGV0ZSI6MzAwMDAwMDAwMDAwLCJ1cGRhdGUiOjEyMDAwMDAwMDAwMH19",
          "dependencies": [
            "module.vpc.aws_vpc.this",
            "module.vpc.aws_vpc_ipv4_cidr_block_association.this"
          ]
        }
      ]
    },
    {
      "module": "module.vpc",
      "mode": "managed",
      "type": "aws_route_table",
      "name": "public",
      "provider": "provider[\"registry.terraform.io/hashicorp/aws\"]",
      "instances": [
        {
          "index_key": 0,
          "schema_version": 0,
          "attributes": {
            "arn": "arn:aws:ec2:ap-northeast-2:339713119714:route-table/rtb-004f022c356fb0d9d",
            "id": "rtb-004f022c356fb0d9d",
            "owner_id": "339713119714",
            "propagating_vgws": [],
            "route": [
              {
                "carrier_gateway_id": "",
                "cidr_block": "0.0.0.0/0",
                "core_network_arn": "",
                "destination_prefix_list_id": "",
                "egress_only_gateway_id": "",
                "gateway_id": "igw-024eb28970778e768",
                "ipv6_cidr_block": "",
                "local_gateway_id": "",
                "nat_gateway_id": "",
                "network_interface_id": "",
                "transit_gateway_id": "",
                "vpc_endpoint_id": "",
                "vpc_peering_connection_id": ""
              }
            ],
            "tags": {
              "Name": "foryou-public",
              "Terraform": "true"
            },
            "tags_all": {
              "Name": "foryou-public",
              "Terraform": "true"
            },
            "timeouts": null,
            "vpc_id": "vpc-03ab34a214336c552"
          },
          "sensitive_attributes": [],
          "private": "eyJlMmJmYjczMC1lY2FhLTExZTYtOGY4OC0zNDM2M2JjN2M0YzAiOnsiY3JlYXRlIjozMDAwMDAwMDAwMDAsImRlbGV0ZSI6MzAwMDAwMDAwMDAwLCJ1cGRhdGUiOjEyMDAwMDAwMDAwMH19",
          "dependencies": [
            "module.vpc.aws_vpc.this",
            "module.vpc.aws_vpc_ipv4_cidr_block_association.this"
          ]
        }
      ]
    },
    {
      "module": "module.vpc",
      "mode": "managed",
      "type": "aws_route_table_association",
      "name": "database",
      "provider": "provider[\"registry.terraform.io/hashicorp/aws\"]",
      "instances": [
        {
          "index_key": 0,
          "schema_version": 0,
          "attributes": {
            "gateway_id": "",
            "id": "rtbassoc-0db0f8e5a607e9943",
            "route_table_id": "rtb-0ae17925b54b60314",
            "subnet_id": "subnet-0ca06bff633c5bc39",
            "timeouts": null
          },
          "sensitive_attributes": [],
          "private": "eyJlMmJmYjczMC1lY2FhLTExZTYtOGY4OC0zNDM2M2JjN2M0YzAiOnsiY3JlYXRlIjozMDAwMDAwMDAwMDAsImRlbGV0ZSI6MzAwMDAwMDAwMDAwLCJ1cGRhdGUiOjEyMDAwMDAwMDAwMH19",
          "dependencies": [
            "module.vpc.aws_route_table.database",
            "module.vpc.aws_route_table.private",
            "module.vpc.aws_subnet.database",
            "module.vpc.aws_vpc.this",
            "module.vpc.aws_vpc_ipv4_cidr_block_association.this"
          ]
        },
        {
          "index_key": 1,
          "schema_version": 0,
          "attributes": {
            "gateway_id": "",
            "id": "rtbassoc-0f70af81e8ccb4271",
            "route_table_id": "rtb-0ae17925b54b60314",
            "subnet_id": "subnet-0d25ca30a9a1e9d84",
            "timeouts": null
          },
          "sensitive_attributes": [],
          "private": "eyJlMmJmYjczMC1lY2FhLTExZTYtOGY4OC0zNDM2M2JjN2M0YzAiOnsiY3JlYXRlIjozMDAwMDAwMDAwMDAsImRlbGV0ZSI6MzAwMDAwMDAwMDAwLCJ1cGRhdGUiOjEyMDAwMDAwMDAwMH19",
          "dependencies": [
            "module.vpc.aws_route_table.database",
            "module.vpc.aws_route_table.private",
            "module.vpc.aws_subnet.database",
            "module.vpc.aws_vpc.this",
            "module.vpc.aws_vpc_ipv4_cidr_block_association.this"
          ]
        }
      ]
    },
    {
      "module": "module.vpc",
      "mode": "managed",
      "type": "aws_route_table_association",
      "name": "private",
      "provider": "provider[\"registry.terraform.io/hashicorp/aws\"]",
      "instances": [
        {
          "index_key": 0,
          "schema_version": 0,
          "attributes": {
            "gateway_id": "",
            "id": "rtbassoc-007dae2e002f04320",
            "route_table_id": "rtb-0ae17925b54b60314",
            "subnet_id": "subnet-00cdfb805bb51391d",
            "timeouts": null
          },
          "sensitive_attributes": [],
          "private": "eyJlMmJmYjczMC1lY2FhLTExZTYtOGY4OC0zNDM2M2JjN2M0YzAiOnsiY3JlYXRlIjozMDAwMDAwMDAwMDAsImRlbGV0ZSI6MzAwMDAwMDAwMDAwLCJ1cGRhdGUiOjEyMDAwMDAwMDAwMH19",
          "dependencies": [
            "module.vpc.aws_route_table.private",
            "module.vpc.aws_subnet.private",
            "module.vpc.aws_vpc.this",
            "module.vpc.aws_vpc_ipv4_cidr_block_association.this"
          ]
        },
        {
          "index_key": 1,
          "schema_version": 0,
          "attributes": {
            "gateway_id": "",
            "id": "rtbassoc-0dbc673846a15d53b",
            "route_table_id": "rtb-0ae17925b54b60314",
            "subnet_id": "subnet-07991b7b6ae7ef121",
            "timeouts": null
          },
          "sensitive_attributes": [],
          "private": "eyJlMmJmYjczMC1lY2FhLTExZTYtOGY4OC0zNDM2M2JjN2M0YzAiOnsiY3JlYXRlIjozMDAwMDAwMDAwMDAsImRlbGV0ZSI6MzAwMDAwMDAwMDAwLCJ1cGRhdGUiOjEyMDAwMDAwMDAwMH19",
          "dependencies": [
            "module.vpc.aws_route_table.private",
            "module.vpc.aws_subnet.private",
            "module.vpc.aws_vpc.this",
            "module.vpc.aws_vpc_ipv4_cidr_block_association.this"
          ]
        }
      ]
    },
    {
      "module": "module.vpc",
      "mode": "managed",
      "type": "aws_route_table_association",
      "name": "public",
      "provider": "provider[\"registry.terraform.io/hashicorp/aws\"]",
      "instances": [
        {
          "index_key": 0,
          "schema_version": 0,
          "attributes": {
            "gateway_id": "",
            "id": "rtbassoc-016569e10d67e7166",
            "route_table_id": "rtb-004f022c356fb0d9d",
            "subnet_id": "subnet-0da390533932e0a4e",
            "timeouts": null
          },
          "sensitive_attributes": [],
          "private": "eyJlMmJmYjczMC1lY2FhLTExZTYtOGY4OC0zNDM2M2JjN2M0YzAiOnsiY3JlYXRlIjozMDAwMDAwMDAwMDAsImRlbGV0ZSI6MzAwMDAwMDAwMDAwLCJ1cGRhdGUiOjEyMDAwMDAwMDAwMH19",
          "dependencies": [
            "module.vpc.aws_route_table.public",
            "module.vpc.aws_subnet.public",
            "module.vpc.aws_vpc.this",
            "module.vpc.aws_vpc_ipv4_cidr_block_association.this"
          ]
        },
        {
          "index_key": 1,
          "schema_version": 0,
          "attributes": {
            "gateway_id": "",
            "id": "rtbassoc-0551c8c90b48e5779",
            "route_table_id": "rtb-004f022c356fb0d9d",
            "subnet_id": "subnet-09c6297894655c845",
            "timeouts": null
          },
          "sensitive_attributes": [],
          "private": "eyJlMmJmYjczMC1lY2FhLTExZTYtOGY4OC0zNDM2M2JjN2M0YzAiOnsiY3JlYXRlIjozMDAwMDAwMDAwMDAsImRlbGV0ZSI6MzAwMDAwMDAwMDAwLCJ1cGRhdGUiOjEyMDAwMDAwMDAwMH19",
          "dependencies": [
            "module.vpc.aws_route_table.public",
            "module.vpc.aws_subnet.public",
            "module.vpc.aws_vpc.this",
            "module.vpc.aws_vpc_ipv4_cidr_block_association.this"
          ]
        }
      ]
    },
    {
      "module": "module.vpc",
      "mode": "managed",
      "type": "aws_subnet",
      "name": "database",
      "provider": "provider[\"registry.terraform.io/hashicorp/aws\"]",
      "instances": [
        {
          "index_key": 0,
          "schema_version": 1,
          "attributes": {
            "arn": "arn:aws:ec2:ap-northeast-2:339713119714:subnet/subnet-0ca06bff633c5bc39",
            "assign_ipv6_address_on_creation": false,
            "availability_zone": "ap-northeast-2a",
            "availability_zone_id": "apne2-az1",
            "cidr_block": "10.0.4.0/24",
            "customer_owned_ipv4_pool": "",
            "enable_dns64": false,
            "enable_lni_at_device_index": 0,
            "enable_resource_name_dns_a_record_on_launch": false,
            "enable_resource_name_dns_aaaa_record_on_launch": false,
            "id": "subnet-0ca06bff633c5bc39",
            "ipv6_cidr_block": "",
            "ipv6_cidr_block_association_id": "",
            "ipv6_native": false,
            "map_customer_owned_ip_on_launch": false,
            "map_public_ip_on_launch": false,
            "outpost_arn": "",
            "owner_id": "339713119714",
            "private_dns_hostname_type_on_launch": "ip-name",
            "tags": {
              "Name": "foryou-db-ap-northeast-2a",
              "Terraform": "true"
            },
            "tags_all": {
              "Name": "foryou-db-ap-northeast-2a",
              "Terraform": "true"
            },
            "timeouts": null,
            "vpc_id": "vpc-03ab34a214336c552"
          },
          "sensitive_attributes": [],
          "private": "eyJlMmJmYjczMC1lY2FhLTExZTYtOGY4OC0zNDM2M2JjN2M0YzAiOnsiY3JlYXRlIjo2MDAwMDAwMDAwMDAsImRlbGV0ZSI6MTIwMDAwMDAwMDAwMH0sInNjaGVtYV92ZXJzaW9uIjoiMSJ9",
          "dependencies": [
            "module.vpc.aws_vpc.this",
            "module.vpc.aws_vpc_ipv4_cidr_block_association.this"
          ]
        },
        {
          "index_key": 1,
          "schema_version": 1,
          "attributes": {
            "arn": "arn:aws:ec2:ap-northeast-2:339713119714:subnet/subnet-0d25ca30a9a1e9d84",
            "assign_ipv6_address_on_creation": false,
            "availability_zone": "ap-northeast-2c",
            "availability_zone_id": "apne2-az3",
            "cidr_block": "10.0.5.0/24",
            "customer_owned_ipv4_pool": "",
            "enable_dns64": false,
            "enable_lni_at_device_index": 0,
            "enable_resource_name_dns_a_record_on_launch": false,
            "enable_resource_name_dns_aaaa_record_on_launch": false,
            "id": "subnet-0d25ca30a9a1e9d84",
            "ipv6_cidr_block": "",
            "ipv6_cidr_block_association_id": "",
            "ipv6_native": false,
            "map_customer_owned_ip_on_launch": false,
            "map_public_ip_on_launch": false,
            "outpost_arn": "",
            "owner_id": "339713119714",
            "private_dns_hostname_type_on_launch": "ip-name",
            "tags": {
              "Name": "foryou-db-ap-northeast-2c",
              "Terraform": "true"
            },
            "tags_all": {
              "Name": "foryou-db-ap-northeast-2c",
              "Terraform": "true"
            },
            "timeouts": null,
            "vpc_id": "vpc-03ab34a214336c552"
          },
          "sensitive_attributes": [],
          "private": "eyJlMmJmYjczMC1lY2FhLTExZTYtOGY4OC0zNDM2M2JjN2M0YzAiOnsiY3JlYXRlIjo2MDAwMDAwMDAwMDAsImRlbGV0ZSI6MTIwMDAwMDAwMDAwMH0sInNjaGVtYV92ZXJzaW9uIjoiMSJ9",
          "dependencies": [
            "module.vpc.aws_vpc.this",
            "module.vpc.aws_vpc_ipv4_cidr_block_association.this"
          ]
        }
      ]
    },
    {
      "module": "module.vpc",
      "mode": "managed",
      "type": "aws_subnet",
      "name": "private",
      "provider": "provider[\"registry.terraform.io/hashicorp/aws\"]",
      "instances": [
        {
          "index_key": 0,
          "schema_version": 1,
          "attributes": {
            "arn": "arn:aws:ec2:ap-northeast-2:339713119714:subnet/subnet-00cdfb805bb51391d",
            "assign_ipv6_address_on_creation": false,
            "availability_zone": "ap-northeast-2a",
            "availability_zone_id": "apne2-az1",
            "cidr_block": "10.0.2.0/24",
            "customer_owned_ipv4_pool": "",
            "enable_dns64": false,
            "enable_lni_at_device_index": 0,
            "enable_resource_name_dns_a_record_on_launch": false,
            "enable_resource_name_dns_aaaa_record_on_launch": false,
            "id": "subnet-00cdfb805bb51391d",
            "ipv6_cidr_block": "",
            "ipv6_cidr_block_association_id": "",
            "ipv6_native": false,
            "map_customer_owned_ip_on_launch": false,
            "map_public_ip_on_launch": false,
            "outpost_arn": "",
            "owner_id": "339713119714",
            "private_dns_hostname_type_on_launch": "ip-name",
            "tags": {
              "Name": "foryou-private-ap-northeast-2a",
              "Terraform": "true"
            },
            "tags_all": {
              "Name": "foryou-private-ap-northeast-2a",
              "Terraform": "true"
            },
            "timeouts": null,
            "vpc_id": "vpc-03ab34a214336c552"
          },
          "sensitive_attributes": [],
          "private": "eyJlMmJmYjczMC1lY2FhLTExZTYtOGY4OC0zNDM2M2JjN2M0YzAiOnsiY3JlYXRlIjo2MDAwMDAwMDAwMDAsImRlbGV0ZSI6MTIwMDAwMDAwMDAwMH0sInNjaGVtYV92ZXJzaW9uIjoiMSJ9",
          "dependencies": [
            "module.vpc.aws_vpc.this",
            "module.vpc.aws_vpc_ipv4_cidr_block_association.this"
          ]
        },
        {
          "index_key": 1,
          "schema_version": 1,
          "attributes": {
            "arn": "arn:aws:ec2:ap-northeast-2:339713119714:subnet/subnet-07991b7b6ae7ef121",
            "assign_ipv6_address_on_creation": false,
            "availability_zone": "ap-northeast-2c",
            "availability_zone_id": "apne2-az3",
            "cidr_block": "10.0.3.0/24",
            "customer_owned_ipv4_pool": "",
            "enable_dns64": false,
            "enable_lni_at_device_index": 0,
            "enable_resource_name_dns_a_record_on_launch": false,
            "enable_resource_name_dns_aaaa_record_on_launch": false,
            "id": "subnet-07991b7b6ae7ef121",
            "ipv6_cidr_block": "",
            "ipv6_cidr_block_association_id": "",
            "ipv6_native": false,
            "map_customer_owned_ip_on_launch": false,
            "map_public_ip_on_launch": false,
            "outpost_arn": "",
            "owner_id": "339713119714",
            "private_dns_hostname_type_on_launch": "ip-name",
            "tags": {
              "Name": "foryou-private-ap-northeast-2c",
              "Terraform": "true"
            },
            "tags_all": {
              "Name": "foryou-private-ap-northeast-2c",
              "Terraform": "true"
            },
            "timeouts": null,
            "vpc_id": "vpc-03ab34a214336c552"
          },
          "sensitive_attributes": [],
          "private": "eyJlMmJmYjczMC1lY2FhLTExZTYtOGY4OC0zNDM2M2JjN2M0YzAiOnsiY3JlYXRlIjo2MDAwMDAwMDAwMDAsImRlbGV0ZSI6MTIwMDAwMDAwMDAwMH0sInNjaGVtYV92ZXJzaW9uIjoiMSJ9",
          "dependencies": [
            "module.vpc.aws_vpc.this",
            "module.vpc.aws_vpc_ipv4_cidr_block_association.this"
          ]
        }
      ]
    },
    {
      "module": "module.vpc",
      "mode": "managed",
      "type": "aws_subnet",
      "name": "public",
      "provider": "provider[\"registry.terraform.io/hashicorp/aws\"]",
      "instances": [
        {
          "index_key": 0,
          "schema_version": 1,
          "attributes": {
            "arn": "arn:aws:ec2:ap-northeast-2:339713119714:subnet/subnet-0da390533932e0a4e",
            "assign_ipv6_address_on_creation": false,
            "availability_zone": "ap-northeast-2a",
            "availability_zone_id": "apne2-az1",
            "cidr_block": "10.0.0.0/24",
            "customer_owned_ipv4_pool": "",
            "enable_dns64": false,
            "enable_lni_at_device_index": 0,
            "enable_resource_name_dns_a_record_on_launch": true,
            "enable_resource_name_dns_aaaa_record_on_launch": false,
            "id": "subnet-0da390533932e0a4e",
            "ipv6_cidr_block": "",
            "ipv6_cidr_block_association_id": "",
            "ipv6_native": false,
            "map_customer_owned_ip_on_launch": false,
            "map_public_ip_on_launch": true,
            "outpost_arn": "",
            "owner_id": "339713119714",
            "private_dns_hostname_type_on_launch": "ip-name",
            "tags": {
              "Name": "foryou-public-ap-northeast-2a",
              "Terraform": "true"
            },
            "tags_all": {
              "Name": "foryou-public-ap-northeast-2a",
              "Terraform": "true"
            },
            "timeouts": null,
            "vpc_id": "vpc-03ab34a214336c552"
          },
          "sensitive_attributes": [],
          "private": "eyJlMmJmYjczMC1lY2FhLTExZTYtOGY4OC0zNDM2M2JjN2M0YzAiOnsiY3JlYXRlIjo2MDAwMDAwMDAwMDAsImRlbGV0ZSI6MTIwMDAwMDAwMDAwMH0sInNjaGVtYV92ZXJzaW9uIjoiMSJ9",
          "dependencies": [
            "module.vpc.aws_vpc.this",
            "module.vpc.aws_vpc_ipv4_cidr_block_association.this"
          ]
        },
        {
          "index_key": 1,
          "schema_version": 1,
          "attributes": {
            "arn": "arn:aws:ec2:ap-northeast-2:339713119714:subnet/subnet-09c6297894655c845",
            "assign_ipv6_address_on_creation": false,
            "availability_zone": "ap-northeast-2c",
            "availability_zone_id": "apne2-az3",
            "cidr_block": "10.0.1.0/24",
            "customer_owned_ipv4_pool": "",
            "enable_dns64": false,
            "enable_lni_at_device_index": 0,
            "enable_resource_name_dns_a_record_on_launch": true,
            "enable_resource_name_dns_aaaa_record_on_launch": false,
            "id": "subnet-09c6297894655c845",
            "ipv6_cidr_block": "",
            "ipv6_cidr_block_association_id": "",
            "ipv6_native": false,
            "map_customer_owned_ip_on_launch": false,
            "map_public_ip_on_launch": true,
            "outpost_arn": "",
            "owner_id": "339713119714",
            "private_dns_hostname_type_on_launch": "ip-name",
            "tags": {
              "Name": "foryou-public-ap-northeast-2c",
              "Terraform": "true"
            },
            "tags_all": {
              "Name": "foryou-public-ap-northeast-2c",
              "Terraform": "true"
            },
            "timeouts": null,
            "vpc_id": "vpc-03ab34a214336c552"
          },
          "sensitive_attributes": [],
          "private": "eyJlMmJmYjczMC1lY2FhLTExZTYtOGY4OC0zNDM2M2JjN2M0YzAiOnsiY3JlYXRlIjo2MDAwMDAwMDAwMDAsImRlbGV0ZSI6MTIwMDAwMDAwMDAwMH0sInNjaGVtYV92ZXJzaW9uIjoiMSJ9",
          "dependencies": [
            "module.vpc.aws_vpc.this",
            "module.vpc.aws_vpc_ipv4_cidr_block_association.this"
          ]
        }
      ]
    },
    {
      "module": "module.vpc",
      "mode": "managed",
      "type": "aws_vpc",
      "name": "this",
      "provider": "provider[\"registry.terraform.io/hashicorp/aws\"]",
      "instances": [
        {
          "index_key": 0,
          "schema_version": 1,
          "attributes": {
            "arn": "arn:aws:ec2:ap-northeast-2:339713119714:vpc/vpc-03ab34a214336c552",
            "assign_generated_ipv6_cidr_block": false,
            "cidr_block": "10.0.0.0/16",
            "default_network_acl_id": "acl-004959e8a08c77794",
            "default_route_table_id": "rtb-066dc9014064fd499",
            "default_security_group_id": "sg-0568dc0d84446c6e8",
            "dhcp_options_id": "dopt-0a67717d8f23193c8",
            "enable_dns_hostnames": true,
            "enable_dns_support": true,
            "enable_network_address_usage_metrics": false,
            "id": "vpc-03ab34a214336c552",
            "instance_tenancy": "default",
            "ipv4_ipam_pool_id": null,
            "ipv4_netmask_length": null,
            "ipv6_association_id": "",
            "ipv6_cidr_block": "",
            "ipv6_cidr_block_network_border_group": "",
            "ipv6_ipam_pool_id": "",
            "ipv6_netmask_length": 0,
            "main_route_table_id": "rtb-066dc9014064fd499",
            "owner_id": "339713119714",
            "tags": {
              "Name": "foryou",
              "Terraform": "true"
            },
            "tags_all": {
              "Name": "foryou",
              "Terraform": "true"
            }
          },
          "sensitive_attributes": [],
          "private": "eyJzY2hlbWFfdmVyc2lvbiI6IjEifQ=="
        }
      ]
    }
  ],
  "check_results": null
}
