{
  "version": 4,
  "terraform_version": "1.8.5",
  "serial": 638,
  "lineage": "a15f357f-7f57-57bd-5d70-3ca04bb2581c",
  "outputs": {
    "ec2_publicip_web": {
      "value": [
        "3.38.153.245",
        "43.201.32.219"
      ],
      "type": [
        "tuple",
        [
          "string",
          "string"
        ]
      ]
    },
    "eip_no": {
      "value": "3.37.76.230",
      "type": "string"
    },
    "load_dns_web": {
      "value": "foryou-web-lb-69921123.ap-northeast-2.elb.amazonaws.com",
      "type": "string"
    },
    "name_server": {
      "value": [
        "ns-1270.awsdns-30.org",
        "ns-1680.awsdns-18.co.uk",
        "ns-381.awsdns-47.com",
        "ns-584.awsdns-09.net"
      ],
      "type": [
        "list",
        "string"
      ]
    }
  },
  "resources": [
    {
      "module": "module.pjt",
      "mode": "data",
      "type": "aws_ami",
      "name": "amzn",
      "provider": "module.pjt.provider[\"registry.terraform.io/hashicorp/aws\"]",
      "instances": [
        {
          "schema_version": 0,
          "attributes": {
            "architecture": "x86_64",
            "arn": "arn:aws:ec2:ap-northeast-2::image/ami-04ab52e5e226ec1b8",
            "block_device_mappings": [
              {
                "device_name": "/dev/xvda",
                "ebs": {
                  "delete_on_termination": "true",
                  "encrypted": "false",
                  "iops": "0",
                  "snapshot_id": "snap-0731d36e33ed37a6c",
                  "throughput": "0",
                  "volume_size": "8",
                  "volume_type": "gp2"
                },
                "no_device": "",
                "virtual_name": ""
              }
            ],
            "boot_mode": "",
            "creation_date": "2024-07-10T02:19:42.000Z",
            "deprecation_time": "2025-07-01T00:00:00.000Z",
            "description": "Amazon Linux 2 Kernel 5.10 AMI 2.0.20240709.1 x86_64 HVM gp2",
            "ena_support": true,
            "executable_users": null,
            "filter": [
              {
                "name": "name",
                "values": [
                  "amzn2-ami-kernel-5.10*-hvm-*-x86_64-gp2"
                ]
              },
              {
                "name": "virtualization-type",
                "values": [
                  "hvm"
                ]
              }
            ],
            "hypervisor": "xen",
            "id": "ami-04ab52e5e226ec1b8",
            "image_id": "ami-04ab52e5e226ec1b8",
            "image_location": "amazon/amzn2-ami-kernel-5.10-hvm-2.0.20240709.1-x86_64-gp2",
            "image_owner_alias": "amazon",
            "image_type": "machine",
            "imds_support": "",
            "include_deprecated": false,
            "kernel_id": "",
            "most_recent": true,
            "name": "amzn2-ami-kernel-5.10-hvm-2.0.20240709.1-x86_64-gp2",
            "name_regex": null,
            "owner_id": "137112412989",
            "owners": [
              "amazon"
            ],
            "platform": "",
            "platform_details": "Linux/UNIX",
            "product_codes": [],
            "public": true,
            "ramdisk_id": "",
            "root_device_name": "/dev/xvda",
            "root_device_type": "ebs",
            "root_snapshot_id": "snap-0731d36e33ed37a6c",
            "sriov_net_support": "simple",
            "state": "available",
            "state_reason": {
              "code": "UNSET",
              "message": "UNSET"
            },
            "tags": {},
            "timeouts": null,
            "tpm_support": "",
            "usage_operation": "RunInstances",
            "virtualization_type": "hvm"
          },
          "sensitive_attributes": []
        }
      ]
    },
    {
      "module": "module.pjt",
      "mode": "managed",
      "type": "aws_ami_from_instance",
      "name": "foryou_ami_was",
      "provider": "module.pjt.provider[\"registry.terraform.io/hashicorp/aws\"]",
      "instances": [
        {
          "schema_version": 0,
          "attributes": {
            "architecture": "x86_64",
            "arn": "arn:aws:ec2:ap-northeast-2::image/ami-090fb8944c5b6b1e0",
            "boot_mode": "",
            "deprecation_time": "",
            "description": "",
            "ebs_block_device": [
              {
                "delete_on_termination": true,
                "device_name": "/dev/xvda",
                "encrypted": false,
                "iops": 0,
                "outpost_arn": "",
                "snapshot_id": "snap-02f484f73e08180ba",
                "throughput": 0,
                "volume_size": 8,
                "volume_type": "gp2"
              }
            ],
            "ena_support": true,
            "ephemeral_block_device": [],
            "hypervisor": "xen",
            "id": "ami-090fb8944c5b6b1e0",
            "image_location": "905418168845/foryou-ami-was",
            "image_owner_alias": "",
            "image_type": "machine",
            "imds_support": "",
            "kernel_id": "",
            "manage_ebs_snapshots": true,
            "name": "foryou-ami-was",
            "owner_id": "905418168845",
            "platform": "",
            "platform_details": "Linux/UNIX",
            "public": false,
            "ramdisk_id": "",
            "root_device_name": "/dev/xvda",
            "root_snapshot_id": "snap-02f484f73e08180ba",
            "snapshot_without_reboot": null,
            "source_instance_id": "i-0084de5267162b588",
            "sriov_net_support": "simple",
            "tags": {
              "Name": "foryou-ami-was"
            },
            "tags_all": {
              "Name": "foryou-ami-was"
            },
            "timeouts": null,
            "tpm_support": "",
            "usage_operation": "RunInstances",
            "virtualization_type": "hvm"
          },
          "sensitive_attributes": [],
          "private": "eyJlMmJmYjczMC1lY2FhLTExZTYtOGY4OC0zNDM2M2JjN2M0YzAiOnsiY3JlYXRlIjoyNDAwMDAwMDAwMDAwLCJkZWxldGUiOjU0MDAwMDAwMDAwMDAsInVwZGF0ZSI6MjQwMDAwMDAwMDAwMH19",
          "dependencies": [
            "module.pjt.aws_instance.foryou_was",
            "module.pjt.aws_security_group.foryou_sgweb",
            "module.pjt.aws_subnet.was",
            "module.pjt.aws_vpc.foryou-vpc",
            "module.pjt.data.aws_ami.amzn"
          ]
        }
      ]
    },
    {
      "module": "module.pjt",
      "mode": "managed",
      "type": "aws_ami_from_instance",
      "name": "foryou_ami_web",
      "provider": "module.pjt.provider[\"registry.terraform.io/hashicorp/aws\"]",
      "instances": [
        {
          "schema_version": 0,
          "attributes": {
            "architecture": "x86_64",
            "arn": "arn:aws:ec2:ap-northeast-2::image/ami-03f8564b3db0798b8",
            "boot_mode": "",
            "deprecation_time": "",
            "description": "",
            "ebs_block_device": [
              {
                "delete_on_termination": true,
                "device_name": "/dev/xvda",
                "encrypted": false,
                "iops": 0,
                "outpost_arn": "",
                "snapshot_id": "snap-083f3ae1de487e70c",
                "throughput": 0,
                "volume_size": 8,
                "volume_type": "gp2"
              }
            ],
            "ena_support": true,
            "ephemeral_block_device": [],
            "hypervisor": "xen",
            "id": "ami-03f8564b3db0798b8",
            "image_location": "905418168845/foryou-ami-web",
            "image_owner_alias": "",
            "image_type": "machine",
            "imds_support": "",
            "kernel_id": "",
            "manage_ebs_snapshots": true,
            "name": "foryou-ami-web",
            "owner_id": "905418168845",
            "platform": "",
            "platform_details": "Linux/UNIX",
            "public": false,
            "ramdisk_id": "",
            "root_device_name": "/dev/xvda",
            "root_snapshot_id": "snap-083f3ae1de487e70c",
            "snapshot_without_reboot": null,
            "source_instance_id": "i-00303c8534466c97e",
            "sriov_net_support": "simple",
            "tags": {
              "Name": "foryou-ami-web"
            },
            "tags_all": {
              "Name": "foryou-ami-web"
            },
            "timeouts": null,
            "tpm_support": "",
            "usage_operation": "RunInstances",
            "virtualization_type": "hvm"
          },
          "sensitive_attributes": [],
          "private": "eyJlMmJmYjczMC1lY2FhLTExZTYtOGY4OC0zNDM2M2JjN2M0YzAiOnsiY3JlYXRlIjoyNDAwMDAwMDAwMDAwLCJkZWxldGUiOjU0MDAwMDAwMDAwMDAsInVwZGF0ZSI6MjQwMDAwMDAwMDAwMH19",
          "dependencies": [
            "module.pjt.aws_instance.foryou_web",
            "module.pjt.aws_security_group.foryou_sgweb",
            "module.pjt.aws_subnet.web",
            "module.pjt.aws_vpc.foryou-vpc",
            "module.pjt.data.aws_ami.amzn"
          ]
        }
      ]
    },
    {
      "module": "module.pjt",
      "mode": "managed",
      "type": "aws_autoscaling_attachment",
      "name": "cyi_asgat",
      "provider": "module.pjt.provider[\"registry.terraform.io/hashicorp/aws\"]",
      "instances": [
        {
          "schema_version": 0,
          "attributes": {
            "autoscaling_group_name": "foryou-asg-was",
            "elb": null,
            "id": "foryou-asg-was-20240716082922023700000010",
            "lb_target_group_arn": "arn:aws:elasticloadbalancing:ap-northeast-2:905418168845:targetgroup/foryou-albtg-was/2820ff94af5a22bd"
          },
          "sensitive_attributes": [],
          "private": "bnVsbA==",
          "dependencies": [
            "module.pjt.aws_ami_from_instance.foryou_ami_was",
            "module.pjt.aws_autoscaling_group.foryou_asg_was",
            "module.pjt.aws_instance.foryou_was",
            "module.pjt.aws_launch_template.foryou_lt_was",
            "module.pjt.aws_lb_target_group.foryou_albtg_was",
            "module.pjt.aws_security_group.foryou_sgweb",
            "module.pjt.aws_subnet.was",
            "module.pjt.aws_vpc.foryou-vpc",
            "module.pjt.data.aws_ami.amzn"
          ]
        }
      ]
    },
    {
      "module": "module.pjt",
      "mode": "managed",
      "type": "aws_autoscaling_attachment",
      "name": "foryou_asgat_web",
      "provider": "module.pjt.provider[\"registry.terraform.io/hashicorp/aws\"]",
      "instances": [
        {
          "schema_version": 0,
          "attributes": {
            "autoscaling_group_name": "foryou-asg-web",
            "elb": null,
            "id": "foryou-asg-web-2024071608290139030000000f",
            "lb_target_group_arn": "arn:aws:elasticloadbalancing:ap-northeast-2:905418168845:targetgroup/foryou-albtg-web/53bad96c6f9d89e3"
          },
          "sensitive_attributes": [],
          "private": "bnVsbA==",
          "dependencies": [
            "module.pjt.aws_ami_from_instance.foryou_ami_web",
            "module.pjt.aws_autoscaling_group.foryou_asg_web",
            "module.pjt.aws_instance.foryou_web",
            "module.pjt.aws_launch_template.foryou_lt_web",
            "module.pjt.aws_lb_target_group.foryou_albtg_web",
            "module.pjt.aws_security_group.foryou_sgweb",
            "module.pjt.aws_subnet.web",
            "module.pjt.aws_vpc.foryou-vpc",
            "module.pjt.data.aws_ami.amzn"
          ]
        }
      ]
    },
    {
      "module": "module.pjt",
      "mode": "managed",
      "type": "aws_autoscaling_group",
      "name": "foryou_asg_was",
      "provider": "module.pjt.provider[\"registry.terraform.io/hashicorp/aws\"]",
      "instances": [
        {
          "schema_version": 1,
          "attributes": {
            "arn": "arn:aws:autoscaling:ap-northeast-2:905418168845:autoScalingGroup:09310c56-fd9a-4202-92be-2873cce1d920:autoScalingGroupName/foryou-asg-was",
            "availability_zones": [
              "ap-northeast-2a",
              "ap-northeast-2c"
            ],
            "capacity_rebalance": false,
            "context": "",
            "default_cooldown": 300,
            "default_instance_warmup": 0,
            "desired_capacity": 1,
            "desired_capacity_type": "",
            "enabled_metrics": null,
            "force_delete": false,
            "force_delete_warm_pool": false,
            "health_check_grace_period": 30,
            "health_check_type": "EC2",
            "id": "foryou-asg-was",
            "ignore_failed_scaling_activities": false,
            "initial_lifecycle_hook": [],
            "instance_maintenance_policy": [],
            "instance_refresh": [],
            "launch_configuration": "",
            "launch_template": [
              {
                "id": "lt-00775248a26badd64",
                "name": "foryou-lt-was",
                "version": "$Latest"
              }
            ],
            "load_balancers": [],
            "max_instance_lifetime": 0,
            "max_size": 6,
            "metrics_granularity": "1Minute",
            "min_elb_capacity": null,
            "min_size": 1,
            "mixed_instances_policy": [],
            "name": "foryou-asg-was",
            "name_prefix": "",
            "placement_group": "",
            "predicted_capacity": 0,
            "protect_from_scale_in": false,
            "service_linked_role_arn": "arn:aws:iam::905418168845:role/aws-service-role/autoscaling.amazonaws.com/AWSServiceRoleForAutoScaling",
            "suspended_processes": null,
            "tag": [],
            "target_group_arns": [],
            "termination_policies": null,
            "timeouts": null,
            "traffic_source": [],
            "vpc_zone_identifier": [
              "subnet-053cf58dac635003d",
              "subnet-0d41fa98f4c71255f"
            ],
            "wait_for_capacity_timeout": "10m",
            "wait_for_elb_capacity": null,
            "warm_pool": [],
            "warm_pool_size": 0
          },
          "sensitive_attributes": [],
          "private": "eyJlMmJmYjczMC1lY2FhLTExZTYtOGY4OC0zNDM2M2JjN2M0YzAiOnsiZGVsZXRlIjo2MDAwMDAwMDAwMDAsInVwZGF0ZSI6NjAwMDAwMDAwMDAwfSwic2NoZW1hX3ZlcnNpb24iOiIxIn0=",
          "dependencies": [
            "module.pjt.aws_ami_from_instance.foryou_ami_was",
            "module.pjt.aws_instance.foryou_was",
            "module.pjt.aws_launch_template.foryou_lt_was",
            "module.pjt.aws_security_group.foryou_sgweb",
            "module.pjt.aws_subnet.was",
            "module.pjt.aws_vpc.foryou-vpc",
            "module.pjt.data.aws_ami.amzn"
          ]
        }
      ]
    },
    {
      "module": "module.pjt",
      "mode": "managed",
      "type": "aws_autoscaling_group",
      "name": "foryou_asg_web",
      "provider": "module.pjt.provider[\"registry.terraform.io/hashicorp/aws\"]",
      "instances": [
        {
          "schema_version": 1,
          "attributes": {
            "arn": "arn:aws:autoscaling:ap-northeast-2:905418168845:autoScalingGroup:5933b8ab-ab99-4631-b1ca-569070973fbe:autoScalingGroupName/foryou-asg-web",
            "availability_zones": [
              "ap-northeast-2a",
              "ap-northeast-2c"
            ],
            "capacity_rebalance": false,
            "context": "",
            "default_cooldown": 300,
            "default_instance_warmup": 0,
            "desired_capacity": 1,
            "desired_capacity_type": "",
            "enabled_metrics": null,
            "force_delete": false,
            "force_delete_warm_pool": false,
            "health_check_grace_period": 30,
            "health_check_type": "EC2",
            "id": "foryou-asg-web",
            "ignore_failed_scaling_activities": false,
            "initial_lifecycle_hook": [],
            "instance_maintenance_policy": [],
            "instance_refresh": [],
            "launch_configuration": "",
            "launch_template": [
              {
                "id": "lt-0cde18003d54ad3a6",
                "name": "foryou-lt-web",
                "version": "$Latest"
              }
            ],
            "load_balancers": [],
            "max_instance_lifetime": 0,
            "max_size": 6,
            "metrics_granularity": "1Minute",
            "min_elb_capacity": null,
            "min_size": 1,
            "mixed_instances_policy": [],
            "name": "foryou-asg-web",
            "name_prefix": "",
            "placement_group": "",
            "predicted_capacity": 0,
            "protect_from_scale_in": false,
            "service_linked_role_arn": "arn:aws:iam::905418168845:role/aws-service-role/autoscaling.amazonaws.com/AWSServiceRoleForAutoScaling",
            "suspended_processes": null,
            "tag": [],
            "target_group_arns": [],
            "termination_policies": null,
            "timeouts": null,
            "traffic_source": [],
            "vpc_zone_identifier": [
              "subnet-01f24d98be9ae2c90",
              "subnet-0e05cf4e78495d3d2"
            ],
            "wait_for_capacity_timeout": "10m",
            "wait_for_elb_capacity": null,
            "warm_pool": [],
            "warm_pool_size": 0
          },
          "sensitive_attributes": [],
          "private": "eyJlMmJmYjczMC1lY2FhLTExZTYtOGY4OC0zNDM2M2JjN2M0YzAiOnsiZGVsZXRlIjo2MDAwMDAwMDAwMDAsInVwZGF0ZSI6NjAwMDAwMDAwMDAwfSwic2NoZW1hX3ZlcnNpb24iOiIxIn0=",
          "dependencies": [
            "module.pjt.aws_ami_from_instance.foryou_ami_web",
            "module.pjt.aws_instance.foryou_web",
            "module.pjt.aws_launch_template.foryou_lt_web",
            "module.pjt.aws_security_group.foryou_sgweb",
            "module.pjt.aws_subnet.web",
            "module.pjt.aws_vpc.foryou-vpc",
            "module.pjt.data.aws_ami.amzn"
          ]
        }
      ]
    },
    {
      "module": "module.pjt",
      "mode": "managed",
      "type": "aws_eip",
      "name": "foryou_eip",
      "provider": "module.pjt.provider[\"registry.terraform.io/hashicorp/aws\"]",
      "instances": [
        {
          "schema_version": 0,
          "attributes": {
            "address": null,
            "allocation_id": "eipalloc-0c490e313cc94e9bc",
            "arn": "arn:aws:ec2:ap-northeast-2:905418168845:elastic-ip/eipalloc-0c490e313cc94e9bc",
            "associate_with_private_ip": null,
            "association_id": "",
            "carrier_ip": "",
            "customer_owned_ip": "",
            "customer_owned_ipv4_pool": "",
            "domain": "vpc",
            "id": "eipalloc-0c490e313cc94e9bc",
            "instance": "",
            "network_border_group": "ap-northeast-2",
            "network_interface": "",
            "private_dns": null,
            "private_ip": "",
            "ptr_record": "",
            "public_dns": "ec2-3-37-76-230.ap-northeast-2.compute.amazonaws.com",
            "public_ip": "3.37.76.230",
            "public_ipv4_pool": "amazon",
            "tags": null,
            "tags_all": {},
            "timeouts": null,
            "vpc": true
          },
          "sensitive_attributes": [],
          "private": "eyJlMmJmYjczMC1lY2FhLTExZTYtOGY4OC0zNDM2M2JjN2M0YzAiOnsiZGVsZXRlIjoxODAwMDAwMDAwMDAsInJlYWQiOjkwMDAwMDAwMDAwMCwidXBkYXRlIjozMDAwMDAwMDAwMDB9fQ=="
        }
      ]
    },
    {
      "module": "module.pjt",
      "mode": "managed",
      "type": "aws_instance",
      "name": "foryou_was",
      "provider": "module.pjt.provider[\"registry.terraform.io/hashicorp/aws\"]",
      "instances": [
        {
          "index_key": 0,
          "schema_version": 1,
          "attributes": {
            "ami": "ami-04ab52e5e226ec1b8",
            "arn": "arn:aws:ec2:ap-northeast-2:905418168845:instance/i-0084de5267162b588",
            "associate_public_ip_address": true,
            "availability_zone": "ap-northeast-2a",
            "capacity_reservation_specification": [
              {
                "capacity_reservation_preference": "open",
                "capacity_reservation_target": []
              }
            ],
            "cpu_core_count": 1,
            "cpu_options": [
              {
                "amd_sev_snp": "",
                "core_count": 1,
                "threads_per_core": 1
              }
            ],
            "cpu_threads_per_core": 1,
            "credit_specification": [
              {
                "cpu_credits": "standard"
              }
            ],
            "disable_api_stop": false,
            "disable_api_termination": false,
            "ebs_block_device": [],
            "ebs_optimized": false,
            "enclave_options": [
              {
                "enabled": false
              }
            ],
            "ephemeral_block_device": [],
            "get_password_data": false,
            "hibernation": false,
            "host_id": "",
            "host_resource_group_arn": null,
            "iam_instance_profile": "",
            "id": "i-0084de5267162b588",
            "instance_initiated_shutdown_behavior": "stop",
            "instance_lifecycle": "",
            "instance_market_options": [],
            "instance_state": "running",
            "instance_type": "t2.micro",
            "ipv6_address_count": 0,
            "ipv6_addresses": [],
            "key_name": "foryou",
            "launch_template": [],
            "maintenance_options": [
              {
                "auto_recovery": "default"
              }
            ],
            "metadata_options": [
              {
                "http_endpoint": "enabled",
                "http_protocol_ipv6": "disabled",
                "http_put_response_hop_limit": 1,
                "http_tokens": "optional",
                "instance_metadata_tags": "disabled"
              }
            ],
            "monitoring": false,
            "network_interface": [],
            "outpost_arn": "",
            "password_data": "",
            "placement_group": "",
            "placement_partition_number": 0,
            "primary_network_interface_id": "eni-04f64b37b9aa0cd57",
            "private_dns": "ip-10-0-2-11.ap-northeast-2.compute.internal",
            "private_dns_name_options": [
              {
                "enable_resource_name_dns_a_record": false,
                "enable_resource_name_dns_aaaa_record": false,
                "hostname_type": "ip-name"
              }
            ],
            "private_ip": "10.0.2.11",
            "public_dns": "ec2-43-203-211-248.ap-northeast-2.compute.amazonaws.com",
            "public_ip": "43.203.211.248",
            "root_block_device": [
              {
                "delete_on_termination": true,
                "device_name": "/dev/xvda",
                "encrypted": false,
                "iops": 100,
                "kms_key_id": "",
                "tags": {},
                "tags_all": {},
                "throughput": 0,
                "volume_id": "vol-081130c7f15dd043d",
                "volume_size": 8,
                "volume_type": "gp2"
              }
            ],
            "secondary_private_ips": [],
            "security_groups": [],
            "source_dest_check": true,
            "spot_instance_request_id": "",
            "subnet_id": "subnet-053cf58dac635003d",
            "tags": {
              "Name": "foryou-was-c"
            },
            "tags_all": {
              "Name": "foryou-was-c"
            },
            "tenancy": "default",
            "timeouts": null,
            "user_data": "a314c02f68551af45bda3bc88d413cf830ddd68e",
            "user_data_base64": null,
            "user_data_replace_on_change": false,
            "volume_tags": null,
            "vpc_security_group_ids": [
              "sg-0d4caceb92809d638"
            ]
          },
          "sensitive_attributes": [],
          "private": "eyJlMmJmYjczMC1lY2FhLTExZTYtOGY4OC0zNDM2M2JjN2M0YzAiOnsiY3JlYXRlIjo2MDAwMDAwMDAwMDAsImRlbGV0ZSI6MTIwMDAwMDAwMDAwMCwicmVhZCI6OTAwMDAwMDAwMDAwLCJ1cGRhdGUiOjYwMDAwMDAwMDAwMH0sInNjaGVtYV92ZXJzaW9uIjoiMSJ9",
          "dependencies": [
            "module.pjt.aws_security_group.foryou_sgweb",
            "module.pjt.aws_subnet.was",
            "module.pjt.aws_vpc.foryou-vpc",
            "module.pjt.data.aws_ami.amzn"
          ]
        },
        {
          "index_key": 1,
          "schema_version": 1,
          "attributes": {
            "ami": "ami-04ab52e5e226ec1b8",
            "arn": "arn:aws:ec2:ap-northeast-2:905418168845:instance/i-0018af5a4472c30e8",
            "associate_public_ip_address": true,
            "availability_zone": "ap-northeast-2c",
            "capacity_reservation_specification": [
              {
                "capacity_reservation_preference": "open",
                "capacity_reservation_target": []
              }
            ],
            "cpu_core_count": 1,
            "cpu_options": [
              {
                "amd_sev_snp": "",
                "core_count": 1,
                "threads_per_core": 1
              }
            ],
            "cpu_threads_per_core": 1,
            "credit_specification": [
              {
                "cpu_credits": "standard"
              }
            ],
            "disable_api_stop": false,
            "disable_api_termination": false,
            "ebs_block_device": [],
            "ebs_optimized": false,
            "enclave_options": [
              {
                "enabled": false
              }
            ],
            "ephemeral_block_device": [],
            "get_password_data": false,
            "hibernation": false,
            "host_id": "",
            "host_resource_group_arn": null,
            "iam_instance_profile": "",
            "id": "i-0018af5a4472c30e8",
            "instance_initiated_shutdown_behavior": "stop",
            "instance_lifecycle": "",
            "instance_market_options": [],
            "instance_state": "running",
            "instance_type": "t2.micro",
            "ipv6_address_count": 0,
            "ipv6_addresses": [],
            "key_name": "foryou",
            "launch_template": [],
            "maintenance_options": [
              {
                "auto_recovery": "default"
              }
            ],
            "metadata_options": [
              {
                "http_endpoint": "enabled",
                "http_protocol_ipv6": "disabled",
                "http_put_response_hop_limit": 1,
                "http_tokens": "optional",
                "instance_metadata_tags": "disabled"
              }
            ],
            "monitoring": false,
            "network_interface": [],
            "outpost_arn": "",
            "password_data": "",
            "placement_group": "",
            "placement_partition_number": 0,
            "primary_network_interface_id": "eni-0b69b5cc6a9238e94",
            "private_dns": "ip-10-0-3-11.ap-northeast-2.compute.internal",
            "private_dns_name_options": [
              {
                "enable_resource_name_dns_a_record": false,
                "enable_resource_name_dns_aaaa_record": false,
                "hostname_type": "ip-name"
              }
            ],
            "private_ip": "10.0.3.11",
            "public_dns": "ec2-54-180-98-7.ap-northeast-2.compute.amazonaws.com",
            "public_ip": "54.180.98.7",
            "root_block_device": [
              {
                "delete_on_termination": true,
                "device_name": "/dev/xvda",
                "encrypted": false,
                "iops": 100,
                "kms_key_id": "",
                "tags": {},
                "tags_all": {},
                "throughput": 0,
                "volume_id": "vol-0872223cca9b3bc2e",
                "volume_size": 8,
                "volume_type": "gp2"
              }
            ],
            "secondary_private_ips": [],
            "security_groups": [],
            "source_dest_check": true,
            "spot_instance_request_id": "",
            "subnet_id": "subnet-0d41fa98f4c71255f",
            "tags": {
              "Name": "foryou-was-c"
            },
            "tags_all": {
              "Name": "foryou-was-c"
            },
            "tenancy": "default",
            "timeouts": null,
            "user_data": "a314c02f68551af45bda3bc88d413cf830ddd68e",
            "user_data_base64": null,
            "user_data_replace_on_change": false,
            "volume_tags": null,
            "vpc_security_group_ids": [
              "sg-0d4caceb92809d638"
            ]
          },
          "sensitive_attributes": [],
          "private": "eyJlMmJmYjczMC1lY2FhLTExZTYtOGY4OC0zNDM2M2JjN2M0YzAiOnsiY3JlYXRlIjo2MDAwMDAwMDAwMDAsImRlbGV0ZSI6MTIwMDAwMDAwMDAwMCwicmVhZCI6OTAwMDAwMDAwMDAwLCJ1cGRhdGUiOjYwMDAwMDAwMDAwMH0sInNjaGVtYV92ZXJzaW9uIjoiMSJ9",
          "dependencies": [
            "module.pjt.aws_security_group.foryou_sgweb",
            "module.pjt.aws_subnet.was",
            "module.pjt.aws_vpc.foryou-vpc",
            "module.pjt.data.aws_ami.amzn"
          ]
        }
      ]
    },
    {
      "module": "module.pjt",
      "mode": "managed",
      "type": "aws_instance",
      "name": "foryou_web",
      "provider": "module.pjt.provider[\"registry.terraform.io/hashicorp/aws\"]",
      "instances": [
        {
          "index_key": 0,
          "schema_version": 1,
          "attributes": {
            "ami": "ami-04ab52e5e226ec1b8",
            "arn": "arn:aws:ec2:ap-northeast-2:905418168845:instance/i-00303c8534466c97e",
            "associate_public_ip_address": true,
            "availability_zone": "ap-northeast-2a",
            "capacity_reservation_specification": [
              {
                "capacity_reservation_preference": "open",
                "capacity_reservation_target": []
              }
            ],
            "cpu_core_count": 1,
            "cpu_options": [
              {
                "amd_sev_snp": "",
                "core_count": 1,
                "threads_per_core": 1
              }
            ],
            "cpu_threads_per_core": 1,
            "credit_specification": [
              {
                "cpu_credits": "standard"
              }
            ],
            "disable_api_stop": false,
            "disable_api_termination": false,
            "ebs_block_device": [],
            "ebs_optimized": false,
            "enclave_options": [
              {
                "enabled": false
              }
            ],
            "ephemeral_block_device": [],
            "get_password_data": false,
            "hibernation": false,
            "host_id": "",
            "host_resource_group_arn": null,
            "iam_instance_profile": "",
            "id": "i-00303c8534466c97e",
            "instance_initiated_shutdown_behavior": "stop",
            "instance_lifecycle": "",
            "instance_market_options": [],
            "instance_state": "running",
            "instance_type": "t2.micro",
            "ipv6_address_count": 0,
            "ipv6_addresses": [],
            "key_name": "foryou",
            "launch_template": [],
            "maintenance_options": [
              {
                "auto_recovery": "default"
              }
            ],
            "metadata_options": [
              {
                "http_endpoint": "enabled",
                "http_protocol_ipv6": "disabled",
                "http_put_response_hop_limit": 1,
                "http_tokens": "optional",
                "instance_metadata_tags": "disabled"
              }
            ],
            "monitoring": false,
            "network_interface": [],
            "outpost_arn": "",
            "password_data": "",
            "placement_group": "",
            "placement_partition_number": 0,
            "primary_network_interface_id": "eni-0d7c19b770621cb2c",
            "private_dns": "ip-10-0-0-11.ap-northeast-2.compute.internal",
            "private_dns_name_options": [
              {
                "enable_resource_name_dns_a_record": false,
                "enable_resource_name_dns_aaaa_record": false,
                "hostname_type": "ip-name"
              }
            ],
            "private_ip": "10.0.0.11",
            "public_dns": "ec2-3-38-153-245.ap-northeast-2.compute.amazonaws.com",
            "public_ip": "3.38.153.245",
            "root_block_device": [
              {
                "delete_on_termination": true,
                "device_name": "/dev/xvda",
                "encrypted": false,
                "iops": 100,
                "kms_key_id": "",
                "tags": {},
                "tags_all": {},
                "throughput": 0,
                "volume_id": "vol-0e0fe988d00bffe10",
                "volume_size": 8,
                "volume_type": "gp2"
              }
            ],
            "secondary_private_ips": [],
            "security_groups": [],
            "source_dest_check": true,
            "spot_instance_request_id": "",
            "subnet_id": "subnet-0e05cf4e78495d3d2",
            "tags": {
              "Name": "foryou-web-a"
            },
            "tags_all": {
              "Name": "foryou-web-a"
            },
            "tenancy": "default",
            "timeouts": null,
            "user_data": "a314c02f68551af45bda3bc88d413cf830ddd68e",
            "user_data_base64": null,
            "user_data_replace_on_change": false,
            "volume_tags": null,
            "vpc_security_group_ids": [
              "sg-0d4caceb92809d638"
            ]
          },
          "sensitive_attributes": [],
          "private": "eyJlMmJmYjczMC1lY2FhLTExZTYtOGY4OC0zNDM2M2JjN2M0YzAiOnsiY3JlYXRlIjo2MDAwMDAwMDAwMDAsImRlbGV0ZSI6MTIwMDAwMDAwMDAwMCwicmVhZCI6OTAwMDAwMDAwMDAwLCJ1cGRhdGUiOjYwMDAwMDAwMDAwMH0sInNjaGVtYV92ZXJzaW9uIjoiMSJ9",
          "dependencies": [
            "module.pjt.aws_security_group.foryou_sgweb",
            "module.pjt.aws_subnet.web",
            "module.pjt.aws_vpc.foryou-vpc",
            "module.pjt.data.aws_ami.amzn"
          ]
        },
        {
          "index_key": 1,
          "schema_version": 1,
          "attributes": {
            "ami": "ami-04ab52e5e226ec1b8",
            "arn": "arn:aws:ec2:ap-northeast-2:905418168845:instance/i-00f34d40350013e21",
            "associate_public_ip_address": true,
            "availability_zone": "ap-northeast-2c",
            "capacity_reservation_specification": [
              {
                "capacity_reservation_preference": "open",
                "capacity_reservation_target": []
              }
            ],
            "cpu_core_count": 1,
            "cpu_options": [
              {
                "amd_sev_snp": "",
                "core_count": 1,
                "threads_per_core": 1
              }
            ],
            "cpu_threads_per_core": 1,
            "credit_specification": [
              {
                "cpu_credits": "standard"
              }
            ],
            "disable_api_stop": false,
            "disable_api_termination": false,
            "ebs_block_device": [],
            "ebs_optimized": false,
            "enclave_options": [
              {
                "enabled": false
              }
            ],
            "ephemeral_block_device": [],
            "get_password_data": false,
            "hibernation": false,
            "host_id": "",
            "host_resource_group_arn": null,
            "iam_instance_profile": "",
            "id": "i-00f34d40350013e21",
            "instance_initiated_shutdown_behavior": "stop",
            "instance_lifecycle": "",
            "instance_market_options": [],
            "instance_state": "running",
            "instance_type": "t2.micro",
            "ipv6_address_count": 0,
            "ipv6_addresses": [],
            "key_name": "foryou",
            "launch_template": [],
            "maintenance_options": [
              {
                "auto_recovery": "default"
              }
            ],
            "metadata_options": [
              {
                "http_endpoint": "enabled",
                "http_protocol_ipv6": "disabled",
                "http_put_response_hop_limit": 1,
                "http_tokens": "optional",
                "instance_metadata_tags": "disabled"
              }
            ],
            "monitoring": false,
            "network_interface": [],
            "outpost_arn": "",
            "password_data": "",
            "placement_group": "",
            "placement_partition_number": 0,
            "primary_network_interface_id": "eni-0b7a96e278b91a106",
            "private_dns": "ip-10-0-1-11.ap-northeast-2.compute.internal",
            "private_dns_name_options": [
              {
                "enable_resource_name_dns_a_record": false,
                "enable_resource_name_dns_aaaa_record": false,
                "hostname_type": "ip-name"
              }
            ],
            "private_ip": "10.0.1.11",
            "public_dns": "ec2-43-201-32-219.ap-northeast-2.compute.amazonaws.com",
            "public_ip": "43.201.32.219",
            "root_block_device": [
              {
                "delete_on_termination": true,
                "device_name": "/dev/xvda",
                "encrypted": false,
                "iops": 100,
                "kms_key_id": "",
                "tags": {},
                "tags_all": {},
                "throughput": 0,
                "volume_id": "vol-0285d156077f0b7bb",
                "volume_size": 8,
                "volume_type": "gp2"
              }
            ],
            "secondary_private_ips": [],
            "security_groups": [],
            "source_dest_check": true,
            "spot_instance_request_id": "",
            "subnet_id": "subnet-01f24d98be9ae2c90",
            "tags": {
              "Name": "foryou-web-c"
            },
            "tags_all": {
              "Name": "foryou-web-c"
            },
            "tenancy": "default",
            "timeouts": null,
            "user_data": "a314c02f68551af45bda3bc88d413cf830ddd68e",
            "user_data_base64": null,
            "user_data_replace_on_change": false,
            "volume_tags": null,
            "vpc_security_group_ids": [
              "sg-0d4caceb92809d638"
            ]
          },
          "sensitive_attributes": [],
          "private": "eyJlMmJmYjczMC1lY2FhLTExZTYtOGY4OC0zNDM2M2JjN2M0YzAiOnsiY3JlYXRlIjo2MDAwMDAwMDAwMDAsImRlbGV0ZSI6MTIwMDAwMDAwMDAwMCwicmVhZCI6OTAwMDAwMDAwMDAwLCJ1cGRhdGUiOjYwMDAwMDAwMDAwMH0sInNjaGVtYV92ZXJzaW9uIjoiMSJ9",
          "dependencies": [
            "module.pjt.aws_security_group.foryou_sgweb",
            "module.pjt.aws_subnet.web",
            "module.pjt.aws_vpc.foryou-vpc",
            "module.pjt.data.aws_ami.amzn"
          ]
        }
      ]
    },
    {
      "module": "module.pjt",
      "mode": "managed",
      "type": "aws_internet_gateway",
      "name": "foryou-ig",
      "provider": "module.pjt.provider[\"registry.terraform.io/hashicorp/aws\"]",
      "instances": [
        {
          "schema_version": 0,
          "attributes": {
            "arn": "arn:aws:ec2:ap-northeast-2:905418168845:internet-gateway/igw-06eb437d8b68b5a1c",
            "id": "igw-06eb437d8b68b5a1c",
            "owner_id": "905418168845",
            "tags": {
              "Name": "foryou-ig"
            },
            "tags_all": {
              "Name": "foryou-ig"
            },
            "timeouts": null,
            "vpc_id": "vpc-083c234f4c0ca7b6c"
          },
          "sensitive_attributes": [],
          "private": "eyJlMmJmYjczMC1lY2FhLTExZTYtOGY4OC0zNDM2M2JjN2M0YzAiOnsiY3JlYXRlIjoxMjAwMDAwMDAwMDAwLCJkZWxldGUiOjEyMDAwMDAwMDAwMDAsInVwZGF0ZSI6MTIwMDAwMDAwMDAwMH19",
          "dependencies": [
            "module.pjt.aws_vpc.foryou-vpc"
          ]
        }
      ]
    },
    {
      "module": "module.pjt",
      "mode": "managed",
      "type": "aws_key_pair",
      "name": "foryou_key",
      "provider": "module.pjt.provider[\"registry.terraform.io/hashicorp/aws\"]",
      "instances": [
        {
          "schema_version": 1,
          "attributes": {
            "arn": "arn:aws:ec2:ap-northeast-2:905418168845:key-pair/foryou",
            "fingerprint": "e9:bb:c5:e0:c4:ad:87:70:5b:83:4a:83:68:47:98:2c",
            "id": "foryou",
            "key_name": "foryou",
            "key_name_prefix": "",
            "key_pair_id": "key-0892b2b4ccc9f1d6e",
            "key_type": "rsa",
            "public_key": "ssh-rsa AAAAB3NzaC1yc2EAAAADAQABAAABgQC/9OA0C030JlHJ3+NCo9+ZnBZlHhA2+eqJeU9t2MLYZVZZpxnl/LTsB0mngtO89meoeYy+djIv3bycTmmUDAYDWcJeHdoWrD7+0gj2Zd+UlFPV9aLdxuMlc1NPq8O1XckwYtmrrgS8sBq5wBe04VVJmeYX6mdZvj9Jc7YoN+u+Gln6Xi8A2qVg5/1wgndACrvLdzZmKYPy4IF/fZiyRqSzjTdnkP4oFj12jL5qFA9edmPiit28LFP6C/djpF7VLwgktQMYNsCxwn2fyZASx3PNwO/PFKt3XdoqKAAF0UdMxIuILkg6VycLD2UZ+3Z65xsJvsxsW8JpDSIH3M+vTZFFYvVkSasN7mQAXo1viQj0sI0OGeMqqrThSo0zLtg5tIxft6XSVbpcj1/9Fm0cXt2HWgt1c1/yw0Jt1NFffHsbck/UctVvmnDHidl+ubjIYGOFZ/gdSlhnZmBt1X3f2vBoxo781pcMU7Yiym5OR7McEwDIB9eu5cl19Vvnm4xSNCs=",
            "tags": null,
            "tags_all": {}
          },
          "sensitive_attributes": [],
          "private": "eyJzY2hlbWFfdmVyc2lvbiI6IjEifQ=="
        }
      ]
    },
    {
      "module": "module.pjt",
      "mode": "managed",
      "type": "aws_launch_template",
      "name": "foryou_lt_was",
      "provider": "module.pjt.provider[\"registry.terraform.io/hashicorp/aws\"]",
      "instances": [
        {
          "schema_version": 0,
          "attributes": {
            "arn": "arn:aws:ec2:ap-northeast-2:905418168845:launch-template/lt-00775248a26badd64",
            "block_device_mappings": [
              {
                "device_name": "/dev/sdd",
                "ebs": [
                  {
                    "delete_on_termination": "",
                    "encrypted": "",
                    "iops": 0,
                    "kms_key_id": "",
                    "snapshot_id": "",
                    "throughput": 0,
                    "volume_size": 20,
                    "volume_type": "gp2"
                  }
                ],
                "no_device": "",
                "virtual_name": ""
              }
            ],
            "capacity_reservation_specification": [],
            "cpu_options": [],
            "credit_specification": [],
            "default_version": 1,
            "description": "",
            "disable_api_stop": false,
            "disable_api_termination": false,
            "ebs_optimized": "",
            "elastic_gpu_specifications": [],
            "elastic_inference_accelerator": [],
            "enclave_options": [],
            "hibernation_options": [],
            "iam_instance_profile": [],
            "id": "lt-00775248a26badd64",
            "image_id": "ami-090fb8944c5b6b1e0",
            "instance_initiated_shutdown_behavior": "",
            "instance_market_options": [],
            "instance_requirements": [],
            "instance_type": "t2.micro",
            "kernel_id": "",
            "key_name": "foryou",
            "latest_version": 1,
            "license_specification": [],
            "maintenance_options": [],
            "metadata_options": [],
            "monitoring": [],
            "name": "foryou-lt-was",
            "name_prefix": "",
            "network_interfaces": [],
            "placement": [],
            "private_dns_name_options": [],
            "ram_disk_id": "",
            "security_group_names": null,
            "tag_specifications": [
              {
                "resource_type": "instance",
                "tags": {
                  "Name": "foryou-lt-was"
                }
              }
            ],
            "tags": null,
            "tags_all": {},
            "update_default_version": null,
            "user_data": "",
            "vpc_security_group_ids": [
              "sg-0d4caceb92809d638"
            ]
          },
          "sensitive_attributes": [],
          "private": "bnVsbA==",
          "dependencies": [
            "module.pjt.aws_ami_from_instance.foryou_ami_was",
            "module.pjt.aws_instance.foryou_was",
            "module.pjt.aws_security_group.foryou_sgweb",
            "module.pjt.aws_subnet.was",
            "module.pjt.aws_vpc.foryou-vpc",
            "module.pjt.data.aws_ami.amzn"
          ]
        }
      ]
    },
    {
      "module": "module.pjt",
      "mode": "managed",
      "type": "aws_launch_template",
      "name": "foryou_lt_web",
      "provider": "module.pjt.provider[\"registry.terraform.io/hashicorp/aws\"]",
      "instances": [
        {
          "schema_version": 0,
          "attributes": {
            "arn": "arn:aws:ec2:ap-northeast-2:905418168845:launch-template/lt-0cde18003d54ad3a6",
            "block_device_mappings": [
              {
                "device_name": "/dev/sdd",
                "ebs": [
                  {
                    "delete_on_termination": "",
                    "encrypted": "",
                    "iops": 0,
                    "kms_key_id": "",
                    "snapshot_id": "",
                    "throughput": 0,
                    "volume_size": 20,
                    "volume_type": "gp2"
                  }
                ],
                "no_device": "",
                "virtual_name": ""
              }
            ],
            "capacity_reservation_specification": [],
            "cpu_options": [],
            "credit_specification": [],
            "default_version": 1,
            "description": "",
            "disable_api_stop": false,
            "disable_api_termination": false,
            "ebs_optimized": "",
            "elastic_gpu_specifications": [],
            "elastic_inference_accelerator": [],
            "enclave_options": [],
            "hibernation_options": [],
            "iam_instance_profile": [],
            "id": "lt-0cde18003d54ad3a6",
            "image_id": "ami-03f8564b3db0798b8",
            "instance_initiated_shutdown_behavior": "",
            "instance_market_options": [],
            "instance_requirements": [],
            "instance_type": "t2.micro",
            "kernel_id": "",
            "key_name": "foryou",
            "latest_version": 1,
            "license_specification": [],
            "maintenance_options": [],
            "metadata_options": [],
            "monitoring": [],
            "name": "foryou-lt-web",
            "name_prefix": "",
            "network_interfaces": [],
            "placement": [],
            "private_dns_name_options": [],
            "ram_disk_id": "",
            "security_group_names": null,
            "tag_specifications": [
              {
                "resource_type": "instance",
                "tags": {
                  "Name": "foryou-lt-web"
                }
              }
            ],
            "tags": null,
            "tags_all": {},
            "update_default_version": null,
            "user_data": "",
            "vpc_security_group_ids": [
              "sg-0d4caceb92809d638"
            ]
          },
          "sensitive_attributes": [],
          "private": "bnVsbA==",
          "dependencies": [
            "module.pjt.aws_ami_from_instance.foryou_ami_web",
            "module.pjt.aws_instance.foryou_web",
            "module.pjt.aws_security_group.foryou_sgweb",
            "module.pjt.aws_subnet.web",
            "module.pjt.aws_vpc.foryou-vpc",
            "module.pjt.data.aws_ami.amzn"
          ]
        }
      ]
    },
    {
      "module": "module.pjt",
      "mode": "managed",
      "type": "aws_lb",
      "name": "foryou_was_lb",
      "provider": "module.pjt.provider[\"registry.terraform.io/hashicorp/aws\"]",
      "instances": [
        {
          "schema_version": 0,
          "attributes": {
            "access_logs": [
              {
                "bucket": "",
                "enabled": false,
                "prefix": ""
              }
            ],
            "arn": "arn:aws:elasticloadbalancing:ap-northeast-2:905418168845:loadbalancer/app/foryou-was-lb/0c320c11f9c3e721",
            "arn_suffix": "app/foryou-was-lb/0c320c11f9c3e721",
            "client_keep_alive": 3600,
            "connection_logs": [
              {
                "bucket": "",
                "enabled": false,
                "prefix": ""
              }
            ],
            "customer_owned_ipv4_pool": "",
            "desync_mitigation_mode": "defensive",
            "dns_name": "foryou-was-lb-1096409.ap-northeast-2.elb.amazonaws.com",
            "dns_record_client_routing_policy": null,
            "drop_invalid_header_fields": false,
            "enable_cross_zone_load_balancing": true,
            "enable_deletion_protection": false,
            "enable_http2": true,
            "enable_tls_version_and_cipher_suite_headers": false,
            "enable_waf_fail_open": false,
            "enable_xff_client_port": false,
            "enforce_security_group_inbound_rules_on_private_link_traffic": "",
            "id": "arn:aws:elasticloadbalancing:ap-northeast-2:905418168845:loadbalancer/app/foryou-was-lb/0c320c11f9c3e721",
            "idle_timeout": 60,
            "internal": false,
            "ip_address_type": "ipv4",
            "load_balancer_type": "application",
            "name": "foryou-was-lb",
            "name_prefix": "",
            "preserve_host_header": false,
            "security_groups": [
              "sg-0d4caceb92809d638"
            ],
            "subnet_mapping": [
              {
                "allocation_id": "",
                "ipv6_address": "",
                "outpost_id": "",
                "private_ipv4_address": "",
                "subnet_id": "subnet-053cf58dac635003d"
              },
              {
                "allocation_id": "",
                "ipv6_address": "",
                "outpost_id": "",
                "private_ipv4_address": "",
                "subnet_id": "subnet-0d41fa98f4c71255f"
              }
            ],
            "subnets": [
              "subnet-053cf58dac635003d",
              "subnet-0d41fa98f4c71255f"
            ],
            "tags": {
              "Name": "foryou-was-lb"
            },
            "tags_all": {
              "Name": "foryou-was-lb"
            },
            "timeouts": null,
            "vpc_id": "vpc-083c234f4c0ca7b6c",
            "xff_header_processing_mode": "append",
            "zone_id": "ZWKZPGTI48KDX"
          },
          "sensitive_attributes": [],
          "private": "eyJlMmJmYjczMC1lY2FhLTExZTYtOGY4OC0zNDM2M2JjN2M0YzAiOnsiY3JlYXRlIjo2MDAwMDAwMDAwMDAsImRlbGV0ZSI6NjAwMDAwMDAwMDAwLCJ1cGRhdGUiOjYwMDAwMDAwMDAwMH19",
          "dependencies": [
            "module.pjt.aws_security_group.foryou_sgweb",
            "module.pjt.aws_subnet.was",
            "module.pjt.aws_vpc.foryou-vpc"
          ]
        }
      ]
    },
    {
      "module": "module.pjt",
      "mode": "managed",
      "type": "aws_lb",
      "name": "foryou_web_lb",
      "provider": "module.pjt.provider[\"registry.terraform.io/hashicorp/aws\"]",
      "instances": [
        {
          "schema_version": 0,
          "attributes": {
            "access_logs": [
              {
                "bucket": "",
                "enabled": false,
                "prefix": ""
              }
            ],
            "arn": "arn:aws:elasticloadbalancing:ap-northeast-2:905418168845:loadbalancer/app/foryou-web-lb/cfd6094198ec6383",
            "arn_suffix": "app/foryou-web-lb/cfd6094198ec6383",
            "client_keep_alive": 3600,
            "connection_logs": [
              {
                "bucket": "",
                "enabled": false,
                "prefix": ""
              }
            ],
            "customer_owned_ipv4_pool": "",
            "desync_mitigation_mode": "defensive",
            "dns_name": "foryou-web-lb-69921123.ap-northeast-2.elb.amazonaws.com",
            "dns_record_client_routing_policy": null,
            "drop_invalid_header_fields": false,
            "enable_cross_zone_load_balancing": true,
            "enable_deletion_protection": false,
            "enable_http2": true,
            "enable_tls_version_and_cipher_suite_headers": false,
            "enable_waf_fail_open": false,
            "enable_xff_client_port": false,
            "enforce_security_group_inbound_rules_on_private_link_traffic": "",
            "id": "arn:aws:elasticloadbalancing:ap-northeast-2:905418168845:loadbalancer/app/foryou-web-lb/cfd6094198ec6383",
            "idle_timeout": 60,
            "internal": false,
            "ip_address_type": "ipv4",
            "load_balancer_type": "application",
            "name": "foryou-web-lb",
            "name_prefix": "",
            "preserve_host_header": false,
            "security_groups": [
              "sg-0d4caceb92809d638"
            ],
            "subnet_mapping": [
              {
                "allocation_id": "",
                "ipv6_address": "",
                "outpost_id": "",
                "private_ipv4_address": "",
                "subnet_id": "subnet-01f24d98be9ae2c90"
              },
              {
                "allocation_id": "",
                "ipv6_address": "",
                "outpost_id": "",
                "private_ipv4_address": "",
                "subnet_id": "subnet-0e05cf4e78495d3d2"
              }
            ],
            "subnets": [
              "subnet-01f24d98be9ae2c90",
              "subnet-0e05cf4e78495d3d2"
            ],
            "tags": {
              "Name": "foryou-web-lb"
            },
            "tags_all": {
              "Name": "foryou-web-lb"
            },
            "timeouts": null,
            "vpc_id": "vpc-083c234f4c0ca7b6c",
            "xff_header_processing_mode": "append",
            "zone_id": "ZWKZPGTI48KDX"
          },
          "sensitive_attributes": [],
          "private": "eyJlMmJmYjczMC1lY2FhLTExZTYtOGY4OC0zNDM2M2JjN2M0YzAiOnsiY3JlYXRlIjo2MDAwMDAwMDAwMDAsImRlbGV0ZSI6NjAwMDAwMDAwMDAwLCJ1cGRhdGUiOjYwMDAwMDAwMDAwMH19",
          "dependencies": [
            "module.pjt.aws_security_group.foryou_sgweb",
            "module.pjt.aws_subnet.web",
            "module.pjt.aws_vpc.foryou-vpc"
          ]
        }
      ]
    },
    {
      "module": "module.pjt",
      "mode": "managed",
      "type": "aws_lb_listener",
      "name": "cyi_albli_web",
      "provider": "module.pjt.provider[\"registry.terraform.io/hashicorp/aws\"]",
      "instances": [
        {
          "schema_version": 0,
          "attributes": {
            "alpn_policy": null,
            "arn": "arn:aws:elasticloadbalancing:ap-northeast-2:905418168845:listener/app/foryou-web-lb/cfd6094198ec6383/cc086132cbe8b64a",
            "certificate_arn": null,
            "default_action": [
              {
                "authenticate_cognito": [],
                "authenticate_oidc": [],
                "fixed_response": [],
                "forward": [],
                "order": 1,
                "redirect": [],
                "target_group_arn": "arn:aws:elasticloadbalancing:ap-northeast-2:905418168845:targetgroup/foryou-albtg-web/53bad96c6f9d89e3",
                "type": "forward"
              }
            ],
            "id": "arn:aws:elasticloadbalancing:ap-northeast-2:905418168845:listener/app/foryou-web-lb/cfd6094198ec6383/cc086132cbe8b64a",
            "load_balancer_arn": "arn:aws:elasticloadbalancing:ap-northeast-2:905418168845:loadbalancer/app/foryou-web-lb/cfd6094198ec6383",
            "mutual_authentication": [],
            "port": 80,
            "protocol": "HTTP",
            "ssl_policy": "",
            "tags": {
              "Name": "foryou-albli"
            },
            "tags_all": {
              "Name": "foryou-albli"
            },
            "timeouts": null
          },
          "sensitive_attributes": [],
          "private": "eyJlMmJmYjczMC1lY2FhLTExZTYtOGY4OC0zNDM2M2JjN2M0YzAiOnsiY3JlYXRlIjozMDAwMDAwMDAwMDAsInVwZGF0ZSI6MzAwMDAwMDAwMDAwfX0=",
          "dependencies": [
            "module.pjt.aws_lb.foryou_web_lb",
            "module.pjt.aws_lb_target_group.foryou_albtg_web",
            "module.pjt.aws_security_group.foryou_sgweb",
            "module.pjt.aws_subnet.web",
            "module.pjt.aws_vpc.foryou-vpc"
          ]
        }
      ]
    },
    {
      "module": "module.pjt",
      "mode": "managed",
      "type": "aws_lb_listener",
      "name": "foryou_albli",
      "provider": "module.pjt.provider[\"registry.terraform.io/hashicorp/aws\"]",
      "instances": [
        {
          "schema_version": 0,
          "attributes": {
            "alpn_policy": null,
            "arn": "arn:aws:elasticloadbalancing:ap-northeast-2:905418168845:listener/app/foryou-was-lb/0c320c11f9c3e721/8b2df2cf93e3ff4e",
            "certificate_arn": null,
            "default_action": [
              {
                "authenticate_cognito": [],
                "authenticate_oidc": [],
                "fixed_response": [],
                "forward": [],
                "order": 1,
                "redirect": [],
                "target_group_arn": "arn:aws:elasticloadbalancing:ap-northeast-2:905418168845:targetgroup/foryou-albtg-was/2820ff94af5a22bd",
                "type": "forward"
              }
            ],
            "id": "arn:aws:elasticloadbalancing:ap-northeast-2:905418168845:listener/app/foryou-was-lb/0c320c11f9c3e721/8b2df2cf93e3ff4e",
            "load_balancer_arn": "arn:aws:elasticloadbalancing:ap-northeast-2:905418168845:loadbalancer/app/foryou-was-lb/0c320c11f9c3e721",
            "mutual_authentication": [],
            "port": 80,
            "protocol": "HTTP",
            "ssl_policy": "",
            "tags": {
              "Name": "foryou-albli"
            },
            "tags_all": {
              "Name": "foryou-albli"
            },
            "timeouts": null
          },
          "sensitive_attributes": [],
          "private": "eyJlMmJmYjczMC1lY2FhLTExZTYtOGY4OC0zNDM2M2JjN2M0YzAiOnsiY3JlYXRlIjozMDAwMDAwMDAwMDAsInVwZGF0ZSI6MzAwMDAwMDAwMDAwfX0=",
          "dependencies": [
            "module.pjt.aws_lb.foryou_was_lb",
            "module.pjt.aws_lb_target_group.foryou_albtg_was",
            "module.pjt.aws_security_group.foryou_sgweb",
            "module.pjt.aws_subnet.was",
            "module.pjt.aws_vpc.foryou-vpc"
          ]
        }
      ]
    },
    {
      "module": "module.pjt",
      "mode": "managed",
      "type": "aws_lb_target_group",
      "name": "foryou_albtg_was",
      "provider": "module.pjt.provider[\"registry.terraform.io/hashicorp/aws\"]",
      "instances": [
        {
          "schema_version": 0,
          "attributes": {
            "arn": "arn:aws:elasticloadbalancing:ap-northeast-2:905418168845:targetgroup/foryou-albtg-was/2820ff94af5a22bd",
            "arn_suffix": "targetgroup/foryou-albtg-was/2820ff94af5a22bd",
            "connection_termination": null,
            "deregistration_delay": "300",
            "health_check": [
              {
                "enabled": true,
                "healthy_threshold": 2,
                "interval": 5,
                "matcher": "200",
                "path": "/index.html",
                "port": "traffic-port",
                "protocol": "HTTP",
                "timeout": 3,
                "unhealthy_threshold": 3
              }
            ],
            "id": "arn:aws:elasticloadbalancing:ap-northeast-2:905418168845:targetgroup/foryou-albtg-was/2820ff94af5a22bd",
            "ip_address_type": "ipv4",
            "lambda_multi_value_headers_enabled": false,
            "load_balancer_arns": [],
            "load_balancing_algorithm_type": "round_robin",
            "load_balancing_anomaly_mitigation": "off",
            "load_balancing_cross_zone_enabled": "use_load_balancer_configuration",
            "name": "foryou-albtg-was",
            "name_prefix": "",
            "port": 80,
            "preserve_client_ip": null,
            "protocol": "HTTP",
            "protocol_version": "HTTP1",
            "proxy_protocol_v2": false,
            "slow_start": 0,
            "stickiness": [
              {
                "cookie_duration": 86400,
                "cookie_name": "",
                "enabled": false,
                "type": "lb_cookie"
              }
            ],
            "tags": {
              "Name": "cforyou-albtg-was"
            },
            "tags_all": {
              "Name": "cforyou-albtg-was"
            },
            "target_failover": [
              {
                "on_deregistration": null,
                "on_unhealthy": null
              }
            ],
            "target_health_state": [
              {
                "enable_unhealthy_connection_termination": null
              }
            ],
            "target_type": "instance",
            "vpc_id": "vpc-083c234f4c0ca7b6c"
          },
          "sensitive_attributes": [],
          "private": "bnVsbA==",
          "dependencies": [
            "module.pjt.aws_vpc.foryou-vpc"
          ]
        }
      ]
    },
    {
      "module": "module.pjt",
      "mode": "managed",
      "type": "aws_lb_target_group",
      "name": "foryou_albtg_web",
      "provider": "module.pjt.provider[\"registry.terraform.io/hashicorp/aws\"]",
      "instances": [
        {
          "schema_version": 0,
          "attributes": {
            "arn": "arn:aws:elasticloadbalancing:ap-northeast-2:905418168845:targetgroup/foryou-albtg-web/53bad96c6f9d89e3",
            "arn_suffix": "targetgroup/foryou-albtg-web/53bad96c6f9d89e3",
            "connection_termination": null,
            "deregistration_delay": "300",
            "health_check": [
              {
                "enabled": true,
                "healthy_threshold": 2,
                "interval": 5,
                "matcher": "200",
                "path": "/index.html",
                "port": "traffic-port",
                "protocol": "HTTP",
                "timeout": 3,
                "unhealthy_threshold": 3
              }
            ],
            "id": "arn:aws:elasticloadbalancing:ap-northeast-2:905418168845:targetgroup/foryou-albtg-web/53bad96c6f9d89e3",
            "ip_address_type": "ipv4",
            "lambda_multi_value_headers_enabled": false,
            "load_balancer_arns": [],
            "load_balancing_algorithm_type": "round_robin",
            "load_balancing_anomaly_mitigation": "off",
            "load_balancing_cross_zone_enabled": "use_load_balancer_configuration",
            "name": "foryou-albtg-web",
            "name_prefix": "",
            "port": 80,
            "preserve_client_ip": null,
            "protocol": "HTTP",
            "protocol_version": "HTTP1",
            "proxy_protocol_v2": false,
            "slow_start": 0,
            "stickiness": [
              {
                "cookie_duration": 86400,
                "cookie_name": "",
                "enabled": false,
                "type": "lb_cookie"
              }
            ],
            "tags": {
              "Name": "cforyou-albtg-web"
            },
            "tags_all": {
              "Name": "cforyou-albtg-web"
            },
            "target_failover": [
              {
                "on_deregistration": null,
                "on_unhealthy": null
              }
            ],
            "target_health_state": [
              {
                "enable_unhealthy_connection_termination": null
              }
            ],
            "target_type": "instance",
            "vpc_id": "vpc-083c234f4c0ca7b6c"
          },
          "sensitive_attributes": [],
          "private": "bnVsbA==",
          "dependencies": [
            "module.pjt.aws_vpc.foryou-vpc"
          ]
        }
      ]
    },
    {
      "module": "module.pjt",
      "mode": "managed",
      "type": "aws_lb_target_group_attachment",
      "name": "foryou_albat_was",
      "provider": "module.pjt.provider[\"registry.terraform.io/hashicorp/aws\"]",
      "instances": [
        {
          "index_key": 0,
          "schema_version": 0,
          "attributes": {
            "availability_zone": null,
            "id": "arn:aws:elasticloadbalancing:ap-northeast-2:905418168845:targetgroup/foryou-albtg-was/2820ff94af5a22bd-2024071608250981210000000b",
            "port": 80,
            "target_group_arn": "arn:aws:elasticloadbalancing:ap-northeast-2:905418168845:targetgroup/foryou-albtg-was/2820ff94af5a22bd",
            "target_id": "i-0084de5267162b588"
          },
          "sensitive_attributes": [],
          "private": "bnVsbA==",
          "dependencies": [
            "module.pjt.aws_instance.foryou_was",
            "module.pjt.aws_lb_target_group.foryou_albtg_was",
            "module.pjt.aws_security_group.foryou_sgweb",
            "module.pjt.aws_subnet.was",
            "module.pjt.aws_vpc.foryou-vpc",
            "module.pjt.data.aws_ami.amzn"
          ]
        },
        {
          "index_key": 1,
          "schema_version": 0,
          "attributes": {
            "availability_zone": null,
            "id": "arn:aws:elasticloadbalancing:ap-northeast-2:905418168845:targetgroup/foryou-albtg-was/2820ff94af5a22bd-2024071608250974290000000a",
            "port": 80,
            "target_group_arn": "arn:aws:elasticloadbalancing:ap-northeast-2:905418168845:targetgroup/foryou-albtg-was/2820ff94af5a22bd",
            "target_id": "i-0018af5a4472c30e8"
          },
          "sensitive_attributes": [],
          "private": "bnVsbA==",
          "dependencies": [
            "module.pjt.aws_instance.foryou_was",
            "module.pjt.aws_lb_target_group.foryou_albtg_was",
            "module.pjt.aws_security_group.foryou_sgweb",
            "module.pjt.aws_subnet.was",
            "module.pjt.aws_vpc.foryou-vpc",
            "module.pjt.data.aws_ami.amzn"
          ]
        }
      ]
    },
    {
      "module": "module.pjt",
      "mode": "managed",
      "type": "aws_lb_target_group_attachment",
      "name": "foryou_albat_web",
      "provider": "module.pjt.provider[\"registry.terraform.io/hashicorp/aws\"]",
      "instances": [
        {
          "index_key": 0,
          "schema_version": 0,
          "attributes": {
            "availability_zone": null,
            "id": "arn:aws:elasticloadbalancing:ap-northeast-2:905418168845:targetgroup/foryou-albtg-web/53bad96c6f9d89e3-20240716082509626900000009",
            "port": 80,
            "target_group_arn": "arn:aws:elasticloadbalancing:ap-northeast-2:905418168845:targetgroup/foryou-albtg-web/53bad96c6f9d89e3",
            "target_id": "i-00303c8534466c97e"
          },
          "sensitive_attributes": [],
          "private": "bnVsbA==",
          "dependencies": [
            "module.pjt.aws_instance.foryou_web",
            "module.pjt.aws_lb_target_group.foryou_albtg_web",
            "module.pjt.aws_security_group.foryou_sgweb",
            "module.pjt.aws_subnet.web",
            "module.pjt.aws_vpc.foryou-vpc",
            "module.pjt.data.aws_ami.amzn"
          ]
        },
        {
          "index_key": 1,
          "schema_version": 0,
          "attributes": {
            "availability_zone": null,
            "id": "arn:aws:elasticloadbalancing:ap-northeast-2:905418168845:targetgroup/foryou-albtg-web/53bad96c6f9d89e3-20240716082509536300000008",
            "port": 80,
            "target_group_arn": "arn:aws:elasticloadbalancing:ap-northeast-2:905418168845:targetgroup/foryou-albtg-web/53bad96c6f9d89e3",
            "target_id": "i-00f34d40350013e21"
          },
          "sensitive_attributes": [],
          "private": "bnVsbA==",
          "dependencies": [
            "module.pjt.aws_instance.foryou_web",
            "module.pjt.aws_lb_target_group.foryou_albtg_web",
            "module.pjt.aws_security_group.foryou_sgweb",
            "module.pjt.aws_subnet.web",
            "module.pjt.aws_vpc.foryou-vpc",
            "module.pjt.data.aws_ami.amzn"
          ]
        }
      ]
    },
    {
      "module": "module.pjt",
      "mode": "managed",
      "type": "aws_nat_gateway",
      "name": "foryou_nigw",
      "provider": "module.pjt.provider[\"registry.terraform.io/hashicorp/aws\"]",
      "instances": [
        {
          "schema_version": 0,
          "attributes": {
            "allocation_id": "eipalloc-0c490e313cc94e9bc",
            "association_id": "eipassoc-04cf5779fdc760e7c",
            "connectivity_type": "public",
            "id": "nat-07c7185a4e44a88bd",
            "network_interface_id": "eni-02b2a374ce4c9f82c",
            "private_ip": "10.0.0.21",
            "public_ip": "3.37.76.230",
            "secondary_allocation_ids": null,
            "secondary_private_ip_address_count": 0,
            "secondary_private_ip_addresses": [],
            "subnet_id": "subnet-0e05cf4e78495d3d2",
            "tags": {
              "Name": "foryou-nigw"
            },
            "tags_all": {
              "Name": "foryou-nigw"
            },
            "timeouts": null
          },
          "sensitive_attributes": [],
          "private": "eyJlMmJmYjczMC1lY2FhLTExZTYtOGY4OC0zNDM2M2JjN2M0YzAiOnsiY3JlYXRlIjo2MDAwMDAwMDAwMDAsImRlbGV0ZSI6MTgwMDAwMDAwMDAwMCwidXBkYXRlIjo2MDAwMDAwMDAwMDB9fQ==",
          "dependencies": [
            "module.pjt.aws_eip.foryou_eip",
            "module.pjt.aws_internet_gateway.foryou-ig",
            "module.pjt.aws_subnet.web",
            "module.pjt.aws_vpc.foryou-vpc"
          ]
        }
      ]
    },
    {
      "module": "module.pjt",
      "mode": "managed",
      "type": "aws_route53_record",
      "name": "domain",
      "provider": "module.pjt.provider[\"registry.terraform.io/hashicorp/aws\"]",
      "instances": [
        {
          "schema_version": 2,
          "attributes": {
            "alias": [
              {
                "evaluate_target_health": true,
                "name": "foryou-web-lb-69921123.ap-northeast-2.elb.amazonaws.com",
                "zone_id": "ZWKZPGTI48KDX"
              }
            ],
            "allow_overwrite": null,
            "cidr_routing_policy": [],
            "failover_routing_policy": [],
            "fqdn": "ogurim.store",
            "geolocation_routing_policy": [],
            "geoproximity_routing_policy": [],
            "health_check_id": "",
            "id": "Z03190372AT5S6CXER3HO_ogurim.store_A",
            "latency_routing_policy": [],
            "multivalue_answer_routing_policy": false,
            "name": "ogurim.store",
            "records": null,
            "set_identifier": "",
            "ttl": 0,
            "type": "A",
            "weighted_routing_policy": [],
            "zone_id": "Z03190372AT5S6CXER3HO"
          },
          "sensitive_attributes": [],
          "private": "eyJzY2hlbWFfdmVyc2lvbiI6IjIifQ==",
          "dependencies": [
            "module.pjt.aws_lb.foryou_web_lb",
            "module.pjt.aws_route53_zone.foryou_rtz",
            "module.pjt.aws_security_group.foryou_sgweb",
            "module.pjt.aws_subnet.web",
            "module.pjt.aws_vpc.foryou-vpc"
          ]
        }
      ]
    },
    {
      "module": "module.pjt",
      "mode": "managed",
      "type": "aws_route53_record",
      "name": "www",
      "provider": "module.pjt.provider[\"registry.terraform.io/hashicorp/aws\"]",
      "instances": [
        {
          "schema_version": 2,
          "attributes": {
            "alias": [
              {
                "evaluate_target_health": true,
                "name": "foryou-web-lb-69921123.ap-northeast-2.elb.amazonaws.com",
                "zone_id": "ZWKZPGTI48KDX"
              }
            ],
            "allow_overwrite": null,
            "cidr_routing_policy": [],
            "failover_routing_policy": [],
            "fqdn": "www.ogurim.store",
            "geolocation_routing_policy": [],
            "geoproximity_routing_policy": [],
            "health_check_id": "",
            "id": "Z03190372AT5S6CXER3HO_www.ogurim.store_A",
            "latency_routing_policy": [],
            "multivalue_answer_routing_policy": false,
            "name": "www.ogurim.store",
            "records": null,
            "set_identifier": "",
            "ttl": 0,
            "type": "A",
            "weighted_routing_policy": [],
            "zone_id": "Z03190372AT5S6CXER3HO"
          },
          "sensitive_attributes": [],
          "private": "eyJzY2hlbWFfdmVyc2lvbiI6IjIifQ==",
          "dependencies": [
            "module.pjt.aws_lb.foryou_web_lb",
            "module.pjt.aws_route53_zone.foryou_rtz",
            "module.pjt.aws_security_group.foryou_sgweb",
            "module.pjt.aws_subnet.web",
            "module.pjt.aws_vpc.foryou-vpc"
          ]
        }
      ]
    },
    {
      "module": "module.pjt",
      "mode": "managed",
      "type": "aws_route53_zone",
      "name": "foryou_rtz",
      "provider": "module.pjt.provider[\"registry.terraform.io/hashicorp/aws\"]",
      "instances": [
        {
          "schema_version": 0,
          "attributes": {
            "arn": "arn:aws:route53:::hostedzone/Z03190372AT5S6CXER3HO",
            "comment": "Managed by Terraform",
            "delegation_set_id": "",
            "force_destroy": true,
            "id": "Z03190372AT5S6CXER3HO",
            "name": "ogurim.store",
            "name_servers": [
              "ns-1270.awsdns-30.org",
              "ns-1680.awsdns-18.co.uk",
              "ns-381.awsdns-47.com",
              "ns-584.awsdns-09.net"
            ],
            "primary_name_server": "ns-381.awsdns-47.com",
            "tags": null,
            "tags_all": {},
            "vpc": [],
            "zone_id": "Z03190372AT5S6CXER3HO"
          },
          "sensitive_attributes": [],
          "private": "bnVsbA=="
        }
      ]
    },
    {
      "module": "module.pjt",
      "mode": "managed",
      "type": "aws_route_table",
      "name": "foryou_nrt",
      "provider": "module.pjt.provider[\"registry.terraform.io/hashicorp/aws\"]",
      "instances": [
        {
          "schema_version": 0,
          "attributes": {
            "arn": "arn:aws:ec2:ap-northeast-2:905418168845:route-table/rtb-04384e32b1f48a938",
            "id": "rtb-04384e32b1f48a938",
            "owner_id": "905418168845",
            "propagating_vgws": [],
            "route": [
              {
                "carrier_gateway_id": "",
                "cidr_block": "0.0.0.0/0",
                "core_network_arn": "",
                "destination_prefix_list_id": "",
                "egress_only_gateway_id": "",
                "gateway_id": "nat-07c7185a4e44a88bd",
                "ipv6_cidr_block": "",
                "local_gateway_id": "",
                "nat_gateway_id": "",
                "network_interface_id": "",
                "transit_gateway_id": "",
                "vpc_endpoint_id": "",
                "vpc_peering_connection_id": ""
              }
            ],
            "tags": {
              "Name": "foryou-nrt"
            },
            "tags_all": {
              "Name": "foryou-nrt"
            },
            "timeouts": null,
            "vpc_id": "vpc-083c234f4c0ca7b6c"
          },
          "sensitive_attributes": [],
          "private": "eyJlMmJmYjczMC1lY2FhLTExZTYtOGY4OC0zNDM2M2JjN2M0YzAiOnsiY3JlYXRlIjozMDAwMDAwMDAwMDAsImRlbGV0ZSI6MzAwMDAwMDAwMDAwLCJ1cGRhdGUiOjEyMDAwMDAwMDAwMH19",
          "dependencies": [
            "module.pjt.aws_eip.foryou_eip",
            "module.pjt.aws_internet_gateway.foryou-ig",
            "module.pjt.aws_nat_gateway.foryou_nigw",
            "module.pjt.aws_subnet.web",
            "module.pjt.aws_vpc.foryou-vpc"
          ]
        }
      ]
    },
    {
      "module": "module.pjt",
      "mode": "managed",
      "type": "aws_route_table",
      "name": "foryou_rt",
      "provider": "module.pjt.provider[\"registry.terraform.io/hashicorp/aws\"]",
      "instances": [
        {
          "schema_version": 0,
          "attributes": {
            "arn": "arn:aws:ec2:ap-northeast-2:905418168845:route-table/rtb-0a34f167bb4141b0b",
            "id": "rtb-0a34f167bb4141b0b",
            "owner_id": "905418168845",
            "propagating_vgws": [],
            "route": [
              {
                "carrier_gateway_id": "",
                "cidr_block": "0.0.0.0/0",
                "core_network_arn": "",
                "destination_prefix_list_id": "",
                "egress_only_gateway_id": "",
                "gateway_id": "igw-06eb437d8b68b5a1c",
                "ipv6_cidr_block": "",
                "local_gateway_id": "",
                "nat_gateway_id": "",
                "network_interface_id": "",
                "transit_gateway_id": "",
                "vpc_endpoint_id": "",
                "vpc_peering_connection_id": ""
              }
            ],
            "tags": {
              "Name": "foryou-rt"
            },
            "tags_all": {
              "Name": "foryou-rt"
            },
            "timeouts": null,
            "vpc_id": "vpc-083c234f4c0ca7b6c"
          },
          "sensitive_attributes": [],
          "private": "eyJlMmJmYjczMC1lY2FhLTExZTYtOGY4OC0zNDM2M2JjN2M0YzAiOnsiY3JlYXRlIjozMDAwMDAwMDAwMDAsImRlbGV0ZSI6MzAwMDAwMDAwMDAwLCJ1cGRhdGUiOjEyMDAwMDAwMDAwMH19",
          "dependencies": [
            "module.pjt.aws_internet_gateway.foryou-ig",
            "module.pjt.aws_vpc.foryou-vpc"
          ]
        }
      ]
    },
    {
      "module": "module.pjt",
      "mode": "managed",
      "type": "aws_route_table_association",
      "name": "cyi_nrtas_da",
      "provider": "module.pjt.provider[\"registry.terraform.io/hashicorp/aws\"]",
      "instances": [
        {
          "index_key": 0,
          "schema_version": 0,
          "attributes": {
            "gateway_id": "",
            "id": "rtbassoc-0e75a08905efdbaa9",
            "route_table_id": "rtb-04384e32b1f48a938",
            "subnet_id": "subnet-06c1a4c88c0d618a1",
            "timeouts": null
          },
          "sensitive_attributes": [],
          "private": "eyJlMmJmYjczMC1lY2FhLTExZTYtOGY4OC0zNDM2M2JjN2M0YzAiOnsiY3JlYXRlIjozMDAwMDAwMDAwMDAsImRlbGV0ZSI6MzAwMDAwMDAwMDAwLCJ1cGRhdGUiOjEyMDAwMDAwMDAwMH19",
          "dependencies": [
            "module.pjt.aws_eip.foryou_eip",
            "module.pjt.aws_internet_gateway.foryou-ig",
            "module.pjt.aws_nat_gateway.foryou_nigw",
            "module.pjt.aws_route_table.foryou_nrt",
            "module.pjt.aws_subnet.db",
            "module.pjt.aws_subnet.web",
            "module.pjt.aws_vpc.foryou-vpc"
          ]
        },
        {
          "index_key": 1,
          "schema_version": 0,
          "attributes": {
            "gateway_id": "",
            "id": "rtbassoc-03ed90a6d43a12470",
            "route_table_id": "rtb-04384e32b1f48a938",
            "subnet_id": "subnet-04f4ab32e989c48d3",
            "timeouts": null
          },
          "sensitive_attributes": [],
          "private": "eyJlMmJmYjczMC1lY2FhLTExZTYtOGY4OC0zNDM2M2JjN2M0YzAiOnsiY3JlYXRlIjozMDAwMDAwMDAwMDAsImRlbGV0ZSI6MzAwMDAwMDAwMDAwLCJ1cGRhdGUiOjEyMDAwMDAwMDAwMH19",
          "dependencies": [
            "module.pjt.aws_eip.foryou_eip",
            "module.pjt.aws_internet_gateway.foryou-ig",
            "module.pjt.aws_nat_gateway.foryou_nigw",
            "module.pjt.aws_route_table.foryou_nrt",
            "module.pjt.aws_subnet.db",
            "module.pjt.aws_subnet.web",
            "module.pjt.aws_vpc.foryou-vpc"
          ]
        }
      ]
    },
    {
      "module": "module.pjt",
      "mode": "managed",
      "type": "aws_route_table_association",
      "name": "cyi_nrtas_wa",
      "provider": "module.pjt.provider[\"registry.terraform.io/hashicorp/aws\"]",
      "instances": [
        {
          "index_key": 0,
          "schema_version": 0,
          "attributes": {
            "gateway_id": "",
            "id": "rtbassoc-0b19ddc2701aa916e",
            "route_table_id": "rtb-04384e32b1f48a938",
            "subnet_id": "subnet-053cf58dac635003d",
            "timeouts": null
          },
          "sensitive_attributes": [],
          "private": "eyJlMmJmYjczMC1lY2FhLTExZTYtOGY4OC0zNDM2M2JjN2M0YzAiOnsiY3JlYXRlIjozMDAwMDAwMDAwMDAsImRlbGV0ZSI6MzAwMDAwMDAwMDAwLCJ1cGRhdGUiOjEyMDAwMDAwMDAwMH19",
          "dependencies": [
            "module.pjt.aws_eip.foryou_eip",
            "module.pjt.aws_internet_gateway.foryou-ig",
            "module.pjt.aws_nat_gateway.foryou_nigw",
            "module.pjt.aws_route_table.foryou_nrt",
            "module.pjt.aws_subnet.was",
            "module.pjt.aws_subnet.web",
            "module.pjt.aws_vpc.foryou-vpc"
          ]
        },
        {
          "index_key": 1,
          "schema_version": 0,
          "attributes": {
            "gateway_id": "",
            "id": "rtbassoc-0c092308ca9239061",
            "route_table_id": "rtb-04384e32b1f48a938",
            "subnet_id": "subnet-0d41fa98f4c71255f",
            "timeouts": null
          },
          "sensitive_attributes": [],
          "private": "eyJlMmJmYjczMC1lY2FhLTExZTYtOGY4OC0zNDM2M2JjN2M0YzAiOnsiY3JlYXRlIjozMDAwMDAwMDAwMDAsImRlbGV0ZSI6MzAwMDAwMDAwMDAwLCJ1cGRhdGUiOjEyMDAwMDAwMDAwMH19",
          "dependencies": [
            "module.pjt.aws_eip.foryou_eip",
            "module.pjt.aws_internet_gateway.foryou-ig",
            "module.pjt.aws_nat_gateway.foryou_nigw",
            "module.pjt.aws_route_table.foryou_nrt",
            "module.pjt.aws_subnet.was",
            "module.pjt.aws_subnet.web",
            "module.pjt.aws_vpc.foryou-vpc"
          ]
        }
      ]
    },
    {
      "module": "module.pjt",
      "mode": "managed",
      "type": "aws_route_table_association",
      "name": "foryou_rtas",
      "provider": "module.pjt.provider[\"registry.terraform.io/hashicorp/aws\"]",
      "instances": [
        {
          "index_key": 0,
          "schema_version": 0,
          "attributes": {
            "gateway_id": "",
            "id": "rtbassoc-034d254a4fd75f677",
            "route_table_id": "rtb-0a34f167bb4141b0b",
            "subnet_id": "subnet-0e05cf4e78495d3d2",
            "timeouts": null
          },
          "sensitive_attributes": [],
          "private": "eyJlMmJmYjczMC1lY2FhLTExZTYtOGY4OC0zNDM2M2JjN2M0YzAiOnsiY3JlYXRlIjozMDAwMDAwMDAwMDAsImRlbGV0ZSI6MzAwMDAwMDAwMDAwLCJ1cGRhdGUiOjEyMDAwMDAwMDAwMH19",
          "dependencies": [
            "module.pjt.aws_internet_gateway.foryou-ig",
            "module.pjt.aws_route_table.foryou_rt",
            "module.pjt.aws_subnet.web",
            "module.pjt.aws_vpc.foryou-vpc"
          ]
        },
        {
          "index_key": 1,
          "schema_version": 0,
          "attributes": {
            "gateway_id": "",
            "id": "rtbassoc-0c1b0ac034494f3a3",
            "route_table_id": "rtb-0a34f167bb4141b0b",
            "subnet_id": "subnet-01f24d98be9ae2c90",
            "timeouts": null
          },
          "sensitive_attributes": [],
          "private": "eyJlMmJmYjczMC1lY2FhLTExZTYtOGY4OC0zNDM2M2JjN2M0YzAiOnsiY3JlYXRlIjozMDAwMDAwMDAwMDAsImRlbGV0ZSI6MzAwMDAwMDAwMDAwLCJ1cGRhdGUiOjEyMDAwMDAwMDAwMH19",
          "dependencies": [
            "module.pjt.aws_internet_gateway.foryou-ig",
            "module.pjt.aws_route_table.foryou_rt",
            "module.pjt.aws_subnet.web",
            "module.pjt.aws_vpc.foryou-vpc"
          ]
        }
      ]
    },
    {
      "module": "module.pjt",
      "mode": "managed",
      "type": "aws_security_group",
      "name": "foryou_sgweb",
      "provider": "module.pjt.provider[\"registry.terraform.io/hashicorp/aws\"]",
      "instances": [
        {
          "schema_version": 1,
          "attributes": {
            "arn": "arn:aws:ec2:ap-northeast-2:905418168845:security-group/sg-0d4caceb92809d638",
            "description": "Managed by Terraform",
            "egress": [
              {
                "cidr_blocks": [
                  "0.0.0.0/0"
                ],
                "description": "all",
                "from_port": 0,
                "ipv6_cidr_blocks": [
                  "::/0"
                ],
                "prefix_list_ids": [],
                "protocol": "-1",
                "security_groups": [],
                "self": false,
                "to_port": 0
              }
            ],
            "id": "sg-0d4caceb92809d638",
            "ingress": [
              {
                "cidr_blocks": [
                  "0.0.0.0/0"
                ],
                "description": "http",
                "from_port": 80,
                "ipv6_cidr_blocks": [
                  "::/0"
                ],
                "prefix_list_ids": [],
                "protocol": "tcp",
                "security_groups": [],
                "self": false,
                "to_port": 80
              },
              {
                "cidr_blocks": [
                  "0.0.0.0/0"
                ],
                "description": "icmp",
                "from_port": -1,
                "ipv6_cidr_blocks": [
                  "::/0"
                ],
                "prefix_list_ids": [],
                "protocol": "icmp",
                "security_groups": [],
                "self": false,
                "to_port": -1
              },
              {
                "cidr_blocks": [
                  "0.0.0.0/0"
                ],
                "description": "ssh",
                "from_port": 22,
                "ipv6_cidr_blocks": [
                  "::/0"
                ],
                "prefix_list_ids": [],
                "protocol": "tcp",
                "security_groups": [],
                "self": false,
                "to_port": 22
              }
            ],
            "name": "web",
            "name_prefix": "",
            "owner_id": "905418168845",
            "revoke_rules_on_delete": false,
            "tags": {
              "Name": "web"
            },
            "tags_all": {
              "Name": "web"
            },
            "timeouts": null,
            "vpc_id": "vpc-083c234f4c0ca7b6c"
          },
          "sensitive_attributes": [],
          "private": "eyJlMmJmYjczMC1lY2FhLTExZTYtOGY4OC0zNDM2M2JjN2M0YzAiOnsiY3JlYXRlIjo2MDAwMDAwMDAwMDAsImRlbGV0ZSI6OTAwMDAwMDAwMDAwfSwic2NoZW1hX3ZlcnNpb24iOiIxIn0=",
          "dependencies": [
            "module.pjt.aws_vpc.foryou-vpc"
          ]
        }
      ]
    },
    {
      "module": "module.pjt",
      "mode": "managed",
      "type": "aws_subnet",
      "name": "db",
      "provider": "module.pjt.provider[\"registry.terraform.io/hashicorp/aws\"]",
      "instances": [
        {
          "index_key": 0,
          "schema_version": 1,
          "attributes": {
            "arn": "arn:aws:ec2:ap-northeast-2:905418168845:subnet/subnet-06c1a4c88c0d618a1",
            "assign_ipv6_address_on_creation": false,
            "availability_zone": "ap-northeast-2a",
            "availability_zone_id": "apne2-az1",
            "cidr_block": "10.0.4.0/24",
            "customer_owned_ipv4_pool": "",
            "enable_dns64": false,
            "enable_lni_at_device_index": 0,
            "enable_resource_name_dns_a_record_on_launch": false,
            "enable_resource_name_dns_aaaa_record_on_launch": false,
            "id": "subnet-06c1a4c88c0d618a1",
            "ipv6_cidr_block": "",
            "ipv6_cidr_block_association_id": "",
            "ipv6_native": false,
            "map_customer_owned_ip_on_launch": false,
            "map_public_ip_on_launch": true,
            "outpost_arn": "",
            "owner_id": "905418168845",
            "private_dns_hostname_type_on_launch": "ip-name",
            "tags": {
              "Name": "foryou-db-pri-a",
              "kubernetes.io/cluster/foryou": "shared"
            },
            "tags_all": {
              "Name": "foryou-db-pri-a",
              "kubernetes.io/cluster/foryou": "shared"
            },
            "timeouts": null,
            "vpc_id": "vpc-083c234f4c0ca7b6c"
          },
          "sensitive_attributes": [],
          "private": "eyJlMmJmYjczMC1lY2FhLTExZTYtOGY4OC0zNDM2M2JjN2M0YzAiOnsiY3JlYXRlIjo2MDAwMDAwMDAwMDAsImRlbGV0ZSI6MTIwMDAwMDAwMDAwMH0sInNjaGVtYV92ZXJzaW9uIjoiMSJ9",
          "dependencies": [
            "module.pjt.aws_vpc.foryou-vpc"
          ]
        },
        {
          "index_key": 1,
          "schema_version": 1,
          "attributes": {
            "arn": "arn:aws:ec2:ap-northeast-2:905418168845:subnet/subnet-04f4ab32e989c48d3",
            "assign_ipv6_address_on_creation": false,
            "availability_zone": "ap-northeast-2c",
            "availability_zone_id": "apne2-az3",
            "cidr_block": "10.0.5.0/24",
            "customer_owned_ipv4_pool": "",
            "enable_dns64": false,
            "enable_lni_at_device_index": 0,
            "enable_resource_name_dns_a_record_on_launch": false,
            "enable_resource_name_dns_aaaa_record_on_launch": false,
            "id": "subnet-04f4ab32e989c48d3",
            "ipv6_cidr_block": "",
            "ipv6_cidr_block_association_id": "",
            "ipv6_native": false,
            "map_customer_owned_ip_on_launch": false,
            "map_public_ip_on_launch": true,
            "outpost_arn": "",
            "owner_id": "905418168845",
            "private_dns_hostname_type_on_launch": "ip-name",
            "tags": {
              "Name": "foryou-db-pri-c",
              "kubernetes.io/cluster/foryou": "shared"
            },
            "tags_all": {
              "Name": "foryou-db-pri-c",
              "kubernetes.io/cluster/foryou": "shared"
            },
            "timeouts": null,
            "vpc_id": "vpc-083c234f4c0ca7b6c"
          },
          "sensitive_attributes": [],
          "private": "eyJlMmJmYjczMC1lY2FhLTExZTYtOGY4OC0zNDM2M2JjN2M0YzAiOnsiY3JlYXRlIjo2MDAwMDAwMDAwMDAsImRlbGV0ZSI6MTIwMDAwMDAwMDAwMH0sInNjaGVtYV92ZXJzaW9uIjoiMSJ9",
          "dependencies": [
            "module.pjt.aws_vpc.foryou-vpc"
          ]
        }
      ]
    },
    {
      "module": "module.pjt",
      "mode": "managed",
      "type": "aws_subnet",
      "name": "was",
      "provider": "module.pjt.provider[\"registry.terraform.io/hashicorp/aws\"]",
      "instances": [
        {
          "index_key": 0,
          "schema_version": 1,
          "attributes": {
            "arn": "arn:aws:ec2:ap-northeast-2:905418168845:subnet/subnet-053cf58dac635003d",
            "assign_ipv6_address_on_creation": false,
            "availability_zone": "ap-northeast-2a",
            "availability_zone_id": "apne2-az1",
            "cidr_block": "10.0.2.0/24",
            "customer_owned_ipv4_pool": "",
            "enable_dns64": false,
            "enable_lni_at_device_index": 0,
            "enable_resource_name_dns_a_record_on_launch": false,
            "enable_resource_name_dns_aaaa_record_on_launch": false,
            "id": "subnet-053cf58dac635003d",
            "ipv6_cidr_block": "",
            "ipv6_cidr_block_association_id": "",
            "ipv6_native": false,
            "map_customer_owned_ip_on_launch": false,
            "map_public_ip_on_launch": true,
            "outpost_arn": "",
            "owner_id": "905418168845",
            "private_dns_hostname_type_on_launch": "ip-name",
            "tags": {
              "Name": "foryou-was-pri-a",
              "kubernetes.io/cluster/foryou": "shared"
            },
            "tags_all": {
              "Name": "foryou-was-pri-a",
              "kubernetes.io/cluster/foryou": "shared"
            },
            "timeouts": null,
            "vpc_id": "vpc-083c234f4c0ca7b6c"
          },
          "sensitive_attributes": [],
          "private": "eyJlMmJmYjczMC1lY2FhLTExZTYtOGY4OC0zNDM2M2JjN2M0YzAiOnsiY3JlYXRlIjo2MDAwMDAwMDAwMDAsImRlbGV0ZSI6MTIwMDAwMDAwMDAwMH0sInNjaGVtYV92ZXJzaW9uIjoiMSJ9",
          "dependencies": [
            "module.pjt.aws_vpc.foryou-vpc"
          ]
        },
        {
          "index_key": 1,
          "schema_version": 1,
          "attributes": {
            "arn": "arn:aws:ec2:ap-northeast-2:905418168845:subnet/subnet-0d41fa98f4c71255f",
            "assign_ipv6_address_on_creation": false,
            "availability_zone": "ap-northeast-2c",
            "availability_zone_id": "apne2-az3",
            "cidr_block": "10.0.3.0/24",
            "customer_owned_ipv4_pool": "",
            "enable_dns64": false,
            "enable_lni_at_device_index": 0,
            "enable_resource_name_dns_a_record_on_launch": false,
            "enable_resource_name_dns_aaaa_record_on_launch": false,
            "id": "subnet-0d41fa98f4c71255f",
            "ipv6_cidr_block": "",
            "ipv6_cidr_block_association_id": "",
            "ipv6_native": false,
            "map_customer_owned_ip_on_launch": false,
            "map_public_ip_on_launch": true,
            "outpost_arn": "",
            "owner_id": "905418168845",
            "private_dns_hostname_type_on_launch": "ip-name",
            "tags": {
              "Name": "foryou-was-pri-c",
              "kubernetes.io/cluster/foryou": "shared"
            },
            "tags_all": {
              "Name": "foryou-was-pri-c",
              "kubernetes.io/cluster/foryou": "shared"
            },
            "timeouts": null,
            "vpc_id": "vpc-083c234f4c0ca7b6c"
          },
          "sensitive_attributes": [],
          "private": "eyJlMmJmYjczMC1lY2FhLTExZTYtOGY4OC0zNDM2M2JjN2M0YzAiOnsiY3JlYXRlIjo2MDAwMDAwMDAwMDAsImRlbGV0ZSI6MTIwMDAwMDAwMDAwMH0sInNjaGVtYV92ZXJzaW9uIjoiMSJ9",
          "dependencies": [
            "module.pjt.aws_vpc.foryou-vpc"
          ]
        }
      ]
    },
    {
      "module": "module.pjt",
      "mode": "managed",
      "type": "aws_subnet",
      "name": "web",
      "provider": "module.pjt.provider[\"registry.terraform.io/hashicorp/aws\"]",
      "instances": [
        {
          "index_key": 0,
          "schema_version": 1,
          "attributes": {
            "arn": "arn:aws:ec2:ap-northeast-2:905418168845:subnet/subnet-0e05cf4e78495d3d2",
            "assign_ipv6_address_on_creation": false,
            "availability_zone": "ap-northeast-2a",
            "availability_zone_id": "apne2-az1",
            "cidr_block": "10.0.0.0/24",
            "customer_owned_ipv4_pool": "",
            "enable_dns64": false,
            "enable_lni_at_device_index": 0,
            "enable_resource_name_dns_a_record_on_launch": false,
            "enable_resource_name_dns_aaaa_record_on_launch": false,
            "id": "subnet-0e05cf4e78495d3d2",
            "ipv6_cidr_block": "",
            "ipv6_cidr_block_association_id": "",
            "ipv6_native": false,
            "map_customer_owned_ip_on_launch": false,
            "map_public_ip_on_launch": true,
            "outpost_arn": "",
            "owner_id": "905418168845",
            "private_dns_hostname_type_on_launch": "ip-name",
            "tags": {
              "Name": "foryou-web-pub-a",
              "kubernetes.io/cluster/foryou": "shared"
            },
            "tags_all": {
              "Name": "foryou-web-pub-a",
              "kubernetes.io/cluster/foryou": "shared"
            },
            "timeouts": null,
            "vpc_id": "vpc-083c234f4c0ca7b6c"
          },
          "sensitive_attributes": [],
          "private": "eyJlMmJmYjczMC1lY2FhLTExZTYtOGY4OC0zNDM2M2JjN2M0YzAiOnsiY3JlYXRlIjo2MDAwMDAwMDAwMDAsImRlbGV0ZSI6MTIwMDAwMDAwMDAwMH0sInNjaGVtYV92ZXJzaW9uIjoiMSJ9",
          "dependencies": [
            "module.pjt.aws_vpc.foryou-vpc"
          ]
        },
        {
          "index_key": 1,
          "schema_version": 1,
          "attributes": {
            "arn": "arn:aws:ec2:ap-northeast-2:905418168845:subnet/subnet-01f24d98be9ae2c90",
            "assign_ipv6_address_on_creation": false,
            "availability_zone": "ap-northeast-2c",
            "availability_zone_id": "apne2-az3",
            "cidr_block": "10.0.1.0/24",
            "customer_owned_ipv4_pool": "",
            "enable_dns64": false,
            "enable_lni_at_device_index": 0,
            "enable_resource_name_dns_a_record_on_launch": false,
            "enable_resource_name_dns_aaaa_record_on_launch": false,
            "id": "subnet-01f24d98be9ae2c90",
            "ipv6_cidr_block": "",
            "ipv6_cidr_block_association_id": "",
            "ipv6_native": false,
            "map_customer_owned_ip_on_launch": false,
            "map_public_ip_on_launch": true,
            "outpost_arn": "",
            "owner_id": "905418168845",
            "private_dns_hostname_type_on_launch": "ip-name",
            "tags": {
              "Name": "foryou-web-pub-c",
              "kubernetes.io/cluster/foryou": "shared"
            },
            "tags_all": {
              "Name": "foryou-web-pub-c",
              "kubernetes.io/cluster/foryou": "shared"
            },
            "timeouts": null,
            "vpc_id": "vpc-083c234f4c0ca7b6c"
          },
          "sensitive_attributes": [],
          "private": "eyJlMmJmYjczMC1lY2FhLTExZTYtOGY4OC0zNDM2M2JjN2M0YzAiOnsiY3JlYXRlIjo2MDAwMDAwMDAwMDAsImRlbGV0ZSI6MTIwMDAwMDAwMDAwMH0sInNjaGVtYV92ZXJzaW9uIjoiMSJ9",
          "dependencies": [
            "module.pjt.aws_vpc.foryou-vpc"
          ]
        }
      ]
    },
    {
      "module": "module.pjt",
      "mode": "managed",
      "type": "aws_vpc",
      "name": "foryou-vpc",
      "provider": "module.pjt.provider[\"registry.terraform.io/hashicorp/aws\"]",
      "instances": [
        {
          "schema_version": 1,
          "attributes": {
            "arn": "arn:aws:ec2:ap-northeast-2:905418168845:vpc/vpc-083c234f4c0ca7b6c",
            "assign_generated_ipv6_cidr_block": false,
            "cidr_block": "10.0.0.0/16",
            "default_network_acl_id": "acl-078a46cf87662c8cc",
            "default_route_table_id": "rtb-016b2794f082d0f2d",
            "default_security_group_id": "sg-05a775abf16840397",
            "dhcp_options_id": "dopt-04c2af0c62919b10e",
            "enable_dns_hostnames": true,
            "enable_dns_support": true,
            "enable_network_address_usage_metrics": false,
            "id": "vpc-083c234f4c0ca7b6c",
            "instance_tenancy": "default",
            "ipv4_ipam_pool_id": null,
            "ipv4_netmask_length": null,
            "ipv6_association_id": "",
            "ipv6_cidr_block": "",
            "ipv6_cidr_block_network_border_group": "",
            "ipv6_ipam_pool_id": "",
            "ipv6_netmask_length": 0,
            "main_route_table_id": "rtb-016b2794f082d0f2d",
            "owner_id": "905418168845",
            "tags": {
              "Name": "foryou-vpc",
              "kubernetes.io/cluster/foryou": "shared"
            },
            "tags_all": {
              "Name": "foryou-vpc",
              "kubernetes.io/cluster/foryou": "shared"
            }
          },
          "sensitive_attributes": [],
          "private": "eyJzY2hlbWFfdmVyc2lvbiI6IjEifQ=="
        }
      ]
    }
  ],
  "check_results": null
}
