{
  "version": 4,
  "terraform_version": "1.9.2",
  "serial": 393,
  "lineage": "31a7c920-e03c-2452-b7ac-3d5b70c25bc4",
  "outputs": {
    "foryou_vpc_id": {
      "value": "vpc-0abf6e84cc6d00f0d",
      "type": "string"
    }
  },
  "resources": [
    {
      "mode": "managed",
      "type": "aws_key_pair",
      "name": "public_key",
      "provider": "provider[\"registry.terraform.io/hashicorp/aws\"]",
      "instances": [
        {
          "schema_version": 1,
          "attributes": {
            "arn": "arn:aws:ec2:ap-northeast-2:339713119714:key-pair/foryou",
            "fingerprint": "e9:bb:c5:e0:c4:ad:87:70:5b:83:4a:83:68:47:98:2c",
            "id": "foryou",
            "key_name": "foryou",
            "key_name_prefix": "",
            "key_pair_id": "key-01ebfa89b4ad0a723",
            "key_type": "rsa",
            "public_key": "ssh-rsa AAAAB3NzaC1yc2EAAAADAQABAAABgQC/9OA0C030JlHJ3+NCo9+ZnBZlHhA2+eqJeU9t2MLYZVZZpxnl/LTsB0mngtO89meoeYy+djIv3bycTmmUDAYDWcJeHdoWrD7+0gj2Zd+UlFPV9aLdxuMlc1NPq8O1XckwYtmrrgS8sBq5wBe04VVJmeYX6mdZvj9Jc7YoN+u+Gln6Xi8A2qVg5/1wgndACrvLdzZmKYPy4IF/fZiyRqSzjTdnkP4oFj12jL5qFA9edmPiit28LFP6C/djpF7VLwgktQMYNsCxwn2fyZASx3PNwO/PFKt3XdoqKAAF0UdMxIuILkg6VycLD2UZ+3Z65xsJvsxsW8JpDSIH3M+vTZFFYvVkSasN7mQAXo1viQj0sI0OGeMqqrThSo0zLtg5tIxft6XSVbpcj1/9Fm0cXt2HWgt1c1/yw0Jt1NFffHsbck/UctVvmnDHidl+ubjIYGOFZ/gdSlhnZmBt1X3f2vBoxo781pcMU7Yiym5OR7McEwDIB9eu5cl19Vvnm4xSNCs=",
            "tags": {},
            "tags_all": {}
          },
          "sensitive_attributes": [],
          "private": "eyJzY2hlbWFfdmVyc2lvbiI6IjEifQ=="
        }
      ]
    },
    {
      "module": "module.foryou_vpc",
      "mode": "managed",
      "type": "aws_eip",
      "name": "foryou_eip",
      "provider": "provider[\"registry.terraform.io/hashicorp/aws\"]",
      "instances": [
        {
          "schema_version": 0,
          "attributes": {
            "address": null,
            "allocation_id": "eipalloc-08d838d56ea62f74a",
            "arn": "arn:aws:ec2:ap-northeast-2:339713119714:elastic-ip/eipalloc-08d838d56ea62f74a",
            "associate_with_private_ip": null,
            "association_id": "eipassoc-0a778462fd4e71f2f",
            "carrier_ip": "",
            "customer_owned_ip": "",
            "customer_owned_ipv4_pool": "",
            "domain": "vpc",
            "id": "eipalloc-08d838d56ea62f74a",
            "instance": "",
            "network_border_group": "ap-northeast-2",
            "network_interface": "eni-00f7536fd8f9e3d2a",
            "private_dns": "ip-10-0-0-11.ap-northeast-2.compute.internal",
            "private_ip": "10.0.0.11",
            "ptr_record": "",
            "public_dns": "ec2-3-38-6-4.ap-northeast-2.compute.amazonaws.com",
            "public_ip": "3.38.6.4",
            "public_ipv4_pool": "amazon",
            "tags": {},
            "tags_all": {},
            "timeouts": null,
            "vpc": true
          },
          "sensitive_attributes": [],
          "private": "eyJlMmJmYjczMC1lY2FhLTExZTYtOGY4OC0zNDM2M2JjN2M0YzAiOnsiZGVsZXRlIjoxODAwMDAwMDAwMDAsInJlYWQiOjkwMDAwMDAwMDAwMCwidXBkYXRlIjozMDAwMDAwMDAwMDB9fQ=="
        }
      ]
    },
    {
      "module": "module.foryou_vpc",
      "mode": "managed",
      "type": "aws_eks_cluster",
      "name": "cluster",
      "provider": "provider[\"registry.terraform.io/hashicorp/aws\"]",
      "instances": [
        {
          "schema_version": 1,
          "attributes": {
            "access_config": [
              {
                "authentication_mode": "CONFIG_MAP",
                "bootstrap_cluster_creator_admin_permissions": true
              }
            ],
            "arn": "arn:aws:eks:ap-northeast-2:339713119714:cluster/eks-cluster",
            "bootstrap_self_managed_addons": true,
            "certificate_authority": [
              {
                "data": "LS0tLS1CRUdJTiBDRVJUSUZJQ0FURS0tLS0tCk1JSURCVENDQWUyZ0F3SUJBZ0lJVWEyRit5bDNhc0l3RFFZSktvWklodmNOQVFFTEJRQXdGVEVUTUJFR0ExVUUKQXhNS2EzVmlaWEp1WlhSbGN6QWVGdzB5TkRBM01UZ3hNRFV6TlRoYUZ3MHpOREEzTVRZeE1EVTROVGhhTUJVeApFekFSQmdOVkJBTVRDbXQxWW1WeWJtVjBaWE13Z2dFaU1BMEdDU3FHU0liM0RRRUJBUVVBQTRJQkR3QXdnZ0VLCkFvSUJBUUMrTlFOOU00VVp3OHpnYUdjMXJOS3AxQktRQzUzZ2tJbXlRRThjUUptdHliVlhSZU5Idm9qdHNuV3YKRFJhOWJPNFYrUlo5Uzk4Q210NmExaHhqOVR1REd4SUpqdmNFYzYyWFpJWXFHZmx5c3c4NmFrTkhPMEhMTk1UMApjTm1EbDNGTzBPU1NwbStrZko3dzRvZ2ZodzVlZUpXbmtPZXZzTDgvQ0YzVDNHcUhsTlN2OTd0TlNidjRuL29pCm8vMmE4OEpOK2VtZzlPY3Q1UENreVhRaHhiMUJya1FyRTFYL3ZrWFpERmFwakRBdWRKMjdnWVp2UVp6ejJ2WWkKbmcxeExaTzVBUis2OGpNYXYzK1RYS21RL0JuUnNzU3VZV1ZPQWtVd1B4NGplbHlZcVZmQjJSbm5ydWRiTE9iNApIaTVNc0M1dXVIVVZPUnp5N2hHaFlYQmptSUlmQWdNQkFBR2pXVEJYTUE0R0ExVWREd0VCL3dRRUF3SUNwREFQCkJnTlZIUk1CQWY4RUJUQURBUUgvTUIwR0ExVWREZ1FXQkJTUHg3SWxteWdhME9JL3JKOEdmYjBJcGNNMWNEQVYKQmdOVkhSRUVEakFNZ2dwcmRXSmxjbTVsZEdWek1BMEdDU3FHU0liM0RRRUJDd1VBQTRJQkFRQmlXRFJ5L2NjaQovazk0UDlRMlQ1cmhTazRLN1VCZk8yQ3dLZSsxV28yN25oVlZmMkRxMzMwWmk0MlA5bTcxYW9WcEdGaExDYlVaCjdhM2ZYVDlBbHlBM0hLdWhsREt5ODg0em55VFpNNEtZa3dUcFF3aWxWcC9ncFRaOUdML3R2U0JzQ0dWdUJNNFMKVXJ0dkRVSDFxT2VlTm1QNjdvbTRTZUU2SEdnTzFOL3hBYVgwOG00bDRzMVFhcFYzeGgyL2U0Vm1paDgyeFdtagpQV1NJbkYydyt5NEN4YTlwQUpiNnBqWGVIcmZNK29tU3ljei9ZZHJ2OWJscjAzZ3ZtK2R1MHBvYk5DY01FdGt6Cm5CTE5GeVQ1TWdPSjZSWkdibnVpaDlxelZDSVlTV25pTERmaWFRdXlSYm5Za2xrMlE3UXRETWFCV3BQWGlDN3UKbFByTWJCbFI3a1lQCi0tLS0tRU5EIENFUlRJRklDQVRFLS0tLS0K"
              }
            ],
            "cluster_id": null,
            "created_at": "2024-07-18 10:54:31.625 +0000 UTC",
            "enabled_cluster_log_types": [],
            "encryption_config": [],
            "endpoint": "https://C3E757EB22DB80DBA089CE4479E33718.gr7.ap-northeast-2.eks.amazonaws.com",
            "id": "eks-cluster",
            "identity": [
              {
                "oidc": [
                  {
                    "issuer": "https://oidc.eks.ap-northeast-2.amazonaws.com/id/C3E757EB22DB80DBA089CE4479E33718"
                  }
                ]
              }
            ],
            "kubernetes_network_config": [
              {
                "ip_family": "ipv4",
                "service_ipv4_cidr": "172.20.0.0/16",
                "service_ipv6_cidr": ""
              }
            ],
            "name": "eks-cluster",
            "outpost_config": [],
            "platform_version": "eks.5",
            "role_arn": "arn:aws:iam::339713119714:role/eks-cluster-role",
            "status": "ACTIVE",
            "tags": {},
            "tags_all": {},
            "timeouts": null,
            "version": "1.30",
            "vpc_config": [
              {
                "cluster_security_group_id": "sg-0f05323bb083c8321",
                "endpoint_private_access": true,
                "endpoint_public_access": true,
                "public_access_cidrs": [
                  "0.0.0.0/0"
                ],
                "security_group_ids": [
                  "sg-06e521296f20c383a"
                ],
                "subnet_ids": [
                  "subnet-00ee8a634808b1fb7",
                  "subnet-045c683b13f5a5c5f",
                  "subnet-053faa3871ea8d37e",
                  "subnet-06d3b134b8abba8ae",
                  "subnet-0ecef5de7414f18f7",
                  "subnet-0f9a693648476f246"
                ],
                "vpc_id": "vpc-0abf6e84cc6d00f0d"
              }
            ]
          },
          "sensitive_attributes": [],
          "private": "eyJlMmJmYjczMC1lY2FhLTExZTYtOGY4OC0zNDM2M2JjN2M0YzAiOnsiY3JlYXRlIjoxODAwMDAwMDAwMDAwLCJkZWxldGUiOjkwMDAwMDAwMDAwMCwidXBkYXRlIjozNjAwMDAwMDAwMDAwfSwic2NoZW1hX3ZlcnNpb24iOiIxIn0=",
          "dependencies": [
            "module.foryou_vpc.aws_iam_role.eks_role",
            "module.foryou_vpc.aws_iam_role_policy_attachment.eks_AmazonEKSClusterPolicy",
            "module.foryou_vpc.aws_iam_role_policy_attachment.eks_AmazonEKSVPCResourceController",
            "module.foryou_vpc.aws_security_group.cluster_sg",
            "module.foryou_vpc.aws_subnet.db",
            "module.foryou_vpc.aws_subnet.was",
            "module.foryou_vpc.aws_subnet.web",
            "module.foryou_vpc.aws_vpc.vpc"
          ]
        }
      ]
    },
    {
      "module": "module.foryou_vpc",
      "mode": "managed",
      "type": "aws_eks_node_group",
      "name": "was_node_group",
      "provider": "provider[\"registry.terraform.io/hashicorp/aws\"]",
      "instances": [
        {
          "schema_version": 0,
          "attributes": {
            "ami_type": "AL2023_x86_64_STANDARD",
            "arn": "arn:aws:eks:ap-northeast-2:339713119714:nodegroup/eks-cluster/eks-node-group-was/94c862c3-0cba-3ebf-c9bb-b27f42ee1752",
            "capacity_type": "ON_DEMAND",
            "cluster_name": "eks-cluster",
            "disk_size": 20,
            "force_update_version": null,
            "id": "eks-cluster:eks-node-group-was",
            "instance_types": [
              "t3.medium"
            ],
            "labels": null,
            "launch_template": [],
            "node_group_name": "eks-node-group-was",
            "node_group_name_prefix": "",
            "node_role_arn": "arn:aws:iam::339713119714:role/eks-node-group-role",
            "release_version": "1.30.0-20240703",
            "remote_access": [],
            "resources": [
              {
                "autoscaling_groups": [
                  {
                    "name": "eks-eks-node-group-was-94c862c3-0cba-3ebf-c9bb-b27f42ee1752"
                  }
                ],
                "remote_access_security_group_id": ""
              }
            ],
            "scaling_config": [
              {
                "desired_size": 2,
                "max_size": 3,
                "min_size": 1
              }
            ],
            "status": "ACTIVE",
            "subnet_ids": [
              "subnet-053faa3871ea8d37e",
              "subnet-0ecef5de7414f18f7"
            ],
            "tags": null,
            "tags_all": {},
            "taint": [],
            "timeouts": null,
            "update_config": [
              {
                "max_unavailable": 1,
                "max_unavailable_percentage": 0
              }
            ],
            "version": "1.30"
          },
          "sensitive_attributes": [],
          "private": "eyJlMmJmYjczMC1lY2FhLTExZTYtOGY4OC0zNDM2M2JjN2M0YzAiOnsiY3JlYXRlIjozNjAwMDAwMDAwMDAwLCJkZWxldGUiOjM2MDAwMDAwMDAwMDAsInVwZGF0ZSI6MzYwMDAwMDAwMDAwMH19",
          "dependencies": [
            "module.foryou_vpc.aws_eks_cluster.cluster",
            "module.foryou_vpc.aws_iam_role.eks_node_group_role",
            "module.foryou_vpc.aws_iam_role.eks_role",
            "module.foryou_vpc.aws_iam_role_policy_attachment.eks_AmazonEC2ContainerRegistryReadOnly",
            "module.foryou_vpc.aws_iam_role_policy_attachment.eks_AmazonEKSClusterPolicy",
            "module.foryou_vpc.aws_iam_role_policy_attachment.eks_AmazonEKSVPCResourceController",
            "module.foryou_vpc.aws_iam_role_policy_attachment.eks_AmazonEKSWorkerNodePolicy",
            "module.foryou_vpc.aws_iam_role_policy_attachment.eks_AmazonEKS_CNI_Policy",
            "module.foryou_vpc.aws_security_group.cluster_sg",
            "module.foryou_vpc.aws_subnet.db",
            "module.foryou_vpc.aws_subnet.was",
            "module.foryou_vpc.aws_subnet.web",
            "module.foryou_vpc.aws_vpc.vpc"
          ]
        }
      ]
    },
    {
      "module": "module.foryou_vpc",
      "mode": "managed",
      "type": "aws_eks_node_group",
      "name": "web_node_group",
      "provider": "provider[\"registry.terraform.io/hashicorp/aws\"]",
      "instances": [
        {
          "schema_version": 0,
          "attributes": {
            "ami_type": "AL2023_x86_64_STANDARD",
            "arn": "arn:aws:eks:ap-northeast-2:339713119714:nodegroup/eks-cluster/eks-node-group-web/b8c862c3-0cb9-6969-f916-e9da0f46596c",
            "capacity_type": "ON_DEMAND",
            "cluster_name": "eks-cluster",
            "disk_size": 20,
            "force_update_version": null,
            "id": "eks-cluster:eks-node-group-web",
            "instance_types": [
              "t3.medium"
            ],
            "labels": null,
            "launch_template": [],
            "node_group_name": "eks-node-group-web",
            "node_group_name_prefix": "",
            "node_role_arn": "arn:aws:iam::339713119714:role/eks-node-group-role",
            "release_version": "1.30.0-20240703",
            "remote_access": [],
            "resources": [
              {
                "autoscaling_groups": [
                  {
                    "name": "eks-eks-node-group-web-b8c862c3-0cb9-6969-f916-e9da0f46596c"
                  }
                ],
                "remote_access_security_group_id": ""
              }
            ],
            "scaling_config": [
              {
                "desired_size": 2,
                "max_size": 3,
                "min_size": 1
              }
            ],
            "status": "ACTIVE",
            "subnet_ids": [
              "subnet-045c683b13f5a5c5f",
              "subnet-06d3b134b8abba8ae"
            ],
            "tags": null,
            "tags_all": {},
            "taint": [],
            "timeouts": null,
            "update_config": [
              {
                "max_unavailable": 1,
                "max_unavailable_percentage": 0
              }
            ],
            "version": "1.30"
          },
          "sensitive_attributes": [],
          "private": "eyJlMmJmYjczMC1lY2FhLTExZTYtOGY4OC0zNDM2M2JjN2M0YzAiOnsiY3JlYXRlIjozNjAwMDAwMDAwMDAwLCJkZWxldGUiOjM2MDAwMDAwMDAwMDAsInVwZGF0ZSI6MzYwMDAwMDAwMDAwMH19",
          "dependencies": [
            "module.foryou_vpc.aws_eks_cluster.cluster",
            "module.foryou_vpc.aws_iam_role.eks_node_group_role",
            "module.foryou_vpc.aws_iam_role.eks_role",
            "module.foryou_vpc.aws_iam_role_policy_attachment.eks_AmazonEC2ContainerRegistryReadOnly",
            "module.foryou_vpc.aws_iam_role_policy_attachment.eks_AmazonEKSClusterPolicy",
            "module.foryou_vpc.aws_iam_role_policy_attachment.eks_AmazonEKSVPCResourceController",
            "module.foryou_vpc.aws_iam_role_policy_attachment.eks_AmazonEKSWorkerNodePolicy",
            "module.foryou_vpc.aws_iam_role_policy_attachment.eks_AmazonEKS_CNI_Policy",
            "module.foryou_vpc.aws_security_group.cluster_sg",
            "module.foryou_vpc.aws_subnet.db",
            "module.foryou_vpc.aws_subnet.was",
            "module.foryou_vpc.aws_subnet.web",
            "module.foryou_vpc.aws_vpc.vpc"
          ]
        }
      ]
    },
    {
      "module": "module.foryou_vpc",
      "mode": "managed",
      "type": "aws_iam_instance_profile",
      "name": "worker",
      "provider": "provider[\"registry.terraform.io/hashicorp/aws\"]",
      "instances": [
        {
          "schema_version": 0,
          "attributes": {
            "arn": "arn:aws:iam::339713119714:instance-profile/eks-cluster-worker",
            "create_date": "2024-07-18T10:42:23Z",
            "id": "eks-cluster-worker",
            "name": "eks-cluster-worker",
            "name_prefix": "",
            "path": "/",
            "role": "eks-node-group-role",
            "tags": {},
            "tags_all": {},
            "unique_id": "AIPAU6GD22XRFOM2T3VKZ"
          },
          "sensitive_attributes": [],
          "private": "bnVsbA==",
          "dependencies": [
            "module.foryou_vpc.aws_iam_role.eks_node_group_role"
          ]
        }
      ]
    },
    {
      "module": "module.foryou_vpc",
      "mode": "managed",
      "type": "aws_iam_role",
      "name": "eks_node_group_role",
      "provider": "provider[\"registry.terraform.io/hashicorp/aws\"]",
      "instances": [
        {
          "schema_version": 0,
          "attributes": {
            "arn": "arn:aws:iam::339713119714:role/eks-node-group-role",
            "assume_role_policy": "{\"Statement\":[{\"Action\":\"sts:AssumeRole\",\"Effect\":\"Allow\",\"Principal\":{\"Service\":\"ec2.amazonaws.com\"}}],\"Version\":\"2012-10-17\"}",
            "create_date": "2024-07-18T10:42:22Z",
            "description": "",
            "force_detach_policies": false,
            "id": "eks-node-group-role",
            "inline_policy": [],
            "managed_policy_arns": [
              "arn:aws:iam::aws:policy/AmazonEC2ContainerRegistryReadOnly",
              "arn:aws:iam::aws:policy/AmazonEKSWorkerNodePolicy",
              "arn:aws:iam::aws:policy/AmazonEKS_CNI_Policy"
            ],
            "max_session_duration": 3600,
            "name": "eks-node-group-role",
            "name_prefix": "",
            "path": "/",
            "permissions_boundary": "",
            "tags": {
              "Name": "eks-node-group-role"
            },
            "tags_all": {
              "Name": "eks-node-group-role"
            },
            "unique_id": "AROAU6GD22XRHADI64PJH"
          },
          "sensitive_attributes": [],
          "private": "bnVsbA=="
        }
      ]
    },
    {
      "module": "module.foryou_vpc",
      "mode": "managed",
      "type": "aws_iam_role",
      "name": "eks_role",
      "provider": "provider[\"registry.terraform.io/hashicorp/aws\"]",
      "instances": [
        {
          "schema_version": 0,
          "attributes": {
            "arn": "arn:aws:iam::339713119714:role/eks-cluster-role",
            "assume_role_policy": "{\"Statement\":[{\"Action\":\"sts:AssumeRole\",\"Effect\":\"Allow\",\"Principal\":{\"Service\":\"eks.amazonaws.com\"}}],\"Version\":\"2012-10-17\"}",
            "create_date": "2024-07-18T10:42:22Z",
            "description": "",
            "force_detach_policies": false,
            "id": "eks-cluster-role",
            "inline_policy": [],
            "managed_policy_arns": [
              "arn:aws:iam::aws:policy/AmazonEKSClusterPolicy",
              "arn:aws:iam::aws:policy/AmazonEKSVPCResourceController"
            ],
            "max_session_duration": 3600,
            "name": "eks-cluster-role",
            "name_prefix": "",
            "path": "/",
            "permissions_boundary": "",
            "tags": {
              "Name": "eks-cluster-role"
            },
            "tags_all": {
              "Name": "eks-cluster-role"
            },
            "unique_id": "AROAU6GD22XRLNJJN24FF"
          },
          "sensitive_attributes": [],
          "private": "bnVsbA=="
        }
      ]
    },
    {
      "module": "module.foryou_vpc",
      "mode": "managed",
      "type": "aws_iam_role_policy_attachment",
      "name": "eks_AmazonEC2ContainerRegistryReadOnly",
      "provider": "provider[\"registry.terraform.io/hashicorp/aws\"]",
      "instances": [
        {
          "schema_version": 0,
          "attributes": {
            "id": "eks-node-group-role-20240718104224133500000001",
            "policy_arn": "arn:aws:iam::aws:policy/AmazonEC2ContainerRegistryReadOnly",
            "role": "eks-node-group-role"
          },
          "sensitive_attributes": [],
          "private": "bnVsbA==",
          "dependencies": [
            "module.foryou_vpc.aws_iam_role.eks_node_group_role"
          ]
        }
      ]
    },
    {
      "module": "module.foryou_vpc",
      "mode": "managed",
      "type": "aws_iam_role_policy_attachment",
      "name": "eks_AmazonEKSClusterPolicy",
      "provider": "provider[\"registry.terraform.io/hashicorp/aws\"]",
      "instances": [
        {
          "schema_version": 0,
          "attributes": {
            "id": "eks-cluster-role-20240718104224686900000005",
            "policy_arn": "arn:aws:iam::aws:policy/AmazonEKSClusterPolicy",
            "role": "eks-cluster-role"
          },
          "sensitive_attributes": [],
          "private": "bnVsbA==",
          "dependencies": [
            "module.foryou_vpc.aws_iam_role.eks_role"
          ]
        }
      ]
    },
    {
      "module": "module.foryou_vpc",
      "mode": "managed",
      "type": "aws_iam_role_policy_attachment",
      "name": "eks_AmazonEKSVPCResourceController",
      "provider": "provider[\"registry.terraform.io/hashicorp/aws\"]",
      "instances": [
        {
          "schema_version": 0,
          "attributes": {
            "id": "eks-cluster-role-20240718104224686900000004",
            "policy_arn": "arn:aws:iam::aws:policy/AmazonEKSVPCResourceController",
            "role": "eks-cluster-role"
          },
          "sensitive_attributes": [],
          "private": "bnVsbA==",
          "dependencies": [
            "module.foryou_vpc.aws_iam_role.eks_role"
          ]
        }
      ]
    },
    {
      "module": "module.foryou_vpc",
      "mode": "managed",
      "type": "aws_iam_role_policy_attachment",
      "name": "eks_AmazonEKSWorkerNodePolicy",
      "provider": "provider[\"registry.terraform.io/hashicorp/aws\"]",
      "instances": [
        {
          "schema_version": 0,
          "attributes": {
            "id": "eks-node-group-role-20240718104224181100000002",
            "policy_arn": "arn:aws:iam::aws:policy/AmazonEKSWorkerNodePolicy",
            "role": "eks-node-group-role"
          },
          "sensitive_attributes": [],
          "private": "bnVsbA==",
          "dependencies": [
            "module.foryou_vpc.aws_iam_role.eks_node_group_role"
          ]
        }
      ]
    },
    {
      "module": "module.foryou_vpc",
      "mode": "managed",
      "type": "aws_iam_role_policy_attachment",
      "name": "eks_AmazonEKS_CNI_Policy",
      "provider": "provider[\"registry.terraform.io/hashicorp/aws\"]",
      "instances": [
        {
          "schema_version": 0,
          "attributes": {
            "id": "eks-node-group-role-20240718104224409900000003",
            "policy_arn": "arn:aws:iam::aws:policy/AmazonEKS_CNI_Policy",
            "role": "eks-node-group-role"
          },
          "sensitive_attributes": [],
          "private": "bnVsbA==",
          "dependencies": [
            "module.foryou_vpc.aws_iam_role.eks_node_group_role"
          ]
        }
      ]
    },
    {
      "module": "module.foryou_vpc",
      "mode": "managed",
      "type": "aws_internet_gateway",
      "name": "internet_gateway",
      "provider": "provider[\"registry.terraform.io/hashicorp/aws\"]",
      "instances": [
        {
          "schema_version": 0,
          "attributes": {
            "arn": "arn:aws:ec2:ap-northeast-2:339713119714:internet-gateway/igw-09245d9f2818c4d34",
            "id": "igw-09245d9f2818c4d34",
            "owner_id": "339713119714",
            "tags": {
              "Name": "foryou-ig"
            },
            "tags_all": {
              "Name": "foryou-ig"
            },
            "timeouts": null,
            "vpc_id": "vpc-0abf6e84cc6d00f0d"
          },
          "sensitive_attributes": [],
          "private": "eyJlMmJmYjczMC1lY2FhLTExZTYtOGY4OC0zNDM2M2JjN2M0YzAiOnsiY3JlYXRlIjoxMjAwMDAwMDAwMDAwLCJkZWxldGUiOjEyMDAwMDAwMDAwMDAsInVwZGF0ZSI6MTIwMDAwMDAwMDAwMH19",
          "dependencies": [
            "module.foryou_vpc.aws_vpc.vpc"
          ]
        }
      ]
    },
    {
      "module": "module.foryou_vpc",
      "mode": "managed",
      "type": "aws_nat_gateway",
      "name": "nat_gateway",
      "provider": "provider[\"registry.terraform.io/hashicorp/aws\"]",
      "instances": [
        {
          "schema_version": 0,
          "attributes": {
            "allocation_id": "eipalloc-08d838d56ea62f74a",
            "association_id": "eipassoc-0a778462fd4e71f2f",
            "connectivity_type": "public",
            "id": "nat-0496f3bdf780dccd7",
            "network_interface_id": "eni-00f7536fd8f9e3d2a",
            "private_ip": "10.0.0.11",
            "public_ip": "3.38.6.4",
            "secondary_allocation_ids": [],
            "secondary_private_ip_address_count": 0,
            "secondary_private_ip_addresses": [],
            "subnet_id": "subnet-06d3b134b8abba8ae",
            "tags": {
              "Name": "foryou-ngw"
            },
            "tags_all": {
              "Name": "foryou-ngw"
            },
            "timeouts": null
          },
          "sensitive_attributes": [],
          "private": "eyJlMmJmYjczMC1lY2FhLTExZTYtOGY4OC0zNDM2M2JjN2M0YzAiOnsiY3JlYXRlIjo2MDAwMDAwMDAwMDAsImRlbGV0ZSI6MTgwMDAwMDAwMDAwMCwidXBkYXRlIjo2MDAwMDAwMDAwMDB9fQ==",
          "dependencies": [
            "module.foryou_vpc.aws_eip.foryou_eip",
            "module.foryou_vpc.aws_internet_gateway.internet_gateway",
            "module.foryou_vpc.aws_subnet.web",
            "module.foryou_vpc.aws_vpc.vpc"
          ]
        }
      ]
    },
    {
      "module": "module.foryou_vpc",
      "mode": "managed",
      "type": "aws_route_table",
      "name": "nat_route_table",
      "provider": "provider[\"registry.terraform.io/hashicorp/aws\"]",
      "instances": [
        {
          "schema_version": 0,
          "attributes": {
            "arn": "arn:aws:ec2:ap-northeast-2:339713119714:route-table/rtb-05e92c4de7ffc41cb",
            "id": "rtb-05e92c4de7ffc41cb",
            "owner_id": "339713119714",
            "propagating_vgws": [],
            "route": [
              {
                "carrier_gateway_id": "",
                "cidr_block": "0.0.0.0/0",
                "core_network_arn": "",
                "destination_prefix_list_id": "",
                "egress_only_gateway_id": "",
                "gateway_id": "nat-0496f3bdf780dccd7",
                "ipv6_cidr_block": "",
                "local_gateway_id": "",
                "nat_gateway_id": "",
                "network_interface_id": "",
                "transit_gateway_id": "",
                "vpc_endpoint_id": "",
                "vpc_peering_connection_id": ""
              }
            ],
            "tags": {
              "Name": "foryou-nrt"
            },
            "tags_all": {
              "Name": "foryou-nrt"
            },
            "timeouts": null,
            "vpc_id": "vpc-0abf6e84cc6d00f0d"
          },
          "sensitive_attributes": [],
          "private": "eyJlMmJmYjczMC1lY2FhLTExZTYtOGY4OC0zNDM2M2JjN2M0YzAiOnsiY3JlYXRlIjozMDAwMDAwMDAwMDAsImRlbGV0ZSI6MzAwMDAwMDAwMDAwLCJ1cGRhdGUiOjEyMDAwMDAwMDAwMH19",
          "dependencies": [
            "module.foryou_vpc.aws_eip.foryou_eip",
            "module.foryou_vpc.aws_internet_gateway.internet_gateway",
            "module.foryou_vpc.aws_nat_gateway.nat_gateway",
            "module.foryou_vpc.aws_subnet.web",
            "module.foryou_vpc.aws_vpc.vpc"
          ]
        }
      ]
    },
    {
      "module": "module.foryou_vpc",
      "mode": "managed",
      "type": "aws_route_table",
      "name": "route_table",
      "provider": "provider[\"registry.terraform.io/hashicorp/aws\"]",
      "instances": [
        {
          "schema_version": 0,
          "attributes": {
            "arn": "arn:aws:ec2:ap-northeast-2:339713119714:route-table/rtb-0f5005891c34361cf",
            "id": "rtb-0f5005891c34361cf",
            "owner_id": "339713119714",
            "propagating_vgws": [],
            "route": [
              {
                "carrier_gateway_id": "",
                "cidr_block": "0.0.0.0/0",
                "core_network_arn": "",
                "destination_prefix_list_id": "",
                "egress_only_gateway_id": "",
                "gateway_id": "igw-09245d9f2818c4d34",
                "ipv6_cidr_block": "",
                "local_gateway_id": "",
                "nat_gateway_id": "",
                "network_interface_id": "",
                "transit_gateway_id": "",
                "vpc_endpoint_id": "",
                "vpc_peering_connection_id": ""
              }
            ],
            "tags": {
              "Name": "foryou-rt"
            },
            "tags_all": {
              "Name": "foryou-rt"
            },
            "timeouts": null,
            "vpc_id": "vpc-0abf6e84cc6d00f0d"
          },
          "sensitive_attributes": [],
          "private": "eyJlMmJmYjczMC1lY2FhLTExZTYtOGY4OC0zNDM2M2JjN2M0YzAiOnsiY3JlYXRlIjozMDAwMDAwMDAwMDAsImRlbGV0ZSI6MzAwMDAwMDAwMDAwLCJ1cGRhdGUiOjEyMDAwMDAwMDAwMH19",
          "dependencies": [
            "module.foryou_vpc.aws_internet_gateway.internet_gateway",
            "module.foryou_vpc.aws_vpc.vpc"
          ]
        }
      ]
    },
    {
      "module": "module.foryou_vpc",
      "mode": "managed",
      "type": "aws_route_table_association",
      "name": "nrtas_db",
      "provider": "provider[\"registry.terraform.io/hashicorp/aws\"]",
      "instances": [
        {
          "index_key": 0,
          "schema_version": 0,
          "attributes": {
            "gateway_id": "",
            "id": "rtbassoc-03e874b73a1371e7d",
            "route_table_id": "rtb-05e92c4de7ffc41cb",
            "subnet_id": "subnet-0f9a693648476f246",
            "timeouts": null
          },
          "sensitive_attributes": [],
          "private": "eyJlMmJmYjczMC1lY2FhLTExZTYtOGY4OC0zNDM2M2JjN2M0YzAiOnsiY3JlYXRlIjozMDAwMDAwMDAwMDAsImRlbGV0ZSI6MzAwMDAwMDAwMDAwLCJ1cGRhdGUiOjEyMDAwMDAwMDAwMH19",
          "dependencies": [
            "module.foryou_vpc.aws_eip.foryou_eip",
            "module.foryou_vpc.aws_internet_gateway.internet_gateway",
            "module.foryou_vpc.aws_nat_gateway.nat_gateway",
            "module.foryou_vpc.aws_route_table.nat_route_table",
            "module.foryou_vpc.aws_subnet.db",
            "module.foryou_vpc.aws_subnet.web",
            "module.foryou_vpc.aws_vpc.vpc"
          ]
        },
        {
          "index_key": 1,
          "schema_version": 0,
          "attributes": {
            "gateway_id": "",
            "id": "rtbassoc-0e29066923c892a89",
            "route_table_id": "rtb-05e92c4de7ffc41cb",
            "subnet_id": "subnet-00ee8a634808b1fb7",
            "timeouts": null
          },
          "sensitive_attributes": [],
          "private": "eyJlMmJmYjczMC1lY2FhLTExZTYtOGY4OC0zNDM2M2JjN2M0YzAiOnsiY3JlYXRlIjozMDAwMDAwMDAwMDAsImRlbGV0ZSI6MzAwMDAwMDAwMDAwLCJ1cGRhdGUiOjEyMDAwMDAwMDAwMH19",
          "dependencies": [
            "module.foryou_vpc.aws_eip.foryou_eip",
            "module.foryou_vpc.aws_internet_gateway.internet_gateway",
            "module.foryou_vpc.aws_nat_gateway.nat_gateway",
            "module.foryou_vpc.aws_route_table.nat_route_table",
            "module.foryou_vpc.aws_subnet.db",
            "module.foryou_vpc.aws_subnet.web",
            "module.foryou_vpc.aws_vpc.vpc"
          ]
        }
      ]
    },
    {
      "module": "module.foryou_vpc",
      "mode": "managed",
      "type": "aws_route_table_association",
      "name": "nrtas_was",
      "provider": "provider[\"registry.terraform.io/hashicorp/aws\"]",
      "instances": [
        {
          "index_key": 0,
          "schema_version": 0,
          "attributes": {
            "gateway_id": "",
            "id": "rtbassoc-0c6f581f0e32e708d",
            "route_table_id": "rtb-05e92c4de7ffc41cb",
            "subnet_id": "subnet-0ecef5de7414f18f7",
            "timeouts": null
          },
          "sensitive_attributes": [],
          "private": "eyJlMmJmYjczMC1lY2FhLTExZTYtOGY4OC0zNDM2M2JjN2M0YzAiOnsiY3JlYXRlIjozMDAwMDAwMDAwMDAsImRlbGV0ZSI6MzAwMDAwMDAwMDAwLCJ1cGRhdGUiOjEyMDAwMDAwMDAwMH19",
          "dependencies": [
            "module.foryou_vpc.aws_eip.foryou_eip",
            "module.foryou_vpc.aws_internet_gateway.internet_gateway",
            "module.foryou_vpc.aws_nat_gateway.nat_gateway",
            "module.foryou_vpc.aws_route_table.nat_route_table",
            "module.foryou_vpc.aws_subnet.was",
            "module.foryou_vpc.aws_subnet.web",
            "module.foryou_vpc.aws_vpc.vpc"
          ]
        },
        {
          "index_key": 1,
          "schema_version": 0,
          "attributes": {
            "gateway_id": "",
            "id": "rtbassoc-0d4060b038892fc2e",
            "route_table_id": "rtb-05e92c4de7ffc41cb",
            "subnet_id": "subnet-053faa3871ea8d37e",
            "timeouts": null
          },
          "sensitive_attributes": [],
          "private": "eyJlMmJmYjczMC1lY2FhLTExZTYtOGY4OC0zNDM2M2JjN2M0YzAiOnsiY3JlYXRlIjozMDAwMDAwMDAwMDAsImRlbGV0ZSI6MzAwMDAwMDAwMDAwLCJ1cGRhdGUiOjEyMDAwMDAwMDAwMH19",
          "dependencies": [
            "module.foryou_vpc.aws_eip.foryou_eip",
            "module.foryou_vpc.aws_internet_gateway.internet_gateway",
            "module.foryou_vpc.aws_nat_gateway.nat_gateway",
            "module.foryou_vpc.aws_route_table.nat_route_table",
            "module.foryou_vpc.aws_subnet.was",
            "module.foryou_vpc.aws_subnet.web",
            "module.foryou_vpc.aws_vpc.vpc"
          ]
        }
      ]
    },
    {
      "module": "module.foryou_vpc",
      "mode": "managed",
      "type": "aws_route_table_association",
      "name": "rtas_web",
      "provider": "provider[\"registry.terraform.io/hashicorp/aws\"]",
      "instances": [
        {
          "index_key": 0,
          "schema_version": 0,
          "attributes": {
            "gateway_id": "",
            "id": "rtbassoc-02dfe8854758fb6c4",
            "route_table_id": "rtb-0f5005891c34361cf",
            "subnet_id": "subnet-06d3b134b8abba8ae",
            "timeouts": null
          },
          "sensitive_attributes": [],
          "private": "eyJlMmJmYjczMC1lY2FhLTExZTYtOGY4OC0zNDM2M2JjN2M0YzAiOnsiY3JlYXRlIjozMDAwMDAwMDAwMDAsImRlbGV0ZSI6MzAwMDAwMDAwMDAwLCJ1cGRhdGUiOjEyMDAwMDAwMDAwMH19",
          "dependencies": [
            "module.foryou_vpc.aws_internet_gateway.internet_gateway",
            "module.foryou_vpc.aws_route_table.route_table",
            "module.foryou_vpc.aws_subnet.web",
            "module.foryou_vpc.aws_vpc.vpc"
          ]
        },
        {
          "index_key": 1,
          "schema_version": 0,
          "attributes": {
            "gateway_id": "",
            "id": "rtbassoc-0537870039a5f3b0c",
            "route_table_id": "rtb-0f5005891c34361cf",
            "subnet_id": "subnet-045c683b13f5a5c5f",
            "timeouts": null
          },
          "sensitive_attributes": [],
          "private": "eyJlMmJmYjczMC1lY2FhLTExZTYtOGY4OC0zNDM2M2JjN2M0YzAiOnsiY3JlYXRlIjozMDAwMDAwMDAwMDAsImRlbGV0ZSI6MzAwMDAwMDAwMDAwLCJ1cGRhdGUiOjEyMDAwMDAwMDAwMH19",
          "dependencies": [
            "module.foryou_vpc.aws_internet_gateway.internet_gateway",
            "module.foryou_vpc.aws_route_table.route_table",
            "module.foryou_vpc.aws_subnet.web",
            "module.foryou_vpc.aws_vpc.vpc"
          ]
        }
      ]
    },
    {
      "module": "module.foryou_vpc",
      "mode": "managed",
      "type": "aws_security_group",
      "name": "alb_sg",
      "provider": "provider[\"registry.terraform.io/hashicorp/aws\"]",
      "instances": [
        {
          "schema_version": 1,
          "attributes": {
            "arn": "arn:aws:ec2:ap-northeast-2:339713119714:security-group/sg-0f19ed1bd6a22af0b",
            "description": "http-https",
            "egress": [
              {
                "cidr_blocks": [
                  "0.0.0.0/0"
                ],
                "description": "",
                "from_port": 0,
                "ipv6_cidr_blocks": [],
                "prefix_list_ids": [],
                "protocol": "-1",
                "security_groups": [],
                "self": false,
                "to_port": 0
              }
            ],
            "id": "sg-0f19ed1bd6a22af0b",
            "ingress": [
              {
                "cidr_blocks": [
                  "0.0.0.0/0"
                ],
                "description": "http",
                "from_port": 80,
                "ipv6_cidr_blocks": [
                  "::/0"
                ],
                "prefix_list_ids": [],
                "protocol": "tcp",
                "security_groups": [],
                "self": false,
                "to_port": 80
              },
              {
                "cidr_blocks": [
                  "0.0.0.0/0"
                ],
                "description": "https",
                "from_port": 443,
                "ipv6_cidr_blocks": [
                  "::/0"
                ],
                "prefix_list_ids": [],
                "protocol": "tcp",
                "security_groups": [],
                "self": false,
                "to_port": 443
              }
            ],
            "name": "alb_sg",
            "name_prefix": "",
            "owner_id": "339713119714",
            "revoke_rules_on_delete": false,
            "tags": {
              "Name": "alb_sg"
            },
            "tags_all": {
              "Name": "alb_sg"
            },
            "timeouts": null,
            "vpc_id": "vpc-0abf6e84cc6d00f0d"
          },
          "sensitive_attributes": [],
          "private": "eyJlMmJmYjczMC1lY2FhLTExZTYtOGY4OC0zNDM2M2JjN2M0YzAiOnsiY3JlYXRlIjo2MDAwMDAwMDAwMDAsImRlbGV0ZSI6OTAwMDAwMDAwMDAwfSwic2NoZW1hX3ZlcnNpb24iOiIxIn0=",
          "dependencies": [
            "module.foryou_vpc.aws_vpc.vpc"
          ]
        }
      ]
    },
    {
      "module": "module.foryou_vpc",
      "mode": "managed",
      "type": "aws_security_group",
      "name": "ansible_sg",
      "provider": "provider[\"registry.terraform.io/hashicorp/aws\"]",
      "instances": [
        {
          "schema_version": 1,
          "attributes": {
            "arn": "arn:aws:ec2:ap-northeast-2:339713119714:security-group/sg-03c4e7abaa6f8d910",
            "description": "ssh",
            "egress": [
              {
                "cidr_blocks": [
                  "0.0.0.0/0"
                ],
                "description": "",
                "from_port": 0,
                "ipv6_cidr_blocks": [],
                "prefix_list_ids": [],
                "protocol": "-1",
                "security_groups": [],
                "self": false,
                "to_port": 0
              }
            ],
            "id": "sg-03c4e7abaa6f8d910",
            "ingress": [
              {
                "cidr_blocks": [
                  "0.0.0.0/0"
                ],
                "description": "",
                "from_port": 22,
                "ipv6_cidr_blocks": [],
                "prefix_list_ids": [],
                "protocol": "tcp",
                "security_groups": [],
                "self": false,
                "to_port": 22
              }
            ],
            "name": "ansible-sg",
            "name_prefix": "",
            "owner_id": "339713119714",
            "revoke_rules_on_delete": false,
            "tags": {
              "Name": "ansible-sg"
            },
            "tags_all": {
              "Name": "ansible-sg"
            },
            "timeouts": null,
            "vpc_id": "vpc-0abf6e84cc6d00f0d"
          },
          "sensitive_attributes": [],
          "private": "eyJlMmJmYjczMC1lY2FhLTExZTYtOGY4OC0zNDM2M2JjN2M0YzAiOnsiY3JlYXRlIjo2MDAwMDAwMDAwMDAsImRlbGV0ZSI6OTAwMDAwMDAwMDAwfSwic2NoZW1hX3ZlcnNpb24iOiIxIn0=",
          "dependencies": [
            "module.foryou_vpc.aws_vpc.vpc"
          ]
        }
      ]
    },
    {
      "module": "module.foryou_vpc",
      "mode": "managed",
      "type": "aws_security_group",
      "name": "cluster_sg",
      "provider": "provider[\"registry.terraform.io/hashicorp/aws\"]",
      "instances": [
        {
          "schema_version": 1,
          "attributes": {
            "arn": "arn:aws:ec2:ap-northeast-2:339713119714:security-group/sg-06e521296f20c383a",
            "description": "Cluster communication with worker nodes",
            "egress": [
              {
                "cidr_blocks": [
                  "0.0.0.0/0"
                ],
                "description": "",
                "from_port": 0,
                "ipv6_cidr_blocks": [],
                "prefix_list_ids": [],
                "protocol": "-1",
                "security_groups": [],
                "self": false,
                "to_port": 0
              }
            ],
            "id": "sg-06e521296f20c383a",
            "ingress": [
              {
                "cidr_blocks": [
                  "0.0.0.0/0"
                ],
                "description": "Allow workstation to communicate with the cluster API Server",
                "from_port": 443,
                "ipv6_cidr_blocks": [],
                "prefix_list_ids": [],
                "protocol": "tcp",
                "security_groups": [],
                "self": false,
                "to_port": 443
              }
            ],
            "name": "eks-cluster-sg",
            "name_prefix": "",
            "owner_id": "339713119714",
            "revoke_rules_on_delete": false,
            "tags": {
              "Name": "eks-cluster-cluster-sg"
            },
            "tags_all": {
              "Name": "eks-cluster-cluster-sg"
            },
            "timeouts": null,
            "vpc_id": "vpc-0abf6e84cc6d00f0d"
          },
          "sensitive_attributes": [],
          "private": "eyJlMmJmYjczMC1lY2FhLTExZTYtOGY4OC0zNDM2M2JjN2M0YzAiOnsiY3JlYXRlIjo2MDAwMDAwMDAwMDAsImRlbGV0ZSI6OTAwMDAwMDAwMDAwfSwic2NoZW1hX3ZlcnNpb24iOiIxIn0=",
          "dependencies": [
            "module.foryou_vpc.aws_vpc.vpc"
          ]
        }
      ]
    },
    {
      "module": "module.foryou_vpc",
      "mode": "managed",
      "type": "aws_security_group",
      "name": "db_sg",
      "provider": "provider[\"registry.terraform.io/hashicorp/aws\"]",
      "instances": [
        {
          "schema_version": 1,
          "attributes": {
            "arn": "arn:aws:ec2:ap-northeast-2:339713119714:security-group/sg-03b617bd38c023f17",
            "description": "mysql",
            "egress": [
              {
                "cidr_blocks": [
                  "0.0.0.0/0"
                ],
                "description": "all",
                "from_port": 0,
                "ipv6_cidr_blocks": [
                  "::/0"
                ],
                "prefix_list_ids": [],
                "protocol": "-1",
                "security_groups": [],
                "self": false,
                "to_port": 0
              }
            ],
            "id": "sg-03b617bd38c023f17",
            "ingress": [
              {
                "cidr_blocks": [
                  "0.0.0.0/0"
                ],
                "description": "mysql",
                "from_port": 3306,
                "ipv6_cidr_blocks": [
                  "::/0"
                ],
                "prefix_list_ids": [],
                "protocol": "tcp",
                "security_groups": [
                  "sg-03582aa334d7b2322"
                ],
                "self": false,
                "to_port": 3306
              }
            ],
            "name": "db-sg",
            "name_prefix": "",
            "owner_id": "339713119714",
            "revoke_rules_on_delete": false,
            "tags": {
              "Name": "db-sg"
            },
            "tags_all": {
              "Name": "db-sg"
            },
            "timeouts": null,
            "vpc_id": "vpc-0abf6e84cc6d00f0d"
          },
          "sensitive_attributes": [],
          "private": "eyJlMmJmYjczMC1lY2FhLTExZTYtOGY4OC0zNDM2M2JjN2M0YzAiOnsiY3JlYXRlIjo2MDAwMDAwMDAwMDAsImRlbGV0ZSI6OTAwMDAwMDAwMDAwfSwic2NoZW1hX3ZlcnNpb24iOiIxIn0=",
          "dependencies": [
            "module.foryou_vpc.aws_security_group.alb_sg",
            "module.foryou_vpc.aws_security_group.nlb_sg",
            "module.foryou_vpc.aws_security_group.was_sg",
            "module.foryou_vpc.aws_security_group.web_sg",
            "module.foryou_vpc.aws_vpc.vpc"
          ]
        }
      ]
    },
    {
      "module": "module.foryou_vpc",
      "mode": "managed",
      "type": "aws_security_group",
      "name": "default_sg",
      "provider": "provider[\"registry.terraform.io/hashicorp/aws\"]",
      "instances": [
        {
          "schema_version": 1,
          "attributes": {
            "arn": "arn:aws:ec2:ap-northeast-2:339713119714:security-group/sg-0417776b0a7723e1a",
            "description": "default-ssh-imcp",
            "egress": [
              {
                "cidr_blocks": [
                  "0.0.0.0/0"
                ],
                "description": "all",
                "from_port": 0,
                "ipv6_cidr_blocks": [
                  "::/0"
                ],
                "prefix_list_ids": [],
                "protocol": "-1",
                "security_groups": [],
                "self": false,
                "to_port": 0
              }
            ],
            "id": "sg-0417776b0a7723e1a",
            "ingress": [
              {
                "cidr_blocks": [
                  "0.0.0.0/0"
                ],
                "description": "icmp",
                "from_port": -1,
                "ipv6_cidr_blocks": [
                  "::/0"
                ],
                "prefix_list_ids": [],
                "protocol": "icmp",
                "security_groups": [],
                "self": false,
                "to_port": -1
              },
              {
                "cidr_blocks": [
                  "0.0.0.0/0"
                ],
                "description": "ssh",
                "from_port": 22,
                "ipv6_cidr_blocks": [
                  "::/0"
                ],
                "prefix_list_ids": [],
                "protocol": "tcp",
                "security_groups": [],
                "self": false,
                "to_port": 22
              }
            ],
            "name": "default-sg",
            "name_prefix": "",
            "owner_id": "339713119714",
            "revoke_rules_on_delete": false,
            "tags": {
              "Name": "default-sg"
            },
            "tags_all": {
              "Name": "default-sg"
            },
            "timeouts": null,
            "vpc_id": "vpc-0abf6e84cc6d00f0d"
          },
          "sensitive_attributes": [],
          "private": "eyJlMmJmYjczMC1lY2FhLTExZTYtOGY4OC0zNDM2M2JjN2M0YzAiOnsiY3JlYXRlIjo2MDAwMDAwMDAwMDAsImRlbGV0ZSI6OTAwMDAwMDAwMDAwfSwic2NoZW1hX3ZlcnNpb24iOiIxIn0=",
          "dependencies": [
            "module.foryou_vpc.aws_vpc.vpc"
          ]
        }
      ]
    },
    {
      "module": "module.foryou_vpc",
      "mode": "managed",
      "type": "aws_security_group",
      "name": "nlb_sg",
      "provider": "provider[\"registry.terraform.io/hashicorp/aws\"]",
      "instances": [
        {
          "schema_version": 1,
          "attributes": {
            "arn": "arn:aws:ec2:ap-northeast-2:339713119714:security-group/sg-0e01d9ab18430dd1d",
            "description": "tomcat",
            "egress": [
              {
                "cidr_blocks": [
                  "0.0.0.0/0"
                ],
                "description": "",
                "from_port": 0,
                "ipv6_cidr_blocks": [],
                "prefix_list_ids": [],
                "protocol": "-1",
                "security_groups": [],
                "self": false,
                "to_port": 0
              }
            ],
            "id": "sg-0e01d9ab18430dd1d",
            "ingress": [
              {
                "cidr_blocks": [
                  "0.0.0.0/0"
                ],
                "description": "tomcat",
                "from_port": 8080,
                "ipv6_cidr_blocks": [
                  "::/0"
                ],
                "prefix_list_ids": [],
                "protocol": "tcp",
                "security_groups": [
                  "sg-06d644094333a0120"
                ],
                "self": false,
                "to_port": 8080
              }
            ],
            "name": "nlb_sg",
            "name_prefix": "",
            "owner_id": "339713119714",
            "revoke_rules_on_delete": false,
            "tags": {
              "Name": "nlb_sg"
            },
            "tags_all": {
              "Name": "nlb_sg"
            },
            "timeouts": null,
            "vpc_id": "vpc-0abf6e84cc6d00f0d"
          },
          "sensitive_attributes": [],
          "private": "eyJlMmJmYjczMC1lY2FhLTExZTYtOGY4OC0zNDM2M2JjN2M0YzAiOnsiY3JlYXRlIjo2MDAwMDAwMDAwMDAsImRlbGV0ZSI6OTAwMDAwMDAwMDAwfSwic2NoZW1hX3ZlcnNpb24iOiIxIn0=",
          "dependencies": [
            "module.foryou_vpc.aws_security_group.alb_sg",
            "module.foryou_vpc.aws_security_group.web_sg",
            "module.foryou_vpc.aws_vpc.vpc"
          ]
        }
      ]
    },
    {
      "module": "module.foryou_vpc",
      "mode": "managed",
      "type": "aws_security_group",
      "name": "was_sg",
      "provider": "provider[\"registry.terraform.io/hashicorp/aws\"]",
      "instances": [
        {
          "schema_version": 1,
          "attributes": {
            "arn": "arn:aws:ec2:ap-northeast-2:339713119714:security-group/sg-03582aa334d7b2322",
            "description": "http(tomcat)",
            "egress": [
              {
                "cidr_blocks": [
                  "0.0.0.0/0"
                ],
                "description": "all",
                "from_port": 0,
                "ipv6_cidr_blocks": [
                  "::/0"
                ],
                "prefix_list_ids": [],
                "protocol": "-1",
                "security_groups": [],
                "self": false,
                "to_port": 0
              }
            ],
            "id": "sg-03582aa334d7b2322",
            "ingress": [
              {
                "cidr_blocks": [
                  "0.0.0.0/0"
                ],
                "description": "http(tomcat)",
                "from_port": 8080,
                "ipv6_cidr_blocks": [
                  "::/0"
                ],
                "prefix_list_ids": [],
                "protocol": "tcp",
                "security_groups": [
                  "sg-0e01d9ab18430dd1d"
                ],
                "self": false,
                "to_port": 8080
              }
            ],
            "name": "was-sg",
            "name_prefix": "",
            "owner_id": "339713119714",
            "revoke_rules_on_delete": false,
            "tags": {
              "Name": "was-sg"
            },
            "tags_all": {
              "Name": "was-sg"
            },
            "timeouts": null,
            "vpc_id": "vpc-0abf6e84cc6d00f0d"
          },
          "sensitive_attributes": [],
          "private": "eyJlMmJmYjczMC1lY2FhLTExZTYtOGY4OC0zNDM2M2JjN2M0YzAiOnsiY3JlYXRlIjo2MDAwMDAwMDAwMDAsImRlbGV0ZSI6OTAwMDAwMDAwMDAwfSwic2NoZW1hX3ZlcnNpb24iOiIxIn0=",
          "dependencies": [
            "module.foryou_vpc.aws_security_group.alb_sg",
            "module.foryou_vpc.aws_security_group.nlb_sg",
            "module.foryou_vpc.aws_security_group.web_sg",
            "module.foryou_vpc.aws_vpc.vpc"
          ]
        }
      ]
    },
    {
      "module": "module.foryou_vpc",
      "mode": "managed",
      "type": "aws_security_group",
      "name": "web_sg",
      "provider": "provider[\"registry.terraform.io/hashicorp/aws\"]",
      "instances": [
        {
          "schema_version": 1,
          "attributes": {
            "arn": "arn:aws:ec2:ap-northeast-2:339713119714:security-group/sg-06d644094333a0120",
            "description": "http",
            "egress": [
              {
                "cidr_blocks": [
                  "0.0.0.0/0"
                ],
                "description": "all",
                "from_port": 0,
                "ipv6_cidr_blocks": [
                  "::/0"
                ],
                "prefix_list_ids": [],
                "protocol": "-1",
                "security_groups": [],
                "self": false,
                "to_port": 0
              }
            ],
            "id": "sg-06d644094333a0120",
            "ingress": [
              {
                "cidr_blocks": [
                  "0.0.0.0/0"
                ],
                "description": "http",
                "from_port": 80,
                "ipv6_cidr_blocks": [
                  "::/0"
                ],
                "prefix_list_ids": [],
                "protocol": "tcp",
                "security_groups": [
                  "sg-0f19ed1bd6a22af0b"
                ],
                "self": false,
                "to_port": 80
              },
              {
                "cidr_blocks": [
                  "0.0.0.0/0"
                ],
                "description": "https",
                "from_port": 443,
                "ipv6_cidr_blocks": [
                  "::/0"
                ],
                "prefix_list_ids": [],
                "protocol": "tcp",
                "security_groups": [
                  "sg-0f19ed1bd6a22af0b"
                ],
                "self": false,
                "to_port": 443
              }
            ],
            "name": "web-sg",
            "name_prefix": "",
            "owner_id": "339713119714",
            "revoke_rules_on_delete": false,
            "tags": {
              "Name": "web-sg"
            },
            "tags_all": {
              "Name": "web-sg"
            },
            "timeouts": null,
            "vpc_id": "vpc-0abf6e84cc6d00f0d"
          },
          "sensitive_attributes": [],
          "private": "eyJlMmJmYjczMC1lY2FhLTExZTYtOGY4OC0zNDM2M2JjN2M0YzAiOnsiY3JlYXRlIjo2MDAwMDAwMDAwMDAsImRlbGV0ZSI6OTAwMDAwMDAwMDAwfSwic2NoZW1hX3ZlcnNpb24iOiIxIn0=",
          "dependencies": [
            "module.foryou_vpc.aws_security_group.alb_sg",
            "module.foryou_vpc.aws_vpc.vpc"
          ]
        }
      ]
    },
    {
      "module": "module.foryou_vpc",
      "mode": "managed",
      "type": "aws_security_group",
      "name": "worker_sg",
      "provider": "provider[\"registry.terraform.io/hashicorp/aws\"]",
      "instances": [
        {
          "schema_version": 1,
          "attributes": {
            "arn": "arn:aws:ec2:ap-northeast-2:339713119714:security-group/sg-09cbd6aa4f38ef750",
            "description": "Security group for EKS worker nodes",
            "egress": [
              {
                "cidr_blocks": [
                  "0.0.0.0/0"
                ],
                "description": "",
                "from_port": 0,
                "ipv6_cidr_blocks": [],
                "prefix_list_ids": [],
                "protocol": "-1",
                "security_groups": [],
                "self": false,
                "to_port": 0
              }
            ],
            "id": "sg-09cbd6aa4f38ef750",
            "ingress": [
              {
                "cidr_blocks": [
                  "0.0.0.0/0"
                ],
                "description": "",
                "from_port": 0,
                "ipv6_cidr_blocks": [],
                "prefix_list_ids": [],
                "protocol": "tcp",
                "security_groups": [],
                "self": false,
                "to_port": 65535
              }
            ],
            "name": "eks-cluster-worker-sg",
            "name_prefix": "",
            "owner_id": "339713119714",
            "revoke_rules_on_delete": false,
            "tags": {
              "Name": "eks-cluster-worker-sg"
            },
            "tags_all": {
              "Name": "eks-cluster-worker-sg"
            },
            "timeouts": null,
            "vpc_id": "vpc-0abf6e84cc6d00f0d"
          },
          "sensitive_attributes": [],
          "private": "eyJlMmJmYjczMC1lY2FhLTExZTYtOGY4OC0zNDM2M2JjN2M0YzAiOnsiY3JlYXRlIjo2MDAwMDAwMDAwMDAsImRlbGV0ZSI6OTAwMDAwMDAwMDAwfSwic2NoZW1hX3ZlcnNpb24iOiIxIn0=",
          "dependencies": [
            "module.foryou_vpc.aws_vpc.vpc"
          ]
        }
      ]
    },
    {
      "module": "module.foryou_vpc",
      "mode": "managed",
      "type": "aws_security_group_rule",
      "name": "cluster_ingress_https",
      "provider": "provider[\"registry.terraform.io/hashicorp/aws\"]",
      "instances": [
        {
          "schema_version": 2,
          "attributes": {
            "cidr_blocks": [
              "0.0.0.0/0"
            ],
            "description": "Allow workstation to communicate with the cluster API Server",
            "from_port": 443,
            "id": "sgrule-3026548714",
            "ipv6_cidr_blocks": null,
            "prefix_list_ids": null,
            "protocol": "tcp",
            "security_group_id": "sg-06e521296f20c383a",
            "security_group_rule_id": "sgr-0a0d16b1c3049e0f6",
            "self": false,
            "source_security_group_id": null,
            "timeouts": null,
            "to_port": 443,
            "type": "ingress"
          },
          "sensitive_attributes": [],
          "private": "eyJlMmJmYjczMC1lY2FhLTExZTYtOGY4OC0zNDM2M2JjN2M0YzAiOnsiY3JlYXRlIjozMDAwMDAwMDAwMDB9LCJzY2hlbWFfdmVyc2lvbiI6IjIifQ==",
          "dependencies": [
            "module.foryou_vpc.aws_security_group.cluster_sg",
            "module.foryou_vpc.aws_vpc.vpc"
          ]
        }
      ]
    },
    {
      "module": "module.foryou_vpc",
      "mode": "managed",
      "type": "aws_subnet",
      "name": "db",
      "provider": "provider[\"registry.terraform.io/hashicorp/aws\"]",
      "instances": [
        {
          "index_key": 0,
          "schema_version": 1,
          "attributes": {
            "arn": "arn:aws:ec2:ap-northeast-2:339713119714:subnet/subnet-0f9a693648476f246",
            "assign_ipv6_address_on_creation": false,
            "availability_zone": "ap-northeast-2a",
            "availability_zone_id": "apne2-az1",
            "cidr_block": "10.0.4.0/24",
            "customer_owned_ipv4_pool": "",
            "enable_dns64": false,
            "enable_lni_at_device_index": 0,
            "enable_resource_name_dns_a_record_on_launch": false,
            "enable_resource_name_dns_aaaa_record_on_launch": false,
            "id": "subnet-0f9a693648476f246",
            "ipv6_cidr_block": "",
            "ipv6_cidr_block_association_id": "",
            "ipv6_native": false,
            "map_customer_owned_ip_on_launch": false,
            "map_public_ip_on_launch": false,
            "outpost_arn": "",
            "owner_id": "339713119714",
            "private_dns_hostname_type_on_launch": "ip-name",
            "tags": {
              "Name": "foryou-db-pri-a"
            },
            "tags_all": {
              "Name": "foryou-db-pri-a"
            },
            "timeouts": null,
            "vpc_id": "vpc-0abf6e84cc6d00f0d"
          },
          "sensitive_attributes": [],
          "private": "eyJlMmJmYjczMC1lY2FhLTExZTYtOGY4OC0zNDM2M2JjN2M0YzAiOnsiY3JlYXRlIjo2MDAwMDAwMDAwMDAsImRlbGV0ZSI6MTIwMDAwMDAwMDAwMH0sInNjaGVtYV92ZXJzaW9uIjoiMSJ9",
          "dependencies": [
            "module.foryou_vpc.aws_vpc.vpc"
          ]
        },
        {
          "index_key": 1,
          "schema_version": 1,
          "attributes": {
            "arn": "arn:aws:ec2:ap-northeast-2:339713119714:subnet/subnet-00ee8a634808b1fb7",
            "assign_ipv6_address_on_creation": false,
            "availability_zone": "ap-northeast-2c",
            "availability_zone_id": "apne2-az3",
            "cidr_block": "10.0.5.0/24",
            "customer_owned_ipv4_pool": "",
            "enable_dns64": false,
            "enable_lni_at_device_index": 0,
            "enable_resource_name_dns_a_record_on_launch": false,
            "enable_resource_name_dns_aaaa_record_on_launch": false,
            "id": "subnet-00ee8a634808b1fb7",
            "ipv6_cidr_block": "",
            "ipv6_cidr_block_association_id": "",
            "ipv6_native": false,
            "map_customer_owned_ip_on_launch": false,
            "map_public_ip_on_launch": false,
            "outpost_arn": "",
            "owner_id": "339713119714",
            "private_dns_hostname_type_on_launch": "ip-name",
            "tags": {
              "Name": "foryou-db-pri-c"
            },
            "tags_all": {
              "Name": "foryou-db-pri-c"
            },
            "timeouts": null,
            "vpc_id": "vpc-0abf6e84cc6d00f0d"
          },
          "sensitive_attributes": [],
          "private": "eyJlMmJmYjczMC1lY2FhLTExZTYtOGY4OC0zNDM2M2JjN2M0YzAiOnsiY3JlYXRlIjo2MDAwMDAwMDAwMDAsImRlbGV0ZSI6MTIwMDAwMDAwMDAwMH0sInNjaGVtYV92ZXJzaW9uIjoiMSJ9",
          "dependencies": [
            "module.foryou_vpc.aws_vpc.vpc"
          ]
        }
      ]
    },
    {
      "module": "module.foryou_vpc",
      "mode": "managed",
      "type": "aws_subnet",
      "name": "was",
      "provider": "provider[\"registry.terraform.io/hashicorp/aws\"]",
      "instances": [
        {
          "index_key": 0,
          "schema_version": 1,
          "attributes": {
            "arn": "arn:aws:ec2:ap-northeast-2:339713119714:subnet/subnet-0ecef5de7414f18f7",
            "assign_ipv6_address_on_creation": false,
            "availability_zone": "ap-northeast-2a",
            "availability_zone_id": "apne2-az1",
            "cidr_block": "10.0.2.0/24",
            "customer_owned_ipv4_pool": "",
            "enable_dns64": false,
            "enable_lni_at_device_index": 0,
            "enable_resource_name_dns_a_record_on_launch": false,
            "enable_resource_name_dns_aaaa_record_on_launch": false,
            "id": "subnet-0ecef5de7414f18f7",
            "ipv6_cidr_block": "",
            "ipv6_cidr_block_association_id": "",
            "ipv6_native": false,
            "map_customer_owned_ip_on_launch": false,
            "map_public_ip_on_launch": false,
            "outpost_arn": "",
            "owner_id": "339713119714",
            "private_dns_hostname_type_on_launch": "ip-name",
            "tags": {
              "Name": "foryou-was-pri-a",
              "kubernetes.io/cluster/eks-cluster": "shared"
            },
            "tags_all": {
              "Name": "foryou-was-pri-a",
              "kubernetes.io/cluster/eks-cluster": "shared"
            },
            "timeouts": null,
            "vpc_id": "vpc-0abf6e84cc6d00f0d"
          },
          "sensitive_attributes": [],
          "private": "eyJlMmJmYjczMC1lY2FhLTExZTYtOGY4OC0zNDM2M2JjN2M0YzAiOnsiY3JlYXRlIjo2MDAwMDAwMDAwMDAsImRlbGV0ZSI6MTIwMDAwMDAwMDAwMH0sInNjaGVtYV92ZXJzaW9uIjoiMSJ9",
          "dependencies": [
            "module.foryou_vpc.aws_vpc.vpc"
          ]
        },
        {
          "index_key": 1,
          "schema_version": 1,
          "attributes": {
            "arn": "arn:aws:ec2:ap-northeast-2:339713119714:subnet/subnet-053faa3871ea8d37e",
            "assign_ipv6_address_on_creation": false,
            "availability_zone": "ap-northeast-2c",
            "availability_zone_id": "apne2-az3",
            "cidr_block": "10.0.3.0/24",
            "customer_owned_ipv4_pool": "",
            "enable_dns64": false,
            "enable_lni_at_device_index": 0,
            "enable_resource_name_dns_a_record_on_launch": false,
            "enable_resource_name_dns_aaaa_record_on_launch": false,
            "id": "subnet-053faa3871ea8d37e",
            "ipv6_cidr_block": "",
            "ipv6_cidr_block_association_id": "",
            "ipv6_native": false,
            "map_customer_owned_ip_on_launch": false,
            "map_public_ip_on_launch": false,
            "outpost_arn": "",
            "owner_id": "339713119714",
            "private_dns_hostname_type_on_launch": "ip-name",
            "tags": {
              "Name": "foryou-was-pri-c",
              "kubernetes.io/cluster/eks-cluster": "shared"
            },
            "tags_all": {
              "Name": "foryou-was-pri-c",
              "kubernetes.io/cluster/eks-cluster": "shared"
            },
            "timeouts": null,
            "vpc_id": "vpc-0abf6e84cc6d00f0d"
          },
          "sensitive_attributes": [],
          "private": "eyJlMmJmYjczMC1lY2FhLTExZTYtOGY4OC0zNDM2M2JjN2M0YzAiOnsiY3JlYXRlIjo2MDAwMDAwMDAwMDAsImRlbGV0ZSI6MTIwMDAwMDAwMDAwMH0sInNjaGVtYV92ZXJzaW9uIjoiMSJ9",
          "dependencies": [
            "module.foryou_vpc.aws_vpc.vpc"
          ]
        }
      ]
    },
    {
      "module": "module.foryou_vpc",
      "mode": "managed",
      "type": "aws_subnet",
      "name": "web",
      "provider": "provider[\"registry.terraform.io/hashicorp/aws\"]",
      "instances": [
        {
          "index_key": 0,
          "schema_version": 1,
          "attributes": {
            "arn": "arn:aws:ec2:ap-northeast-2:339713119714:subnet/subnet-06d3b134b8abba8ae",
            "assign_ipv6_address_on_creation": false,
            "availability_zone": "ap-northeast-2a",
            "availability_zone_id": "apne2-az1",
            "cidr_block": "10.0.0.0/24",
            "customer_owned_ipv4_pool": "",
            "enable_dns64": false,
            "enable_lni_at_device_index": 0,
            "enable_resource_name_dns_a_record_on_launch": false,
            "enable_resource_name_dns_aaaa_record_on_launch": false,
            "id": "subnet-06d3b134b8abba8ae",
            "ipv6_cidr_block": "",
            "ipv6_cidr_block_association_id": "",
            "ipv6_native": false,
            "map_customer_owned_ip_on_launch": false,
            "map_public_ip_on_launch": true,
            "outpost_arn": "",
            "owner_id": "339713119714",
            "private_dns_hostname_type_on_launch": "ip-name",
            "tags": {
              "Name": "foryou-web-pub-a",
              "kubernetes.io/cluster/eks-cluster": "shared"
            },
            "tags_all": {
              "Name": "foryou-web-pub-a",
              "kubernetes.io/cluster/eks-cluster": "shared"
            },
            "timeouts": null,
            "vpc_id": "vpc-0abf6e84cc6d00f0d"
          },
          "sensitive_attributes": [],
          "private": "eyJlMmJmYjczMC1lY2FhLTExZTYtOGY4OC0zNDM2M2JjN2M0YzAiOnsiY3JlYXRlIjo2MDAwMDAwMDAwMDAsImRlbGV0ZSI6MTIwMDAwMDAwMDAwMH0sInNjaGVtYV92ZXJzaW9uIjoiMSJ9",
          "dependencies": [
            "module.foryou_vpc.aws_vpc.vpc"
          ]
        },
        {
          "index_key": 1,
          "schema_version": 1,
          "attributes": {
            "arn": "arn:aws:ec2:ap-northeast-2:339713119714:subnet/subnet-045c683b13f5a5c5f",
            "assign_ipv6_address_on_creation": false,
            "availability_zone": "ap-northeast-2c",
            "availability_zone_id": "apne2-az3",
            "cidr_block": "10.0.1.0/24",
            "customer_owned_ipv4_pool": "",
            "enable_dns64": false,
            "enable_lni_at_device_index": 0,
            "enable_resource_name_dns_a_record_on_launch": false,
            "enable_resource_name_dns_aaaa_record_on_launch": false,
            "id": "subnet-045c683b13f5a5c5f",
            "ipv6_cidr_block": "",
            "ipv6_cidr_block_association_id": "",
            "ipv6_native": false,
            "map_customer_owned_ip_on_launch": false,
            "map_public_ip_on_launch": true,
            "outpost_arn": "",
            "owner_id": "339713119714",
            "private_dns_hostname_type_on_launch": "ip-name",
            "tags": {
              "Name": "foryou-web-pub-c",
              "kubernetes.io/cluster/eks-cluster": "shared"
            },
            "tags_all": {
              "Name": "foryou-web-pub-c",
              "kubernetes.io/cluster/eks-cluster": "shared"
            },
            "timeouts": null,
            "vpc_id": "vpc-0abf6e84cc6d00f0d"
          },
          "sensitive_attributes": [],
          "private": "eyJlMmJmYjczMC1lY2FhLTExZTYtOGY4OC0zNDM2M2JjN2M0YzAiOnsiY3JlYXRlIjo2MDAwMDAwMDAwMDAsImRlbGV0ZSI6MTIwMDAwMDAwMDAwMH0sInNjaGVtYV92ZXJzaW9uIjoiMSJ9",
          "dependencies": [
            "module.foryou_vpc.aws_vpc.vpc"
          ]
        }
      ]
    },
    {
      "module": "module.foryou_vpc",
      "mode": "managed",
      "type": "aws_vpc",
      "name": "vpc",
      "provider": "provider[\"registry.terraform.io/hashicorp/aws\"]",
      "instances": [
        {
          "schema_version": 1,
          "attributes": {
            "arn": "arn:aws:ec2:ap-northeast-2:339713119714:vpc/vpc-0abf6e84cc6d00f0d",
            "assign_generated_ipv6_cidr_block": false,
            "cidr_block": "10.0.0.0/16",
            "default_network_acl_id": "acl-0e0770bc5d2df4185",
            "default_route_table_id": "rtb-0ec4e7472d3db379d",
            "default_security_group_id": "sg-05d5cd266692c9a35",
            "dhcp_options_id": "dopt-0a67717d8f23193c8",
            "enable_dns_hostnames": true,
            "enable_dns_support": true,
            "enable_network_address_usage_metrics": false,
            "id": "vpc-0abf6e84cc6d00f0d",
            "instance_tenancy": "default",
            "ipv4_ipam_pool_id": null,
            "ipv4_netmask_length": null,
            "ipv6_association_id": "",
            "ipv6_cidr_block": "",
            "ipv6_cidr_block_network_border_group": "",
            "ipv6_ipam_pool_id": "",
            "ipv6_netmask_length": 0,
            "main_route_table_id": "rtb-0ec4e7472d3db379d",
            "owner_id": "339713119714",
            "tags": {
              "Name": "foryou-vpc"
            },
            "tags_all": {
              "Name": "foryou-vpc"
            }
          },
          "sensitive_attributes": [],
          "private": "eyJzY2hlbWFfdmVyc2lvbiI6IjEifQ=="
        }
      ]
    }
  ],
  "check_results": null
}
